{
  "version": 4,
  "terraform_version": "1.11.4",
  "serial": 143,
  "lineage": "01d67949-5524-f5b7-b83c-37d3abeec7ba",
  "outputs": {
    "fabric_data_gateway_id": {
      "value": "caab36ca-18bd-4a16-add4-34f60fd56d24",
      "type": "string"
    },
    "fabric_data_gateway_name": {
      "value": "mcm-mdp-fabricgw1-prod",
      "type": "string"
    },
    "pipeline_bronze_to_gold_id": {
      "value": "675b4758-4119-4b2c-9460-46ce157e5d4d",
      "type": "string"
    },
    "pipeline_schedule_ids": {
      "value": {
        "pl_ingest_mds": "dfc931a1-408e-409c-85de-78385965ebf4",
        "pl_ingest_mto": "c77b9526-5ec3-4d68-b7ed-dee8c4c7735e"
      },
      "type": [
        "object",
        {
          "pl_ingest_mds": "string",
          "pl_ingest_mto": "string"
        }
      ]
    }
  },
  "resources": [
    {
      "mode": "data",
      "type": "fabric_folders",
      "name": "existing",
      "provider": "provider[\"registry.terraform.io/microsoft/fabric\"].auth",
      "instances": [
        {
          "schema_version": 0,
          "attributes": {
            "recursive": false,
            "root_folder_id": null,
            "timeouts": null,
            "values": [
              {
                "display_name": "Monitoring",
                "id": "58c02c3f-2769-4892-8d7b-fc49668a0b57",
                "parent_folder_id": null,
                "workspace_id": "e397b5cc-924d-40a5-b101-f6efb41a5423"
              },
              {
                "display_name": "lakehouses",
                "id": "e467ccf6-dd75-48e9-8c84-c739eb1e7e13",
                "parent_folder_id": null,
                "workspace_id": "e397b5cc-924d-40a5-b101-f6efb41a5423"
              },
              {
                "display_name": "notebooks",
                "id": "64b493d4-e35c-40ac-b316-8bb67c58f40a",
                "parent_folder_id": null,
                "workspace_id": "e397b5cc-924d-40a5-b101-f6efb41a5423"
              },
              {
                "display_name": "pipelines",
                "id": "2724a7db-79e7-44ef-be7e-0d4f3287449c",
                "parent_folder_id": null,
                "workspace_id": "e397b5cc-924d-40a5-b101-f6efb41a5423"
              },
              {
                "display_name": "reports",
                "id": "d208307f-5603-47b7-bbde-4b8cc4e02231",
                "parent_folder_id": null,
                "workspace_id": "e397b5cc-924d-40a5-b101-f6efb41a5423"
              },
              {
                "display_name": "semantic-models",
                "id": "802ca48d-140c-4e74-9b9f-4f2ea6f49e60",
                "parent_folder_id": null,
                "workspace_id": "e397b5cc-924d-40a5-b101-f6efb41a5423"
              },
              {
                "display_name": "variable-libraries",
                "id": "c8cb031f-459f-4709-9ca5-0905750d15e4",
                "parent_folder_id": null,
                "workspace_id": "e397b5cc-924d-40a5-b101-f6efb41a5423"
              },
              {
                "display_name": "warehouses",
                "id": "705450ca-bbaa-4c8b-8101-f8b823633ae6",
                "parent_folder_id": null,
                "workspace_id": "e397b5cc-924d-40a5-b101-f6efb41a5423"
              }
            ],
            "workspace_id": "e397b5cc-924d-40a5-b101-f6efb41a5423"
          },
          "sensitive_attributes": []
        }
      ]
    },
    {
      "mode": "data",
      "type": "fabric_notebook",
      "name": "bronze_to_gold",
      "provider": "provider[\"registry.terraform.io/microsoft/fabric\"].auth",
      "instances": [
        {
          "index_key": "nb_bronze_load",
          "schema_version": 0,
          "attributes": {
            "definition": null,
            "description": "",
            "display_name": "nb_bronze_load",
            "folder_id": "64b493d4-e35c-40ac-b316-8bb67c58f40a",
            "format": null,
            "id": "ce37c60e-0c0e-495d-a156-4750081d7955",
            "output_definition": null,
            "timeouts": null,
            "workspace_id": "e397b5cc-924d-40a5-b101-f6efb41a5423"
          },
          "sensitive_attributes": []
        },
        {
          "index_key": "nb_gold_orchestrator",
          "schema_version": 0,
          "attributes": {
            "definition": null,
            "description": "",
            "display_name": "nb_gold_orchestrator",
            "folder_id": "64b493d4-e35c-40ac-b316-8bb67c58f40a",
            "format": null,
            "id": "4b822c16-865c-4850-a021-ba16318859ee",
            "output_definition": null,
            "timeouts": null,
            "workspace_id": "e397b5cc-924d-40a5-b101-f6efb41a5423"
          },
          "sensitive_attributes": []
        },
        {
          "index_key": "nb_refresh_gold_models",
          "schema_version": 0,
          "attributes": {
            "definition": null,
            "description": "Full refresh of the Gold semantic models after the Gold build. Last step of pl_bronze_to_gold.",
            "display_name": "nb_refresh_gold_models",
            "folder_id": "64b493d4-e35c-40ac-b316-8bb67c58f40a",
            "format": null,
            "id": "dce51cf9-0add-45ff-8ecb-d8b24b77a582",
            "output_definition": null,
            "timeouts": null,
            "workspace_id": "e397b5cc-924d-40a5-b101-f6efb41a5423"
          },
          "sensitive_attributes": []
        },
        {
          "index_key": "nb_silver_build",
          "schema_version": 0,
          "attributes": {
            "definition": null,
            "description": "",
            "display_name": "nb_silver_build",
            "folder_id": "64b493d4-e35c-40ac-b316-8bb67c58f40a",
            "format": null,
            "id": "7779855a-a834-4520-a66b-fecb1db80201",
            "output_definition": null,
            "timeouts": null,
            "workspace_id": "e397b5cc-924d-40a5-b101-f6efb41a5423"
          },
          "sensitive_attributes": []
        },
        {
          "index_key": "nb_silver_registry",
          "schema_version": 0,
          "attributes": {
            "definition": null,
            "description": "",
            "display_name": "nb_silver_registry",
            "folder_id": "64b493d4-e35c-40ac-b316-8bb67c58f40a",
            "format": null,
            "id": "37789dcc-4bcb-4e8b-8f11-6e6d1f20d853",
            "output_definition": null,
            "timeouts": null,
            "workspace_id": "e397b5cc-924d-40a5-b101-f6efb41a5423"
          },
          "sensitive_attributes": []
        }
      ]
    },
    {
      "mode": "managed",
      "type": "fabric_data_pipeline",
      "name": "bronze_to_gold",
      "provider": "provider[\"registry.terraform.io/microsoft/fabric\"].auth",
      "instances": [
        {
          "schema_version": 0,
          "attributes": {
            "definition": {
              "pipeline-content.json": {
                "parameters": null,
                "processing_mode": "GoTemplate",
                "source": "./pl_bronze_to_gold.json.tpl",
                "source_content_sha256": "467444dc8762ca82f5b4638b984ace8473c5dda32f9e3b3978f9589898226c01",
                "tokens": {
                  "nb_bronze_load": "ce37c60e-0c0e-495d-a156-4750081d7955",
                  "nb_gold_orchestrator": "4b822c16-865c-4850-a021-ba16318859ee",
                  "nb_refresh_gold_models": "dce51cf9-0add-45ff-8ecb-d8b24b77a582",
                  "nb_silver_build": "7779855a-a834-4520-a66b-fecb1db80201",
                  "nb_silver_registry": "37789dcc-4bcb-4e8b-8f11-6e6d1f20d853",
                  "workspace_id": "e397b5cc-924d-40a5-b101-f6efb41a5423"
                },
                "tokens_delimiter": "{{}}"
              }
            },
            "definition_update_enabled": true,
            "description": "Bronze → silver → gold → Gold model refresh. Started when pl_ingest_mds succeeds.",
            "display_name": "pl_bronze_to_gold",
            "folder_id": "2724a7db-79e7-44ef-be7e-0d4f3287449c",
            "format": "Default",
            "id": "675b4758-4119-4b2c-9460-46ce157e5d4d",
            "timeouts": null,
            "workspace_id": "e397b5cc-924d-40a5-b101-f6efb41a5423"
          },
          "sensitive_attributes": [],
          "dependencies": [
            "data.fabric_capacity.by_name",
            "data.fabric_folders.existing",
            "data.fabric_notebook.bronze_to_gold",
            "fabric_folder.item_folders",
            "module.fabric_workspace_01.fabric_workspace.this"
          ]
        }
      ]
    },
    {
      "mode": "managed",
      "type": "time_sleep",
      "name": "wait_for_subnet_delegation",
      "provider": "provider[\"registry.terraform.io/hashicorp/time\"]",
      "instances": [
        {
          "schema_version": 0,
          "attributes": {
            "create_duration": "120s",
            "destroy_duration": null,
            "id": "2026-07-14T17:43:40Z",
            "triggers": null
          },
          "sensitive_attributes": [],
          "dependencies": [
            "azurerm_resource_provider_registration.power_platform",
            "module.fabric_gw_subnet.azapi_resource.subnet",
            "module.fabric_gw_subnet.azurerm_network_security_group.this",
            "module.fabric_gw_subnet.azurerm_network_security_rule.custom",
            "module.fabric_gw_subnet.data.azurerm_subnet.existing",
            "module.fabric_gw_subnet.data.azurerm_virtual_network.vnet",
            "module.fabric_gw_subnet.data.external.cidr"
          ]
        }
      ]
    },
    {
      "module": "module.fabric_data_gateway_01",
      "mode": "managed",
      "type": "fabric_gateway",
      "name": "this",
      "provider": "provider[\"registry.terraform.io/microsoft/fabric\"].auth",
      "instances": [
        {
          "schema_version": 0,
          "attributes": {
            "allow_cloud_connection_refresh": null,
            "allow_custom_connectors": null,
            "capacity_id": "F50E02B7-93B0-4045-9935-42FC79D94CD9",
            "display_name": "mcm-mdp-fabricgw1-prod",
            "id": "caab36ca-18bd-4a16-add4-34f60fd56d24",
            "inactivity_minutes_before_sleep": 30,
            "load_balancing_setting": null,
            "number_of_member_gateways": 1,
            "public_key": null,
            "timeouts": {
              "create": "30m",
              "delete": "30m",
              "read": "5m",
              "update": "30m"
            },
            "type": "VirtualNetwork",
            "version": null,
            "virtual_network_azure_resource": {
              "resource_group_name": "ef74b0-prod-networking",
              "subnet_name": "mcm-mdp-gw-snet-prod01",
              "subscription_id": "d2e2f655-7487-471b-84b0-a2bf13e47bb1",
              "virtual_network_name": "ef74b0-prod-vwan-spoke"
            }
          },
          "sensitive_attributes": [],
          "dependencies": [
            "azurerm_resource_provider_registration.power_platform",
            "data.fabric_capacity.by_name",
            "module.fabric_gw_subnet.azapi_resource.subnet",
            "module.fabric_gw_subnet.azurerm_network_security_group.this",
            "module.fabric_gw_subnet.azurerm_network_security_rule.custom",
            "module.fabric_gw_subnet.data.azurerm_subnet.existing",
            "module.fabric_gw_subnet.data.azurerm_virtual_network.vnet",
            "module.fabric_gw_subnet.data.external.cidr",
            "time_sleep.wait_for_subnet_delegation"
          ]
        }
      ]
    },
    {
      "module": "module.fabric_data_gateway_01",
      "mode": "managed",
      "type": "fabric_gateway_role_assignment",
      "name": "this",
      "provider": "provider[\"registry.terraform.io/microsoft/fabric\"].auth",
      "instances": [
        {
          "index_key": "19cb2a65-1dd6-482f-b488-77df57de4902",
          "schema_version": 0,
          "attributes": {
            "gateway_id": "caab36ca-18bd-4a16-add4-34f60fd56d24",
            "id": "19cb2a65-1dd6-482f-b488-77df57de4902",
            "principal": {
              "id": "19cb2a65-1dd6-482f-b488-77df57de4902",
              "type": "User"
            },
            "role": "Admin",
            "timeouts": null
          },
          "sensitive_attributes": [],
          "dependencies": [
            "azurerm_resource_provider_registration.power_platform",
            "data.fabric_capacity.by_name",
            "module.fabric_data_gateway_01.fabric_gateway.this",
            "module.fabric_gw_subnet.azapi_resource.subnet",
            "module.fabric_gw_subnet.azurerm_network_security_group.this",
            "module.fabric_gw_subnet.azurerm_network_security_rule.custom",
            "module.fabric_gw_subnet.data.azurerm_subnet.existing",
            "module.fabric_gw_subnet.data.azurerm_virtual_network.vnet",
            "module.fabric_gw_subnet.data.external.cidr",
            "time_sleep.wait_for_subnet_delegation"
          ]
        },
        {
          "index_key": "71a5bb67-14d7-40fe-8f3e-47120f2e32d3",
          "schema_version": 0,
          "attributes": {
            "gateway_id": "caab36ca-18bd-4a16-add4-34f60fd56d24",
            "id": "71a5bb67-14d7-40fe-8f3e-47120f2e32d3",
            "principal": {
              "id": "71a5bb67-14d7-40fe-8f3e-47120f2e32d3",
              "type": "User"
            },
            "role": "Admin",
            "timeouts": null
          },
          "sensitive_attributes": [],
          "dependencies": [
            "azurerm_resource_provider_registration.power_platform",
            "data.fabric_capacity.by_name",
            "module.fabric_data_gateway_01.fabric_gateway.this",
            "module.fabric_gw_subnet.azapi_resource.subnet",
            "module.fabric_gw_subnet.azurerm_network_security_group.this",
            "module.fabric_gw_subnet.azurerm_network_security_rule.custom",
            "module.fabric_gw_subnet.data.azurerm_subnet.existing",
            "module.fabric_gw_subnet.data.azurerm_virtual_network.vnet",
            "module.fabric_gw_subnet.data.external.cidr",
            "time_sleep.wait_for_subnet_delegation"
          ]
        },
        {
          "index_key": "b0bf68e8-4e08-433c-8903-19b2fec4cc20",
          "schema_version": 0,
          "attributes": {
            "gateway_id": "caab36ca-18bd-4a16-add4-34f60fd56d24",
            "id": "b0bf68e8-4e08-433c-8903-19b2fec4cc20",
            "principal": {
              "id": "b0bf68e8-4e08-433c-8903-19b2fec4cc20",
              "type": "User"
            },
            "role": "Admin",
            "timeouts": null
          },
          "sensitive_attributes": [],
          "dependencies": [
            "azurerm_resource_provider_registration.power_platform",
            "data.fabric_capacity.by_name",
            "module.fabric_data_gateway_01.fabric_gateway.this",
            "module.fabric_gw_subnet.azapi_resource.subnet",
            "module.fabric_gw_subnet.azurerm_network_security_group.this",
            "module.fabric_gw_subnet.azurerm_network_security_rule.custom",
            "module.fabric_gw_subnet.data.azurerm_subnet.existing",
            "module.fabric_gw_subnet.data.azurerm_virtual_network.vnet",
            "module.fabric_gw_subnet.data.external.cidr",
            "time_sleep.wait_for_subnet_delegation"
          ]
        },
        {
          "index_key": "d7a27896-3a20-4678-b8c6-3c7cebdbc4ec",
          "schema_version": 0,
          "attributes": {
            "gateway_id": "caab36ca-18bd-4a16-add4-34f60fd56d24",
            "id": "d7a27896-3a20-4678-b8c6-3c7cebdbc4ec",
            "principal": {
              "id": "d7a27896-3a20-4678-b8c6-3c7cebdbc4ec",
              "type": "User"
            },
            "role": "Admin",
            "timeouts": null
          },
          "sensitive_attributes": [],
          "dependencies": [
            "azurerm_resource_provider_registration.power_platform",
            "data.fabric_capacity.by_name",
            "module.fabric_data_gateway_01.fabric_gateway.this",
            "module.fabric_gw_subnet.azapi_resource.subnet",
            "module.fabric_gw_subnet.azurerm_network_security_group.this",
            "module.fabric_gw_subnet.azurerm_network_security_rule.custom",
            "module.fabric_gw_subnet.data.azurerm_subnet.existing",
            "module.fabric_gw_subnet.data.azurerm_virtual_network.vnet",
            "module.fabric_gw_subnet.data.external.cidr",
            "time_sleep.wait_for_subnet_delegation"
          ]
        }
      ]
    },
    {
      "module": "module.fabric_gw_subnet",
      "mode": "data",
      "type": "azurerm_subnet",
      "name": "existing",
      "provider": "provider[\"registry.terraform.io/hashicorp/azurerm\"]",
      "instances": [
        {
          "index_key": "AzureBastionSubnet",
          "schema_version": 0,
          "attributes": {
            "address_prefix": "10.46.22.0/26",
            "address_prefixes": [
              "10.46.22.0/26"
            ],
            "default_outbound_access_enabled": true,
            "id": "/subscriptions/d2e2f655-7487-471b-84b0-a2bf13e47bb1/resourceGroups/ef74b0-prod-networking/providers/Microsoft.Network/virtualNetworks/ef74b0-prod-vwan-spoke/subnets/AzureBastionSubnet",
            "name": "AzureBastionSubnet",
            "network_security_group_id": "/subscriptions/d2e2f655-7487-471b-84b0-a2bf13e47bb1/resourceGroups/rg-mdp-bstn-prod-ca/providers/Microsoft.Network/networkSecurityGroups/bstn-mdp-2o9rae",
            "private_endpoint_network_policies": "Disabled",
            "private_link_service_network_policies_enabled": true,
            "resource_group_name": "ef74b0-prod-networking",
            "route_table_id": "",
            "service_endpoints": [
              "Microsoft.KeyVault",
              "Microsoft.Storage"
            ],
            "timeouts": null,
            "virtual_network_name": "ef74b0-prod-vwan-spoke"
          },
          "sensitive_attributes": []
        },
        {
          "index_key": "mcm-mdp-gw-snet-prod01",
          "schema_version": 0,
          "attributes": {
            "address_prefix": "",
            "address_prefixes": [
              "10.46.22.192/28"
            ],
            "default_outbound_access_enabled": true,
            "id": "/subscriptions/d2e2f655-7487-471b-84b0-a2bf13e47bb1/resourceGroups/ef74b0-prod-networking/providers/Microsoft.Network/virtualNetworks/ef74b0-prod-vwan-spoke/subnets/mcm-mdp-gw-snet-prod01",
            "name": "mcm-mdp-gw-snet-prod01",
            "network_security_group_id": "/subscriptions/d2e2f655-7487-471b-84b0-a2bf13e47bb1/resourceGroups/ef74b0-prod-networking/providers/Microsoft.Network/networkSecurityGroups/mcm-mdp-gw-snet-prod01-nsg",
            "private_endpoint_network_policies": "Disabled",
            "private_link_service_network_policies_enabled": true,
            "resource_group_name": "ef74b0-prod-networking",
            "route_table_id": "",
            "service_endpoints": [],
            "timeouts": null,
            "virtual_network_name": "ef74b0-prod-vwan-spoke"
          },
          "sensitive_attributes": []
        },
        {
          "index_key": "sn-mdp-private-prod-ca",
          "schema_version": 0,
          "attributes": {
            "address_prefix": "10.46.22.128/26",
            "address_prefixes": [
              "10.46.22.128/26"
            ],
            "default_outbound_access_enabled": true,
            "id": "/subscriptions/d2e2f655-7487-471b-84b0-a2bf13e47bb1/resourceGroups/ef74b0-prod-networking/providers/Microsoft.Network/virtualNetworks/ef74b0-prod-vwan-spoke/subnets/sn-mdp-private-prod-ca",
            "name": "sn-mdp-private-prod-ca",
            "network_security_group_id": "/subscriptions/d2e2f655-7487-471b-84b0-a2bf13e47bb1/resourceGroups/rg-mdp-data-prod-ca/providers/Microsoft.Network/networkSecurityGroups/nsg-mdp-private-prod-ca",
            "private_endpoint_network_policies": "Disabled",
            "private_link_service_network_policies_enabled": true,
            "resource_group_name": "ef74b0-prod-networking",
            "route_table_id": "",
            "service_endpoints": [
              "Microsoft.KeyVault",
              "Microsoft.Storage"
            ],
            "timeouts": null,
            "virtual_network_name": "ef74b0-prod-vwan-spoke"
          },
          "sensitive_attributes": []
        },
        {
          "index_key": "sn-mdp-public-prod-ca",
          "schema_version": 0,
          "attributes": {
            "address_prefix": "10.46.22.64/26",
            "address_prefixes": [
              "10.46.22.64/26"
            ],
            "default_outbound_access_enabled": true,
            "id": "/subscriptions/d2e2f655-7487-471b-84b0-a2bf13e47bb1/resourceGroups/ef74b0-prod-networking/providers/Microsoft.Network/virtualNetworks/ef74b0-prod-vwan-spoke/subnets/sn-mdp-public-prod-ca",
            "name": "sn-mdp-public-prod-ca",
            "network_security_group_id": "/subscriptions/d2e2f655-7487-471b-84b0-a2bf13e47bb1/resourceGroups/rg-mdp-core-prod-ca/providers/Microsoft.Network/networkSecurityGroups/nsg-mdp-public-prod-ca",
            "private_endpoint_network_policies": "Disabled",
            "private_link_service_network_policies_enabled": true,
            "resource_group_name": "ef74b0-prod-networking",
            "route_table_id": "",
            "service_endpoints": [
              "Microsoft.KeyVault",
              "Microsoft.Storage"
            ],
            "timeouts": null,
            "virtual_network_name": "ef74b0-prod-vwan-spoke"
          },
          "sensitive_attributes": []
        }
      ]
    },
    {
      "module": "module.fabric_gw_subnet",
      "mode": "data",
      "type": "azurerm_virtual_network",
      "name": "vnet",
      "provider": "provider[\"registry.terraform.io/hashicorp/azurerm\"]",
      "instances": [
        {
          "schema_version": 0,
          "attributes": {
            "address_space": [
              "10.46.22.0/24"
            ],
            "dns_servers": [
              "10.53.244.4"
            ],
            "guid": "2107fccd-1ca9-49bb-a1a3-725d2edb61a5",
            "id": "/subscriptions/d2e2f655-7487-471b-84b0-a2bf13e47bb1/resourceGroups/ef74b0-prod-networking/providers/Microsoft.Network/virtualNetworks/ef74b0-prod-vwan-spoke",
            "location": "canadacentral",
            "name": "ef74b0-prod-vwan-spoke",
            "resource_group_name": "ef74b0-prod-networking",
            "subnets": [
              "sn-mdp-private-prod-ca",
              "sn-mdp-public-prod-ca",
              "AzureBastionSubnet",
              "mcm-mdp-gw-snet-prod01"
            ],
            "tags": {
              "deployedBy": "azure-lz-vending-live"
            },
            "timeouts": null,
            "vnet_peerings": {
              "RemoteVnetToHubPeering_248fea99-6c92-49fe-9f94-e804706a4074": "/subscriptions/e8d8ef98-c03d-4606-9854-e365453d88f3/resourceGroups/RG_bcgov-managed-lz-live-hub-canadacentral_a76c722f-6cc3-4220-aeaa-ed3824da42ff/providers/Microsoft.Network/virtualNetworks/HV_bcgov-managed-lz-liv_d3392fd0-0782-45c9-8989-87d98fbfcaef"
            },
            "vnet_peerings_addresses": [
              "10.53.240.0/20"
            ]
          },
          "sensitive_attributes": []
        }
      ]
    },
    {
      "module": "module.fabric_gw_subnet",
      "mode": "data",
      "type": "external",
      "name": "cidr",
      "provider": "provider[\"registry.terraform.io/hashicorp/external\"]",
      "instances": [
        {
          "index_key": "mcm-mdp-gw-snet-prod01",
          "schema_version": 0,
          "attributes": {
            "id": "-",
            "program": [
              "python3",
              "../modules/azure/subnet_allocator/next_free_subnet.py"
            ],
            "query": {
              "offset_index": "0",
              "prefix_length": "28",
              "sibling_prefixes": "",
              "used_cidrs": "10.46.22.0/26,10.46.22.192/28,10.46.22.128/26,10.46.22.64/26",
              "vnet_cidr": "10.46.22.0/24"
            },
            "result": {
              "cidr": "10.46.22.208/28"
            },
            "working_dir": null
          },
          "sensitive_attributes": []
        }
      ]
    },
    {
      "module": "module.fabric_gw_subnet",
      "mode": "managed",
      "type": "azapi_resource",
      "name": "subnet",
      "provider": "provider[\"registry.terraform.io/azure/azapi\"]",
      "instances": [
        {
          "index_key": "mcm-mdp-gw-snet-prod01",
          "schema_version": 2,
          "attributes": {
            "body": {
              "value": {
                "properties": {
                  "addressPrefixes": [
                    "10.46.22.192/28"
                  ],
                  "delegations": [
                    {
                      "name": "fabric-gw-delegation",
                      "properties": {
                        "serviceName": "Microsoft.PowerPlatform/vnetaccesslinks"
                      }
                    }
                  ],
                  "networkSecurityGroup": {
                    "id": "/subscriptions/d2e2f655-7487-471b-84b0-a2bf13e47bb1/resourceGroups/ef74b0-prod-networking/providers/Microsoft.Network/networkSecurityGroups/mcm-mdp-gw-snet-prod01-nsg"
                  },
                  "serviceEndpoints": []
                }
              },
              "type": [
                "object",
                {
                  "properties": [
                    "object",
                    {
                      "addressPrefixes": [
                        "tuple",
                        [
                          "string"
                        ]
                      ],
                      "delegations": [
                        "list",
                        [
                          "object",
                          {
                            "name": "string",
                            "properties": [
                              "object",
                              {
                                "serviceName": "string"
                              }
                            ]
                          }
                        ]
                      ],
                      "networkSecurityGroup": [
                        "object",
                        {
                          "id": "string"
                        }
                      ],
                      "serviceEndpoints": [
                        "tuple",
                        []
                      ]
                    }
                  ]
                }
              ]
            },
            "create_headers": null,
            "create_query_parameters": null,
            "delete_headers": null,
            "delete_query_parameters": null,
            "id": "/subscriptions/d2e2f655-7487-471b-84b0-a2bf13e47bb1/resourceGroups/ef74b0-prod-networking/providers/Microsoft.Network/virtualNetworks/ef74b0-prod-vwan-spoke/subnets/mcm-mdp-gw-snet-prod01",
            "identity": [],
            "ignore_casing": false,
            "ignore_missing_property": true,
            "location": null,
            "locks": null,
            "name": "mcm-mdp-gw-snet-prod01",
            "output": {
              "value": {
                "etag": "W/\"073ba24d-7865-4f56-be39-b42cd496f3bb\"",
                "id": "/subscriptions/d2e2f655-7487-471b-84b0-a2bf13e47bb1/resourceGroups/ef74b0-prod-networking/providers/Microsoft.Network/virtualNetworks/ef74b0-prod-vwan-spoke/subnets/mcm-mdp-gw-snet-prod01",
                "properties": {
                  "addressPrefixes": [
                    "10.46.22.192/28"
                  ],
                  "delegations": [
                    {
                      "etag": "W/\"073ba24d-7865-4f56-be39-b42cd496f3bb\"",
                      "properties": {
                        "actions": [
                          "Microsoft.Network/virtualNetworks/subnets/join/action"
                        ],
                        "provisioningState": "Succeeded"
                      }
                    }
                  ],
                  "provisioningState": "Succeeded",
                  "serviceAssociationLinks": [
                    {
                      "etag": "W/\"073ba24d-7865-4f56-be39-b42cd496f3bb\"",
                      "properties": {
                        "provisioningState": "Succeeded"
                      },
                      "type": "Microsoft.Network/virtualNetworks/subnets/serviceAssociationLinks"
                    }
                  ]
                },
                "type": "Microsoft.Network/virtualNetworks/subnets"
              },
              "type": [
                "object",
                {
                  "etag": "string",
                  "id": "string",
                  "properties": [
                    "object",
                    {
                      "addressPrefixes": [
                        "tuple",
                        [
                          "string"
                        ]
                      ],
                      "delegations": [
                        "tuple",
                        [
                          [
                            "object",
                            {
                              "etag": "string",
                              "properties": [
                                "object",
                                {
                                  "actions": [
                                    "tuple",
                                    [
                                      "string"
                                    ]
                                  ],
                                  "provisioningState": "string"
                                }
                              ]
                            }
                          ]
                        ]
                      ],
                      "provisioningState": "string",
                      "serviceAssociationLinks": [
                        "tuple",
                        [
                          [
                            "object",
                            {
                              "etag": "string",
                              "properties": [
                                "object",
                                {
                                  "provisioningState": "string"
                                }
                              ],
                              "type": "string"
                            }
                          ]
                        ]
                      ]
                    }
                  ],
                  "type": "string"
                }
              ]
            },
            "parent_id": "/subscriptions/d2e2f655-7487-471b-84b0-a2bf13e47bb1/resourceGroups/ef74b0-prod-networking/providers/Microsoft.Network/virtualNetworks/ef74b0-prod-vwan-spoke",
            "read_headers": null,
            "read_query_parameters": null,
            "replace_triggers_external_values": null,
            "replace_triggers_refs": null,
            "response_export_values": null,
            "retry": null,
            "schema_validation_enabled": true,
            "tags": null,
            "timeouts": null,
            "type": "Microsoft.Network/virtualNetworks/subnets@2024-03-01",
            "update_headers": null,
            "update_query_parameters": null
          },
          "sensitive_attributes": [],
          "dependencies": [
            "module.fabric_gw_subnet.azurerm_network_security_group.this",
            "module.fabric_gw_subnet.azurerm_network_security_rule.custom",
            "module.fabric_gw_subnet.data.azurerm_subnet.existing",
            "module.fabric_gw_subnet.data.azurerm_virtual_network.vnet",
            "module.fabric_gw_subnet.data.external.cidr"
          ]
        }
      ]
    },
    {
      "module": "module.fabric_gw_subnet",
      "mode": "managed",
      "type": "azurerm_network_security_group",
      "name": "this",
      "provider": "provider[\"registry.terraform.io/hashicorp/azurerm\"]",
      "instances": [
        {
          "index_key": "mcm-mdp-gw-snet-prod01",
          "schema_version": 0,
          "attributes": {
            "id": "/subscriptions/d2e2f655-7487-471b-84b0-a2bf13e47bb1/resourceGroups/ef74b0-prod-networking/providers/Microsoft.Network/networkSecurityGroups/mcm-mdp-gw-snet-prod01-nsg",
            "location": "canadacentral",
            "name": "mcm-mdp-gw-snet-prod01-nsg",
            "resource_group_name": "ef74b0-prod-networking",
            "security_rule": [
              {
                "access": "Allow",
                "description": "",
                "destination_address_prefix": "*",
                "destination_address_prefixes": [],
                "destination_application_security_group_ids": [],
                "destination_port_range": "*",
                "destination_port_ranges": [],
                "direction": "Inbound",
                "name": "AllowAzureLoadBalancerInbound",
                "priority": 110,
                "protocol": "*",
                "source_address_prefix": "AzureLoadBalancer",
                "source_address_prefixes": [],
                "source_application_security_group_ids": [],
                "source_port_range": "*",
                "source_port_ranges": []
              },
              {
                "access": "Allow",
                "description": "",
                "destination_address_prefix": "AzureCloud",
                "destination_address_prefixes": [],
                "destination_application_security_group_ids": [],
                "destination_port_range": "443",
                "destination_port_ranges": [],
                "direction": "Outbound",
                "name": "AllowAzureCloudOutbound",
                "priority": 110,
                "protocol": "Tcp",
                "source_address_prefix": "*",
                "source_address_prefixes": [],
                "source_application_security_group_ids": [],
                "source_port_range": "*",
                "source_port_ranges": []
              },
              {
                "access": "Allow",
                "description": "",
                "destination_address_prefix": "VirtualNetwork",
                "destination_address_prefixes": [],
                "destination_application_security_group_ids": [],
                "destination_port_range": "*",
                "destination_port_ranges": [],
                "direction": "Inbound",
                "name": "AllowVnetInbound",
                "priority": 100,
                "protocol": "*",
                "source_address_prefix": "VirtualNetwork",
                "source_address_prefixes": [],
                "source_application_security_group_ids": [],
                "source_port_range": "*",
                "source_port_ranges": []
              },
              {
                "access": "Allow",
                "description": "",
                "destination_address_prefix": "VirtualNetwork",
                "destination_address_prefixes": [],
                "destination_application_security_group_ids": [],
                "destination_port_range": "*",
                "destination_port_ranges": [],
                "direction": "Outbound",
                "name": "AllowVnetOutbound",
                "priority": 100,
                "protocol": "*",
                "source_address_prefix": "VirtualNetwork",
                "source_address_prefixes": [],
                "source_application_security_group_ids": [],
                "source_port_range": "*",
                "source_port_ranges": []
              },
              {
                "access": "Deny",
                "description": "",
                "destination_address_prefix": "*",
                "destination_address_prefixes": [],
                "destination_application_security_group_ids": [],
                "destination_port_range": "*",
                "destination_port_ranges": [],
                "direction": "Inbound",
                "name": "DenyAllInbound",
                "priority": 4096,
                "protocol": "*",
                "source_address_prefix": "*",
                "source_address_prefixes": [],
                "source_application_security_group_ids": [],
                "source_port_range": "*",
                "source_port_ranges": []
              },
              {
                "access": "Deny",
                "description": "",
                "destination_address_prefix": "*",
                "destination_address_prefixes": [],
                "destination_application_security_group_ids": [],
                "destination_port_range": "*",
                "destination_port_ranges": [],
                "direction": "Outbound",
                "name": "DenyAllOutbound",
                "priority": 4096,
                "protocol": "*",
                "source_address_prefix": "*",
                "source_address_prefixes": [],
                "source_application_security_group_ids": [],
                "source_port_range": "*",
                "source_port_ranges": []
              }
            ],
            "tags": {
              "application_environment": "dev",
              "client_code": "",
              "deployment_automation": "Terraform",
              "deployment_automation_version": "v0.1",
              "expense_authority": "",
              "information_security_classification": "protected_e",
              "ministry_name_prefix": "citz",
              "program_area": "permitting",
              "project_number": "",
              "responsibility_centre": "",
              "service_line": ""
            },
            "timeouts": null
          },
          "sensitive_attributes": [],
          "private": "eyJlMmJmYjczMC1lY2FhLTExZTYtOGY4OC0zNDM2M2JjN2M0YzAiOnsiY3JlYXRlIjoxODAwMDAwMDAwMDAwLCJkZWxldGUiOjE4MDAwMDAwMDAwMDAsInJlYWQiOjMwMDAwMDAwMDAwMCwidXBkYXRlIjoxODAwMDAwMDAwMDAwfX0="
        }
      ]
    },
    {
      "module": "module.fabric_gw_subnet",
      "mode": "managed",
      "type": "azurerm_network_security_rule",
      "name": "custom",
      "provider": "provider[\"registry.terraform.io/hashicorp/azurerm\"]",
      "instances": [
        {
          "index_key": "mcm-mdp-gw-snet-prod01-AllowFabricOutbound",
          "schema_version": 0,
          "attributes": {
            "access": "Allow",
            "description": "",
            "destination_address_prefix": "AzureCloud",
            "destination_address_prefixes": null,
            "destination_application_security_group_ids": null,
            "destination_port_range": "443",
            "destination_port_ranges": null,
            "direction": "Outbound",
            "id": "/subscriptions/d2e2f655-7487-471b-84b0-a2bf13e47bb1/resourceGroups/ef74b0-prod-networking/providers/Microsoft.Network/networkSecurityGroups/mcm-mdp-gw-snet-prod01-nsg/securityRules/AllowFabricOutbound",
            "name": "AllowFabricOutbound",
            "network_security_group_name": "mcm-mdp-gw-snet-prod01-nsg",
            "priority": 200,
            "protocol": "Tcp",
            "resource_group_name": "ef74b0-prod-networking",
            "source_address_prefix": "*",
            "source_address_prefixes": null,
            "source_application_security_group_ids": null,
            "source_port_range": "*",
            "source_port_ranges": null,
            "timeouts": null
          },
          "sensitive_attributes": [],
          "private": "eyJlMmJmYjczMC1lY2FhLTExZTYtOGY4OC0zNDM2M2JjN2M0YzAiOnsiY3JlYXRlIjoxODAwMDAwMDAwMDAwLCJkZWxldGUiOjE4MDAwMDAwMDAwMDAsInJlYWQiOjMwMDAwMDAwMDAwMCwidXBkYXRlIjoxODAwMDAwMDAwMDAwfX0=",
          "dependencies": [
            "module.fabric_gw_subnet.azurerm_network_security_group.this"
          ]
        }
      ]
    },
    {
      "module": "module.fabric_lakehouse_01",
      "mode": "managed",
      "type": "fabric_lakehouse",
      "name": "this",
      "provider": "provider[\"registry.terraform.io/microsoft/fabric\"].auth",
      "instances": [
        {
          "schema_version": 0,
          "attributes": {
            "configuration": {
              "enable_schemas": true
            },
            "definition": null,
            "definition_update_enabled": true,
            "description": "Default Lakehouse Description",
            "display_name": "mcm_mdp_lh1_prod",
            "folder_id": "e467ccf6-dd75-48e9-8c84-c739eb1e7e13",
            "format": null,
            "id": "956bd1f3-0eac-48e6-887a-d3c248965733",
            "properties": {
              "default_schema": "dbo",
              "onelake_files_path": "https://onelake.dfs.fabric.microsoft.com/e397b5cc-924d-40a5-b101-f6efb41a5423/956bd1f3-0eac-48e6-887a-d3c248965733/Files",
              "onelake_tables_path": "https://onelake.dfs.fabric.microsoft.com/e397b5cc-924d-40a5-b101-f6efb41a5423/956bd1f3-0eac-48e6-887a-d3c248965733/Tables",
              "sql_endpoint_properties": {
                "connection_string": "abjnw3ynhwfevmbw2nuf4nm23q-zs2zpy2nsksubmib63x3igsuem.datawarehouse.fabric.microsoft.com",
                "id": "624c553d-0386-466a-ba1f-49123b42cf22",
                "provisioning_status": "Success"
              }
            },
            "timeouts": {
              "create": "30m",
              "delete": "30m",
              "read": "5m",
              "update": "30m"
            },
            "workspace_id": "e397b5cc-924d-40a5-b101-f6efb41a5423"
          },
          "sensitive_attributes": [],
          "dependencies": [
            "data.fabric_capacity.by_name",
            "data.fabric_folders.existing",
            "fabric_folder.item_folders",
            "module.fabric_workspace_01.fabric_workspace.this"
          ]
        }
      ]
    },
    {
      "module": "module.fabric_lakehouse_01",
      "mode": "managed",
      "type": "null_resource",
      "name": "files_folders",
      "provider": "provider[\"registry.terraform.io/hashicorp/null\"]",
      "instances": [
        {
          "index_key": 0,
          "schema_version": 0,
          "attributes": {
            "id": "7236841311855689446",
            "triggers": {
              "folders": "bronze,silver,gold",
              "lakehouse_id": "956bd1f3-0eac-48e6-887a-d3c248965733",
              "workspace_id": "e397b5cc-924d-40a5-b101-f6efb41a5423"
            }
          },
          "sensitive_attributes": [],
          "dependencies": [
            "data.fabric_capacity.by_name",
            "data.fabric_folders.existing",
            "fabric_folder.item_folders",
            "module.fabric_lakehouse_01.fabric_lakehouse.this",
            "module.fabric_workspace_01.fabric_workspace.this"
          ]
        }
      ]
    },
    {
      "module": "module.fabric_warehouse_01",
      "mode": "managed",
      "type": "fabric_warehouse",
      "name": "this_warehouse",
      "provider": "provider[\"registry.terraform.io/microsoft/fabric\"].auth",
      "instances": [
        {
          "schema_version": 0,
          "attributes": {
            "configuration": null,
            "description": "",
            "display_name": "mcm-mdp-fabwh1-prod",
            "folder_id": "705450ca-bbaa-4c8b-8101-f8b823633ae6",
            "id": "60342009-49dd-4f2e-9c30-367d21872d5e",
            "properties": {
              "collation_type": "Latin1_General_100_BIN2_UTF8",
              "connection_string": "abjnw3ynhwfevmbw2nuf4nm23q-zs2zpy2nsksubmib63x3igsuem.datawarehouse.fabric.microsoft.com",
              "created_date": "2026-07-14T10:32:36Z",
              "last_updated_time": "2026-09-24T18:15:39Z"
            },
            "timeouts": null,
            "workspace_id": "e397b5cc-924d-40a5-b101-f6efb41a5423"
          },
          "sensitive_attributes": [],
          "dependencies": [
            "data.fabric_capacity.by_name",
            "data.fabric_folders.existing",
            "fabric_folder.item_folders",
            "module.fabric_workspace_01.fabric_workspace.this"
          ]
        }
      ]
    },
    {
      "module": "module.fabric_workspace_01",
      "mode": "data",
      "type": "azurerm_client_config",
      "name": "current",
      "provider": "provider[\"registry.terraform.io/hashicorp/azurerm\"]",
      "instances": [
        {
          "schema_version": 0,
          "attributes": {
            "client_id": "6cdbb0a3-0fbf-4386-829f-fa2cb5f2f506",
            "id": "Y2xpZW50Q29uZmlncy9jbGllbnRJZD02Y2RiYjBhMy0wZmJmLTQzODYtODI5Zi1mYTJjYjVmMmY1MDY7b2JqZWN0SWQ9NWFlNzQwZGQtMTE4MS00MjE4LWJjYjgtZTA1YWJhYzQzZTU1O3N1YnNjcmlwdGlvbklkPWQyZTJmNjU1LTc0ODctNDcxYi04NGIwLWEyYmYxM2U0N2JiMTt0ZW5hbnRJZD02ZmRiNTIwMC0zZDBkLTRhOGEtYjAzNi1kMzY4NWUzNTlhZGM=",
            "object_id": "5ae740dd-1181-4218-bcb8-e05abac43e55",
            "subscription_id": "d2e2f655-7487-471b-84b0-a2bf13e47bb1",
            "tenant_id": "6fdb5200-3d0d-4a8a-b036-d3685e359adc",
            "timeouts": null
          },
          "sensitive_attributes": []
        }
      ]
    },
    {
      "module": "module.fabric_workspace_01",
      "mode": "managed",
      "type": "fabric_workspace",
      "name": "this",
      "provider": "provider[\"registry.terraform.io/microsoft/fabric\"].auth",
      "instances": [
        {
          "schema_version": 0,
          "attributes": {
            "capacity_assignment_progress": "Completed",
            "capacity_id": "F50E02B7-93B0-4045-9935-42FC79D94CD9",
            "capacity_region": "Canada Central",
            "description": "Default Workspace Description",
            "display_name": "mcm-mdp-fabricws1-prod",
            "id": "e397b5cc-924d-40a5-b101-f6efb41a5423",
            "identity": {
              "application_id": "d2214781-8497-4050-988c-0af6b28dc6f9",
              "service_principal_id": "eed9cfbf-f3be-454c-9b47-269163093351",
              "type": "SystemAssigned"
            },
            "onelake_endpoints": {
              "blob_endpoint": "https://canadacentral-onelake.blob.fabric.microsoft.com",
              "dfs_endpoint": "https://canadacentral-onelake.dfs.fabric.microsoft.com"
            },
            "skip_capacity_state_validation": false,
            "timeouts": {
              "create": "30m",
              "delete": "30m",
              "read": "5m",
              "update": "30m"
            },
            "type": "Workspace"
          },
          "sensitive_attributes": [],
          "dependencies": [
            "data.fabric_capacity.by_name"
          ]
        }
      ]
    },
    {
      "module": "module.fabric_workspace_01",
      "mode": "managed",
      "type": "fabric_workspace_role_assignment",
      "name": "admins",
      "provider": "provider[\"registry.terraform.io/microsoft/fabric\"].auth",
      "instances": [
        {
          "index_key": "19cb2a65-1dd6-482f-b488-77df57de4902",
          "schema_version": 0,
          "attributes": {
            "id": "19cb2a65-1dd6-482f-b488-77df57de4902",
            "principal": {
              "id": "19cb2a65-1dd6-482f-b488-77df57de4902",
              "type": "User"
            },
            "role": "Admin",
            "timeouts": null,
            "workspace_id": "e397b5cc-924d-40a5-b101-f6efb41a5423"
          },
          "sensitive_attributes": [],
          "dependencies": [
            "data.fabric_capacity.by_name",
            "module.fabric_workspace_01.fabric_workspace.this"
          ]
        },
        {
          "index_key": "71a5bb67-14d7-40fe-8f3e-47120f2e32d3",
          "schema_version": 0,
          "attributes": {
            "id": "71a5bb67-14d7-40fe-8f3e-47120f2e32d3",
            "principal": {
              "id": "71a5bb67-14d7-40fe-8f3e-47120f2e32d3",
              "type": "User"
            },
            "role": "Admin",
            "timeouts": null,
            "workspace_id": "e397b5cc-924d-40a5-b101-f6efb41a5423"
          },
          "sensitive_attributes": [],
          "dependencies": [
            "data.fabric_capacity.by_name",
            "module.fabric_workspace_01.fabric_workspace.this"
          ]
        },
        {
          "index_key": "b0bf68e8-4e08-433c-8903-19b2fec4cc20",
          "schema_version": 0,
          "attributes": {
            "id": "b0bf68e8-4e08-433c-8903-19b2fec4cc20",
            "principal": {
              "id": "b0bf68e8-4e08-433c-8903-19b2fec4cc20",
              "type": "User"
            },
            "role": "Admin",
            "timeouts": null,
            "workspace_id": "e397b5cc-924d-40a5-b101-f6efb41a5423"
          },
          "sensitive_attributes": [],
          "dependencies": [
            "data.fabric_capacity.by_name",
            "module.fabric_workspace_01.fabric_workspace.this"
          ]
        },
        {
          "index_key": "d7a27896-3a20-4678-b8c6-3c7cebdbc4ec",
          "schema_version": 0,
          "attributes": {
            "id": "d7a27896-3a20-4678-b8c6-3c7cebdbc4ec",
            "principal": {
              "id": "d7a27896-3a20-4678-b8c6-3c7cebdbc4ec",
              "type": "User"
            },
            "role": "Admin",
            "timeouts": null,
            "workspace_id": "e397b5cc-924d-40a5-b101-f6efb41a5423"
          },
          "sensitive_attributes": [],
          "dependencies": [
            "data.fabric_capacity.by_name",
            "module.fabric_workspace_01.fabric_workspace.this"
          ]
        },
        {
          "index_key": "e5922863-7748-46c8-9f50-bbc24834c2dd",
          "schema_version": 0,
          "attributes": {
            "id": "e5922863-7748-46c8-9f50-bbc24834c2dd",
            "principal": {
              "id": "e5922863-7748-46c8-9f50-bbc24834c2dd",
              "type": "User"
            },
            "role": "Admin",
            "timeouts": null,
            "workspace_id": "e397b5cc-924d-40a5-b101-f6efb41a5423"
          },
          "sensitive_attributes": [],
          "dependencies": [
            "data.fabric_capacity.by_name",
            "module.fabric_workspace_01.fabric_workspace.this"
          ]
        },
        {
          "index_key": "ebb8207d-1ebe-423a-990d-82cf1e128cce",
          "schema_version": 0,
          "attributes": {
            "id": "ebb8207d-1ebe-423a-990d-82cf1e128cce",
            "principal": {
              "id": "ebb8207d-1ebe-423a-990d-82cf1e128cce",
              "type": "User"
            },
            "role": "Admin",
            "timeouts": null,
            "workspace_id": "e397b5cc-924d-40a5-b101-f6efb41a5423"
          },
          "sensitive_attributes": [],
          "dependencies": [
            "data.fabric_capacity.by_name",
            "module.fabric_workspace_01.fabric_workspace.this"
          ]
        }
      ]
    },
    {
      "module": "module.pipeline_raw_to_bronze",
      "mode": "managed",
      "type": "fabric_data_pipeline",
      "name": "this",
      "provider": "provider[\"registry.terraform.io/microsoft/fabric\"].auth",
      "instances": [
        {
          "schema_version": 0,
          "attributes": {
            "definition": {
              "pipeline-content.json": {
                "parameters": null,
                "processing_mode": "GoTemplate",
                "source": "../modules/azure/fabric_data_pipeline/pipeline-content.json.tmpl",
                "source_content_sha256": "18d02469165116c07af11f848e516f5383a1f5f0a2c2d8645b155d867fd05e6a",
                "tokens": {
                  "activities_json": "[{\"dependsOn\":[],\"name\":\"Lookup_ControlTable\",\"policy\":{\"retry\":0,\"retryIntervalInSeconds\":30,\"secureInput\":false,\"secureOutput\":false,\"timeout\":\"0.12:00:00\"},\"type\":\"Lookup\",\"typeProperties\":{\"datasetSettings\":{\"annotations\":[],\"externalReferences\":{\"connection\":\"37d1c5c5-41f3-4a52-9345-8d204d45106f\"},\"schema\":[],\"type\":\"SqlServerTable\",\"typeProperties\":{\"database\":\"mcm-mdp-fabwh1-prod\",\"schema\":\"app\",\"table\":\"pipeline_control\"}},\"firstRowOnly\":false,\"source\":{\"datasetSettings\":{\"annotations\":[],\"externalReferences\":{\"connection\":\"37d1c5c5-41f3-4a52-9345-8d204d45106f\"},\"schema\":[],\"type\":\"SqlServerTable\",\"typeProperties\":{\"database\":\"mcm-mdp-fabwh1-prod\",\"schema\":\"app\",\"table\":\"pipeline_control\"}},\"partitionOption\":\"None\",\"queryTimeout\":\"02:00:00\",\"sqlReaderQuery\":{\"type\":\"Expression\",\"value\":\"@concat('SELECT control_id, pipeline_name, source_system, source_entity, target_schema, target_table, source_query_template, watermark_column, last_watermark, load_type, priority, from_date, to_date FROM [app].[pipeline_control] WHERE [pipeline_name] = ''', pipeline().parameters.pipeline_name, ''' AND [is_active] = 1 ', if(empty(pipeline().parameters.table_filter_csv), '', concat('AND [target_table] IN (''', replace(pipeline().parameters.table_filter_csv, ',', ''','''), ''') ')), 'ORDER BY [priority] ASC')\"},\"type\":\"SqlServerSource\"}}},{\"dependsOn\":[{\"activity\":\"Lookup_ControlTable\",\"dependencyConditions\":[\"Succeeded\"]}],\"name\":\"ForEach_ControlRows\",\"type\":\"ForEach\",\"typeProperties\":{\"activities\":[{\"dependsOn\":[],\"externalReferences\":{\"connection\":\"37d1c5c5-41f3-4a52-9345-8d204d45106f\"},\"name\":\"Log_Start\",\"policy\":{\"retry\":5,\"retryIntervalInSeconds\":30,\"secureInput\":false,\"secureOutput\":false,\"timeout\":\"0.00:05:00\"},\"type\":\"Script\",\"typeProperties\":{\"database\":\"mcm-mdp-fabwh1-prod\",\"scriptBlockExecutionTimeout\":\"02:00:00\",\"scripts\":[{\"text\":{\"type\":\"Expression\",\"value\":\"@concat('EXEC [app].[usp_pipeline_log] @mode=''START'', @activity_run_id=''', concat(pipeline().RunId, '-', string(item().control_id)), ''', @run_id=''', pipeline().RunId, ''', @pipeline_name=''', pipeline().parameters.pipeline_name, ''', @source_entity=''', item().source_entity, ''', @target_schema=''', item().target_schema, ''', @target_table=''', item().target_table, ''', @from_date=''', if(not(empty(pipeline().parameters.override_from_date)), pipeline().parameters.override_from_date, if(empty(coalesce(item().last_watermark, '')), if(empty(string(item().from_date)), '1900-01-01 00:00:00', formatDateTime(item().from_date, 'yyyy-MM-dd HH:mm:ss')), item().last_watermark)), ''', @to_date=''', if(not(empty(pipeline().parameters.override_to_date)), pipeline().parameters.override_to_date, formatDateTime(utcNow(), 'yyyy-MM-dd HH:mm:ss')), ''', @watermark_start=', if(empty(coalesce(item().last_watermark, '')), 'NULL', concat('''', item().last_watermark, '''')), ', @environment=''', pipeline().parameters.environment, ''', @triggered_by=''', pipeline().parameters.triggered_by, '''')\"},\"type\":\"NonQuery\"}]}},{\"dependsOn\":[{\"activity\":\"Log_Start\",\"dependencyConditions\":[\"Succeeded\"]}],\"name\":\"If_Incremental\",\"type\":\"IfCondition\",\"typeProperties\":{\"expression\":{\"type\":\"Expression\",\"value\":\"@and(equals(toUpper(coalesce(item().load_type, '')), 'INCREMENTAL'), not(empty(coalesce(item().watermark_column, ''))))\"},\"ifFalseActivities\":[{\"dependsOn\":[],\"name\":\"Copy_Full\",\"policy\":{\"retry\":0,\"retryIntervalInSeconds\":30,\"secureInput\":false,\"secureOutput\":false,\"timeout\":\"0.12:00:00\"},\"type\":\"Copy\",\"typeProperties\":{\"enableStaging\":false,\"sink\":{\"datasetSettings\":{\"annotations\":[],\"linkedService\":{\"name\":\"mcm_mdp_lh1_prod\",\"properties\":{\"annotations\":[],\"type\":\"Lakehouse\",\"typeProperties\":{\"artifactId\":\"956bd1f3-0eac-48e6-887a-d3c248965733\",\"rootFolder\":\"Files\",\"workspaceId\":\"e397b5cc-924d-40a5-b101-f6efb41a5423\"}}},\"schema\":[],\"type\":\"Parquet\",\"typeProperties\":{\"compressionCodec\":\"snappy\",\"location\":{\"fileName\":{\"type\":\"Expression\",\"value\":\"@concat(item().target_table, '_', formatDateTime(utcNow(), 'yyyyMMdd_HHmmss'), '.parquet')\"},\"folderPath\":{\"type\":\"Expression\",\"value\":\"@concat(item().target_schema, '/', item().target_table, '/', formatDateTime(utcNow(), 'yyyy'), '/', formatDateTime(utcNow(), 'MM'), '/', formatDateTime(utcNow(), 'dd'))\"},\"type\":\"LakehouseLocation\"}}},\"formatSettings\":{\"enableVertiParquet\":true,\"type\":\"ParquetWriteSettings\"},\"storeSettings\":{\"recursiveCompression\":false,\"type\":\"LakehouseWriteSettings\"},\"type\":\"ParquetSink\"},\"source\":{\"datasetSettings\":{\"annotations\":[],\"externalReferences\":{\"connection\":\"67a5f546-3911-48dd-aaf1-f5d501391517\"},\"schema\":[],\"type\":\"PostgreSqlTable\",\"typeProperties\":{\"schema\":{\"type\":\"Expression\",\"value\":\"@if(contains(item().source_entity, '.'), split(item().source_entity, '.')[0], 'public')\"},\"table\":{\"type\":\"Expression\",\"value\":\"@if(contains(item().source_entity, '.'), split(item().source_entity, '.')[1], item().source_entity)\"}}},\"query\":{\"type\":\"Expression\",\"value\":\"@if(empty(coalesce(item().source_query_template, '')), concat('SELECT * FROM ', item().source_entity), replace(replace(item().source_query_template, '@from_date', if(not(empty(pipeline().parameters.override_from_date)), pipeline().parameters.override_from_date, if(empty(coalesce(item().last_watermark, '')), if(empty(string(item().from_date)), '1900-01-01 00:00:00', formatDateTime(item().from_date, 'yyyy-MM-dd HH:mm:ss')), item().last_watermark))), '@to_date', if(not(empty(pipeline().parameters.override_to_date)), pipeline().parameters.override_to_date, formatDateTime(utcNow(), 'yyyy-MM-dd HH:mm:ss'))))\"},\"queryTimeout\":\"02:00:00\",\"type\":\"PostgreSqlSource\"}}},{\"dependsOn\":[{\"activity\":\"Copy_Full\",\"dependencyConditions\":[\"Succeeded\"]}],\"externalReferences\":{\"connection\":\"37d1c5c5-41f3-4a52-9345-8d204d45106f\"},\"name\":\"Log_Success_Full\",\"policy\":{\"retry\":5,\"retryIntervalInSeconds\":30,\"secureInput\":false,\"secureOutput\":false,\"timeout\":\"0.00:05:00\"},\"type\":\"Script\",\"typeProperties\":{\"database\":\"mcm-mdp-fabwh1-prod\",\"scriptBlockExecutionTimeout\":\"02:00:00\",\"scripts\":[{\"text\":{\"type\":\"Expression\",\"value\":\"@concat('EXEC [app].[usp_pipeline_log] @mode=''END'', @activity_run_id=''', concat(pipeline().RunId, '-', string(item().control_id)), ''', @control_id=', string(item().control_id), ', @status=''SUCCEEDED'', @rows_read=', string(coalesce(activity('Copy_Full').output?.rowsRead, 0)), ', @rows_written=', string(coalesce(activity('Copy_Full').output?.rowsCopied, 0)), ', @new_watermark=', if(greater(coalesce(activity('Copy_Full').output?.rowsCopied, 0), 0), concat('''', if(not(empty(pipeline().parameters.override_to_date)), pipeline().parameters.override_to_date, formatDateTime(utcNow(), 'yyyy-MM-dd HH:mm:ss')), ''''), 'NULL'), ', @window_from=''', if(not(empty(pipeline().parameters.override_from_date)), pipeline().parameters.override_from_date, if(empty(coalesce(item().last_watermark, '')), if(empty(string(item().from_date)), '1900-01-01 00:00:00', formatDateTime(item().from_date, 'yyyy-MM-dd HH:mm:ss')), item().last_watermark)), ''', @window_to=''', if(not(empty(pipeline().parameters.override_to_date)), pipeline().parameters.override_to_date, formatDateTime(utcNow(), 'yyyy-MM-dd HH:mm:ss')), ''', @advance=', if(or(not(or(not(empty(pipeline().parameters.override_from_date)), not(empty(pipeline().parameters.override_to_date)))), equals(toLower(pipeline().parameters.advance_watermark_on_override), 'true')), '1', '0'))\"},\"type\":\"NonQuery\"}]}},{\"dependsOn\":[{\"activity\":\"Copy_Full\",\"dependencyConditions\":[\"Failed\"]}],\"externalReferences\":{\"connection\":\"37d1c5c5-41f3-4a52-9345-8d204d45106f\"},\"name\":\"Log_Failure_Full\",\"policy\":{\"retry\":5,\"retryIntervalInSeconds\":30,\"secureInput\":false,\"secureOutput\":false,\"timeout\":\"0.00:05:00\"},\"type\":\"Script\",\"typeProperties\":{\"database\":\"mcm-mdp-fabwh1-prod\",\"scriptBlockExecutionTimeout\":\"02:00:00\",\"scripts\":[{\"text\":{\"type\":\"Expression\",\"value\":\"@concat('EXEC [app].[usp_pipeline_log] @mode=''END'', @activity_run_id=''', concat(pipeline().RunId, '-', string(item().control_id)), ''', @control_id=', string(item().control_id), ', @status=''FAILED'', @rows_read=', string(coalesce(activity('Copy_Full').output?.rowsRead, 0)), ', @rows_written=', string(coalesce(activity('Copy_Full').output?.rowsCopied, 0)), ', @error_message=''', replace(string(coalesce(activity('Copy_Full').output?.errors[0]?.Message, 'Copy failed')), '''', ''''''), ''', @error_code=''', replace(string(coalesce(activity('Copy_Full').output?.errors[0]?.Code, 'Unknown')), '''', ''''''), '''')\"},\"type\":\"NonQuery\"}]}}],\"ifTrueActivities\":[{\"dependsOn\":[],\"name\":\"Lookup_SourceMax\",\"policy\":{\"retry\":0,\"retryIntervalInSeconds\":30,\"secureInput\":false,\"secureOutput\":false,\"timeout\":\"0.12:00:00\"},\"type\":\"Lookup\",\"typeProperties\":{\"datasetSettings\":{\"annotations\":[],\"externalReferences\":{\"connection\":\"67a5f546-3911-48dd-aaf1-f5d501391517\"},\"schema\":[],\"type\":\"PostgreSqlTable\",\"typeProperties\":{\"schema\":{\"type\":\"Expression\",\"value\":\"@if(contains(item().source_entity, '.'), split(item().source_entity, '.')[0], 'public')\"},\"table\":{\"type\":\"Expression\",\"value\":\"@if(contains(item().source_entity, '.'), split(item().source_entity, '.')[1], item().source_entity)\"}}},\"firstRowOnly\":true,\"source\":{\"datasetSettings\":{\"annotations\":[],\"externalReferences\":{\"connection\":\"67a5f546-3911-48dd-aaf1-f5d501391517\"},\"schema\":[],\"type\":\"PostgreSqlTable\",\"typeProperties\":{\"schema\":{\"type\":\"Expression\",\"value\":\"@if(contains(item().source_entity, '.'), split(item().source_entity, '.')[0], 'public')\"},\"table\":{\"type\":\"Expression\",\"value\":\"@if(contains(item().source_entity, '.'), split(item().source_entity, '.')[1], item().source_entity)\"}}},\"query\":{\"type\":\"Expression\",\"value\":\"@concat('SELECT COALESCE(TO_CHAR(MAX(', item().watermark_column, '), ''YYYY-MM-DD HH24:MI:SS''), '''') AS max_watermark, COUNT(*) AS row_count FROM ', item().source_entity, ' WHERE ', item().watermark_column, ' \\u003e= ''', if(not(empty(pipeline().parameters.override_from_date)), pipeline().parameters.override_from_date, if(empty(coalesce(item().last_watermark, '')), if(empty(string(item().from_date)), '1900-01-01 00:00:00', formatDateTime(item().from_date, 'yyyy-MM-dd HH:mm:ss')), item().last_watermark)), ''' AND ', item().watermark_column, ' \\u003c ''', if(not(empty(pipeline().parameters.override_to_date)), pipeline().parameters.override_to_date, formatDateTime(utcNow(), 'yyyy-MM-dd HH:mm:ss')), '''')\"},\"queryTimeout\":\"02:00:00\",\"type\":\"PostgreSqlSource\"}}},{\"dependsOn\":[{\"activity\":\"Lookup_SourceMax\",\"dependencyConditions\":[\"Succeeded\"]}],\"name\":\"Copy_Incremental\",\"policy\":{\"retry\":0,\"retryIntervalInSeconds\":30,\"secureInput\":false,\"secureOutput\":false,\"timeout\":\"0.12:00:00\"},\"type\":\"Copy\",\"typeProperties\":{\"enableStaging\":false,\"sink\":{\"datasetSettings\":{\"annotations\":[],\"linkedService\":{\"name\":\"mcm_mdp_lh1_prod\",\"properties\":{\"annotations\":[],\"type\":\"Lakehouse\",\"typeProperties\":{\"artifactId\":\"956bd1f3-0eac-48e6-887a-d3c248965733\",\"rootFolder\":\"Files\",\"workspaceId\":\"e397b5cc-924d-40a5-b101-f6efb41a5423\"}}},\"schema\":[],\"type\":\"Parquet\",\"typeProperties\":{\"compressionCodec\":\"snappy\",\"location\":{\"fileName\":{\"type\":\"Expression\",\"value\":\"@concat(item().target_table, '_', formatDateTime(utcNow(), 'yyyyMMdd_HHmmss'), '.parquet')\"},\"folderPath\":{\"type\":\"Expression\",\"value\":\"@concat(item().target_schema, '/', item().target_table, '/', formatDateTime(utcNow(), 'yyyy'), '/', formatDateTime(utcNow(), 'MM'), '/', formatDateTime(utcNow(), 'dd'))\"},\"type\":\"LakehouseLocation\"}}},\"formatSettings\":{\"enableVertiParquet\":true,\"type\":\"ParquetWriteSettings\"},\"storeSettings\":{\"recursiveCompression\":false,\"type\":\"LakehouseWriteSettings\"},\"type\":\"ParquetSink\"},\"source\":{\"datasetSettings\":{\"annotations\":[],\"externalReferences\":{\"connection\":\"67a5f546-3911-48dd-aaf1-f5d501391517\"},\"schema\":[],\"type\":\"PostgreSqlTable\",\"typeProperties\":{\"schema\":{\"type\":\"Expression\",\"value\":\"@if(contains(item().source_entity, '.'), split(item().source_entity, '.')[0], 'public')\"},\"table\":{\"type\":\"Expression\",\"value\":\"@if(contains(item().source_entity, '.'), split(item().source_entity, '.')[1], item().source_entity)\"}}},\"query\":{\"type\":\"Expression\",\"value\":\"@if(and(contains(toLower(coalesce(item().source_query_template, '')), '@from_date'), contains(toLower(coalesce(item().source_query_template, '')), '@to_date')), replace(replace(item().source_query_template, '@from_date', if(not(empty(pipeline().parameters.override_from_date)), pipeline().parameters.override_from_date, if(empty(coalesce(item().last_watermark, '')), if(empty(string(item().from_date)), '1900-01-01 00:00:00', formatDateTime(item().from_date, 'yyyy-MM-dd HH:mm:ss')), item().last_watermark))), '@to_date', if(not(empty(pipeline().parameters.override_to_date)), pipeline().parameters.override_to_date, formatDateTime(utcNow(), 'yyyy-MM-dd HH:mm:ss'))), concat(coalesce(item().source_query_template, concat('SELECT * FROM ', item().source_entity)), if(contains(toLower(coalesce(item().source_query_template, '')), ' where '), ' AND ', ' WHERE '), item().watermark_column, ' \\u003e= ''', if(not(empty(pipeline().parameters.override_from_date)), pipeline().parameters.override_from_date, if(empty(coalesce(item().last_watermark, '')), if(empty(string(item().from_date)), '1900-01-01 00:00:00', formatDateTime(item().from_date, 'yyyy-MM-dd HH:mm:ss')), item().last_watermark)), ''' AND ', item().watermark_column, ' \\u003c ''', if(not(empty(pipeline().parameters.override_to_date)), pipeline().parameters.override_to_date, formatDateTime(utcNow(), 'yyyy-MM-dd HH:mm:ss')), ''''))\"},\"queryTimeout\":\"02:00:00\",\"type\":\"PostgreSqlSource\"}}},{\"dependsOn\":[{\"activity\":\"Copy_Incremental\",\"dependencyConditions\":[\"Succeeded\"]}],\"externalReferences\":{\"connection\":\"37d1c5c5-41f3-4a52-9345-8d204d45106f\"},\"name\":\"Log_Success_Incremental\",\"policy\":{\"retry\":5,\"retryIntervalInSeconds\":30,\"secureInput\":false,\"secureOutput\":false,\"timeout\":\"0.00:05:00\"},\"type\":\"Script\",\"typeProperties\":{\"database\":\"mcm-mdp-fabwh1-prod\",\"scriptBlockExecutionTimeout\":\"02:00:00\",\"scripts\":[{\"text\":{\"type\":\"Expression\",\"value\":\"@concat('EXEC [app].[usp_pipeline_log] @mode=''END'', @activity_run_id=''', concat(pipeline().RunId, '-', string(item().control_id)), ''', @control_id=', string(item().control_id), ', @status=''SUCCEEDED'', @rows_read=', string(coalesce(activity('Copy_Incremental').output?.rowsRead, 0)), ', @rows_written=', string(coalesce(activity('Copy_Incremental').output?.rowsCopied, 0)), ', @watermark_end=', if(empty(if(empty(coalesce(activity('Lookup_SourceMax').output?.firstRow?.max_watermark, '')), '', if(greater(coalesce(activity('Lookup_SourceMax').output?.firstRow?.max_watermark, ''), formatDateTime(addDays(utcNow(), -7), 'yyyy-MM-dd HH:mm:ss')), formatDateTime(addDays(utcNow(), -7), 'yyyy-MM-dd HH:mm:ss'), coalesce(activity('Lookup_SourceMax').output?.firstRow?.max_watermark, '')))), 'NULL', concat('''', if(empty(coalesce(activity('Lookup_SourceMax').output?.firstRow?.max_watermark, '')), '', if(greater(coalesce(activity('Lookup_SourceMax').output?.firstRow?.max_watermark, ''), formatDateTime(addDays(utcNow(), -7), 'yyyy-MM-dd HH:mm:ss')), formatDateTime(addDays(utcNow(), -7), 'yyyy-MM-dd HH:mm:ss'), coalesce(activity('Lookup_SourceMax').output?.firstRow?.max_watermark, ''))), '''')), ', @new_watermark=', if(empty(if(empty(coalesce(activity('Lookup_SourceMax').output?.firstRow?.max_watermark, '')), '', if(greater(coalesce(activity('Lookup_SourceMax').output?.firstRow?.max_watermark, ''), formatDateTime(addDays(utcNow(), -7), 'yyyy-MM-dd HH:mm:ss')), formatDateTime(addDays(utcNow(), -7), 'yyyy-MM-dd HH:mm:ss'), coalesce(activity('Lookup_SourceMax').output?.firstRow?.max_watermark, '')))), 'NULL', concat('''', if(empty(coalesce(activity('Lookup_SourceMax').output?.firstRow?.max_watermark, '')), '', if(greater(coalesce(activity('Lookup_SourceMax').output?.firstRow?.max_watermark, ''), formatDateTime(addDays(utcNow(), -7), 'yyyy-MM-dd HH:mm:ss')), formatDateTime(addDays(utcNow(), -7), 'yyyy-MM-dd HH:mm:ss'), coalesce(activity('Lookup_SourceMax').output?.firstRow?.max_watermark, ''))), '''')), ', @window_from=''', if(not(empty(pipeline().parameters.override_from_date)), pipeline().parameters.override_from_date, if(empty(coalesce(item().last_watermark, '')), if(empty(string(item().from_date)), '1900-01-01 00:00:00', formatDateTime(item().from_date, 'yyyy-MM-dd HH:mm:ss')), item().last_watermark)), ''', @window_to=', if(empty(if(empty(coalesce(activity('Lookup_SourceMax').output?.firstRow?.max_watermark, '')), '', if(greater(coalesce(activity('Lookup_SourceMax').output?.firstRow?.max_watermark, ''), formatDateTime(addDays(utcNow(), -7), 'yyyy-MM-dd HH:mm:ss')), formatDateTime(addDays(utcNow(), -7), 'yyyy-MM-dd HH:mm:ss'), coalesce(activity('Lookup_SourceMax').output?.firstRow?.max_watermark, '')))), 'NULL', concat('''', if(empty(coalesce(activity('Lookup_SourceMax').output?.firstRow?.max_watermark, '')), '', if(greater(coalesce(activity('Lookup_SourceMax').output?.firstRow?.max_watermark, ''), formatDateTime(addDays(utcNow(), -7), 'yyyy-MM-dd HH:mm:ss')), formatDateTime(addDays(utcNow(), -7), 'yyyy-MM-dd HH:mm:ss'), coalesce(activity('Lookup_SourceMax').output?.firstRow?.max_watermark, ''))), '''')), ', @advance=', if(or(not(or(not(empty(pipeline().parameters.override_from_date)), not(empty(pipeline().parameters.override_to_date)))), equals(toLower(pipeline().parameters.advance_watermark_on_override), 'true')), '1', '0'))\"},\"type\":\"NonQuery\"}]}},{\"dependsOn\":[{\"activity\":\"Copy_Incremental\",\"dependencyConditions\":[\"Failed\"]}],\"externalReferences\":{\"connection\":\"37d1c5c5-41f3-4a52-9345-8d204d45106f\"},\"name\":\"Log_Failure_Incremental\",\"policy\":{\"retry\":5,\"retryIntervalInSeconds\":30,\"secureInput\":false,\"secureOutput\":false,\"timeout\":\"0.00:05:00\"},\"type\":\"Script\",\"typeProperties\":{\"database\":\"mcm-mdp-fabwh1-prod\",\"scriptBlockExecutionTimeout\":\"02:00:00\",\"scripts\":[{\"text\":{\"type\":\"Expression\",\"value\":\"@concat('EXEC [app].[usp_pipeline_log] @mode=''END'', @activity_run_id=''', concat(pipeline().RunId, '-', string(item().control_id)), ''', @control_id=', string(item().control_id), ', @status=''FAILED'', @rows_read=', string(coalesce(activity('Copy_Incremental').output?.rowsRead, 0)), ', @rows_written=', string(coalesce(activity('Copy_Incremental').output?.rowsCopied, 0)), ', @error_message=''', replace(string(coalesce(activity('Copy_Incremental').output?.errors[0]?.Message, 'Copy failed')), '''', ''''''), ''', @error_code=''', replace(string(coalesce(activity('Copy_Incremental').output?.errors[0]?.Code, 'Unknown')), '''', ''''''), '''')\"},\"type\":\"NonQuery\"}]}},{\"dependsOn\":[{\"activity\":\"Lookup_SourceMax\",\"dependencyConditions\":[\"Failed\"]}],\"externalReferences\":{\"connection\":\"37d1c5c5-41f3-4a52-9345-8d204d45106f\"},\"name\":\"Log_Failure_Lookup\",\"policy\":{\"retry\":5,\"retryIntervalInSeconds\":30,\"secureInput\":false,\"secureOutput\":false,\"timeout\":\"0.00:05:00\"},\"type\":\"Script\",\"typeProperties\":{\"database\":\"mcm-mdp-fabwh1-prod\",\"scriptBlockExecutionTimeout\":\"02:00:00\",\"scripts\":[{\"text\":{\"type\":\"Expression\",\"value\":\"@concat('EXEC [app].[usp_pipeline_log] @mode=''END'', @activity_run_id=''', concat(pipeline().RunId, '-', string(item().control_id)), ''', @control_id=', string(item().control_id), ', @status=''FAILED'', @error_message=''', replace(string(coalesce(activity('Lookup_SourceMax').error?.message, 'Lookup_SourceMax failed')), '''', ''''''), ''', @error_code=''LOOKUP_SOURCE_MAX_FAILED''')\"},\"type\":\"NonQuery\"}]}}]}}],\"batchCount\":10,\"isSequential\":false,\"items\":{\"type\":\"Expression\",\"value\":\"@activity('Lookup_ControlTable').output.value\"}}}]",
                  "advance_watermark_on_override": "false",
                  "display_name": "pl_ingest_mds",
                  "environment": "prod",
                  "override_from_date": "",
                  "override_to_date": "",
                  "pipeline_name_param": "pl_ingest_mds",
                  "table_filter_csv": "",
                  "triggered_by": "manual"
                },
                "tokens_delimiter": "{{}}"
              }
            },
            "definition_update_enabled": true,
            "description": "Control table driven pipeline: PostgreSQL → Lakehouse raw files (parquet) with full logging",
            "display_name": "pl_ingest_mds",
            "folder_id": "2724a7db-79e7-44ef-be7e-0d4f3287449c",
            "format": "Default",
            "id": "4d569a4b-0a9b-4498-ad2a-f75de298dbae",
            "timeouts": null,
            "workspace_id": "e397b5cc-924d-40a5-b101-f6efb41a5423"
          },
          "sensitive_attributes": [],
          "dependencies": [
            "data.fabric_capacity.by_name",
            "data.fabric_folders.existing",
            "fabric_folder.item_folders",
            "module.fabric_lakehouse_01.fabric_lakehouse.this",
            "module.fabric_warehouse_01.fabric_warehouse.this_warehouse",
            "module.fabric_workspace_01.fabric_workspace.this",
            "module.warehouse_mds_connection.data.external.connection_id",
            "module.warehouse_mds_connection.null_resource.fabric_connection"
          ]
        }
      ]
    },
    {
      "module": "module.pipeline_raw_to_bronze_mto",
      "mode": "managed",
      "type": "fabric_data_pipeline",
      "name": "this",
      "provider": "provider[\"registry.terraform.io/microsoft/fabric\"].auth",
      "instances": [
        {
          "schema_version": 0,
          "attributes": {
            "definition": {
              "pipeline-content.json": {
                "parameters": null,
                "processing_mode": "GoTemplate",
                "source": "../modules/azure/fabric_data_pipeline/pipeline-content.json.tmpl",
                "source_content_sha256": "5ebbf9dcc54f3bc52e4c740ed456392e91f4d4bd08ebe7c4d5f801f388da9db3",
                "tokens": {
                  "activities_json": "[{\"dependsOn\":[],\"name\":\"Lookup_ControlTable\",\"policy\":{\"retry\":0,\"retryIntervalInSeconds\":30,\"secureInput\":false,\"secureOutput\":false,\"timeout\":\"0.12:00:00\"},\"type\":\"Lookup\",\"typeProperties\":{\"datasetSettings\":{\"annotations\":[],\"externalReferences\":{\"connection\":\"37d1c5c5-41f3-4a52-9345-8d204d45106f\"},\"schema\":[],\"type\":\"SqlServerTable\",\"typeProperties\":{\"database\":\"mcm-mdp-fabwh1-prod\",\"schema\":\"app\",\"table\":\"pipeline_control\"}},\"firstRowOnly\":false,\"source\":{\"datasetSettings\":{\"annotations\":[],\"externalReferences\":{\"connection\":\"37d1c5c5-41f3-4a52-9345-8d204d45106f\"},\"schema\":[],\"type\":\"SqlServerTable\",\"typeProperties\":{\"database\":\"mcm-mdp-fabwh1-prod\",\"schema\":\"app\",\"table\":\"pipeline_control\"}},\"partitionOption\":\"None\",\"queryTimeout\":\"02:00:00\",\"sqlReaderQuery\":{\"type\":\"Expression\",\"value\":\"@concat('SELECT control_id, pipeline_name, source_system, source_entity, target_schema, target_table, source_query_template, watermark_column, last_watermark, load_type, priority, from_date, to_date FROM [app].[pipeline_control] WHERE [pipeline_name] = ''', pipeline().parameters.pipeline_name, ''' AND [is_active] = 1 ', if(empty(pipeline().parameters.table_filter_csv), '', concat('AND [target_table] IN (''', replace(pipeline().parameters.table_filter_csv, ',', ''','''), ''') ')), 'ORDER BY [priority] ASC')\"},\"type\":\"SqlServerSource\"}}},{\"dependsOn\":[{\"activity\":\"Lookup_ControlTable\",\"dependencyConditions\":[\"Succeeded\"]}],\"name\":\"ForEach_ControlRows\",\"type\":\"ForEach\",\"typeProperties\":{\"activities\":[{\"dependsOn\":[],\"externalReferences\":{\"connection\":\"37d1c5c5-41f3-4a52-9345-8d204d45106f\"},\"name\":\"Log_Start\",\"policy\":{\"retry\":5,\"retryIntervalInSeconds\":30,\"secureInput\":false,\"secureOutput\":false,\"timeout\":\"0.00:05:00\"},\"type\":\"Script\",\"typeProperties\":{\"database\":\"mcm-mdp-fabwh1-prod\",\"scriptBlockExecutionTimeout\":\"02:00:00\",\"scripts\":[{\"text\":{\"type\":\"Expression\",\"value\":\"@concat('EXEC [app].[usp_pipeline_log] @mode=''START'', @activity_run_id=''', concat(pipeline().RunId, '-', string(item().control_id)), ''', @run_id=''', pipeline().RunId, ''', @pipeline_name=''', pipeline().parameters.pipeline_name, ''', @source_entity=''', item().source_entity, ''', @target_schema=''', item().target_schema, ''', @target_table=''', item().target_table, ''', @from_date=''', if(not(empty(pipeline().parameters.override_from_date)), pipeline().parameters.override_from_date, if(empty(coalesce(item().last_watermark, '')), if(empty(string(item().from_date)), '1900-01-01 00:00:00', formatDateTime(item().from_date, 'yyyy-MM-dd HH:mm:ss')), item().last_watermark)), ''', @to_date=''', if(not(empty(pipeline().parameters.override_to_date)), pipeline().parameters.override_to_date, formatDateTime(utcNow(), 'yyyy-MM-dd HH:mm:ss')), ''', @watermark_start=', if(empty(coalesce(item().last_watermark, '')), 'NULL', concat('''', item().last_watermark, '''')), ', @environment=''', pipeline().parameters.environment, ''', @triggered_by=''', pipeline().parameters.triggered_by, '''')\"},\"type\":\"NonQuery\"}]}},{\"dependsOn\":[{\"activity\":\"Log_Start\",\"dependencyConditions\":[\"Succeeded\"]}],\"name\":\"If_Incremental\",\"type\":\"IfCondition\",\"typeProperties\":{\"expression\":{\"type\":\"Expression\",\"value\":\"@and(equals(toUpper(coalesce(item().load_type, '')), 'INCREMENTAL'), not(empty(coalesce(item().watermark_column, ''))))\"},\"ifFalseActivities\":[{\"dependsOn\":[],\"name\":\"Copy_Full\",\"policy\":{\"retry\":0,\"retryIntervalInSeconds\":30,\"secureInput\":false,\"secureOutput\":false,\"timeout\":\"0.12:00:00\"},\"type\":\"Copy\",\"typeProperties\":{\"enableStaging\":false,\"sink\":{\"datasetSettings\":{\"annotations\":[],\"linkedService\":{\"name\":\"mcm_mdp_lh1_prod\",\"properties\":{\"annotations\":[],\"type\":\"Lakehouse\",\"typeProperties\":{\"artifactId\":\"956bd1f3-0eac-48e6-887a-d3c248965733\",\"rootFolder\":\"Files\",\"workspaceId\":\"e397b5cc-924d-40a5-b101-f6efb41a5423\"}}},\"schema\":[],\"type\":\"Parquet\",\"typeProperties\":{\"compressionCodec\":\"snappy\",\"location\":{\"fileName\":{\"type\":\"Expression\",\"value\":\"@concat(item().target_table, '_', formatDateTime(utcNow(), 'yyyyMMdd_HHmmss'), '.parquet')\"},\"folderPath\":{\"type\":\"Expression\",\"value\":\"@concat(item().target_schema, '/', item().target_table, '/', formatDateTime(utcNow(), 'yyyy'), '/', formatDateTime(utcNow(), 'MM'), '/', formatDateTime(utcNow(), 'dd'))\"},\"type\":\"LakehouseLocation\"}}},\"formatSettings\":{\"enableVertiParquet\":true,\"type\":\"ParquetWriteSettings\"},\"storeSettings\":{\"recursiveCompression\":false,\"type\":\"LakehouseWriteSettings\"},\"type\":\"ParquetSink\"},\"source\":{\"datasetSettings\":{\"annotations\":[],\"externalReferences\":{\"connection\":\"db3b76f3-6e18-4489-b228-38533e51ee73\"},\"schema\":[],\"type\":\"PostgreSqlTable\",\"typeProperties\":{\"schema\":{\"type\":\"Expression\",\"value\":\"@if(contains(item().source_entity, '.'), split(item().source_entity, '.')[0], 'public')\"},\"table\":{\"type\":\"Expression\",\"value\":\"@if(contains(item().source_entity, '.'), split(item().source_entity, '.')[1], item().source_entity)\"}}},\"query\":{\"type\":\"Expression\",\"value\":\"@if(empty(coalesce(item().source_query_template, '')), concat('SELECT * FROM ', item().source_entity), replace(replace(item().source_query_template, '@from_date', if(not(empty(pipeline().parameters.override_from_date)), pipeline().parameters.override_from_date, if(empty(coalesce(item().last_watermark, '')), if(empty(string(item().from_date)), '1900-01-01 00:00:00', formatDateTime(item().from_date, 'yyyy-MM-dd HH:mm:ss')), item().last_watermark))), '@to_date', if(not(empty(pipeline().parameters.override_to_date)), pipeline().parameters.override_to_date, formatDateTime(utcNow(), 'yyyy-MM-dd HH:mm:ss'))))\"},\"queryTimeout\":\"02:00:00\",\"type\":\"PostgreSqlSource\"}}},{\"dependsOn\":[{\"activity\":\"Copy_Full\",\"dependencyConditions\":[\"Succeeded\"]}],\"externalReferences\":{\"connection\":\"37d1c5c5-41f3-4a52-9345-8d204d45106f\"},\"name\":\"Log_Success_Full\",\"policy\":{\"retry\":5,\"retryIntervalInSeconds\":30,\"secureInput\":false,\"secureOutput\":false,\"timeout\":\"0.00:05:00\"},\"type\":\"Script\",\"typeProperties\":{\"database\":\"mcm-mdp-fabwh1-prod\",\"scriptBlockExecutionTimeout\":\"02:00:00\",\"scripts\":[{\"text\":{\"type\":\"Expression\",\"value\":\"@concat('EXEC [app].[usp_pipeline_log] @mode=''END'', @activity_run_id=''', concat(pipeline().RunId, '-', string(item().control_id)), ''', @control_id=', string(item().control_id), ', @status=''SUCCEEDED'', @rows_read=', string(coalesce(activity('Copy_Full').output?.rowsRead, 0)), ', @rows_written=', string(coalesce(activity('Copy_Full').output?.rowsCopied, 0)), ', @new_watermark=', if(greater(coalesce(activity('Copy_Full').output?.rowsCopied, 0), 0), concat('''', if(not(empty(pipeline().parameters.override_to_date)), pipeline().parameters.override_to_date, formatDateTime(utcNow(), 'yyyy-MM-dd HH:mm:ss')), ''''), 'NULL'), ', @window_from=''', if(not(empty(pipeline().parameters.override_from_date)), pipeline().parameters.override_from_date, if(empty(coalesce(item().last_watermark, '')), if(empty(string(item().from_date)), '1900-01-01 00:00:00', formatDateTime(item().from_date, 'yyyy-MM-dd HH:mm:ss')), item().last_watermark)), ''', @window_to=''', if(not(empty(pipeline().parameters.override_to_date)), pipeline().parameters.override_to_date, formatDateTime(utcNow(), 'yyyy-MM-dd HH:mm:ss')), ''', @advance=', if(or(not(or(not(empty(pipeline().parameters.override_from_date)), not(empty(pipeline().parameters.override_to_date)))), equals(toLower(pipeline().parameters.advance_watermark_on_override), 'true')), '1', '0'))\"},\"type\":\"NonQuery\"}]}},{\"dependsOn\":[{\"activity\":\"Copy_Full\",\"dependencyConditions\":[\"Failed\"]}],\"externalReferences\":{\"connection\":\"37d1c5c5-41f3-4a52-9345-8d204d45106f\"},\"name\":\"Log_Failure_Full\",\"policy\":{\"retry\":5,\"retryIntervalInSeconds\":30,\"secureInput\":false,\"secureOutput\":false,\"timeout\":\"0.00:05:00\"},\"type\":\"Script\",\"typeProperties\":{\"database\":\"mcm-mdp-fabwh1-prod\",\"scriptBlockExecutionTimeout\":\"02:00:00\",\"scripts\":[{\"text\":{\"type\":\"Expression\",\"value\":\"@concat('EXEC [app].[usp_pipeline_log] @mode=''END'', @activity_run_id=''', concat(pipeline().RunId, '-', string(item().control_id)), ''', @control_id=', string(item().control_id), ', @status=''FAILED'', @rows_read=', string(coalesce(activity('Copy_Full').output?.rowsRead, 0)), ', @rows_written=', string(coalesce(activity('Copy_Full').output?.rowsCopied, 0)), ', @error_message=''', replace(string(coalesce(activity('Copy_Full').output?.errors[0]?.Message, 'Copy failed')), '''', ''''''), ''', @error_code=''', replace(string(coalesce(activity('Copy_Full').output?.errors[0]?.Code, 'Unknown')), '''', ''''''), '''')\"},\"type\":\"NonQuery\"}]}}],\"ifTrueActivities\":[{\"dependsOn\":[],\"name\":\"Lookup_SourceMax\",\"policy\":{\"retry\":0,\"retryIntervalInSeconds\":30,\"secureInput\":false,\"secureOutput\":false,\"timeout\":\"0.12:00:00\"},\"type\":\"Lookup\",\"typeProperties\":{\"datasetSettings\":{\"annotations\":[],\"externalReferences\":{\"connection\":\"db3b76f3-6e18-4489-b228-38533e51ee73\"},\"schema\":[],\"type\":\"PostgreSqlTable\",\"typeProperties\":{\"schema\":{\"type\":\"Expression\",\"value\":\"@if(contains(item().source_entity, '.'), split(item().source_entity, '.')[0], 'public')\"},\"table\":{\"type\":\"Expression\",\"value\":\"@if(contains(item().source_entity, '.'), split(item().source_entity, '.')[1], item().source_entity)\"}}},\"firstRowOnly\":true,\"source\":{\"datasetSettings\":{\"annotations\":[],\"externalReferences\":{\"connection\":\"db3b76f3-6e18-4489-b228-38533e51ee73\"},\"schema\":[],\"type\":\"PostgreSqlTable\",\"typeProperties\":{\"schema\":{\"type\":\"Expression\",\"value\":\"@if(contains(item().source_entity, '.'), split(item().source_entity, '.')[0], 'public')\"},\"table\":{\"type\":\"Expression\",\"value\":\"@if(contains(item().source_entity, '.'), split(item().source_entity, '.')[1], item().source_entity)\"}}},\"query\":{\"type\":\"Expression\",\"value\":\"@concat('SELECT COALESCE(TO_CHAR(MAX(', item().watermark_column, '), ''YYYY-MM-DD HH24:MI:SS''), '''') AS max_watermark, COUNT(*) AS row_count FROM ', item().source_entity, ' WHERE ', item().watermark_column, ' \\u003e= ''', if(not(empty(pipeline().parameters.override_from_date)), pipeline().parameters.override_from_date, if(empty(coalesce(item().last_watermark, '')), if(empty(string(item().from_date)), '1900-01-01 00:00:00', formatDateTime(item().from_date, 'yyyy-MM-dd HH:mm:ss')), item().last_watermark)), ''' AND ', item().watermark_column, ' \\u003c ''', if(not(empty(pipeline().parameters.override_to_date)), pipeline().parameters.override_to_date, formatDateTime(utcNow(), 'yyyy-MM-dd HH:mm:ss')), '''')\"},\"queryTimeout\":\"02:00:00\",\"type\":\"PostgreSqlSource\"}}},{\"dependsOn\":[{\"activity\":\"Lookup_SourceMax\",\"dependencyConditions\":[\"Succeeded\"]}],\"name\":\"Copy_Incremental\",\"policy\":{\"retry\":0,\"retryIntervalInSeconds\":30,\"secureInput\":false,\"secureOutput\":false,\"timeout\":\"0.12:00:00\"},\"type\":\"Copy\",\"typeProperties\":{\"enableStaging\":false,\"sink\":{\"datasetSettings\":{\"annotations\":[],\"linkedService\":{\"name\":\"mcm_mdp_lh1_prod\",\"properties\":{\"annotations\":[],\"type\":\"Lakehouse\",\"typeProperties\":{\"artifactId\":\"956bd1f3-0eac-48e6-887a-d3c248965733\",\"rootFolder\":\"Files\",\"workspaceId\":\"e397b5cc-924d-40a5-b101-f6efb41a5423\"}}},\"schema\":[],\"type\":\"Parquet\",\"typeProperties\":{\"compressionCodec\":\"snappy\",\"location\":{\"fileName\":{\"type\":\"Expression\",\"value\":\"@concat(item().target_table, '_', formatDateTime(utcNow(), 'yyyyMMdd_HHmmss'), '.parquet')\"},\"folderPath\":{\"type\":\"Expression\",\"value\":\"@concat(item().target_schema, '/', item().target_table, '/', formatDateTime(utcNow(), 'yyyy'), '/', formatDateTime(utcNow(), 'MM'), '/', formatDateTime(utcNow(), 'dd'))\"},\"type\":\"LakehouseLocation\"}}},\"formatSettings\":{\"enableVertiParquet\":true,\"type\":\"ParquetWriteSettings\"},\"storeSettings\":{\"recursiveCompression\":false,\"type\":\"LakehouseWriteSettings\"},\"type\":\"ParquetSink\"},\"source\":{\"datasetSettings\":{\"annotations\":[],\"externalReferences\":{\"connection\":\"db3b76f3-6e18-4489-b228-38533e51ee73\"},\"schema\":[],\"type\":\"PostgreSqlTable\",\"typeProperties\":{\"schema\":{\"type\":\"Expression\",\"value\":\"@if(contains(item().source_entity, '.'), split(item().source_entity, '.')[0], 'public')\"},\"table\":{\"type\":\"Expression\",\"value\":\"@if(contains(item().source_entity, '.'), split(item().source_entity, '.')[1], item().source_entity)\"}}},\"query\":{\"type\":\"Expression\",\"value\":\"@if(and(contains(toLower(coalesce(item().source_query_template, '')), '@from_date'), contains(toLower(coalesce(item().source_query_template, '')), '@to_date')), replace(replace(item().source_query_template, '@from_date', if(not(empty(pipeline().parameters.override_from_date)), pipeline().parameters.override_from_date, if(empty(coalesce(item().last_watermark, '')), if(empty(string(item().from_date)), '1900-01-01 00:00:00', formatDateTime(item().from_date, 'yyyy-MM-dd HH:mm:ss')), item().last_watermark))), '@to_date', if(not(empty(pipeline().parameters.override_to_date)), pipeline().parameters.override_to_date, formatDateTime(utcNow(), 'yyyy-MM-dd HH:mm:ss'))), concat(coalesce(item().source_query_template, concat('SELECT * FROM ', item().source_entity)), if(contains(toLower(coalesce(item().source_query_template, '')), ' where '), ' AND ', ' WHERE '), item().watermark_column, ' \\u003e= ''', if(not(empty(pipeline().parameters.override_from_date)), pipeline().parameters.override_from_date, if(empty(coalesce(item().last_watermark, '')), if(empty(string(item().from_date)), '1900-01-01 00:00:00', formatDateTime(item().from_date, 'yyyy-MM-dd HH:mm:ss')), item().last_watermark)), ''' AND ', item().watermark_column, ' \\u003c ''', if(not(empty(pipeline().parameters.override_to_date)), pipeline().parameters.override_to_date, formatDateTime(utcNow(), 'yyyy-MM-dd HH:mm:ss')), ''''))\"},\"queryTimeout\":\"02:00:00\",\"type\":\"PostgreSqlSource\"}}},{\"dependsOn\":[{\"activity\":\"Copy_Incremental\",\"dependencyConditions\":[\"Succeeded\"]}],\"externalReferences\":{\"connection\":\"37d1c5c5-41f3-4a52-9345-8d204d45106f\"},\"name\":\"Log_Success_Incremental\",\"policy\":{\"retry\":5,\"retryIntervalInSeconds\":30,\"secureInput\":false,\"secureOutput\":false,\"timeout\":\"0.00:05:00\"},\"type\":\"Script\",\"typeProperties\":{\"database\":\"mcm-mdp-fabwh1-prod\",\"scriptBlockExecutionTimeout\":\"02:00:00\",\"scripts\":[{\"text\":{\"type\":\"Expression\",\"value\":\"@concat('EXEC [app].[usp_pipeline_log] @mode=''END'', @activity_run_id=''', concat(pipeline().RunId, '-', string(item().control_id)), ''', @control_id=', string(item().control_id), ', @status=''SUCCEEDED'', @rows_read=', string(coalesce(activity('Copy_Incremental').output?.rowsRead, 0)), ', @rows_written=', string(coalesce(activity('Copy_Incremental').output?.rowsCopied, 0)), ', @watermark_end=', if(empty(if(empty(coalesce(activity('Lookup_SourceMax').output?.firstRow?.max_watermark, '')), '', if(greater(coalesce(activity('Lookup_SourceMax').output?.firstRow?.max_watermark, ''), formatDateTime(addDays(utcNow(), -7), 'yyyy-MM-dd HH:mm:ss')), formatDateTime(addDays(utcNow(), -7), 'yyyy-MM-dd HH:mm:ss'), coalesce(activity('Lookup_SourceMax').output?.firstRow?.max_watermark, '')))), 'NULL', concat('''', if(empty(coalesce(activity('Lookup_SourceMax').output?.firstRow?.max_watermark, '')), '', if(greater(coalesce(activity('Lookup_SourceMax').output?.firstRow?.max_watermark, ''), formatDateTime(addDays(utcNow(), -7), 'yyyy-MM-dd HH:mm:ss')), formatDateTime(addDays(utcNow(), -7), 'yyyy-MM-dd HH:mm:ss'), coalesce(activity('Lookup_SourceMax').output?.firstRow?.max_watermark, ''))), '''')), ', @new_watermark=', if(empty(if(empty(coalesce(activity('Lookup_SourceMax').output?.firstRow?.max_watermark, '')), '', if(greater(coalesce(activity('Lookup_SourceMax').output?.firstRow?.max_watermark, ''), formatDateTime(addDays(utcNow(), -7), 'yyyy-MM-dd HH:mm:ss')), formatDateTime(addDays(utcNow(), -7), 'yyyy-MM-dd HH:mm:ss'), coalesce(activity('Lookup_SourceMax').output?.firstRow?.max_watermark, '')))), 'NULL', concat('''', if(empty(coalesce(activity('Lookup_SourceMax').output?.firstRow?.max_watermark, '')), '', if(greater(coalesce(activity('Lookup_SourceMax').output?.firstRow?.max_watermark, ''), formatDateTime(addDays(utcNow(), -7), 'yyyy-MM-dd HH:mm:ss')), formatDateTime(addDays(utcNow(), -7), 'yyyy-MM-dd HH:mm:ss'), coalesce(activity('Lookup_SourceMax').output?.firstRow?.max_watermark, ''))), '''')), ', @window_from=''', if(not(empty(pipeline().parameters.override_from_date)), pipeline().parameters.override_from_date, if(empty(coalesce(item().last_watermark, '')), if(empty(string(item().from_date)), '1900-01-01 00:00:00', formatDateTime(item().from_date, 'yyyy-MM-dd HH:mm:ss')), item().last_watermark)), ''', @window_to=', if(empty(if(empty(coalesce(activity('Lookup_SourceMax').output?.firstRow?.max_watermark, '')), '', if(greater(coalesce(activity('Lookup_SourceMax').output?.firstRow?.max_watermark, ''), formatDateTime(addDays(utcNow(), -7), 'yyyy-MM-dd HH:mm:ss')), formatDateTime(addDays(utcNow(), -7), 'yyyy-MM-dd HH:mm:ss'), coalesce(activity('Lookup_SourceMax').output?.firstRow?.max_watermark, '')))), 'NULL', concat('''', if(empty(coalesce(activity('Lookup_SourceMax').output?.firstRow?.max_watermark, '')), '', if(greater(coalesce(activity('Lookup_SourceMax').output?.firstRow?.max_watermark, ''), formatDateTime(addDays(utcNow(), -7), 'yyyy-MM-dd HH:mm:ss')), formatDateTime(addDays(utcNow(), -7), 'yyyy-MM-dd HH:mm:ss'), coalesce(activity('Lookup_SourceMax').output?.firstRow?.max_watermark, ''))), '''')), ', @advance=', if(or(not(or(not(empty(pipeline().parameters.override_from_date)), not(empty(pipeline().parameters.override_to_date)))), equals(toLower(pipeline().parameters.advance_watermark_on_override), 'true')), '1', '0'))\"},\"type\":\"NonQuery\"}]}},{\"dependsOn\":[{\"activity\":\"Copy_Incremental\",\"dependencyConditions\":[\"Failed\"]}],\"externalReferences\":{\"connection\":\"37d1c5c5-41f3-4a52-9345-8d204d45106f\"},\"name\":\"Log_Failure_Incremental\",\"policy\":{\"retry\":5,\"retryIntervalInSeconds\":30,\"secureInput\":false,\"secureOutput\":false,\"timeout\":\"0.00:05:00\"},\"type\":\"Script\",\"typeProperties\":{\"database\":\"mcm-mdp-fabwh1-prod\",\"scriptBlockExecutionTimeout\":\"02:00:00\",\"scripts\":[{\"text\":{\"type\":\"Expression\",\"value\":\"@concat('EXEC [app].[usp_pipeline_log] @mode=''END'', @activity_run_id=''', concat(pipeline().RunId, '-', string(item().control_id)), ''', @control_id=', string(item().control_id), ', @status=''FAILED'', @rows_read=', string(coalesce(activity('Copy_Incremental').output?.rowsRead, 0)), ', @rows_written=', string(coalesce(activity('Copy_Incremental').output?.rowsCopied, 0)), ', @error_message=''', replace(string(coalesce(activity('Copy_Incremental').output?.errors[0]?.Message, 'Copy failed')), '''', ''''''), ''', @error_code=''', replace(string(coalesce(activity('Copy_Incremental').output?.errors[0]?.Code, 'Unknown')), '''', ''''''), '''')\"},\"type\":\"NonQuery\"}]}},{\"dependsOn\":[{\"activity\":\"Lookup_SourceMax\",\"dependencyConditions\":[\"Failed\"]}],\"externalReferences\":{\"connection\":\"37d1c5c5-41f3-4a52-9345-8d204d45106f\"},\"name\":\"Log_Failure_Lookup\",\"policy\":{\"retry\":5,\"retryIntervalInSeconds\":30,\"secureInput\":false,\"secureOutput\":false,\"timeout\":\"0.00:05:00\"},\"type\":\"Script\",\"typeProperties\":{\"database\":\"mcm-mdp-fabwh1-prod\",\"scriptBlockExecutionTimeout\":\"02:00:00\",\"scripts\":[{\"text\":{\"type\":\"Expression\",\"value\":\"@concat('EXEC [app].[usp_pipeline_log] @mode=''END'', @activity_run_id=''', concat(pipeline().RunId, '-', string(item().control_id)), ''', @control_id=', string(item().control_id), ', @status=''FAILED'', @error_message=''', replace(string(coalesce(activity('Lookup_SourceMax').error?.message, 'Lookup_SourceMax failed')), '''', ''''''), ''', @error_code=''LOOKUP_SOURCE_MAX_FAILED''')\"},\"type\":\"NonQuery\"}]}}]}}],\"batchCount\":10,\"isSequential\":false,\"items\":{\"type\":\"Expression\",\"value\":\"@activity('Lookup_ControlTable').output.value\"}}}]",
                  "advance_watermark_on_override": "false",
                  "display_name": "pl_ingest_mto",
                  "environment": "prod",
                  "override_from_date": "",
                  "override_to_date": "",
                  "pipeline_name_param": "pl_ingest_mto",
                  "table_filter_csv": "",
                  "triggered_by": "manual"
                },
                "tokens_delimiter": "{{}}"
              }
            },
            "definition_update_enabled": true,
            "description": "Control table driven pipeline: PostgreSQL → Lakehouse raw files (parquet) with full logging",
            "display_name": "pl_ingest_mto",
            "folder_id": "2724a7db-79e7-44ef-be7e-0d4f3287449c",
            "format": "Default",
            "id": "1ac22554-d8c7-40fa-a9f1-318aa00feaba",
            "timeouts": null,
            "workspace_id": "e397b5cc-924d-40a5-b101-f6efb41a5423"
          },
          "sensitive_attributes": [],
          "dependencies": [
            "data.fabric_capacity.by_name",
            "data.fabric_folders.existing",
            "fabric_folder.item_folders",
            "module.fabric_lakehouse_01.fabric_lakehouse.this",
            "module.fabric_warehouse_01.fabric_warehouse.this_warehouse",
            "module.fabric_workspace_01.fabric_workspace.this",
            "module.warehouse_mds_connection.data.external.connection_id",
            "module.warehouse_mds_connection.null_resource.fabric_connection"
          ]
        }
      ]
    },
    {
      "module": "module.schedule_pipeline_mds",
      "mode": "data",
      "type": "external",
      "name": "schedule_id",
      "provider": "provider[\"registry.terraform.io/hashicorp/external\"]",
      "instances": [
        {
          "schema_version": 0,
          "attributes": {
            "id": "-",
            "program": [
              "bash",
              "../modules/azure/fabric_item_schedule/get_schedule_id.sh"
            ],
            "query": {
              "item_id": "4d569a4b-0a9b-4498-ad2a-f75de298dbae",
              "job_type": "Pipeline",
              "workspace_id": "e397b5cc-924d-40a5-b101-f6efb41a5423"
            },
            "result": {
              "id": "dfc931a1-408e-409c-85de-78385965ebf4"
            },
            "working_dir": null
          },
          "sensitive_attributes": []
        }
      ]
    },
    {
      "module": "module.schedule_pipeline_mds",
      "mode": "managed",
      "type": "null_resource",
      "name": "schedule",
      "provider": "provider[\"registry.terraform.io/hashicorp/null\"]",
      "instances": [
        {
          "schema_version": 0,
          "attributes": {
            "id": "1339354225942718408",
            "triggers": {
              "item_id": "4d569a4b-0a9b-4498-ad2a-f75de298dbae",
              "job_type": "Pipeline",
              "payload_hash": "3a477e26ea329a274c0aeead04a92898699f6a737c8b28debe479b99c949d994",
              "workspace_id": "e397b5cc-924d-40a5-b101-f6efb41a5423"
            }
          },
          "sensitive_attributes": [],
          "dependencies": [
            "data.fabric_capacity.by_name",
            "data.fabric_folders.existing",
            "fabric_folder.item_folders",
            "module.fabric_lakehouse_01.fabric_lakehouse.this",
            "module.fabric_warehouse_01.fabric_warehouse.this_warehouse",
            "module.fabric_workspace_01.fabric_workspace.this",
            "module.pipeline_raw_to_bronze.fabric_data_pipeline.this",
            "module.warehouse_mds_connection.data.external.connection_id",
            "module.warehouse_mds_connection.null_resource.fabric_connection"
          ]
        }
      ]
    },
    {
      "module": "module.schedule_pipeline_mto",
      "mode": "data",
      "type": "external",
      "name": "schedule_id",
      "provider": "provider[\"registry.terraform.io/hashicorp/external\"]",
      "instances": [
        {
          "schema_version": 0,
          "attributes": {
            "id": "-",
            "program": [
              "bash",
              "../modules/azure/fabric_item_schedule/get_schedule_id.sh"
            ],
            "query": {
              "item_id": "1ac22554-d8c7-40fa-a9f1-318aa00feaba",
              "job_type": "Pipeline",
              "workspace_id": "e397b5cc-924d-40a5-b101-f6efb41a5423"
            },
            "result": {
              "id": "c77b9526-5ec3-4d68-b7ed-dee8c4c7735e"
            },
            "working_dir": null
          },
          "sensitive_attributes": []
        }
      ]
    },
    {
      "module": "module.schedule_pipeline_mto",
      "mode": "managed",
      "type": "null_resource",
      "name": "schedule",
      "provider": "provider[\"registry.terraform.io/hashicorp/null\"]",
      "instances": [
        {
          "schema_version": 0,
          "attributes": {
            "id": "2932737117213633464",
            "triggers": {
              "item_id": "1ac22554-d8c7-40fa-a9f1-318aa00feaba",
              "job_type": "Pipeline",
              "payload_hash": "3a477e26ea329a274c0aeead04a92898699f6a737c8b28debe479b99c949d994",
              "workspace_id": "e397b5cc-924d-40a5-b101-f6efb41a5423"
            }
          },
          "sensitive_attributes": [],
          "dependencies": [
            "data.fabric_capacity.by_name",
            "data.fabric_folders.existing",
            "fabric_folder.item_folders",
            "module.fabric_lakehouse_01.fabric_lakehouse.this",
            "module.fabric_warehouse_01.fabric_warehouse.this_warehouse",
            "module.fabric_workspace_01.fabric_workspace.this",
            "module.pipeline_raw_to_bronze_mto.fabric_data_pipeline.this",
            "module.warehouse_mds_connection.data.external.connection_id",
            "module.warehouse_mds_connection.null_resource.fabric_connection"
          ]
        }
      ]
    },
    {
      "module": "module.warehouse_mds_connection",
      "mode": "data",
      "type": "external",
      "name": "connection_id",
      "provider": "provider[\"registry.terraform.io/hashicorp/external\"]",
      "instances": [
        {
          "schema_version": 0,
          "attributes": {
            "id": "-",
            "program": [
              "bash",
              "../modules/azure/fabric_connection/get_connection_id.sh"
            ],
            "query": {
              "display_name": "warehouse-mcm-mdp-prod"
            },
            "result": {
              "id": "37d1c5c5-41f3-4a52-9345-8d204d45106f"
            },
            "working_dir": null
          },
          "sensitive_attributes": []
        }
      ]
    },
    {
      "module": "module.warehouse_mds_connection",
      "mode": "managed",
      "type": "null_resource",
      "name": "connection_role_assignment",
      "provider": "provider[\"registry.terraform.io/hashicorp/null\"]",
      "instances": [
        {
          "index_key": "19cb2a65-1dd6-482f-b488-77df57de4902",
          "schema_version": 0,
          "attributes": {
            "id": "7632466467664226376",
            "triggers": {
              "connection_id": "37d1c5c5-41f3-4a52-9345-8d204d45106f",
              "principal_id": "19cb2a65-1dd6-482f-b488-77df57de4902"
            }
          },
          "sensitive_attributes": [],
          "dependencies": [
            "data.fabric_capacity.by_name",
            "data.fabric_folders.existing",
            "fabric_folder.item_folders",
            "module.fabric_warehouse_01.fabric_warehouse.this_warehouse",
            "module.fabric_workspace_01.fabric_workspace.this",
            "module.warehouse_mds_connection.data.external.connection_id",
            "module.warehouse_mds_connection.null_resource.fabric_connection"
          ]
        },
        {
          "index_key": "71a5bb67-14d7-40fe-8f3e-47120f2e32d3",
          "schema_version": 0,
          "attributes": {
            "id": "1102633058569695639",
            "triggers": {
              "connection_id": "37d1c5c5-41f3-4a52-9345-8d204d45106f",
              "principal_id": "71a5bb67-14d7-40fe-8f3e-47120f2e32d3"
            }
          },
          "sensitive_attributes": [],
          "dependencies": [
            "data.fabric_capacity.by_name",
            "data.fabric_folders.existing",
            "fabric_folder.item_folders",
            "module.fabric_warehouse_01.fabric_warehouse.this_warehouse",
            "module.fabric_workspace_01.fabric_workspace.this",
            "module.warehouse_mds_connection.data.external.connection_id",
            "module.warehouse_mds_connection.null_resource.fabric_connection"
          ]
        },
        {
          "index_key": "b0bf68e8-4e08-433c-8903-19b2fec4cc20",
          "schema_version": 0,
          "attributes": {
            "id": "4156549369377382577",
            "triggers": {
              "connection_id": "37d1c5c5-41f3-4a52-9345-8d204d45106f",
              "principal_id": "b0bf68e8-4e08-433c-8903-19b2fec4cc20"
            }
          },
          "sensitive_attributes": [],
          "dependencies": [
            "data.fabric_capacity.by_name",
            "data.fabric_folders.existing",
            "fabric_folder.item_folders",
            "module.fabric_warehouse_01.fabric_warehouse.this_warehouse",
            "module.fabric_workspace_01.fabric_workspace.this",
            "module.warehouse_mds_connection.data.external.connection_id",
            "module.warehouse_mds_connection.null_resource.fabric_connection"
          ]
        },
        {
          "index_key": "d7a27896-3a20-4678-b8c6-3c7cebdbc4ec",
          "schema_version": 0,
          "attributes": {
            "id": "7322607242326834669",
            "triggers": {
              "connection_id": "37d1c5c5-41f3-4a52-9345-8d204d45106f",
              "principal_id": "d7a27896-3a20-4678-b8c6-3c7cebdbc4ec"
            }
          },
          "sensitive_attributes": [],
          "dependencies": [
            "data.fabric_capacity.by_name",
            "data.fabric_folders.existing",
            "fabric_folder.item_folders",
            "module.fabric_warehouse_01.fabric_warehouse.this_warehouse",
            "module.fabric_workspace_01.fabric_workspace.this",
            "module.warehouse_mds_connection.data.external.connection_id",
            "module.warehouse_mds_connection.null_resource.fabric_connection"
          ]
        },
        {
          "index_key": "e5922863-7748-46c8-9f50-bbc24834c2dd",
          "schema_version": 0,
          "attributes": {
            "id": "4317823577916499737",
            "triggers": {
              "connection_id": "37d1c5c5-41f3-4a52-9345-8d204d45106f",
              "principal_id": "e5922863-7748-46c8-9f50-bbc24834c2dd"
            }
          },
          "sensitive_attributes": [],
          "dependencies": [
            "data.fabric_capacity.by_name",
            "data.fabric_folders.existing",
            "fabric_folder.item_folders",
            "module.fabric_warehouse_01.fabric_warehouse.this_warehouse",
            "module.fabric_workspace_01.fabric_workspace.this",
            "module.warehouse_mds_connection.data.external.connection_id",
            "module.warehouse_mds_connection.null_resource.fabric_connection"
          ]
        },
        {
          "index_key": "ebb8207d-1ebe-423a-990d-82cf1e128cce",
          "schema_version": 0,
          "attributes": {
            "id": "3528503042137757542",
            "triggers": {
              "connection_id": "37d1c5c5-41f3-4a52-9345-8d204d45106f",
              "principal_id": "ebb8207d-1ebe-423a-990d-82cf1e128cce"
            }
          },
          "sensitive_attributes": [],
          "dependencies": [
            "data.fabric_capacity.by_name",
            "data.fabric_folders.existing",
            "fabric_folder.item_folders",
            "module.fabric_warehouse_01.fabric_warehouse.this_warehouse",
            "module.fabric_workspace_01.fabric_workspace.this",
            "module.warehouse_mds_connection.data.external.connection_id",
            "module.warehouse_mds_connection.null_resource.fabric_connection"
          ]
        }
      ]
    },
    {
      "module": "module.warehouse_mds_connection",
      "mode": "managed",
      "type": "null_resource",
      "name": "fabric_connection",
      "provider": "provider[\"registry.terraform.io/hashicorp/null\"]",
      "instances": [
        {
          "schema_version": 0,
          "attributes": {
            "id": "8780097921828730520",
            "triggers": {
              "connection_type": "Warehouse",
              "display_name": "warehouse-mcm-mdp-prod",
              "password_version": "1",
              "request_hash": "e2d94a478418af46ac480f877b3939d52d471047e5f0a0f719e1c66747987605"
            }
          },
          "sensitive_attributes": [
            [
              {
                "type": "get_attr",
                "value": "triggers"
              },
              {
                "type": "index",
                "value": {
                  "value": "request_hash",
                  "type": "string"
                }
              }
            ]
          ],
          "dependencies": [
            "data.fabric_capacity.by_name",
            "data.fabric_folders.existing",
            "fabric_folder.item_folders",
            "module.fabric_warehouse_01.fabric_warehouse.this_warehouse",
            "module.fabric_workspace_01.fabric_workspace.this"
          ]
        }
      ]
    }
  ],
  "check_results": [
    {
      "object_kind": "var",
      "config_addr": "module.fabric_data_gateway_01.var.inactivity_minutes_before_sleep",
      "status": "pass",
      "objects": [
        {
          "object_addr": "module.fabric_data_gateway_01.var.inactivity_minutes_before_sleep",
          "status": "pass"
        }
      ]
    },
    {
      "object_kind": "var",
      "config_addr": "module.schedule_pipeline_mto.var.times",
      "status": "pass",
      "objects": [
        {
          "object_addr": "module.schedule_pipeline_mto.var.times",
          "status": "pass"
        }
      ]
    },
    {
      "object_kind": "var",
      "config_addr": "module.pipeline_raw_to_bronze_mto.var.sink_warehouse_name",
      "status": "pass",
      "objects": [
        {
          "object_addr": "module.pipeline_raw_to_bronze_mto.var.sink_warehouse_name",
          "status": "pass"
        }
      ]
    },
    {
      "object_kind": "var",
      "config_addr": "module.warehouse_mds_connection.var.privacy_level",
      "status": "pass",
      "objects": [
        {
          "object_addr": "module.warehouse_mds_connection.var.privacy_level",
          "status": "pass"
        }
      ]
    },
    {
      "object_kind": "var",
      "config_addr": "module.pipeline_raw_to_bronze.var.sink_warehouse_name",
      "status": "pass",
      "objects": [
        {
          "object_addr": "module.pipeline_raw_to_bronze.var.sink_warehouse_name",
          "status": "pass"
        }
      ]
    },
    {
      "object_kind": "var",
      "config_addr": "var.WAREHOUSE_CONNECTION_ID",
      "status": "pass",
      "objects": [
        {
          "object_addr": "var.WAREHOUSE_CONNECTION_ID",
          "status": "pass"
        }
      ]
    },
    {
      "object_kind": "var",
      "config_addr": "module.fabric_data_gateway_01.var.role_assignments",
      "status": "pass",
      "objects": [
        {
          "object_addr": "module.fabric_data_gateway_01.var.role_assignments",
          "status": "pass"
        }
      ]
    },
    {
      "object_kind": "var",
      "config_addr": "module.pipeline_raw_to_bronze_mto.var.warehouse_connection_id",
      "status": "pass",
      "objects": [
        {
          "object_addr": "module.pipeline_raw_to_bronze_mto.var.warehouse_connection_id",
          "status": "pass"
        }
      ]
    },
    {
      "object_kind": "var",
      "config_addr": "module.warehouse_mds_connection.var.connectivity_type",
      "status": "pass",
      "objects": [
        {
          "object_addr": "module.warehouse_mds_connection.var.connectivity_type",
          "status": "pass"
        }
      ]
    },
    {
      "object_kind": "var",
      "config_addr": "module.warehouse_mds_connection.var.connection_type",
      "status": "pass",
      "objects": [
        {
          "object_addr": "module.warehouse_mds_connection.var.connection_type",
          "status": "pass"
        }
      ]
    },
    {
      "object_kind": "var",
      "config_addr": "module.schedule_pipeline_mds.var.times",
      "status": "pass",
      "objects": [
        {
          "object_addr": "module.schedule_pipeline_mds.var.times",
          "status": "pass"
        }
      ]
    },
    {
      "object_kind": "var",
      "config_addr": "var.ENVIRONMENT",
      "status": "pass",
      "objects": [
        {
          "object_addr": "var.ENVIRONMENT",
          "status": "pass"
        }
      ]
    },
    {
      "object_kind": "var",
      "config_addr": "module.pipeline_raw_to_bronze.var.warehouse_connection_id",
      "status": "pass",
      "objects": [
        {
          "object_addr": "module.pipeline_raw_to_bronze.var.warehouse_connection_id",
          "status": "pass"
        }
      ]
    },
    {
      "object_kind": "var",
      "config_addr": "module.warehouse_mds_connection.var.connection_encryption",
      "status": "pass",
      "objects": [
        {
          "object_addr": "module.warehouse_mds_connection.var.connection_encryption",
          "status": "pass"
        }
      ]
    },
    {
      "object_kind": "var",
      "config_addr": "module.fabric_workspace_01.var.identity_type",
      "status": "pass",
      "objects": [
        {
          "object_addr": "module.fabric_workspace_01.var.identity_type",
          "status": "pass"
        }
      ]
    },
    {
      "object_kind": "var",
      "config_addr": "module.fabric_data_gateway_01.var.number_of_member_gateways",
      "status": "pass",
      "objects": [
        {
          "object_addr": "module.fabric_data_gateway_01.var.number_of_member_gateways",
          "status": "pass"
        }
      ]
    }
  ]
}
