{
  "version": 4,
  "terraform_version": "1.12.2",
  "serial": 2,
  "lineage": "ede0add9-5b13-1869-3328-a8844ecfaab7",
  "outputs": {},
  "resources": [
    {
      "module": "module.resource_group_mines",
      "mode": "data",
      "type": "azurerm_client_config",
      "name": "current",
      "provider": "provider[\"registry.terraform.io/hashicorp/azurerm\"]",
      "instances": [
        {
          "schema_version": 0,
          "attributes": {
            "client_id": "6cdbb0a3-0fbf-4386-829f-fa2cb5f2f506",
            "id": "Y2xpZW50Q29uZmlncy9jbGllbnRJZD02Y2RiYjBhMy0wZmJmLTQzODYtODI5Zi1mYTJjYjVmMmY1MDY7b2JqZWN0SWQ9NWFlNzQwZGQtMTE4MS00MjE4LWJjYjgtZTA1YWJhYzQzZTU1O3N1YnNjcmlwdGlvbklkPTUzMjA1YTFiLTBmOGQtNDU5ZS1hNDI0LTY1ZjFiMzllYzY0ODt0ZW5hbnRJZD02ZmRiNTIwMC0zZDBkLTRhOGEtYjAzNi1kMzY4NWUzNTlhZGM=",
            "object_id": "5ae740dd-1181-4218-bcb8-e05abac43e55",
            "subscription_id": "53205a1b-0f8d-459e-a424-65f1b39ec648",
            "tenant_id": "6fdb5200-3d0d-4a8a-b036-d3685e359adc",
            "timeouts": null
          },
          "sensitive_attributes": [],
          "identity_schema_version": 0
        }
      ]
    },
    {
      "module": "module.resource_group_mines",
      "mode": "data",
      "type": "azurerm_resources",
      "name": "existing_resource_groups",
      "provider": "provider[\"registry.terraform.io/hashicorp/azurerm\"]",
      "instances": [
        {
          "schema_version": 0,
          "attributes": {
            "id": "resource-d9aec481-8be6-4ddb-9183-2b8e4e81cf04",
            "name": null,
            "required_tags": null,
            "resource_group_name": null,
            "resources": [],
            "timeouts": null,
            "type": "Microsoft.Resources/resourceGroups"
          },
          "sensitive_attributes": [],
          "identity_schema_version": 0
        }
      ]
    },
    {
      "module": "module.resource_group_mines",
      "mode": "managed",
      "type": "azurerm_resource_group",
      "name": "rg",
      "provider": "provider[\"registry.terraform.io/hashicorp/azurerm\"]",
      "instances": [
        {
          "schema_version": 0,
          "attributes": {
            "id": "/subscriptions/53205a1b-0f8d-459e-a424-65f1b39ec648/resourceGroups/mines-fabric-az01",
            "location": "canadacentral",
            "managed_by": "",
            "name": "mines-fabric-az01",
            "tags": {
              "application_environment": "dev",
              "client_code": "",
              "deployment_automation": "Terraform",
              "deployment_automation_version": "v0.1",
              "expense_authority": "",
              "information_security_classification": "protected_e",
              "ministry_name_prefix": "citz",
              "program_area": "permitting",
              "project_number": "",
              "responsibility_centre": "",
              "service_line": ""
            },
            "timeouts": null
          },
          "sensitive_attributes": [],
          "identity_schema_version": 0,
          "private": "eyJlMmJmYjczMC1lY2FhLTExZTYtOGY4OC0zNDM2M2JjN2M0YzAiOnsiY3JlYXRlIjo1NDAwMDAwMDAwMDAwLCJkZWxldGUiOjU0MDAwMDAwMDAwMDAsInJlYWQiOjMwMDAwMDAwMDAwMCwidXBkYXRlIjo1NDAwMDAwMDAwMDAwfX0="
        }
      ]
    }
  ],
  "check_results": null
}
