{
  "version": 4,
  "terraform_version": "1.9.0",
  "serial": 10,
  "lineage": "afe90b4b-aa34-74a6-9549-921481303c9d",
  "outputs": {},
  "resources": [
    {
      "module": "module.fabric_warehouse",
      "mode": "managed",
      "type": "fabric_warehouse",
      "name": "this_warehouse",
      "provider": "provider[\"registry.terraform.io/microsoft/fabric\"].auth",
      "instances": [
        {
          "schema_version": 0,
          "attributes": {
            "configuration": null,
            "description": "",
            "display_name": "mines-fabric-fabwh1",
            "id": "99971e0a-5c99-40a7-b8e8-a2a8b972757f",
            "properties": {
              "collation_type": "Latin1_General_100_BIN2_UTF8",
              "connection_string": "abjnw3ynhwfevmbw2nuf4nm23q-mxgkyprtclkebkh4xbq2otkntu.datawarehouse.fabric.microsoft.com",
              "created_date": "2026-04-28T18:57:53Z",
              "last_updated_time": "2026-04-28T18:58:33Z"
            },
            "timeouts": null,
            "workspace_id": "3eaccc65-1233-40d4-a8fc-b861a74d4d9d"
          },
          "sensitive_attributes": [],
          "dependencies": [
            "module.fabric_workspace.fabric_workspace.this"
          ]
        }
      ]
    },
    {
      "module": "module.fabric_workspace",
      "mode": "data",
      "type": "azurerm_client_config",
      "name": "current",
      "provider": "provider[\"registry.terraform.io/hashicorp/azurerm\"]",
      "instances": [
        {
          "schema_version": 0,
          "attributes": {
            "client_id": "6cdbb0a3-0fbf-4386-829f-fa2cb5f2f506",
            "id": "Y2xpZW50Q29uZmlncy9jbGllbnRJZD02Y2RiYjBhMy0wZmJmLTQzODYtODI5Zi1mYTJjYjVmMmY1MDY7b2JqZWN0SWQ9NWFlNzQwZGQtMTE4MS00MjE4LWJjYjgtZTA1YWJhYzQzZTU1O3N1YnNjcmlwdGlvbklkPTUzMjA1YTFiLTBmOGQtNDU5ZS1hNDI0LTY1ZjFiMzllYzY0ODt0ZW5hbnRJZD02ZmRiNTIwMC0zZDBkLTRhOGEtYjAzNi1kMzY4NWUzNTlhZGM=",
            "object_id": "5ae740dd-1181-4218-bcb8-e05abac43e55",
            "subscription_id": "53205a1b-0f8d-459e-a424-65f1b39ec648",
            "tenant_id": "6fdb5200-3d0d-4a8a-b036-d3685e359adc",
            "timeouts": null
          },
          "sensitive_attributes": []
        }
      ]
    },
    {
      "module": "module.fabric_workspace",
      "mode": "managed",
      "type": "fabric_workspace",
      "name": "this",
      "provider": "provider[\"registry.terraform.io/microsoft/fabric\"].auth",
      "instances": [
        {
          "schema_version": 0,
          "attributes": {
            "capacity_assignment_progress": "Completed",
            "capacity_id": "198C68F4-8402-45B9-8010-BDE58A729DDF",
            "capacity_region": "Canada Central",
            "description": "Default Workspace Description",
            "display_name": "mines-data-platform-fabricws1",
            "id": "3eaccc65-1233-40d4-a8fc-b861a74d4d9d",
            "identity": {
              "application_id": "4fd52a0e-7fb6-457c-babd-72a4d301cb45",
              "service_principal_id": "778af577-b38b-44a8-969a-18bda2643978",
              "type": "SystemAssigned"
            },
            "onelake_endpoints": {
              "blob_endpoint": "https://canadacentral-onelake.blob.fabric.microsoft.com",
              "dfs_endpoint": "https://canadacentral-onelake.dfs.fabric.microsoft.com"
            },
            "timeouts": {
              "create": "30m",
              "delete": "30m",
              "read": "5m",
              "update": "30m"
            },
            "type": "Workspace"
          },
          "sensitive_attributes": []
        }
      ]
    }
  ],
  "check_results": [
    {
      "object_kind": "var",
      "config_addr": "module.fabric_workspace.var.identity_type",
      "status": "pass",
      "objects": [
        {
          "object_addr": "module.fabric_workspace.var.identity_type",
          "status": "pass"
        }
      ]
    }
  ]
}
