{
  "version": 4,
  "terraform_version": "1.11.4",
  "serial": 36,
  "lineage": "e3267b6f-8da6-babe-954d-b52cae981472",
  "outputs": {
    "fabric_data_gateway_id": {
      "value": "7b637f46-fe9d-4a5f-9e48-d2cad18d19dd",
      "type": "string"
    },
    "fabric_data_gateway_name": {
      "value": "mcm-mdp-fabricgw1-test",
      "type": "string"
    }
  },
  "resources": [
    {
      "mode": "managed",
      "type": "azurerm_resource_provider_registration",
      "name": "power_platform",
      "provider": "provider[\"registry.terraform.io/hashicorp/azurerm\"]",
      "instances": [
        {
          "index_key": 0,
          "schema_version": 0,
          "attributes": {
            "feature": [],
            "id": "/subscriptions/d2189515-2427-4198-8c73-0e097c8c28d7/providers/Microsoft.PowerPlatform",
            "name": "Microsoft.PowerPlatform",
            "timeouts": null
          },
          "sensitive_attributes": [],
          "private": "eyJlMmJmYjczMC1lY2FhLTExZTYtOGY4OC0zNDM2M2JjN2M0YzAiOnsiY3JlYXRlIjo3MjAwMDAwMDAwMDAwLCJkZWxldGUiOjE4MDAwMDAwMDAwMDAsInJlYWQiOjMwMDAwMDAwMDAwMCwidXBkYXRlIjo3MjAwMDAwMDAwMDAwfX0="
        }
      ]
    },
    {
      "mode": "managed",
      "type": "time_sleep",
      "name": "wait_for_subnet_delegation",
      "provider": "provider[\"registry.terraform.io/hashicorp/time\"]",
      "instances": [
        {
          "schema_version": 0,
          "attributes": {
            "create_duration": "120s",
            "destroy_duration": null,
            "id": "2026-07-14T10:08:35Z",
            "triggers": null
          },
          "sensitive_attributes": [],
          "dependencies": [
            "azurerm_resource_provider_registration.power_platform",
            "module.fabric_gw_subnet.azapi_resource.subnet",
            "module.fabric_gw_subnet.azurerm_network_security_group.this",
            "module.fabric_gw_subnet.azurerm_network_security_rule.custom",
            "module.fabric_gw_subnet.data.azurerm_subnet.existing",
            "module.fabric_gw_subnet.data.azurerm_virtual_network.vnet",
            "module.fabric_gw_subnet.data.external.cidr"
          ]
        }
      ]
    },
    {
      "module": "module.fabric_data_gateway_01",
      "mode": "managed",
      "type": "fabric_gateway",
      "name": "this",
      "provider": "provider[\"registry.terraform.io/microsoft/fabric\"].auth",
      "instances": [
        {
          "schema_version": 0,
          "attributes": {
            "allow_cloud_connection_refresh": null,
            "allow_custom_connectors": null,
            "capacity_id": "198C68F4-8402-45B9-8010-BDE58A729DDF",
            "display_name": "mcm-mdp-fabricgw1-test",
            "id": "7b637f46-fe9d-4a5f-9e48-d2cad18d19dd",
            "inactivity_minutes_before_sleep": 30,
            "load_balancing_setting": null,
            "number_of_member_gateways": 1,
            "public_key": null,
            "timeouts": {
              "create": "30m",
              "delete": "30m",
              "read": "5m",
              "update": "30m"
            },
            "type": "VirtualNetwork",
            "version": null,
            "virtual_network_azure_resource": {
              "resource_group_name": "ef74b0-test-networking",
              "subnet_name": "mcm-mdp-gw-snet-test01",
              "subscription_id": "d2189515-2427-4198-8c73-0e097c8c28d7",
              "virtual_network_name": "ef74b0-test-vwan-spoke"
            }
          },
          "sensitive_attributes": [],
          "dependencies": [
            "azurerm_resource_provider_registration.power_platform",
            "data.fabric_capacity.by_name",
            "module.fabric_gw_subnet.azapi_resource.subnet",
            "module.fabric_gw_subnet.azurerm_network_security_group.this",
            "module.fabric_gw_subnet.azurerm_network_security_rule.custom",
            "module.fabric_gw_subnet.data.azurerm_subnet.existing",
            "module.fabric_gw_subnet.data.azurerm_virtual_network.vnet",
            "module.fabric_gw_subnet.data.external.cidr",
            "time_sleep.wait_for_subnet_delegation"
          ]
        }
      ]
    },
    {
      "module": "module.fabric_data_gateway_01",
      "mode": "managed",
      "type": "fabric_gateway_role_assignment",
      "name": "this",
      "provider": "provider[\"registry.terraform.io/microsoft/fabric\"].auth",
      "instances": [
        {
          "index_key": "19cb2a65-1dd6-482f-b488-77df57de4902",
          "schema_version": 0,
          "attributes": {
            "gateway_id": "7b637f46-fe9d-4a5f-9e48-d2cad18d19dd",
            "id": "19cb2a65-1dd6-482f-b488-77df57de4902",
            "principal": {
              "id": "19cb2a65-1dd6-482f-b488-77df57de4902",
              "type": "User"
            },
            "role": "Admin",
            "timeouts": null
          },
          "sensitive_attributes": [],
          "dependencies": [
            "azurerm_resource_provider_registration.power_platform",
            "data.fabric_capacity.by_name",
            "module.fabric_data_gateway_01.fabric_gateway.this",
            "module.fabric_gw_subnet.azapi_resource.subnet",
            "module.fabric_gw_subnet.azurerm_network_security_group.this",
            "module.fabric_gw_subnet.azurerm_network_security_rule.custom",
            "module.fabric_gw_subnet.data.azurerm_subnet.existing",
            "module.fabric_gw_subnet.data.azurerm_virtual_network.vnet",
            "module.fabric_gw_subnet.data.external.cidr",
            "time_sleep.wait_for_subnet_delegation"
          ]
        },
        {
          "index_key": "71a5bb67-14d7-40fe-8f3e-47120f2e32d3",
          "schema_version": 0,
          "attributes": {
            "gateway_id": "7b637f46-fe9d-4a5f-9e48-d2cad18d19dd",
            "id": "71a5bb67-14d7-40fe-8f3e-47120f2e32d3",
            "principal": {
              "id": "71a5bb67-14d7-40fe-8f3e-47120f2e32d3",
              "type": "User"
            },
            "role": "Admin",
            "timeouts": null
          },
          "sensitive_attributes": [],
          "dependencies": [
            "azurerm_resource_provider_registration.power_platform",
            "data.fabric_capacity.by_name",
            "module.fabric_data_gateway_01.fabric_gateway.this",
            "module.fabric_gw_subnet.azapi_resource.subnet",
            "module.fabric_gw_subnet.azurerm_network_security_group.this",
            "module.fabric_gw_subnet.azurerm_network_security_rule.custom",
            "module.fabric_gw_subnet.data.azurerm_subnet.existing",
            "module.fabric_gw_subnet.data.azurerm_virtual_network.vnet",
            "module.fabric_gw_subnet.data.external.cidr",
            "time_sleep.wait_for_subnet_delegation"
          ]
        },
        {
          "index_key": "b0bf68e8-4e08-433c-8903-19b2fec4cc20",
          "schema_version": 0,
          "attributes": {
            "gateway_id": "7b637f46-fe9d-4a5f-9e48-d2cad18d19dd",
            "id": "b0bf68e8-4e08-433c-8903-19b2fec4cc20",
            "principal": {
              "id": "b0bf68e8-4e08-433c-8903-19b2fec4cc20",
              "type": "User"
            },
            "role": "Admin",
            "timeouts": null
          },
          "sensitive_attributes": [],
          "dependencies": [
            "azurerm_resource_provider_registration.power_platform",
            "data.fabric_capacity.by_name",
            "module.fabric_data_gateway_01.fabric_gateway.this",
            "module.fabric_gw_subnet.azapi_resource.subnet",
            "module.fabric_gw_subnet.azurerm_network_security_group.this",
            "module.fabric_gw_subnet.azurerm_network_security_rule.custom",
            "module.fabric_gw_subnet.data.azurerm_subnet.existing",
            "module.fabric_gw_subnet.data.azurerm_virtual_network.vnet",
            "module.fabric_gw_subnet.data.external.cidr",
            "time_sleep.wait_for_subnet_delegation"
          ]
        },
        {
          "index_key": "d7a27896-3a20-4678-b8c6-3c7cebdbc4ec",
          "schema_version": 0,
          "attributes": {
            "gateway_id": "7b637f46-fe9d-4a5f-9e48-d2cad18d19dd",
            "id": "d7a27896-3a20-4678-b8c6-3c7cebdbc4ec",
            "principal": {
              "id": "d7a27896-3a20-4678-b8c6-3c7cebdbc4ec",
              "type": "User"
            },
            "role": "Admin",
            "timeouts": null
          },
          "sensitive_attributes": [],
          "dependencies": [
            "azurerm_resource_provider_registration.power_platform",
            "data.fabric_capacity.by_name",
            "module.fabric_data_gateway_01.fabric_gateway.this",
            "module.fabric_gw_subnet.azapi_resource.subnet",
            "module.fabric_gw_subnet.azurerm_network_security_group.this",
            "module.fabric_gw_subnet.azurerm_network_security_rule.custom",
            "module.fabric_gw_subnet.data.azurerm_subnet.existing",
            "module.fabric_gw_subnet.data.azurerm_virtual_network.vnet",
            "module.fabric_gw_subnet.data.external.cidr",
            "time_sleep.wait_for_subnet_delegation"
          ]
        }
      ]
    },
    {
      "module": "module.fabric_gw_subnet",
      "mode": "data",
      "type": "azurerm_subnet",
      "name": "existing",
      "provider": "provider[\"registry.terraform.io/hashicorp/azurerm\"]",
      "instances": [
        {
          "index_key": "mcm-mdp-gw-snet-test01",
          "schema_version": 0,
          "attributes": {
            "address_prefix": "",
            "address_prefixes": [
              "10.46.23.0/28"
            ],
            "default_outbound_access_enabled": true,
            "id": "/subscriptions/d2189515-2427-4198-8c73-0e097c8c28d7/resourceGroups/ef74b0-test-networking/providers/Microsoft.Network/virtualNetworks/ef74b0-test-vwan-spoke/subnets/mcm-mdp-gw-snet-test01",
            "name": "mcm-mdp-gw-snet-test01",
            "network_security_group_id": "/subscriptions/d2189515-2427-4198-8c73-0e097c8c28d7/resourceGroups/ef74b0-test-networking/providers/Microsoft.Network/networkSecurityGroups/mcm-mdp-gw-snet-test01-nsg",
            "private_endpoint_network_policies": "Disabled",
            "private_link_service_network_policies_enabled": true,
            "resource_group_name": "ef74b0-test-networking",
            "route_table_id": "",
            "service_endpoints": [],
            "timeouts": null,
            "virtual_network_name": "ef74b0-test-vwan-spoke"
          },
          "sensitive_attributes": []
        },
        {
          "index_key": "sn-mdp-private-test-ca",
          "schema_version": 0,
          "attributes": {
            "address_prefix": "10.46.23.128/26",
            "address_prefixes": [
              "10.46.23.128/26"
            ],
            "default_outbound_access_enabled": true,
            "id": "/subscriptions/d2189515-2427-4198-8c73-0e097c8c28d7/resourceGroups/ef74b0-test-networking/providers/Microsoft.Network/virtualNetworks/ef74b0-test-vwan-spoke/subnets/sn-mdp-private-test-ca",
            "name": "sn-mdp-private-test-ca",
            "network_security_group_id": "/subscriptions/d2189515-2427-4198-8c73-0e097c8c28d7/resourceGroups/rg-mdp-data-test-ca/providers/Microsoft.Network/networkSecurityGroups/nsg-mdp-private-test-ca",
            "private_endpoint_network_policies": "Disabled",
            "private_link_service_network_policies_enabled": true,
            "resource_group_name": "ef74b0-test-networking",
            "route_table_id": "",
            "service_endpoints": [
              "Microsoft.KeyVault",
              "Microsoft.Storage"
            ],
            "timeouts": null,
            "virtual_network_name": "ef74b0-test-vwan-spoke"
          },
          "sensitive_attributes": []
        }
      ]
    },
    {
      "module": "module.fabric_gw_subnet",
      "mode": "data",
      "type": "azurerm_virtual_network",
      "name": "vnet",
      "provider": "provider[\"registry.terraform.io/hashicorp/azurerm\"]",
      "instances": [
        {
          "schema_version": 0,
          "attributes": {
            "address_space": [
              "10.46.23.0/24"
            ],
            "dns_servers": [
              "10.53.244.4"
            ],
            "guid": "37b7a57f-9b83-4ff3-89cb-1b8c088f6f12",
            "id": "/subscriptions/d2189515-2427-4198-8c73-0e097c8c28d7/resourceGroups/ef74b0-test-networking/providers/Microsoft.Network/virtualNetworks/ef74b0-test-vwan-spoke",
            "location": "canadacentral",
            "name": "ef74b0-test-vwan-spoke",
            "resource_group_name": "ef74b0-test-networking",
            "subnets": [
              "sn-mdp-private-test-ca",
              "mcm-mdp-gw-snet-test01"
            ],
            "tags": {
              "deployedBy": "azure-lz-vending-live"
            },
            "timeouts": null,
            "vnet_peerings": {
              "RemoteVnetToHubPeering_248fea99-6c92-49fe-9f94-e804706a4074": "/subscriptions/e8d8ef98-c03d-4606-9854-e365453d88f3/resourceGroups/RG_bcgov-managed-lz-live-hub-canadacentral_a76c722f-6cc3-4220-aeaa-ed3824da42ff/providers/Microsoft.Network/virtualNetworks/HV_bcgov-managed-lz-liv_d3392fd0-0782-45c9-8989-87d98fbfcaef"
            },
            "vnet_peerings_addresses": [
              "10.53.240.0/20"
            ]
          },
          "sensitive_attributes": []
        }
      ]
    },
    {
      "module": "module.fabric_gw_subnet",
      "mode": "data",
      "type": "external",
      "name": "cidr",
      "provider": "provider[\"registry.terraform.io/hashicorp/external\"]",
      "instances": [
        {
          "index_key": "mcm-mdp-gw-snet-test01",
          "schema_version": 0,
          "attributes": {
            "id": "-",
            "program": [
              "python3",
              "../modules/azure/subnet_allocator/next_free_subnet.py"
            ],
            "query": {
              "offset_index": "0",
              "prefix_length": "28",
              "sibling_prefixes": "",
              "used_cidrs": "10.46.23.0/28,10.46.23.128/26",
              "vnet_cidr": "10.46.23.0/24"
            },
            "result": {
              "cidr": "10.46.23.16/28"
            },
            "working_dir": null
          },
          "sensitive_attributes": []
        }
      ]
    },
    {
      "module": "module.fabric_gw_subnet",
      "mode": "managed",
      "type": "azapi_resource",
      "name": "subnet",
      "provider": "provider[\"registry.terraform.io/azure/azapi\"]",
      "instances": [
        {
          "index_key": "mcm-mdp-gw-snet-test01",
          "schema_version": 2,
          "attributes": {
            "body": {
              "value": {
                "properties": {
                  "addressPrefixes": [
                    "10.46.23.0/28"
                  ],
                  "delegations": [
                    {
                      "name": "fabric-gw-delegation",
                      "properties": {
                        "serviceName": "Microsoft.PowerPlatform/vnetaccesslinks"
                      }
                    }
                  ],
                  "networkSecurityGroup": {
                    "id": "/subscriptions/d2189515-2427-4198-8c73-0e097c8c28d7/resourceGroups/ef74b0-test-networking/providers/Microsoft.Network/networkSecurityGroups/mcm-mdp-gw-snet-test01-nsg"
                  },
                  "serviceEndpoints": []
                }
              },
              "type": [
                "object",
                {
                  "properties": [
                    "object",
                    {
                      "addressPrefixes": [
                        "tuple",
                        [
                          "string"
                        ]
                      ],
                      "delegations": [
                        "list",
                        [
                          "object",
                          {
                            "name": "string",
                            "properties": [
                              "object",
                              {
                                "serviceName": "string"
                              }
                            ]
                          }
                        ]
                      ],
                      "networkSecurityGroup": [
                        "object",
                        {
                          "id": "string"
                        }
                      ],
                      "serviceEndpoints": [
                        "tuple",
                        []
                      ]
                    }
                  ]
                }
              ]
            },
            "create_headers": null,
            "create_query_parameters": null,
            "delete_headers": null,
            "delete_query_parameters": null,
            "id": "/subscriptions/d2189515-2427-4198-8c73-0e097c8c28d7/resourceGroups/ef74b0-test-networking/providers/Microsoft.Network/virtualNetworks/ef74b0-test-vwan-spoke/subnets/mcm-mdp-gw-snet-test01",
            "identity": [],
            "ignore_casing": false,
            "ignore_missing_property": true,
            "location": null,
            "locks": null,
            "name": "mcm-mdp-gw-snet-test01",
            "output": {
              "value": {
                "etag": "W/\"a319129c-b262-497c-94b6-d0d5158be16b\"",
                "id": "/subscriptions/d2189515-2427-4198-8c73-0e097c8c28d7/resourceGroups/ef74b0-test-networking/providers/Microsoft.Network/virtualNetworks/ef74b0-test-vwan-spoke/subnets/mcm-mdp-gw-snet-test01",
                "properties": {
                  "addressPrefixes": [
                    "10.46.23.0/28"
                  ],
                  "delegations": [
                    {
                      "etag": "W/\"a319129c-b262-497c-94b6-d0d5158be16b\"",
                      "properties": {
                        "actions": [
                          "Microsoft.Network/virtualNetworks/subnets/join/action"
                        ],
                        "provisioningState": "Succeeded"
                      }
                    }
                  ],
                  "provisioningState": "Succeeded",
                  "serviceAssociationLinks": [
                    {
                      "etag": "W/\"a319129c-b262-497c-94b6-d0d5158be16b\"",
                      "properties": {
                        "provisioningState": "Succeeded"
                      },
                      "type": "Microsoft.Network/virtualNetworks/subnets/serviceAssociationLinks"
                    }
                  ]
                },
                "type": "Microsoft.Network/virtualNetworks/subnets"
              },
              "type": [
                "object",
                {
                  "etag": "string",
                  "id": "string",
                  "properties": [
                    "object",
                    {
                      "addressPrefixes": [
                        "tuple",
                        [
                          "string"
                        ]
                      ],
                      "delegations": [
                        "tuple",
                        [
                          [
                            "object",
                            {
                              "etag": "string",
                              "properties": [
                                "object",
                                {
                                  "actions": [
                                    "tuple",
                                    [
                                      "string"
                                    ]
                                  ],
                                  "provisioningState": "string"
                                }
                              ]
                            }
                          ]
                        ]
                      ],
                      "provisioningState": "string",
                      "serviceAssociationLinks": [
                        "tuple",
                        [
                          [
                            "object",
                            {
                              "etag": "string",
                              "properties": [
                                "object",
                                {
                                  "provisioningState": "string"
                                }
                              ],
                              "type": "string"
                            }
                          ]
                        ]
                      ]
                    }
                  ],
                  "type": "string"
                }
              ]
            },
            "parent_id": "/subscriptions/d2189515-2427-4198-8c73-0e097c8c28d7/resourceGroups/ef74b0-test-networking/providers/Microsoft.Network/virtualNetworks/ef74b0-test-vwan-spoke",
            "read_headers": null,
            "read_query_parameters": null,
            "replace_triggers_external_values": null,
            "replace_triggers_refs": null,
            "response_export_values": null,
            "retry": null,
            "schema_validation_enabled": true,
            "tags": null,
            "timeouts": null,
            "type": "Microsoft.Network/virtualNetworks/subnets@2024-03-01",
            "update_headers": null,
            "update_query_parameters": null
          },
          "sensitive_attributes": [],
          "dependencies": [
            "module.fabric_gw_subnet.azurerm_network_security_group.this",
            "module.fabric_gw_subnet.azurerm_network_security_rule.custom",
            "module.fabric_gw_subnet.data.azurerm_subnet.existing",
            "module.fabric_gw_subnet.data.azurerm_virtual_network.vnet",
            "module.fabric_gw_subnet.data.external.cidr"
          ]
        }
      ]
    },
    {
      "module": "module.fabric_gw_subnet",
      "mode": "managed",
      "type": "azurerm_network_security_group",
      "name": "this",
      "provider": "provider[\"registry.terraform.io/hashicorp/azurerm\"]",
      "instances": [
        {
          "index_key": "mcm-mdp-gw-snet-test01",
          "schema_version": 0,
          "attributes": {
            "id": "/subscriptions/d2189515-2427-4198-8c73-0e097c8c28d7/resourceGroups/ef74b0-test-networking/providers/Microsoft.Network/networkSecurityGroups/mcm-mdp-gw-snet-test01-nsg",
            "location": "canadacentral",
            "name": "mcm-mdp-gw-snet-test01-nsg",
            "resource_group_name": "ef74b0-test-networking",
            "security_rule": [
              {
                "access": "Allow",
                "description": null,
                "description": null,
                "destination_address_prefix": "*",
                "destination_address_prefixes": [],
                "destination_application_security_group_ids": [],
                "destination_port_range": "*",
                "destination_port_ranges": [],
                "direction": "Inbound",
                "name": "AllowAzureLoadBalancerInbound",
                "priority": 110,
                "protocol": "*",
                "source_address_prefix": "AzureLoadBalancer",
                "source_address_prefixes": [],
                "source_application_security_group_ids": [],
                "source_port_range": "*",
                "source_port_ranges": []
              },
              {
                "access": "Allow",
                "description": null,
                "description": null,
                "destination_address_prefix": "AzureCloud",
                "destination_address_prefixes": [],
                "destination_application_security_group_ids": [],
                "destination_port_range": "443",
                "destination_port_ranges": [],
                "direction": "Outbound",
                "name": "AllowAzureCloudOutbound",
                "priority": 110,
                "protocol": "Tcp",
                "source_address_prefix": "*",
                "source_address_prefixes": [],
                "source_application_security_group_ids": [],
                "source_port_range": "*",
                "source_port_ranges": []
              },
              {
                "access": "Allow",
                "description": null,
                "description": null,
                "destination_address_prefix": "VirtualNetwork",
                "destination_address_prefixes": [],
                "destination_application_security_group_ids": [],
                "destination_port_range": "*",
                "destination_port_ranges": [],
                "direction": "Inbound",
                "name": "AllowVnetInbound",
                "priority": 100,
                "protocol": "*",
                "source_address_prefix": "VirtualNetwork",
                "source_address_prefixes": [],
                "source_application_security_group_ids": [],
                "source_port_range": "*",
                "source_port_ranges": []
              },
              {
                "access": "Allow",
                "description": null,
                "description": null,
                "destination_address_prefix": "VirtualNetwork",
                "destination_address_prefixes": [],
                "destination_application_security_group_ids": [],
                "destination_port_range": "*",
                "destination_port_ranges": [],
                "direction": "Outbound",
                "name": "AllowVnetOutbound",
                "priority": 100,
                "protocol": "*",
                "source_address_prefix": "VirtualNetwork",
                "source_address_prefixes": [],
                "source_application_security_group_ids": [],
                "source_port_range": "*",
                "source_port_ranges": []
              },
              {
                "access": "Deny",
                "description": null,
                "description": null,
                "destination_address_prefix": "*",
                "destination_address_prefixes": [],
                "destination_application_security_group_ids": [],
                "destination_port_range": "*",
                "destination_port_ranges": [],
                "direction": "Inbound",
                "name": "DenyAllInbound",
                "priority": 4096,
                "protocol": "*",
                "source_address_prefix": "*",
                "source_address_prefixes": [],
                "source_application_security_group_ids": [],
                "source_port_range": "*",
                "source_port_ranges": []
              },
              {
                "access": "Deny",
                "description": null,
                "description": null,
                "destination_address_prefix": "*",
                "destination_address_prefixes": [],
                "destination_application_security_group_ids": [],
                "destination_port_range": "*",
                "destination_port_ranges": [],
                "direction": "Outbound",
                "name": "DenyAllOutbound",
                "priority": 4096,
                "protocol": "*",
                "source_address_prefix": "*",
                "source_address_prefixes": [],
                "source_application_security_group_ids": [],
                "source_port_range": "*",
                "source_port_ranges": []
              }
            ],
            "tags": {
              "application_environment": "dev",
              "client_code": "",
              "deployment_automation": "Terraform",
              "deployment_automation_version": "v0.1",
              "expense_authority": "",
              "information_security_classification": "protected_e",
              "ministry_name_prefix": "citz",
              "program_area": "permitting",
              "project_number": "",
              "responsibility_centre": "",
              "service_line": ""
            },
            "timeouts": null
          },
          "sensitive_attributes": [],
          "private": "eyJlMmJmYjczMC1lY2FhLTExZTYtOGY4OC0zNDM2M2JjN2M0YzAiOnsiY3JlYXRlIjoxODAwMDAwMDAwMDAwLCJkZWxldGUiOjE4MDAwMDAwMDAwMDAsInJlYWQiOjMwMDAwMDAwMDAwMCwidXBkYXRlIjoxODAwMDAwMDAwMDAwfX0="
        }
      ]
    },
    {
      "module": "module.fabric_gw_subnet",
      "mode": "managed",
      "type": "azurerm_network_security_rule",
      "name": "custom",
      "provider": "provider[\"registry.terraform.io/hashicorp/azurerm\"]",
      "instances": [
        {
          "index_key": "mcm-mdp-gw-snet-test01-AllowFabricOutbound",
          "schema_version": 0,
          "attributes": {
            "access": "Allow",
            "description": "",
            "destination_address_prefix": "AzureCloud",
            "destination_address_prefixes": [],
            "destination_application_security_group_ids": [],
            "destination_address_prefixes": [],
            "destination_application_security_group_ids": [],
            "destination_port_range": "443",
            "destination_port_ranges": [],
            "destination_port_ranges": [],
            "direction": "Outbound",
            "id": "/subscriptions/d2189515-2427-4198-8c73-0e097c8c28d7/resourceGroups/ef74b0-test-networking/providers/Microsoft.Network/networkSecurityGroups/mcm-mdp-gw-snet-test01-nsg/securityRules/AllowFabricOutbound",
            "name": "AllowFabricOutbound",
            "network_security_group_name": "mcm-mdp-gw-snet-test01-nsg",
            "priority": 200,
            "protocol": "Tcp",
            "resource_group_name": "ef74b0-test-networking",
            "source_address_prefix": "*",
            "source_address_prefixes": [],
            "source_application_security_group_ids": [],
            "source_address_prefixes": [],
            "source_application_security_group_ids": [],
            "source_port_range": "*",
            "source_port_ranges": [],
            "source_port_ranges": [],
            "timeouts": null
          },
          "sensitive_attributes": [],
          "private": "eyJlMmJmYjczMC1lY2FhLTExZTYtOGY4OC0zNDM2M2JjN2M0YzAiOnsiY3JlYXRlIjoxODAwMDAwMDAwMDAwLCJkZWxldGUiOjE4MDAwMDAwMDAwMDAsInJlYWQiOjMwMDAwMDAwMDAwMCwidXBkYXRlIjoxODAwMDAwMDAwMDAwfX0=",
          "dependencies": [
            "module.fabric_gw_subnet.azurerm_network_security_group.this"
          ]
        }
      ]
    },
    {
      "module": "module.fabric_lakehouse_01",
      "mode": "managed",
      "type": "fabric_lakehouse",
      "name": "this",
      "provider": "provider[\"registry.terraform.io/microsoft/fabric\"].auth",
      "instances": [
        {
          "schema_version": 0,
          "attributes": {
            "configuration": {
              "enable_schemas": true
            },
            "definition": null,
            "definition_update_enabled": true,
            "description": "Default Lakehouse Description",
            "display_name": "mcm_mdp_lh1_test",
            "folder_id": null,
            "format": null,
            "id": "43cbdc11-cc31-46ed-bfbd-d9c6582b3dcd",
            "properties": {
              "default_schema": "dbo",
              "onelake_files_path": "https://onelake.dfs.fabric.microsoft.com/f278f380-2e39-4a1b-96d8-43f653ebc043/43cbdc11-cc31-46ed-bfbd-d9c6582b3dcd/Files",
              "onelake_tables_path": "https://onelake.dfs.fabric.microsoft.com/f278f380-2e39-4a1b-96d8-43f653ebc043/43cbdc11-cc31-46ed-bfbd-d9c6582b3dcd/Tables",
              "sql_endpoint_properties": {
                "connection_string": "abjnw3ynhwfevmbw2nuf4nm23q-qdzxr4rzfynuvfwyip3fh26aim.datawarehouse.fabric.microsoft.com",
                "id": "f873fa58-4132-4347-891c-dfc390db3884",
                "provisioning_status": "Success"
              }
            },
            "timeouts": {
              "create": "30m",
              "delete": "30m",
              "read": "5m",
              "update": "30m"
            },
            "workspace_id": "f278f380-2e39-4a1b-96d8-43f653ebc043"
          },
          "sensitive_attributes": [],
          "dependencies": [
            "data.fabric_capacity.by_name",
            "module.fabric_lakehouse_01.fabric_lakehouse.this",
            "module.fabric_workspace_01.fabric_workspace.this"
          ]
        }
      ]
    },
    {
      "module": "module.fabric_warehouse_01",
      "mode": "managed",
      "type": "fabric_warehouse",
      "name": "this_warehouse",
      "provider": "provider[\"registry.terraform.io/microsoft/fabric\"].auth",
      "instances": [
        {
          "schema_version": 0,
          "attributes": {
            "configuration": null,
            "description": "",
            "display_name": "mcm-mdp-fabwh1-test",
            "folder_id": null,
            "id": "b02ea795-9dd8-4953-85c9-71b2cf9249bc",
            "properties": {
              "collation_type": "Latin1_General_100_BIN2_UTF8",
              "connection_string": "abjnw3ynhwfevmbw2nuf4nm23q-qdzxr4rzfynuvfwyip3fh26aim.datawarehouse.fabric.microsoft.com",
              "created_date": "2026-07-14T09:52:14Z",
              "last_updated_time": "2026-07-14T09:52:27Z"
            },
            "timeouts": null,
            "workspace_id": "f278f380-2e39-4a1b-96d8-43f653ebc043"
          },
          "sensitive_attributes": [],
          "dependencies": [
            "data.fabric_capacity.by_name",
            "module.fabric_workspace_01.fabric_workspace.this"
          ]
        }
      ]
    },
    {
      "module": "module.fabric_workspace_01",
      "mode": "data",
      "type": "azurerm_client_config",
      "name": "current",
      "provider": "provider[\"registry.terraform.io/hashicorp/azurerm\"]",
      "instances": [
        {
          "schema_version": 0,
          "attributes": {
            "client_id": "6cdbb0a3-0fbf-4386-829f-fa2cb5f2f506",
            "id": "Y2xpZW50Q29uZmlncy9jbGllbnRJZD02Y2RiYjBhMy0wZmJmLTQzODYtODI5Zi1mYTJjYjVmMmY1MDY7b2JqZWN0SWQ9NWFlNzQwZGQtMTE4MS00MjE4LWJjYjgtZTA1YWJhYzQzZTU1O3N1YnNjcmlwdGlvbklkPWQyMTg5NTE1LTI0MjctNDE5OC04YzczLTBlMDk3YzhjMjhkNzt0ZW5hbnRJZD02ZmRiNTIwMC0zZDBkLTRhOGEtYjAzNi1kMzY4NWUzNTlhZGM=",
            "object_id": "5ae740dd-1181-4218-bcb8-e05abac43e55",
            "subscription_id": "d2189515-2427-4198-8c73-0e097c8c28d7",
            "tenant_id": "6fdb5200-3d0d-4a8a-b036-d3685e359adc",
            "timeouts": null
          },
          "sensitive_attributes": []
        }
      ]
    },
    {
      "module": "module.fabric_workspace_01",
      "mode": "managed",
      "type": "fabric_workspace",
      "name": "this",
      "provider": "provider[\"registry.terraform.io/microsoft/fabric\"].auth",
      "instances": [
        {
          "schema_version": 0,
          "attributes": {
            "capacity_assignment_progress": "Completed",
            "capacity_id": "198C68F4-8402-45B9-8010-BDE58A729DDF",
            "capacity_region": "Canada Central",
            "description": "Default Workspace Description",
            "display_name": "mcm-mdp-fabricws1-test",
            "id": "f278f380-2e39-4a1b-96d8-43f653ebc043",
            "identity": {
              "application_id": "aed7dad4-cc44-49ea-8b55-7232512f3c46",
              "service_principal_id": "66abdae6-4178-4dc6-9e9e-bf043eaf48c4",
              "type": "SystemAssigned"
            },
            "onelake_endpoints": {
              "blob_endpoint": "https://canadacentral-onelake.blob.fabric.microsoft.com",
              "dfs_endpoint": "https://canadacentral-onelake.dfs.fabric.microsoft.com"
            },
            "skip_capacity_state_validation": false,
            "timeouts": {
              "create": "30m",
              "delete": "30m",
              "read": "5m",
              "update": "30m"
            },
            "type": "Workspace"
          },
          "sensitive_attributes": [],
          "dependencies": [
            "data.fabric_capacity.by_name"
          ]
        }
      ]
    },
    {
      "module": "module.fabric_workspace_01",
      "mode": "managed",
      "type": "fabric_workspace_role_assignment",
      "name": "admins",
      "provider": "provider[\"registry.terraform.io/microsoft/fabric\"].auth",
      "instances": [
        {
          "index_key": "19cb2a65-1dd6-482f-b488-77df57de4902",
          "schema_version": 0,
          "attributes": {
            "id": "19cb2a65-1dd6-482f-b488-77df57de4902",
            "principal": {
              "id": "19cb2a65-1dd6-482f-b488-77df57de4902",
              "type": "User"
            },
            "role": "Admin",
            "timeouts": null,
            "workspace_id": "f278f380-2e39-4a1b-96d8-43f653ebc043"
          },
          "sensitive_attributes": [],
          "dependencies": [
            "data.fabric_capacity.by_name",
            "module.fabric_workspace_01.fabric_workspace.this"
          ]
        },
        {
          "index_key": "71a5bb67-14d7-40fe-8f3e-47120f2e32d3",
          "schema_version": 0,
          "attributes": {
            "id": "71a5bb67-14d7-40fe-8f3e-47120f2e32d3",
            "principal": {
              "id": "71a5bb67-14d7-40fe-8f3e-47120f2e32d3",
              "type": "User"
            },
            "role": "Admin",
            "timeouts": null,
            "workspace_id": "f278f380-2e39-4a1b-96d8-43f653ebc043"
          },
          "sensitive_attributes": [],
          "dependencies": [
            "data.fabric_capacity.by_name",
            "module.fabric_workspace_01.fabric_workspace.this"
          ]
        },
        {
          "index_key": "b0bf68e8-4e08-433c-8903-19b2fec4cc20",
          "schema_version": 0,
          "attributes": {
            "id": "b0bf68e8-4e08-433c-8903-19b2fec4cc20",
            "principal": {
              "id": "b0bf68e8-4e08-433c-8903-19b2fec4cc20",
              "type": "User"
            },
            "role": "Admin",
            "timeouts": null,
            "workspace_id": "f278f380-2e39-4a1b-96d8-43f653ebc043"
          },
          "sensitive_attributes": [],
          "dependencies": [
            "data.fabric_capacity.by_name",
            "module.fabric_workspace_01.fabric_workspace.this"
          ]
        },
        {
          "index_key": "d7a27896-3a20-4678-b8c6-3c7cebdbc4ec",
          "schema_version": 0,
          "attributes": {
            "id": "d7a27896-3a20-4678-b8c6-3c7cebdbc4ec",
            "principal": {
              "id": "d7a27896-3a20-4678-b8c6-3c7cebdbc4ec",
              "type": "User"
            },
            "role": "Admin",
            "timeouts": null,
            "workspace_id": "f278f380-2e39-4a1b-96d8-43f653ebc043"
          },
          "sensitive_attributes": [],
          "dependencies": [
            "data.fabric_capacity.by_name",
            "module.fabric_workspace_01.fabric_workspace.this"
          ]
        },
        {
          "index_key": "e5922863-7748-46c8-9f50-bbc24834c2dd",
          "schema_version": 0,
          "attributes": {
            "id": "e5922863-7748-46c8-9f50-bbc24834c2dd",
            "principal": {
              "id": "e5922863-7748-46c8-9f50-bbc24834c2dd",
              "type": "User"
            },
            "role": "Admin",
            "timeouts": null,
            "workspace_id": "f278f380-2e39-4a1b-96d8-43f653ebc043"
          },
          "sensitive_attributes": [],
          "dependencies": [
            "data.fabric_capacity.by_name",
            "module.fabric_workspace_01.fabric_workspace.this"
          ]
        },
        {
          "index_key": "ebb8207d-1ebe-423a-990d-82cf1e128cce",
          "schema_version": 0,
          "attributes": {
            "id": "ebb8207d-1ebe-423a-990d-82cf1e128cce",
            "principal": {
              "id": "ebb8207d-1ebe-423a-990d-82cf1e128cce",
              "type": "User"
            },
            "role": "Admin",
            "timeouts": null,
            "workspace_id": "f278f380-2e39-4a1b-96d8-43f653ebc043"
          },
          "sensitive_attributes": [],
          "dependencies": [
            "data.fabric_capacity.by_name",
            "module.fabric_workspace_01.fabric_workspace.this"
          ]
        }
      ]
    },
    {
      "module": "module.pipeline_raw_to_bronze",
      "mode": "managed",
      "type": "fabric_data_pipeline",
      "name": "this",
      "provider": "provider[\"registry.terraform.io/microsoft/fabric\"].auth",
      "instances": [
        {
          "schema_version": 0,
          "attributes": {
            "definition": {
              "pipeline-content.json": {
                "parameters": null,
                "processing_mode": "GoTemplate",
                "source": "../modules/azure/fabric_data_pipeline/pipeline-content.json.tmpl",
                "source_content_sha256": "0cc2e69a55e9b8cb158c4ca1c4be05ae2699430019b0c35eddccc27988d43701",
                "tokens": {
                  "activities_json": "[{\"dependsOn\":[],\"name\":\"Lookup_ControlTable\",\"policy\":{\"retry\":0,\"retryIntervalInSeconds\":30,\"secureInput\":false,\"secureOutput\":false,\"timeout\":\"0.12:00:00\"},\"type\":\"Lookup\",\"typeProperties\":{\"datasetSettings\":{\"annotations\":[],\"externalReferences\":{\"connection\":\"a69f69eb-19e0-4878-99b8-c47080ba64d2\"},\"schema\":[],\"type\":\"AzureSqlTable\",\"typeProperties\":{\"database\":\"mines-data-platform-fabwh1\",\"schema\":\"app\",\"table\":\"pipeline_control\"}},\"firstRowOnly\":false,\"source\":{\"datasetSettings\":{\"annotations\":[],\"externalReferences\":{\"connection\":\"a69f69eb-19e0-4878-99b8-c47080ba64d2\"},\"schema\":[],\"type\":\"DataWarehouseTable\",\"typeProperties\":{\"schema\":\"app\",\"table\":\"pipeline_control\"}},\"partitionOption\":\"None\",\"queryTimeout\":\"02:00:00\",\"sqlReaderQuery\":{\"type\":\"Expression\",\"value\":\"@concat('SELECT control_id, pipeline_name, source_system, source_entity, target_schema, target_table, source_query_template, watermark_column, last_watermark, load_type, priority, from_date, to_date FROM [app].[pipeline_control] WHERE [pipeline_name] = ''', pipeline().parameters.pipeline_name, ''' AND [is_active] = 1 ', if(empty(pipeline().parameters.table_filter_csv), '', concat('AND [target_table] IN (''', replace(pipeline().parameters.table_filter_csv, ',', ''','''), ''') ')), 'ORDER BY [priority] ASC')\"},\"type\":\"AzureSqlSource\"}}},{\"dependsOn\":[{\"activity\":\"Lookup_ControlTable\",\"dependencyConditions\":[\"Succeeded\"]}],\"name\":\"ForEach_ControlRows\",\"type\":\"ForEach\",\"typeProperties\":{\"activities\":[{\"dependsOn\":[],\"externalReferences\":{\"connection\":\"a69f69eb-19e0-4878-99b8-c47080ba64d2\"},\"name\":\"Log_Start\",\"policy\":{\"retry\":5,\"retryIntervalInSeconds\":30,\"secureInput\":false,\"secureOutput\":false,\"timeout\":\"0.00:05:00\"},\"type\":\"Script\",\"typeProperties\":{\"scriptBlockExecutionTimeout\":\"02:00:00\",\"scripts\":[{\"text\":{\"type\":\"Expression\",\"value\":\"@concat('EXEC [app].[usp_pipeline_log] @mode=''START'', @activity_run_id=''', concat(pipeline().RunId, '-', string(item().control_id)), ''', @run_id=''', pipeline().RunId, ''', @pipeline_name=''', pipeline().parameters.pipeline_name, ''', @source_entity=''', item().source_entity, ''', @target_schema=''', item().target_schema, ''', @target_table=''', item().target_table, ''', @from_date=''', if(not(empty(pipeline().parameters.override_from_date)), pipeline().parameters.override_from_date, if(empty(coalesce(item().last_watermark, '')), if(empty(string(item().from_date)), '1900-01-01 00:00:00', formatDateTime(item().from_date, 'yyyy-MM-dd HH:mm:ss')), item().last_watermark)), ''', @to_date=''', if(not(empty(pipeline().parameters.override_to_date)), pipeline().parameters.override_to_date, formatDateTime(utcNow(), 'yyyy-MM-dd HH:mm:ss')), ''', @watermark_start=', if(empty(coalesce(item().last_watermark, '')), 'NULL', concat('''', item().last_watermark, '''')), ', @environment=''', pipeline().parameters.environment, ''', @triggered_by=''', pipeline().parameters.triggered_by, '''')\"},\"type\":\"NonQuery\"}]}},{\"dependsOn\":[{\"activity\":\"Log_Start\",\"dependencyConditions\":[\"Succeeded\"]}],\"name\":\"If_Incremental\",\"type\":\"IfCondition\",\"typeProperties\":{\"expression\":{\"type\":\"Expression\",\"value\":\"@and(equals(toUpper(coalesce(item().load_type, '')), 'INCREMENTAL'), not(empty(coalesce(item().watermark_column, ''))))\"},\"ifFalseActivities\":[{\"dependsOn\":[],\"name\":\"Copy_Full\",\"policy\":{\"retry\":0,\"retryIntervalInSeconds\":30,\"secureInput\":false,\"secureOutput\":false,\"timeout\":\"0.12:00:00\"},\"type\":\"Copy\",\"typeProperties\":{\"enableStaging\":false,\"sink\":{\"datasetSettings\":{\"annotations\":[],\"linkedService\":{\"name\":\"mcm_mdp_lh1_test\",\"properties\":{\"annotations\":[],\"type\":\"Lakehouse\",\"typeProperties\":{\"artifactId\":\"43cbdc11-cc31-46ed-bfbd-d9c6582b3dcd\",\"rootFolder\":\"Files\",\"workspaceId\":\"f278f380-2e39-4a1b-96d8-43f653ebc043\"}}},\"schema\":[],\"type\":\"Parquet\",\"typeProperties\":{\"compressionCodec\":\"snappy\",\"location\":{\"fileName\":{\"type\":\"Expression\",\"value\":\"@concat(item().target_table, '_', formatDateTime(utcNow(), 'yyyyMMdd_HHmmss'), '.parquet')\"},\"folderPath\":{\"type\":\"Expression\",\"value\":\"@concat('raw/', item().target_schema, '/', item().target_table, '/', formatDateTime(utcNow(), 'yyyy'), '/', formatDateTime(utcNow(), 'MM'), '/', formatDateTime(utcNow(), 'dd'))\"},\"type\":\"LakehouseLocation\"}}},\"formatSettings\":{\"enableVertiParquet\":true,\"type\":\"ParquetWriteSettings\"},\"storeSettings\":{\"recursiveCompression\":false,\"type\":\"LakehouseWriteSettings\"},\"type\":\"ParquetSink\"},\"source\":{\"datasetSettings\":{\"annotations\":[],\"externalReferences\":{\"connection\":\"21b383a1-c561-4540-980d-ce3683e89236\"},\"schema\":[],\"type\":\"PostgreSqlTable\",\"typeProperties\":{\"schema\":{\"type\":\"Expression\",\"value\":\"@if(contains(item().source_entity, '.'), split(item().source_entity, '.')[0], 'public')\"},\"table\":{\"type\":\"Expression\",\"value\":\"@if(contains(item().source_entity, '.'), split(item().source_entity, '.')[1], item().source_entity)\"}}},\"query\":{\"type\":\"Expression\",\"value\":\"@if(empty(coalesce(item().source_query_template, '')), concat('SELECT * FROM ', item().source_entity), replace(replace(item().source_query_template, '@from_date', if(not(empty(pipeline().parameters.override_from_date)), pipeline().parameters.override_from_date, if(empty(coalesce(item().last_watermark, '')), if(empty(string(item().from_date)), '1900-01-01 00:00:00', formatDateTime(item().from_date, 'yyyy-MM-dd HH:mm:ss')), item().last_watermark))), '@to_date', if(not(empty(pipeline().parameters.override_to_date)), pipeline().parameters.override_to_date, formatDateTime(utcNow(), 'yyyy-MM-dd HH:mm:ss'))))\"},\"queryTimeout\":\"02:00:00\",\"type\":\"PostgreSqlSource\"}}},{\"dependsOn\":[{\"activity\":\"Copy_Full\",\"dependencyConditions\":[\"Succeeded\"]}],\"externalReferences\":{\"connection\":\"a69f69eb-19e0-4878-99b8-c47080ba64d2\"},\"name\":\"Log_Success_Full\",\"policy\":{\"retry\":5,\"retryIntervalInSeconds\":30,\"secureInput\":false,\"secureOutput\":false,\"timeout\":\"0.00:05:00\"},\"type\":\"Script\",\"typeProperties\":{\"scriptBlockExecutionTimeout\":\"02:00:00\",\"scripts\":[{\"text\":{\"type\":\"Expression\",\"value\":\"@concat('EXEC [app].[usp_pipeline_log] @mode=''END'', @activity_run_id=''', concat(pipeline().RunId, '-', string(item().control_id)), ''', @control_id=', string(item().control_id), ', @status=''SUCCEEDED'', @rows_read=', string(coalesce(activity('Copy_Full').output?.rowsRead, 0)), ', @rows_written=', string(coalesce(activity('Copy_Full').output?.rowsCopied, 0)), ', @new_watermark=', if(greater(coalesce(activity('Copy_Full').output?.rowsCopied, 0), 0), concat('''', if(not(empty(pipeline().parameters.override_to_date)), pipeline().parameters.override_to_date, formatDateTime(utcNow(), 'yyyy-MM-dd HH:mm:ss')), ''''), 'NULL'), ', @window_from=''', if(not(empty(pipeline().parameters.override_from_date)), pipeline().parameters.override_from_date, if(empty(coalesce(item().last_watermark, '')), if(empty(string(item().from_date)), '1900-01-01 00:00:00', formatDateTime(item().from_date, 'yyyy-MM-dd HH:mm:ss')), item().last_watermark)), ''', @window_to=''', if(not(empty(pipeline().parameters.override_to_date)), pipeline().parameters.override_to_date, formatDateTime(utcNow(), 'yyyy-MM-dd HH:mm:ss')), ''', @advance=', if(or(not(or(not(empty(pipeline().parameters.override_from_date)), not(empty(pipeline().parameters.override_to_date)))), equals(toLower(pipeline().parameters.advance_watermark_on_override), 'true')), '1', '0'))\"},\"type\":\"NonQuery\"}]}},{\"dependsOn\":[{\"activity\":\"Copy_Full\",\"dependencyConditions\":[\"Failed\"]}],\"externalReferences\":{\"connection\":\"a69f69eb-19e0-4878-99b8-c47080ba64d2\"},\"name\":\"Log_Failure_Full\",\"policy\":{\"retry\":5,\"retryIntervalInSeconds\":30,\"secureInput\":false,\"secureOutput\":false,\"timeout\":\"0.00:05:00\"},\"type\":\"Script\",\"typeProperties\":{\"scriptBlockExecutionTimeout\":\"02:00:00\",\"scripts\":[{\"text\":{\"type\":\"Expression\",\"value\":\"@concat('EXEC [app].[usp_pipeline_log] @mode=''END'', @activity_run_id=''', concat(pipeline().RunId, '-', string(item().control_id)), ''', @control_id=', string(item().control_id), ', @status=''FAILED'', @rows_read=', string(coalesce(activity('Copy_Full').output?.rowsRead, 0)), ', @rows_written=', string(coalesce(activity('Copy_Full').output?.rowsCopied, 0)), ', @error_message=''', replace(coalesce(activity('Copy_Full').output?.errors[0]?.Message, 'Copy failed'), '''', ''''''), ''', @error_code=''', replace(coalesce(activity('Copy_Full').output?.errors[0]?.Code, 'Unknown'), '''', ''''''), '''')\"},\"type\":\"NonQuery\"}]}}],\"ifTrueActivities\":[{\"dependsOn\":[],\"name\":\"Lookup_SourceMax\",\"policy\":{\"retry\":0,\"retryIntervalInSeconds\":30,\"secureInput\":false,\"secureOutput\":false,\"timeout\":\"0.12:00:00\"},\"type\":\"Lookup\",\"typeProperties\":{\"datasetSettings\":{\"annotations\":[],\"externalReferences\":{\"connection\":\"21b383a1-c561-4540-980d-ce3683e89236\"},\"schema\":[],\"type\":\"PostgreSqlTable\",\"typeProperties\":{\"schema\":{\"type\":\"Expression\",\"value\":\"@if(contains(item().source_entity, '.'), split(item().source_entity, '.')[0], 'public')\"},\"table\":{\"type\":\"Expression\",\"value\":\"@if(contains(item().source_entity, '.'), split(item().source_entity, '.')[1], item().source_entity)\"}}},\"firstRowOnly\":true,\"source\":{\"datasetSettings\":{\"annotations\":[],\"externalReferences\":{\"connection\":\"21b383a1-c561-4540-980d-ce3683e89236\"},\"schema\":[],\"type\":\"PostgreSqlTable\",\"typeProperties\":{\"schema\":{\"type\":\"Expression\",\"value\":\"@if(contains(item().source_entity, '.'), split(item().source_entity, '.')[0], 'public')\"},\"table\":{\"type\":\"Expression\",\"value\":\"@if(contains(item().source_entity, '.'), split(item().source_entity, '.')[1], item().source_entity)\"}}},\"query\":{\"type\":\"Expression\",\"value\":\"@concat('SELECT COALESCE(TO_CHAR(MAX(', item().watermark_column, '), ''YYYY-MM-DD HH24:MI:SS''), '''') AS max_watermark, COUNT(*) AS row_count FROM ', item().source_entity, ' WHERE ', item().watermark_column, ' \\u003e= ''', if(not(empty(pipeline().parameters.override_from_date)), pipeline().parameters.override_from_date, if(empty(coalesce(item().last_watermark, '')), if(empty(string(item().from_date)), '1900-01-01 00:00:00', formatDateTime(item().from_date, 'yyyy-MM-dd HH:mm:ss')), item().last_watermark)), ''' AND ', item().watermark_column, ' \\u003c ''', if(not(empty(pipeline().parameters.override_to_date)), pipeline().parameters.override_to_date, formatDateTime(utcNow(), 'yyyy-MM-dd HH:mm:ss')), '''')\"},\"queryTimeout\":\"02:00:00\",\"type\":\"PostgreSqlSource\"}}},{\"dependsOn\":[{\"activity\":\"Lookup_SourceMax\",\"dependencyConditions\":[\"Succeeded\"]}],\"name\":\"Copy_Incremental\",\"policy\":{\"retry\":0,\"retryIntervalInSeconds\":30,\"secureInput\":false,\"secureOutput\":false,\"timeout\":\"0.12:00:00\"},\"type\":\"Copy\",\"typeProperties\":{\"enableStaging\":false,\"sink\":{\"datasetSettings\":{\"annotations\":[],\"linkedService\":{\"name\":\"mcm_mdp_lh1_test\",\"properties\":{\"annotations\":[],\"type\":\"Lakehouse\",\"typeProperties\":{\"artifactId\":\"43cbdc11-cc31-46ed-bfbd-d9c6582b3dcd\",\"rootFolder\":\"Files\",\"workspaceId\":\"f278f380-2e39-4a1b-96d8-43f653ebc043\"}}},\"schema\":[],\"type\":\"Parquet\",\"typeProperties\":{\"compressionCodec\":\"snappy\",\"location\":{\"fileName\":{\"type\":\"Expression\",\"value\":\"@concat(item().target_table, '_', formatDateTime(utcNow(), 'yyyyMMdd_HHmmss'), '.parquet')\"},\"folderPath\":{\"type\":\"Expression\",\"value\":\"@concat('raw/', item().target_schema, '/', item().target_table, '/', formatDateTime(utcNow(), 'yyyy'), '/', formatDateTime(utcNow(), 'MM'), '/', formatDateTime(utcNow(), 'dd'))\"},\"type\":\"LakehouseLocation\"}}},\"formatSettings\":{\"enableVertiParquet\":true,\"type\":\"ParquetWriteSettings\"},\"storeSettings\":{\"recursiveCompression\":false,\"type\":\"LakehouseWriteSettings\"},\"type\":\"ParquetSink\"},\"source\":{\"datasetSettings\":{\"annotations\":[],\"externalReferences\":{\"connection\":\"21b383a1-c561-4540-980d-ce3683e89236\"},\"schema\":[],\"type\":\"PostgreSqlTable\",\"typeProperties\":{\"schema\":{\"type\":\"Expression\",\"value\":\"@if(contains(item().source_entity, '.'), split(item().source_entity, '.')[0], 'public')\"},\"table\":{\"type\":\"Expression\",\"value\":\"@if(contains(item().source_entity, '.'), split(item().source_entity, '.')[1], item().source_entity)\"}}},\"query\":{\"type\":\"Expression\",\"value\":\"@if(and(contains(toLower(coalesce(item().source_query_template, '')), '@from_date'), contains(toLower(coalesce(item().source_query_template, '')), '@to_date')), replace(replace(item().source_query_template, '@from_date', if(not(empty(pipeline().parameters.override_from_date)), pipeline().parameters.override_from_date, if(empty(coalesce(item().last_watermark, '')), if(empty(string(item().from_date)), '1900-01-01 00:00:00', formatDateTime(item().from_date, 'yyyy-MM-dd HH:mm:ss')), item().last_watermark))), '@to_date', if(not(empty(pipeline().parameters.override_to_date)), pipeline().parameters.override_to_date, formatDateTime(utcNow(), 'yyyy-MM-dd HH:mm:ss'))), concat(coalesce(item().source_query_template, concat('SELECT * FROM ', item().source_entity)), if(contains(toLower(coalesce(item().source_query_template, '')), ' where '), ' AND ', ' WHERE '), item().watermark_column, ' \\u003e= ''', if(not(empty(pipeline().parameters.override_from_date)), pipeline().parameters.override_from_date, if(empty(coalesce(item().last_watermark, '')), if(empty(string(item().from_date)), '1900-01-01 00:00:00', formatDateTime(item().from_date, 'yyyy-MM-dd HH:mm:ss')), item().last_watermark)), ''' AND ', item().watermark_column, ' \\u003c ''', if(not(empty(pipeline().parameters.override_to_date)), pipeline().parameters.override_to_date, formatDateTime(utcNow(), 'yyyy-MM-dd HH:mm:ss')), ''''))\"},\"queryTimeout\":\"02:00:00\",\"type\":\"PostgreSqlSource\"}}},{\"dependsOn\":[{\"activity\":\"Copy_Incremental\",\"dependencyConditions\":[\"Succeeded\"]}],\"externalReferences\":{\"connection\":\"a69f69eb-19e0-4878-99b8-c47080ba64d2\"},\"name\":\"Log_Success_Incremental\",\"policy\":{\"retry\":5,\"retryIntervalInSeconds\":30,\"secureInput\":false,\"secureOutput\":false,\"timeout\":\"0.00:05:00\"},\"type\":\"Script\",\"typeProperties\":{\"scriptBlockExecutionTimeout\":\"02:00:00\",\"scripts\":[{\"text\":{\"type\":\"Expression\",\"value\":\"@concat('EXEC [app].[usp_pipeline_log] @mode=''END'', @activity_run_id=''', concat(pipeline().RunId, '-', string(item().control_id)), ''', @control_id=', string(item().control_id), ', @status=''SUCCEEDED'', @rows_read=', string(coalesce(activity('Copy_Incremental').output?.rowsRead, 0)), ', @rows_written=', string(coalesce(activity('Copy_Incremental').output?.rowsCopied, 0)), ', @watermark_end=', if(empty(if(empty(coalesce(activity('Lookup_SourceMax').output?.firstRow?.max_watermark, '')), '', if(greater(coalesce(activity('Lookup_SourceMax').output?.firstRow?.max_watermark, ''), formatDateTime(addDays(utcNow(), -7), 'yyyy-MM-dd HH:mm:ss')), formatDateTime(addDays(utcNow(), -7), 'yyyy-MM-dd HH:mm:ss'), coalesce(activity('Lookup_SourceMax').output?.firstRow?.max_watermark, '')))), 'NULL', concat('''', if(empty(coalesce(activity('Lookup_SourceMax').output?.firstRow?.max_watermark, '')), '', if(greater(coalesce(activity('Lookup_SourceMax').output?.firstRow?.max_watermark, ''), formatDateTime(addDays(utcNow(), -7), 'yyyy-MM-dd HH:mm:ss')), formatDateTime(addDays(utcNow(), -7), 'yyyy-MM-dd HH:mm:ss'), coalesce(activity('Lookup_SourceMax').output?.firstRow?.max_watermark, ''))), '''')), ', @new_watermark=', if(empty(if(empty(coalesce(activity('Lookup_SourceMax').output?.firstRow?.max_watermark, '')), '', if(greater(coalesce(activity('Lookup_SourceMax').output?.firstRow?.max_watermark, ''), formatDateTime(addDays(utcNow(), -7), 'yyyy-MM-dd HH:mm:ss')), formatDateTime(addDays(utcNow(), -7), 'yyyy-MM-dd HH:mm:ss'), coalesce(activity('Lookup_SourceMax').output?.firstRow?.max_watermark, '')))), 'NULL', concat('''', if(empty(coalesce(activity('Lookup_SourceMax').output?.firstRow?.max_watermark, '')), '', if(greater(coalesce(activity('Lookup_SourceMax').output?.firstRow?.max_watermark, ''), formatDateTime(addDays(utcNow(), -7), 'yyyy-MM-dd HH:mm:ss')), formatDateTime(addDays(utcNow(), -7), 'yyyy-MM-dd HH:mm:ss'), coalesce(activity('Lookup_SourceMax').output?.firstRow?.max_watermark, ''))), '''')), ', @window_from=''', if(not(empty(pipeline().parameters.override_from_date)), pipeline().parameters.override_from_date, if(empty(coalesce(item().last_watermark, '')), if(empty(string(item().from_date)), '1900-01-01 00:00:00', formatDateTime(item().from_date, 'yyyy-MM-dd HH:mm:ss')), item().last_watermark)), ''', @window_to=', if(empty(if(empty(coalesce(activity('Lookup_SourceMax').output?.firstRow?.max_watermark, '')), '', if(greater(coalesce(activity('Lookup_SourceMax').output?.firstRow?.max_watermark, ''), formatDateTime(addDays(utcNow(), -7), 'yyyy-MM-dd HH:mm:ss')), formatDateTime(addDays(utcNow(), -7), 'yyyy-MM-dd HH:mm:ss'), coalesce(activity('Lookup_SourceMax').output?.firstRow?.max_watermark, '')))), 'NULL', concat('''', if(empty(coalesce(activity('Lookup_SourceMax').output?.firstRow?.max_watermark, '')), '', if(greater(coalesce(activity('Lookup_SourceMax').output?.firstRow?.max_watermark, ''), formatDateTime(addDays(utcNow(), -7), 'yyyy-MM-dd HH:mm:ss')), formatDateTime(addDays(utcNow(), -7), 'yyyy-MM-dd HH:mm:ss'), coalesce(activity('Lookup_SourceMax').output?.firstRow?.max_watermark, ''))), '''')), ', @advance=', if(or(not(or(not(empty(pipeline().parameters.override_from_date)), not(empty(pipeline().parameters.override_to_date)))), equals(toLower(pipeline().parameters.advance_watermark_on_override), 'true')), '1', '0'))\"},\"type\":\"NonQuery\"}]}},{\"dependsOn\":[{\"activity\":\"Copy_Incremental\",\"dependencyConditions\":[\"Failed\"]}],\"externalReferences\":{\"connection\":\"a69f69eb-19e0-4878-99b8-c47080ba64d2\"},\"name\":\"Log_Failure_Incremental\",\"policy\":{\"retry\":5,\"retryIntervalInSeconds\":30,\"secureInput\":false,\"secureOutput\":false,\"timeout\":\"0.00:05:00\"},\"type\":\"Script\",\"typeProperties\":{\"scriptBlockExecutionTimeout\":\"02:00:00\",\"scripts\":[{\"text\":{\"type\":\"Expression\",\"value\":\"@concat('EXEC [app].[usp_pipeline_log] @mode=''END'', @activity_run_id=''', concat(pipeline().RunId, '-', string(item().control_id)), ''', @control_id=', string(item().control_id), ', @status=''FAILED'', @rows_read=', string(coalesce(activity('Copy_Incremental').output?.rowsRead, 0)), ', @rows_written=', string(coalesce(activity('Copy_Incremental').output?.rowsCopied, 0)), ', @error_message=''', replace(coalesce(activity('Copy_Incremental').output?.errors[0]?.Message, 'Copy failed'), '''', ''''''), ''', @error_code=''', replace(coalesce(activity('Copy_Incremental').output?.errors[0]?.Code, 'Unknown'), '''', ''''''), '''')\"},\"type\":\"NonQuery\"}]}},{\"dependsOn\":[{\"activity\":\"Lookup_SourceMax\",\"dependencyConditions\":[\"Failed\"]}],\"externalReferences\":{\"connection\":\"a69f69eb-19e0-4878-99b8-c47080ba64d2\"},\"name\":\"Log_Failure_Lookup\",\"policy\":{\"retry\":5,\"retryIntervalInSeconds\":30,\"secureInput\":false,\"secureOutput\":false,\"timeout\":\"0.00:05:00\"},\"type\":\"Script\",\"typeProperties\":{\"scriptBlockExecutionTimeout\":\"02:00:00\",\"scripts\":[{\"text\":{\"type\":\"Expression\",\"value\":\"@concat('EXEC [app].[usp_pipeline_log] @mode=''END'', @activity_run_id=''', concat(pipeline().RunId, '-', string(item().control_id)), ''', @control_id=', string(item().control_id), ', @status=''FAILED'', @error_message=''', replace(coalesce(activity('Lookup_SourceMax').error?.message, 'Lookup_SourceMax failed'), '''', ''''''), ''', @error_code=''LOOKUP_SOURCE_MAX_FAILED''')\"},\"type\":\"NonQuery\"}]}}]}}],\"batchCount\":10,\"isSequential\":false,\"items\":{\"type\":\"Expression\",\"value\":\"@activity('Lookup_ControlTable').output.value\"}}}]",
                  "advance_watermark_on_override": "false",
                  "display_name": "pl_ingest_mds",
                  "environment": "test",
                  "override_from_date": "",
                  "override_to_date": "",
                  "pipeline_name_param": "pl_ingest_mds",
                  "table_filter_csv": "",
                  "triggered_by": "manual"
                },
                "tokens_delimiter": "{{}}"
              }
            },
            "definition_update_enabled": true,
            "description": "Control table driven pipeline: PostgreSQL → Lakehouse raw files (parquet) with full logging",
            "display_name": "pl_ingest_mds",
            "folder_id": null,
            "format": "Default",
            "id": "6a3d6031-ea35-4c8c-8c22-10a5d1bfe85c",
            "timeouts": null,
            "workspace_id": "f278f380-2e39-4a1b-96d8-43f653ebc043"
          },
          "sensitive_attributes": [],
          "dependencies": [
            "data.fabric_capacity.by_name",
            "module.fabric_lakehouse_01.fabric_lakehouse.this",
            "module.fabric_warehouse_01.fabric_warehouse.this_warehouse",
            "module.fabric_workspace_01.fabric_workspace.this"
          ]
        }
      ]
    },
    {
      "module": "module.warehouse_mds_connection",
      "mode": "data",
      "type": "external",
      "name": "connection_id",
      "provider": "provider[\"registry.terraform.io/hashicorp/external\"]",
      "instances": [
        {
          "schema_version": 0,
          "attributes": {
            "id": "-",
            "program": [
              "bash",
              "../modules/azure/fabric_connection/get_connection_id.sh"
            ],
            "query": {
              "display_name": "warehouse-mcm-mdp-test"
            },
            "result": {
              "id": "a69f69eb-19e0-4878-99b8-c47080ba64d2"
            },
            "working_dir": null
          },
          "sensitive_attributes": []
        }
      ]
    },
    {
      "module": "module.warehouse_mds_connection",
      "mode": "managed",
      "type": "null_resource",
      "name": "connection_role_assignment",
      "provider": "provider[\"registry.terraform.io/hashicorp/null\"]",
      "instances": [
        {
          "index_key": "19cb2a65-1dd6-482f-b488-77df57de4902",
          "schema_version": 0,
          "attributes": {
            "id": "3852703403732866757",
            "triggers": {
              "connection_id": "a69f69eb-19e0-4878-99b8-c47080ba64d2",
              "principal_id": "19cb2a65-1dd6-482f-b488-77df57de4902"
            }
          },
          "sensitive_attributes": [],
          "dependencies": [
            "data.fabric_capacity.by_name",
            "module.fabric_warehouse_01.fabric_warehouse.this_warehouse",
            "module.fabric_workspace_01.fabric_workspace.this",
            "module.warehouse_mds_connection.data.external.connection_id",
            "module.warehouse_mds_connection.null_resource.fabric_connection"
          ]
        },
        {
          "index_key": "71a5bb67-14d7-40fe-8f3e-47120f2e32d3",
          "schema_version": 0,
          "attributes": {
            "id": "8783133669984396420",
            "triggers": {
              "connection_id": "a69f69eb-19e0-4878-99b8-c47080ba64d2",
              "principal_id": "71a5bb67-14d7-40fe-8f3e-47120f2e32d3"
            }
          },
          "sensitive_attributes": [],
          "dependencies": [
            "data.fabric_capacity.by_name",
            "module.fabric_warehouse_01.fabric_warehouse.this_warehouse",
            "module.fabric_workspace_01.fabric_workspace.this",
            "module.warehouse_mds_connection.data.external.connection_id",
            "module.warehouse_mds_connection.null_resource.fabric_connection"
          ]
        },
        {
          "index_key": "b0bf68e8-4e08-433c-8903-19b2fec4cc20",
          "schema_version": 0,
          "attributes": {
            "id": "7135036146916152404",
            "triggers": {
              "connection_id": "a69f69eb-19e0-4878-99b8-c47080ba64d2",
              "principal_id": "b0bf68e8-4e08-433c-8903-19b2fec4cc20"
            }
          },
          "sensitive_attributes": [],
          "dependencies": [
            "data.fabric_capacity.by_name",
            "module.fabric_warehouse_01.fabric_warehouse.this_warehouse",
            "module.fabric_workspace_01.fabric_workspace.this",
            "module.warehouse_mds_connection.data.external.connection_id",
            "module.warehouse_mds_connection.null_resource.fabric_connection"
          ]
        },
        {
          "index_key": "d7a27896-3a20-4678-b8c6-3c7cebdbc4ec",
          "schema_version": 0,
          "attributes": {
            "id": "8754978548560430456",
            "triggers": {
              "connection_id": "a69f69eb-19e0-4878-99b8-c47080ba64d2",
              "principal_id": "d7a27896-3a20-4678-b8c6-3c7cebdbc4ec"
            }
          },
          "sensitive_attributes": [],
          "dependencies": [
            "data.fabric_capacity.by_name",
            "module.fabric_warehouse_01.fabric_warehouse.this_warehouse",
            "module.fabric_workspace_01.fabric_workspace.this",
            "module.warehouse_mds_connection.data.external.connection_id",
            "module.warehouse_mds_connection.null_resource.fabric_connection"
          ]
        },
        {
          "index_key": "e5922863-7748-46c8-9f50-bbc24834c2dd",
          "schema_version": 0,
          "attributes": {
            "id": "1344086152900404524",
            "triggers": {
              "connection_id": "a69f69eb-19e0-4878-99b8-c47080ba64d2",
              "principal_id": "e5922863-7748-46c8-9f50-bbc24834c2dd"
            }
          },
          "sensitive_attributes": [],
          "dependencies": [
            "data.fabric_capacity.by_name",
            "module.fabric_warehouse_01.fabric_warehouse.this_warehouse",
            "module.fabric_workspace_01.fabric_workspace.this",
            "module.warehouse_mds_connection.data.external.connection_id",
            "module.warehouse_mds_connection.null_resource.fabric_connection"
          ]
        },
        {
          "index_key": "ebb8207d-1ebe-423a-990d-82cf1e128cce",
          "schema_version": 0,
          "attributes": {
            "id": "3684257974890272275",
            "triggers": {
              "connection_id": "a69f69eb-19e0-4878-99b8-c47080ba64d2",
              "principal_id": "ebb8207d-1ebe-423a-990d-82cf1e128cce"
            }
          },
          "sensitive_attributes": [],
          "dependencies": [
            "data.fabric_capacity.by_name",
            "module.fabric_warehouse_01.fabric_warehouse.this_warehouse",
            "module.fabric_workspace_01.fabric_workspace.this",
            "module.warehouse_mds_connection.data.external.connection_id",
            "module.warehouse_mds_connection.null_resource.fabric_connection"
          ]
        }
      ]
    },
    {
      "module": "module.warehouse_mds_connection",
      "mode": "managed",
      "type": "null_resource",
      "name": "fabric_connection",
      "provider": "provider[\"registry.terraform.io/hashicorp/null\"]",
      "instances": [
        {
          "schema_version": 0,
          "attributes": {
            "id": "4900700642826917651",
            "triggers": {
              "connection_type": "Warehouse",
              "display_name": "warehouse-mcm-mdp-test",
              "password_version": "1",
              "request_hash": "f99bc46b6f50eb028833e459d25ca020b8ad8817889082ef7dfcde57b6858eda"
            }
          },
          "sensitive_attributes": [
            [
              {
                "type": "get_attr",
                "value": "triggers"
              },
              {
                "type": "index",
                "value": {
                  "value": "request_hash",
                  "type": "string"
                }
              }
            ]
          ],
          "dependencies": [
            "data.fabric_capacity.by_name",
            "module.fabric_warehouse_01.fabric_warehouse.this_warehouse",
            "module.fabric_workspace_01.fabric_workspace.this"
          ]
        }
      ]
    }
  ],
  "check_results": [
    {
      "object_kind": "var",
      "config_addr": "module.warehouse_mds_connection.var.connection_encryption",
      "status": "pass",
      "objects": [
        {
          "object_addr": "module.warehouse_mds_connection.var.connection_encryption",
          "status": "pass"
        }
      ]
    },
    {
      "object_kind": "var",
      "config_addr": "module.warehouse_mds_connection.var.connection_type",
      "config_addr": "module.warehouse_mds_connection.var.connection_type",
      "status": "pass",
      "objects": [
        {
          "object_addr": "module.warehouse_mds_connection.var.connection_type",
          "object_addr": "module.warehouse_mds_connection.var.connection_type",
          "status": "pass"
        }
      ]
    },
    {
      "object_kind": "var",
      "config_addr": "module.fabric_data_gateway_01.var.role_assignments",
      "status": "pass",
      "objects": [
        {
          "object_addr": "module.fabric_data_gateway_01.var.role_assignments",
          "status": "pass"
        }
      ]
    },
    {
      "object_kind": "var",
      "config_addr": "module.warehouse_mds_connection.var.connectivity_type",
      "status": "pass",
      "objects": [
        {
          "object_addr": "module.warehouse_mds_connection.var.connectivity_type",
          "status": "pass"
        }
      ]
    },
    {
      "object_kind": "var",
      "config_addr": "module.fabric_workspace_01.var.identity_type",
      "status": "pass",
      "objects": [
        {
          "object_addr": "module.fabric_workspace_01.var.identity_type",
          "status": "pass"
        }
      ]
    },
    {
      "object_kind": "var",
      "config_addr": "module.fabric_data_gateway_01.var.inactivity_minutes_before_sleep",
      "status": "pass",
      "objects": [
        {
          "object_addr": "module.fabric_data_gateway_01.var.inactivity_minutes_before_sleep",
          "status": "pass"
        }
      ]
    },
    {
      "object_kind": "var",
      "config_addr": "module.warehouse_mds_connection.var.privacy_level",
      "status": "pass",
      "objects": [
        {
          "object_addr": "module.warehouse_mds_connection.var.privacy_level",
          "status": "pass"
        }
      ]
    },
    {
      "object_kind": "var",
      "config_addr": "module.fabric_data_gateway_01.var.number_of_member_gateways",
      "status": "pass",
      "objects": [
        {
          "object_addr": "module.fabric_data_gateway_01.var.number_of_member_gateways",
          "status": "pass"
        }
      ]
    },
    {
      "object_kind": "var",
      "config_addr": "var.ENVIRONMENT",
      "status": "pass",
      "objects": [
        {
          "object_addr": "var.ENVIRONMENT",
          "status": "pass"
        }
      ]
    }
  ]
}
