{
  "version": 4,
  "terraform_version": "1.9.0",
  "serial": 15,
  "lineage": "3fff56f9-1945-971b-a238-949ed5009ec3",
  "outputs": {},
  "resources": [
    {
      "mode": "data",
      "type": "azurerm_network_security_group",
      "name": "fabric_gateway",
      "provider": "provider[\"registry.terraform.io/hashicorp/azurerm\"]",
      "instances": [
        {
          "schema_version": 0,
          "attributes": {
            "id": "/subscriptions/ffc5e617-7f2d-4ddb-8b57-33fc43989a8c/resourceGroups/b9cee3-tools-networking/providers/Microsoft.Network/networkSecurityGroups/quickstart-azure-containers-tools-apim-nsg",
            "location": "canadacentral",
            "name": "quickstart-azure-containers-tools-apim-nsg",
            "resource_group_name": "b9cee3-tools-networking",
            "security_rule": [
              {
                "access": "Allow",
                "description": "",
                "destination_address_prefix": "Storage",
                "destination_address_prefixes": [],
                "destination_application_security_group_ids": [],
                "destination_port_range": "443",
                "destination_port_ranges": [],
                "direction": "Outbound",
                "name": "AllowOutboundToStorage",
                "priority": 110,
                "protocol": "Tcp",
                "source_address_prefix": "10.46.10.96/27",
                "source_address_prefixes": [],
                "source_application_security_group_ids": [],
                "source_port_range": "*",
                "source_port_ranges": []
              },
              {
                "access": "Allow",
                "description": "",
                "destination_address_prefix": "AzureMonitor",
                "destination_address_prefixes": [],
                "destination_application_security_group_ids": [],
                "destination_port_range": "",
                "destination_port_ranges": [
                  "1886",
                  "443"
                ],
                "direction": "Outbound",
                "name": "AllowOutboundToAzureMonitor",
                "priority": 122,
                "protocol": "Tcp",
                "source_address_prefix": "10.46.10.96/27",
                "source_address_prefixes": [],
                "source_application_security_group_ids": [],
                "source_port_range": "*",
                "source_port_ranges": []
              },
              {
                "access": "Allow",
                "description": "",
                "destination_address_prefix": "10.46.10.96/27",
                "destination_address_prefixes": [],
                "destination_application_security_group_ids": [],
                "destination_port_range": "3443",
                "destination_port_ranges": [],
                "direction": "Inbound",
                "name": "AllowAPIMManagement",
                "priority": 100,
                "protocol": "Tcp",
                "source_address_prefix": "ApiManagement",
                "source_address_prefixes": [],
                "source_application_security_group_ids": [],
                "source_port_range": "*",
                "source_port_ranges": []
              },
              {
                "access": "Allow",
                "description": "",
                "destination_address_prefix": "10.46.10.96/27",
                "destination_address_prefixes": [],
                "destination_application_security_group_ids": [],
                "destination_port_range": "6390",
                "destination_port_ranges": [],
                "direction": "Inbound",
                "name": "AllowAzureLoadBalancer",
                "priority": 110,
                "protocol": "Tcp",
                "source_address_prefix": "AzureLoadBalancer",
                "source_address_prefixes": [],
                "source_application_security_group_ids": [],
                "source_port_range": "*",
                "source_port_ranges": []
              },
              {
                "access": "Allow",
                "description": "",
                "destination_address_prefix": "*",
                "destination_address_prefixes": [],
                "destination_application_security_group_ids": [],
                "destination_port_range": "80",
                "destination_port_ranges": [],
                "direction": "Outbound",
                "name": "AllowOutboundToInternet",
                "priority": 130,
                "protocol": "Tcp",
                "source_address_prefix": "10.46.10.96/27",
                "source_address_prefixes": [],
                "source_application_security_group_ids": [],
                "source_port_range": "*",
                "source_port_ranges": []
              },
              {
                "access": "Allow",
                "description": "",
                "destination_address_prefix": "10.46.10.96/27",
                "destination_address_prefixes": [],
                "destination_application_security_group_ids": [],
                "destination_port_range": "",
                "destination_port_ranges": [
                  "3000-9000",
                  "443",
                  "80"
                ],
                "direction": "Inbound",
                "name": "AllowInboundFromContainerApps",
                "priority": 140,
                "protocol": "*",
                "source_address_prefix": "10.46.10.64/27",
                "source_address_prefixes": [],
                "source_application_security_group_ids": [],
                "source_port_range": "*",
                "source_port_ranges": []
              },
              {
                "access": "Allow",
                "description": "",
                "destination_address_prefix": "Sql",
                "destination_address_prefixes": [],
                "destination_application_security_group_ids": [],
                "destination_port_range": "1433",
                "destination_port_ranges": [],
                "direction": "Outbound",
                "name": "AllowOutboundToSQL",
                "priority": 120,
                "protocol": "Tcp",
                "source_address_prefix": "10.46.10.96/27",
                "source_address_prefixes": [],
                "source_application_security_group_ids": [],
                "source_port_range": "*",
                "source_port_ranges": []
              },
              {
                "access": "Allow",
                "description": "",
                "destination_address_prefix": "10.46.10.32/27",
                "destination_address_prefixes": [],
                "destination_application_security_group_ids": [],
                "destination_port_range": "",
                "destination_port_ranges": [
                  "3000-9000",
                  "443",
                  "80"
                ],
                "direction": "Outbound",
                "name": "AllowOutboundToAppServices",
                "priority": 100,
                "protocol": "*",
                "source_address_prefix": "10.46.10.96/27",
                "source_address_prefixes": [],
                "source_application_security_group_ids": [],
                "source_port_range": "*",
                "source_port_ranges": []
              },
              {
                "access": "Allow",
                "description": "",
                "destination_address_prefix": "10.46.10.96/27",
                "destination_address_prefixes": [],
                "destination_application_security_group_ids": [],
                "destination_port_range": "",
                "destination_port_ranges": [
                  "443",
                  "80"
                ],
                "direction": "Inbound",
                "name": "AllowHTTPSInbound",
                "priority": 120,
                "protocol": "Tcp",
                "source_address_prefix": "*",
                "source_address_prefixes": [],
                "source_application_security_group_ids": [],
                "source_port_range": "*",
                "source_port_ranges": []
              },
              {
                "access": "Allow",
                "description": "",
                "destination_address_prefix": "10.46.10.64/27",
                "destination_address_prefixes": [],
                "destination_application_security_group_ids": [],
                "destination_port_range": "",
                "destination_port_ranges": [
                  "3000-9000",
                  "443",
                  "80"
                ],
                "direction": "Outbound",
                "name": "AllowOutboundToContainerApps",
                "priority": 141,
                "protocol": "*",
                "source_address_prefix": "10.46.10.96/27",
                "source_address_prefixes": [],
                "source_application_security_group_ids": [],
                "source_port_range": "*",
                "source_port_ranges": []
              },
              {
                "access": "Allow",
                "description": "",
                "destination_address_prefix": "AzureKeyVault",
                "destination_address_prefixes": [],
                "destination_application_security_group_ids": [],
                "destination_port_range": "443",
                "destination_port_ranges": [],
                "direction": "Outbound",
                "name": "AllowOutboundToAzureKeyVault",
                "priority": 121,
                "protocol": "Tcp",
                "source_address_prefix": "10.46.10.96/27",
                "source_address_prefixes": [],
                "source_application_security_group_ids": [],
                "source_port_range": "*",
                "source_port_ranges": []
              }
            ],
            "tags": {
              "app_env": "tools",
              "environment": "tools",
              "repo_name": "quickstart-azure-containers",
              "stack_prefix": "quick-7fed"
            },
            "timeouts": null
          },
          "sensitive_attributes": []
        }
      ]
    },
    {
      "mode": "managed",
      "type": "azapi_resource",
      "name": "fabric_gateway_subnet",
      "provider": "provider[\"registry.terraform.io/azure/azapi\"]",
      "instances": [
        {
          "schema_version": 2,
          "attributes": {
            "body": {
              "value": {
                "properties": {
                  "addressPrefix": "10.46.10.144/28",
                  "delegations": [
                    {
                      "name": "fabric-delegation",
                      "properties": {
                        "serviceName": "Microsoft.PowerPlatform/vnetaccesslinks"
                      }
                    }
                  ],
                  "networkSecurityGroup": {
                    "id": "/subscriptions/ffc5e617-7f2d-4ddb-8b57-33fc43989a8c/resourceGroups/b9cee3-tools-networking/providers/Microsoft.Network/networkSecurityGroups/quickstart-azure-containers-tools-apim-nsg"
                  }
                }
              },
              "type": [
                "object",
                {
                  "properties": [
                    "object",
                    {
                      "addressPrefix": "string",
                      "delegations": [
                        "tuple",
                        [
                          [
                            "object",
                            {
                              "name": "string",
                              "properties": [
                                "object",
                                {
                                  "serviceName": "string"
                                }
                              ]
                            }
                          ]
                        ]
                      ],
                      "networkSecurityGroup": [
                        "object",
                        {
                          "id": "string"
                        }
                      ]
                    }
                  ]
                }
              ]
            },
            "create_headers": null,
            "create_query_parameters": null,
            "delete_headers": null,
            "delete_query_parameters": null,
            "id": "/subscriptions/ffc5e617-7f2d-4ddb-8b57-33fc43989a8c/resourceGroups/b9cee3-tools-networking/providers/Microsoft.Network/virtualNetworks/b9cee3-tools-vwan-spoke/subnets/snet-fabric-gateway",
            "identity": [],
            "ignore_casing": false,
            "ignore_missing_property": true,
            "location": null,
            "locks": null,
            "name": "snet-fabric-gateway",
            "output": {
              "value": {
                "etag": "W/\"6438b11e-ca62-4aed-94f8-9ec0c0aa6991\"",
                "id": "/subscriptions/ffc5e617-7f2d-4ddb-8b57-33fc43989a8c/resourceGroups/b9cee3-tools-networking/providers/Microsoft.Network/virtualNetworks/b9cee3-tools-vwan-spoke/subnets/snet-fabric-gateway",
                "properties": {
                  "delegations": [
                    {
                      "etag": "W/\"6438b11e-ca62-4aed-94f8-9ec0c0aa6991\"",
                      "properties": {
                        "actions": [
                          "Microsoft.Network/virtualNetworks/subnets/join/action"
                        ],
                        "provisioningState": "Succeeded"
                      }
                    }
                  ],
                  "provisioningState": "Succeeded"
                },
                "type": "Microsoft.Network/virtualNetworks/subnets"
              },
              "type": [
                "object",
                {
                  "etag": "string",
                  "id": "string",
                  "properties": [
                    "object",
                    {
                      "delegations": [
                        "tuple",
                        [
                          [
                            "object",
                            {
                              "etag": "string",
                              "properties": [
                                "object",
                                {
                                  "actions": [
                                    "tuple",
                                    [
                                      "string"
                                    ]
                                  ],
                                  "provisioningState": "string"
                                }
                              ]
                            }
                          ]
                        ]
                      ],
                      "provisioningState": "string"
                    }
                  ],
                  "type": "string"
                }
              ]
            },
            "parent_id": "/subscriptions/ffc5e617-7f2d-4ddb-8b57-33fc43989a8c/resourceGroups/b9cee3-tools-networking/providers/Microsoft.Network/virtualNetworks/b9cee3-tools-vwan-spoke",
            "read_headers": null,
            "read_query_parameters": null,
            "replace_triggers_external_values": null,
            "replace_triggers_refs": null,
            "response_export_values": null,
            "retry": null,
            "schema_validation_enabled": true,
            "tags": null,
            "timeouts": null,
            "type": "Microsoft.Network/virtualNetworks/subnets@2023-04-01",
            "update_headers": null,
            "update_query_parameters": null
          },
          "sensitive_attributes": [],
          "dependencies": [
            "data.azurerm_network_security_group.fabric_gateway"
          ]
        }
      ]
    },
    {
      "module": "module.key_vault",
      "mode": "data",
      "type": "azurerm_client_config",
      "name": "current",
      "provider": "provider[\"registry.terraform.io/hashicorp/azurerm\"]",
      "instances": [
        {
          "schema_version": 0,
          "attributes": {
            "client_id": "4252e715-8be7-4d78-bfd7-6ec61a981444",
            "id": "Y2xpZW50Q29uZmlncy9jbGllbnRJZD00MjUyZTcxNS04YmU3LTRkNzgtYmZkNy02ZWM2MWE5ODE0NDQ7b2JqZWN0SWQ9YzAwMTUwMGYtZTI0ZS00Njk5LThiM2UtNGFhYWM3MGVhZGI4O3N1YnNjcmlwdGlvbklkPWZmYzVlNjE3LTdmMmQtNGRkYi04YjU3LTMzZmM0Mzk4OWE4Yzt0ZW5hbnRJZD02ZmRiNTIwMC0zZDBkLTRhOGEtYjAzNi1kMzY4NWUzNTlhZGM=",
            "object_id": "c001500f-e24e-4699-8b3e-4aaac70eadb8",
            "subscription_id": "ffc5e617-7f2d-4ddb-8b57-33fc43989a8c",
            "tenant_id": "6fdb5200-3d0d-4a8a-b036-d3685e359adc",
            "timeouts": null
          },
          "sensitive_attributes": []
        }
      ]
    },
    {
      "module": "module.key_vault",
      "mode": "managed",
      "type": "azurerm_key_vault",
      "name": "kv",
      "provider": "provider[\"registry.terraform.io/hashicorp/azurerm\"]",
      "instances": [
        {
          "schema_version": 2,
          "attributes": {
            "access_policy": [],
            "contact": [],
            "enable_rbac_authorization": true,
            "enabled_for_deployment": false,
            "enabled_for_disk_encryption": false,
            "enabled_for_template_deployment": false,
            "id": "/subscriptions/ffc5e617-7f2d-4ddb-8b57-33fc43989a8c/resourceGroups/nrfabric-rg1/providers/Microsoft.KeyVault/vaults/nr-fabric-tools02",
            "location": "canadacentral",
            "name": "nr-fabric-tools02",
            "network_acls": [
              {
                "bypass": "AzureServices",
                "default_action": "Allow",
                "ip_rules": [],
                "virtual_network_subnet_ids": []
              }
            ],
            "public_network_access_enabled": false,
            "purge_protection_enabled": true,
            "rbac_authorization_enabled": true,
            "resource_group_name": "nrfabric-rg1",
            "sku_name": "standard",
            "soft_delete_retention_days": 7,
            "tags": {
              "application_environment": "dev",
              "client_code": "",
              "deployment_automation": "Terraform",
              "deployment_automation_version": "v0.1",
              "expense_authority": "",
              "information_security_classification": "protected_e",
              "ministry_name_prefix": "citz",
              "program_area": "permitting",
              "project_number": "",
              "responsibility_centre": "",
              "service_line": ""
            },
            "tenant_id": "6fdb5200-3d0d-4a8a-b036-d3685e359adc",
            "timeouts": null,
            "vault_uri": "https://nr-fabric-tools02.vault.azure.net/"
          },
          "sensitive_attributes": [],
          "private": "eyJlMmJmYjczMC1lY2FhLTExZTYtOGY4OC0zNDM2M2JjN2M0YzAiOnsiY3JlYXRlIjoxODAwMDAwMDAwMDAwLCJkZWxldGUiOjE4MDAwMDAwMDAwMDAsInJlYWQiOjMwMDAwMDAwMDAwMCwidXBkYXRlIjoxODAwMDAwMDAwMDAwfSwic2NoZW1hX3ZlcnNpb24iOiIyIn0=",
          "dependencies": [
            "module.key_vault.data.azurerm_client_config.current"
          ]
        }
      ]
    },
    {
      "module": "module.key_vault03",
      "mode": "data",
      "type": "azurerm_client_config",
      "name": "current",
      "provider": "provider[\"registry.terraform.io/hashicorp/azurerm\"]",
      "instances": [
        {
          "schema_version": 0,
          "attributes": {
            "client_id": "4252e715-8be7-4d78-bfd7-6ec61a981444",
            "id": "Y2xpZW50Q29uZmlncy9jbGllbnRJZD00MjUyZTcxNS04YmU3LTRkNzgtYmZkNy02ZWM2MWE5ODE0NDQ7b2JqZWN0SWQ9YzAwMTUwMGYtZTI0ZS00Njk5LThiM2UtNGFhYWM3MGVhZGI4O3N1YnNjcmlwdGlvbklkPWZmYzVlNjE3LTdmMmQtNGRkYi04YjU3LTMzZmM0Mzk4OWE4Yzt0ZW5hbnRJZD02ZmRiNTIwMC0zZDBkLTRhOGEtYjAzNi1kMzY4NWUzNTlhZGM=",
            "object_id": "c001500f-e24e-4699-8b3e-4aaac70eadb8",
            "subscription_id": "ffc5e617-7f2d-4ddb-8b57-33fc43989a8c",
            "tenant_id": "6fdb5200-3d0d-4a8a-b036-d3685e359adc",
            "timeouts": null
          },
          "sensitive_attributes": []
        }
      ]
    },
    {
      "module": "module.key_vault03",
      "mode": "managed",
      "type": "azurerm_key_vault",
      "name": "kv",
      "provider": "provider[\"registry.terraform.io/hashicorp/azurerm\"]",
      "instances": [
        {
          "schema_version": 2,
          "attributes": {
            "access_policy": [],
            "contact": [],
            "enable_rbac_authorization": true,
            "enabled_for_deployment": false,
            "enabled_for_disk_encryption": false,
            "enabled_for_template_deployment": false,
            "id": "/subscriptions/ffc5e617-7f2d-4ddb-8b57-33fc43989a8c/resourceGroups/nrfabric-rg1/providers/Microsoft.KeyVault/vaults/nr-fabric-tools03",
            "location": "canadacentral",
            "name": "nr-fabric-tools03",
            "network_acls": [
              {
                "bypass": "AzureServices",
                "default_action": "Allow",
                "ip_rules": [],
                "virtual_network_subnet_ids": []
              }
            ],
            "public_network_access_enabled": false,
            "purge_protection_enabled": true,
            "rbac_authorization_enabled": true,
            "resource_group_name": "nrfabric-rg1",
            "sku_name": "standard",
            "soft_delete_retention_days": 7,
            "tags": {
              "application_environment": "dev",
              "client_code": "",
              "deployment_automation": "Terraform",
              "deployment_automation_version": "v0.1",
              "expense_authority": "",
              "information_security_classification": "protected_e",
              "ministry_name_prefix": "citz",
              "program_area": "permitting",
              "project_number": "",
              "responsibility_centre": "",
              "service_line": ""
            },
            "tenant_id": "6fdb5200-3d0d-4a8a-b036-d3685e359adc",
            "timeouts": null,
            "vault_uri": "https://nr-fabric-tools03.vault.azure.net/"
          },
          "sensitive_attributes": [],
          "private": "eyJlMmJmYjczMC1lY2FhLTExZTYtOGY4OC0zNDM2M2JjN2M0YzAiOnsiY3JlYXRlIjoxODAwMDAwMDAwMDAwLCJkZWxldGUiOjE4MDAwMDAwMDAwMDAsInJlYWQiOjMwMDAwMDAwMDAwMCwidXBkYXRlIjoxODAwMDAwMDAwMDAwfSwic2NoZW1hX3ZlcnNpb24iOiIyIn0=",
          "dependencies": [
            "module.key_vault03.data.azurerm_client_config.current"
          ]
        }
      ]
    }
  ],
  "check_results": [
    {
      "object_kind": "var",
      "config_addr": "module.fabric_gateway_minimal.var.inactivity_minutes_before_sleep",
      "status": "pass",
      "objects": [
        {
          "object_addr": "module.fabric_gateway_minimal.var.inactivity_minutes_before_sleep",
          "status": "pass"
        }
      ]
    },
    {
      "object_kind": "var",
      "config_addr": "module.fabric_gateway_minimal.var.number_of_member_gateways",
      "status": "pass",
      "objects": [
        {
          "object_addr": "module.fabric_gateway_minimal.var.number_of_member_gateways",
          "status": "pass"
        }
      ]
    }
  ]
}
