{
  "version": 4,
  "terraform_version": "1.11.4",
  "serial": 463,
  "lineage": "b3648b8d-2ac6-88a5-0b36-1f061647be4a",
  "outputs": {
    "fabric_data_gateway_id": {
      "value": "f15b9af0-2bda-4add-85a1-066d89935a82",
      "type": "string"
    },
    "fabric_data_gateway_name": {
      "value": "mcm-mdp-fabricgw1",
      "type": "string"
    },
    "kv_private_endpoint_ip": {
      "value": "10.46.21.52",
      "type": "string"
    },
    "raw_to_bronze_pipeline_id": {
      "value": "769fa480-8149-4306-a2d3-b0e77f534fc8",
      "type": "string"
    },
    "raw_to_bronze_run_command": {
      "value": "curl -X POST -H 'Authorization: Bearer $TOKEN' 'https://api.fabric.microsoft.com/v1/workspaces/8f380f88-5ce5-48d1-9fa5-fbbfbe2685a0/items/769fa480-8149-4306-a2d3-b0e77f534fc8/jobs/instances?jobType=Pipeline'",
      "type": "string"
    }
  },
  "resources": [
    {
      "mode": "managed",
      "type": "azurerm_private_endpoint",
      "name": "kv",
      "provider": "provider[\"registry.terraform.io/hashicorp/azurerm\"]",
      "instances": [
        {
          "schema_version": 0,
          "attributes": {
            "custom_dns_configs": [
              {
                "fqdn": "mines-fabric-kv01.vault.azure.net",
                "ip_addresses": [
                  "10.46.21.52"
                ]
              }
            ],
            "custom_network_interface_name": "",
            "id": "/subscriptions/53205a1b-0f8d-459e-a424-65f1b39ec648/resourceGroups/mines-fabric-rg02/providers/Microsoft.Network/privateEndpoints/mines-fabric-kv01-pe",
            "ip_configuration": [],
            "location": "canadacentral",
            "name": "mines-fabric-kv01-pe",
            "network_interface": [
              {
                "id": "/subscriptions/53205a1b-0f8d-459e-a424-65f1b39ec648/resourceGroups/mines-fabric-rg02/providers/Microsoft.Network/networkInterfaces/mines-fabric-kv01-pe.nic.56bd4c0b-4621-43de-8633-e6da5f8874ac",
                "name": "mines-fabric-kv01-pe.nic.56bd4c0b-4621-43de-8633-e6da5f8874ac"
              }
            ],
            "private_dns_zone_configs": [],
            "private_dns_zone_group": [],
            "private_service_connection": [
              {
                "is_manual_connection": false,
                "name": "mines-fabric-kv01-psc",
                "private_connection_resource_alias": "",
                "private_connection_resource_id": "/subscriptions/53205a1b-0f8d-459e-a424-65f1b39ec648/resourceGroups/mines-fabric-rg02/providers/Microsoft.KeyVault/vaults/mines-fabric-kv01",
                "private_ip_address": "10.46.21.52",
                "request_message": "",
                "subresource_names": [
                  "vault"
                ]
              }
            ],
            "resource_group_name": "mines-fabric-rg02",
            "subnet_id": "/subscriptions/53205a1b-0f8d-459e-a424-65f1b39ec648/resourceGroups/ef74b0-dev-networking/providers/Microsoft.Network/virtualNetworks/ef74b0-dev-vwan-spoke/subnets/mines-fabric-pe-snet",
            "tags": {},
            "timeouts": null
          },
          "sensitive_attributes": [],
          "private": "eyJlMmJmYjczMC1lY2FhLTExZTYtOGY4OC0zNDM2M2JjN2M0YzAiOnsiY3JlYXRlIjozNjAwMDAwMDAwMDAwLCJkZWxldGUiOjM2MDAwMDAwMDAwMDAsInJlYWQiOjMwMDAwMDAwMDAwMCwidXBkYXRlIjozNjAwMDAwMDAwMDAwfX0=",
          "dependencies": [
            "module.key_vault_adf.azurerm_key_vault.kv",
            "module.key_vault_adf.azurerm_private_endpoint.kv",
            "module.key_vault_adf.azurerm_role_assignment.additional",
            "module.key_vault_adf.azurerm_role_assignment.app",
            "module.key_vault_adf.azurerm_role_assignment.self_user_access_admin_kv",
            "module.key_vault_adf.data.azurerm_client_config.current",
            "module.resource_group_adf.azurerm_resource_group.rg",
            "module.resource_group_adf.data.azurerm_client_config.current",
            "module.resource_group_adf.data.azurerm_resources.existing_resource_groups",
            "module.subnets.azapi_resource.subnet",
            "module.subnets.azurerm_network_security_group.this",
            "module.subnets.azurerm_network_security_rule.custom",
            "module.subnets.data.azurerm_subnet.existing",
            "module.subnets.data.azurerm_virtual_network.vnet",
            "module.subnets.data.external.cidr"
          ]
        }
      ]
    },
    {
      "mode": "managed",
      "type": "azurerm_role_assignment",
      "name": "adf_kv_secrets_user",
      "provider": "provider[\"registry.terraform.io/hashicorp/azurerm\"]",
      "instances": [
        {
          "schema_version": 0,
          "attributes": {
            "condition": "",
            "condition_version": "",
            "delegated_managed_identity_resource_id": "",
            "description": "",
            "id": "/subscriptions/53205a1b-0f8d-459e-a424-65f1b39ec648/resourceGroups/mines-fabric-rg02/providers/Microsoft.KeyVault/vaults/mines-fabric-kv01/providers/Microsoft.Authorization/roleAssignments/ab6edc02-d599-c008-bc03-2e68aa8da1d0",
            "name": "ab6edc02-d599-c008-bc03-2e68aa8da1d0",
            "principal_id": "b9be4326-429f-44d2-9d4c-f2ba4874fbf0",
            "principal_type": "ServicePrincipal",
            "role_definition_id": "/subscriptions/53205a1b-0f8d-459e-a424-65f1b39ec648/providers/Microsoft.Authorization/roleDefinitions/4633458b-17de-408a-b874-0445c86b69e6",
            "role_definition_name": "Key Vault Secrets User",
            "scope": "/subscriptions/53205a1b-0f8d-459e-a424-65f1b39ec648/resourceGroups/mines-fabric-rg02/providers/Microsoft.KeyVault/vaults/mines-fabric-kv01",
            "skip_service_principal_aad_check": null,
            "timeouts": null
          },
          "sensitive_attributes": [],
          "private": "eyJlMmJmYjczMC1lY2FhLTExZTYtOGY4OC0zNDM2M2JjN2M0YzAiOnsiY3JlYXRlIjoxODAwMDAwMDAwMDAwLCJkZWxldGUiOjE4MDAwMDAwMDAwMDAsInJlYWQiOjMwMDAwMDAwMDAwMH19",
          "dependencies": [
            "module.data_factory.azurerm_data_factory.adf",
            "module.data_factory.azurerm_data_factory_integration_runtime_azure.ir",
            "module.data_factory.azurerm_data_factory_integration_runtime_self_hosted.shir",
            "module.data_factory.azurerm_data_factory_linked_service_key_vault.adflskv",
            "module.data_factory.azurerm_key_vault_access_policy.adf_policy",
            "module.data_factory.azurerm_monitor_action_group.mag",
            "module.data_factory.azurerm_monitor_metric_alert.mmahcu",
            "module.data_factory.azurerm_monitor_metric_alert.mmamhcu",
            "module.data_factory.data.azurerm_client_config.current",
            "module.data_factory.data.azurerm_key_vault.existing",
            "module.data_factory.data.azurerm_resource_group.existing",
            "module.fabric_workspace_01.fabric_workspace.this",
            "module.key_vault_adf.azurerm_key_vault.kv",
            "module.key_vault_adf.azurerm_private_endpoint.kv",
            "module.key_vault_adf.azurerm_role_assignment.additional",
            "module.key_vault_adf.azurerm_role_assignment.app",
            "module.key_vault_adf.azurerm_role_assignment.self_user_access_admin_kv",
            "module.key_vault_adf.data.azurerm_client_config.current",
            "module.resource_group_adf.azurerm_resource_group.rg",
            "module.resource_group_adf.data.azurerm_client_config.current",
            "module.resource_group_adf.data.azurerm_resources.existing_resource_groups"
          ]
        }
      ]
    },
    {
      "mode": "managed",
      "type": "null_resource",
      "name": "mount_adf_to_fabric",
      "provider": "provider[\"registry.terraform.io/hashicorp/null\"]",
      "instances": [
        {
          "schema_version": 0,
          "attributes": {
            "id": "6176125907416272160",
            "triggers": {
              "adf_id": "/subscriptions/53205a1b-0f8d-459e-a424-65f1b39ec648/resourceGroups/mines-fabric-rg02/providers/Microsoft.DataFactory/factories/mines-fabric-adf01",
              "adf_name": "mines-fabric-adf01",
              "workspace_id": "8f380f88-5ce5-48d1-9fa5-fbbfbe2685a0"
            }
          },
          "sensitive_attributes": [],
          "dependencies": [
            "azurerm_role_assignment.adf_kv_secrets_user",
            "module.data_factory.azurerm_data_factory.adf",
            "module.data_factory.azurerm_data_factory_integration_runtime_azure.ir",
            "module.data_factory.azurerm_data_factory_integration_runtime_self_hosted.shir",
            "module.data_factory.azurerm_data_factory_linked_service_key_vault.adflskv",
            "module.data_factory.azurerm_key_vault_access_policy.adf_policy",
            "module.data_factory.azurerm_monitor_action_group.mag",
            "module.data_factory.azurerm_monitor_metric_alert.mmahcu",
            "module.data_factory.azurerm_monitor_metric_alert.mmamhcu",
            "module.data_factory.data.azurerm_client_config.current",
            "module.data_factory.data.azurerm_key_vault.existing",
            "module.data_factory.data.azurerm_resource_group.existing",
            "module.fabric_workspace_01.fabric_workspace.this",
            "module.key_vault_adf.azurerm_key_vault.kv",
            "module.key_vault_adf.azurerm_private_endpoint.kv",
            "module.key_vault_adf.azurerm_role_assignment.additional",
            "module.key_vault_adf.azurerm_role_assignment.app",
            "module.key_vault_adf.azurerm_role_assignment.self_user_access_admin_kv",
            "module.key_vault_adf.data.azurerm_client_config.current",
            "module.resource_group_adf.azurerm_resource_group.rg",
            "module.resource_group_adf.data.azurerm_client_config.current",
            "module.resource_group_adf.data.azurerm_resources.existing_resource_groups"
          ]
        }
      ]
    },
    {
      "module": "module.acr_01",
      "mode": "data",
      "type": "azurerm_client_config",
      "name": "current",
      "provider": "provider[\"registry.terraform.io/hashicorp/azurerm\"]",
      "instances": [
        {
          "schema_version": 0,
          "attributes": {
            "client_id": "6cdbb0a3-0fbf-4386-829f-fa2cb5f2f506",
            "id": "Y2xpZW50Q29uZmlncy9jbGllbnRJZD02Y2RiYjBhMy0wZmJmLTQzODYtODI5Zi1mYTJjYjVmMmY1MDY7b2JqZWN0SWQ9NWFlNzQwZGQtMTE4MS00MjE4LWJjYjgtZTA1YWJhYzQzZTU1O3N1YnNjcmlwdGlvbklkPTUzMjA1YTFiLTBmOGQtNDU5ZS1hNDI0LTY1ZjFiMzllYzY0ODt0ZW5hbnRJZD02ZmRiNTIwMC0zZDBkLTRhOGEtYjAzNi1kMzY4NWUzNTlhZGM=",
            "object_id": "5ae740dd-1181-4218-bcb8-e05abac43e55",
            "subscription_id": "53205a1b-0f8d-459e-a424-65f1b39ec648",
            "tenant_id": "6fdb5200-3d0d-4a8a-b036-d3685e359adc",
            "timeouts": null
          },
          "sensitive_attributes": []
        }
      ]
    },
    {
      "module": "module.acr_01",
      "mode": "managed",
      "type": "azurerm_container_registry",
      "name": "acr",
      "provider": "provider[\"registry.terraform.io/hashicorp/azurerm\"]",
      "instances": [
        {
          "schema_version": 2,
          "attributes": {
            "admin_enabled": true,
            "admin_password": "D1TFGY5IUoOaJiHWwPtWjkiBSkQZTTAavhZJMUaalZ1nl6TbBJL6JQQJ99CEACBsN54Eqg7NAAACAZCRQtuf",
            "admin_username": "minesfabricacr01",
            "anonymous_pull_enabled": false,
            "data_endpoint_enabled": false,
            "data_endpoint_host_names": [],
            "encryption": [],
            "export_policy_enabled": true,
            "georeplications": [],
            "id": "/subscriptions/53205a1b-0f8d-459e-a424-65f1b39ec648/resourceGroups/mines-fabric-rg02/providers/Microsoft.ContainerRegistry/registries/minesfabricacr01",
            "identity": [
              {
                "identity_ids": [],
                "principal_id": "4a702ada-6085-4add-8825-174e3346717a",
                "tenant_id": "6fdb5200-3d0d-4a8a-b036-d3685e359adc",
                "type": "SystemAssigned"
              }
            ],
            "location": "canadacentral",
            "login_server": "minesfabricacr01.azurecr.io",
            "name": "minesfabricacr01",
            "network_rule_bypass_option": "AzureServices",
            "network_rule_set": [
              {
                "default_action": "Allow",
                "ip_rule": []
              }
            ],
            "public_network_access_enabled": false,
            "quarantine_policy_enabled": false,
            "resource_group_name": "mines-fabric-rg02",
            "retention_policy_in_days": 0,
            "sku": "Premium",
            "tags": {
              "application_environment": "dev",
              "client_code": "",
              "deployment_automation": "Terraform",
              "deployment_automation_version": "v0.1",
              "expense_authority": "",
              "information_security_classification": "protected_e",
              "ministry_name_prefix": "citz",
              "program_area": "permitting",
              "project_number": "",
              "responsibility_centre": "",
              "service_line": ""
            },
            "timeouts": null,
            "trust_policy_enabled": false,
            "zone_redundancy_enabled": false
          },
          "sensitive_attributes": [
            [
              {
                "type": "get_attr",
                "value": "admin_password"
              }
            ]
          ],
          "private": "eyJlMmJmYjczMC1lY2FhLTExZTYtOGY4OC0zNDM2M2JjN2M0YzAiOnsiY3JlYXRlIjoxODAwMDAwMDAwMDAwLCJkZWxldGUiOjE4MDAwMDAwMDAwMDAsInJlYWQiOjMwMDAwMDAwMDAwMCwidXBkYXRlIjoxODAwMDAwMDAwMDAwfSwic2NoZW1hX3ZlcnNpb24iOiIyIn0=",
          "dependencies": [
            "module.resource_group_adf.azurerm_resource_group.rg",
            "module.resource_group_adf.data.azurerm_client_config.current",
            "module.resource_group_adf.data.azurerm_resources.existing_resource_groups"
          ]
        }
      ]
    },
    {
      "module": "module.acr_01",
      "mode": "managed",
      "type": "azurerm_role_assignment",
      "name": "app",
      "provider": "provider[\"registry.terraform.io/hashicorp/azurerm\"]",
      "instances": [
        {
          "index_key": "app",
          "schema_version": 0,
          "attributes": {
            "condition": "",
            "condition_version": "",
            "delegated_managed_identity_resource_id": "",
            "description": "",
            "id": "/subscriptions/53205a1b-0f8d-459e-a424-65f1b39ec648/resourceGroups/mines-fabric-rg02/providers/Microsoft.ContainerRegistry/registries/minesfabricacr01/providers/Microsoft.Authorization/roleAssignments/a0044f58-a6a9-8a9e-a963-ed7d870e7083",
            "name": "a0044f58-a6a9-8a9e-a963-ed7d870e7083",
            "principal_id": "5ae740dd-1181-4218-bcb8-e05abac43e55",
            "principal_type": "ServicePrincipal",
            "role_definition_id": "/subscriptions/53205a1b-0f8d-459e-a424-65f1b39ec648/providers/Microsoft.Authorization/roleDefinitions/8311e382-0749-4cb8-b61a-304f252e45ec",
            "role_definition_name": "AcrPush",
            "scope": "/subscriptions/53205a1b-0f8d-459e-a424-65f1b39ec648/resourceGroups/mines-fabric-rg02/providers/Microsoft.ContainerRegistry/registries/minesfabricacr01",
            "skip_service_principal_aad_check": null,
            "timeouts": null
          },
          "sensitive_attributes": [],
          "private": "eyJlMmJmYjczMC1lY2FhLTExZTYtOGY4OC0zNDM2M2JjN2M0YzAiOnsiY3JlYXRlIjoxODAwMDAwMDAwMDAwLCJkZWxldGUiOjE4MDAwMDAwMDAwMDAsInJlYWQiOjMwMDAwMDAwMDAwMH19",
          "dependencies": [
            "module.acr_01.azurerm_container_registry.acr",
            "module.acr_01.data.azurerm_client_config.current",
            "module.resource_group_adf.azurerm_resource_group.rg",
            "module.resource_group_adf.data.azurerm_client_config.current",
            "module.resource_group_adf.data.azurerm_resources.existing_resource_groups"
          ]
        }
      ]
    },
    {
      "module": "module.data_factory",
      "mode": "data",
      "type": "azurerm_client_config",
      "name": "current",
      "provider": "provider[\"registry.terraform.io/hashicorp/azurerm\"]",
      "instances": [
        {
          "schema_version": 0,
          "attributes": {
            "client_id": "6cdbb0a3-0fbf-4386-829f-fa2cb5f2f506",
            "id": "Y2xpZW50Q29uZmlncy9jbGllbnRJZD02Y2RiYjBhMy0wZmJmLTQzODYtODI5Zi1mYTJjYjVmMmY1MDY7b2JqZWN0SWQ9NWFlNzQwZGQtMTE4MS00MjE4LWJjYjgtZTA1YWJhYzQzZTU1O3N1YnNjcmlwdGlvbklkPTUzMjA1YTFiLTBmOGQtNDU5ZS1hNDI0LTY1ZjFiMzllYzY0ODt0ZW5hbnRJZD02ZmRiNTIwMC0zZDBkLTRhOGEtYjAzNi1kMzY4NWUzNTlhZGM=",
            "object_id": "5ae740dd-1181-4218-bcb8-e05abac43e55",
            "subscription_id": "53205a1b-0f8d-459e-a424-65f1b39ec648",
            "tenant_id": "6fdb5200-3d0d-4a8a-b036-d3685e359adc",
            "timeouts": null
          },
          "sensitive_attributes": []
        }
      ]
    },
    {
      "module": "module.data_factory",
      "mode": "data",
      "type": "azurerm_key_vault",
      "name": "existing",
      "provider": "provider[\"registry.terraform.io/hashicorp/azurerm\"]",
      "instances": [
        {
          "schema_version": 0,
          "attributes": {
            "access_policy": [
              {
                "application_id": "",
                "certificate_permissions": [
                  "Get",
                  "List",
                  "Update",
                  "Create",
                  "Import",
                  "Delete",
                  "Recover",
                  "Backup",
                  "Restore",
                  "ManageContacts",
                  "ManageIssuers",
                  "GetIssuers",
                  "ListIssuers",
                  "SetIssuers",
                  "DeleteIssuers"
                ],
                "key_permissions": [
                  "Get",
                  "List",
                  "Update",
                  "Create",
                  "Import",
                  "Delete",
                  "Recover",
                  "Backup",
                  "Restore",
                  "GetRotationPolicy",
                  "SetRotationPolicy",
                  "Rotate"
                ],
                "object_id": "b9be4326-429f-44d2-9d4c-f2ba4874fbf0",
                "secret_permissions": [
                  "Get",
                  "List",
                  "Set",
                  "Delete",
                  "Recover",
                  "Backup",
                  "Restore"
                ],
                "storage_permissions": [],
                "tenant_id": "6fdb5200-3d0d-4a8a-b036-d3685e359adc"
              }
            ],
            "enable_rbac_authorization": true,
            "enabled_for_deployment": false,
            "enabled_for_disk_encryption": false,
            "enabled_for_template_deployment": true,
            "id": "/subscriptions/53205a1b-0f8d-459e-a424-65f1b39ec648/resourceGroups/mines-fabric-rg02/providers/Microsoft.KeyVault/vaults/mines-fabric-kv01",
            "location": "canadacentral",
            "name": "mines-fabric-kv01",
            "network_acls": [],
            "public_network_access_enabled": false,
            "purge_protection_enabled": true,
            "rbac_authorization_enabled": true,
            "resource_group_name": "mines-fabric-rg02",
            "sku_name": "standard",
            "tags": {
              "application_environment": "dev",
              "client_code": "",
              "deployment_automation": "Terraform",
              "deployment_automation_version": "v0.1",
              "expense_authority": "",
              "information_security_classification": "protected_e",
              "ministry_name_prefix": "citz",
              "program_area": "permitting",
              "project_number": "",
              "responsibility_centre": "",
              "service_line": ""
            },
            "tenant_id": "6fdb5200-3d0d-4a8a-b036-d3685e359adc",
            "timeouts": null,
            "vault_uri": "https://mines-fabric-kv01.vault.azure.net/"
          },
          "sensitive_attributes": []
        }
      ]
    },
    {
      "module": "module.data_factory",
      "mode": "data",
      "type": "azurerm_resource_group",
      "name": "existing",
      "provider": "provider[\"registry.terraform.io/hashicorp/azurerm\"]",
      "instances": [
        {
          "schema_version": 0,
          "attributes": {
            "id": "/subscriptions/53205a1b-0f8d-459e-a424-65f1b39ec648/resourceGroups/mines-fabric-rg02",
            "location": "canadacentral",
            "managed_by": "",
            "name": "mines-fabric-rg02",
            "tags": {
              "application_environment": "dev",
              "client_code": "",
              "deployment_automation": "Terraform",
              "deployment_automation_version": "v0.1",
              "expense_authority": "",
              "information_security_classification": "protected_e",
              "ministry_name_prefix": "citz",
              "program_area": "permitting",
              "project_number": "",
              "responsibility_centre": "",
              "service_line": ""
            },
            "timeouts": null
          },
          "sensitive_attributes": []
        }
      ]
    },
    {
      "module": "module.data_factory",
      "mode": "managed",
      "type": "azurerm_data_factory",
      "name": "adf",
      "provider": "provider[\"registry.terraform.io/hashicorp/azurerm\"]",
      "instances": [
        {
          "schema_version": 2,
          "attributes": {
            "customer_managed_key_id": "",
            "customer_managed_key_identity_id": "",
            "github_configuration": [],
            "global_parameter": [
              {
                "name": "environment",
                "type": "String",
                "value": "dev"
              },
              {
                "name": "fabric_workspace_id",
                "type": "String",
                "value": "8f380f88-5ce5-48d1-9fa5-fbbfbe2685a0"
              }
            ],
            "id": "/subscriptions/53205a1b-0f8d-459e-a424-65f1b39ec648/resourceGroups/mines-fabric-rg02/providers/Microsoft.DataFactory/factories/mines-fabric-adf01",
            "identity": [
              {
                "identity_ids": [],
                "principal_id": "b9be4326-429f-44d2-9d4c-f2ba4874fbf0",
                "tenant_id": "6fdb5200-3d0d-4a8a-b036-d3685e359adc",
                "type": "SystemAssigned"
              }
            ],
            "location": "canadacentral",
            "managed_virtual_network_enabled": true,
            "name": "mines-fabric-adf01",
            "public_network_enabled": false,
            "purview_id": "",
            "resource_group_name": "mines-fabric-rg02",
            "tags": {
              "application_environment": "Dev",
              "business_application-name": "data-platform",
              "business_cost-center": "",
              "business_department": "mines",
              "business_project-name": "fabric",
              "deployment_automation": "",
              "deployment_automation_version": "v1.0",
              "security_compliance": ""
            },
            "timeouts": null,
            "vsts_configuration": []
          },
          "sensitive_attributes": [],
          "private": "eyJlMmJmYjczMC1lY2FhLTExZTYtOGY4OC0zNDM2M2JjN2M0YzAiOnsiY3JlYXRlIjoxODAwMDAwMDAwMDAwLCJkZWxldGUiOjE4MDAwMDAwMDAwMDAsInJlYWQiOjMwMDAwMDAwMDAwMCwidXBkYXRlIjoxODAwMDAwMDAwMDAwfSwic2NoZW1hX3ZlcnNpb24iOiIyIn0=",
          "dependencies": [
            "module.data_factory.data.azurerm_resource_group.existing",
            "module.fabric_workspace_01.fabric_workspace.this",
            "module.key_vault_adf.azurerm_key_vault.kv",
            "module.key_vault_adf.azurerm_private_endpoint.kv",
            "module.key_vault_adf.azurerm_role_assignment.additional",
            "module.key_vault_adf.azurerm_role_assignment.app",
            "module.key_vault_adf.azurerm_role_assignment.self_user_access_admin_kv",
            "module.key_vault_adf.data.azurerm_client_config.current",
            "module.resource_group_adf.azurerm_resource_group.rg",
            "module.resource_group_adf.data.azurerm_client_config.current",
            "module.resource_group_adf.data.azurerm_resources.existing_resource_groups"
          ]
        }
      ]
    },
    {
      "module": "module.data_factory",
      "mode": "managed",
      "type": "azurerm_data_factory_integration_runtime_azure",
      "name": "ir",
      "provider": "provider[\"registry.terraform.io/hashicorp/azurerm\"]",
      "instances": [
        {
          "schema_version": 1,
          "attributes": {
            "cleanup_enabled": true,
            "compute_type": "General",
            "core_count": 8,
            "data_factory_id": "/subscriptions/53205a1b-0f8d-459e-a424-65f1b39ec648/resourceGroups/mines-fabric-rg02/providers/Microsoft.DataFactory/factories/mines-fabric-adf01",
            "description": "",
            "id": "/subscriptions/53205a1b-0f8d-459e-a424-65f1b39ec648/resourceGroups/mines-fabric-rg02/providers/Microsoft.DataFactory/factories/mines-fabric-adf01/integrationRuntimes/mines-fabric-ir01",
            "location": "autoresolve",
            "name": "mines-fabric-ir01",
            "time_to_live_min": 10,
            "timeouts": null,
            "virtual_network_enabled": true
          },
          "sensitive_attributes": [],
          "private": "eyJlMmJmYjczMC1lY2FhLTExZTYtOGY4OC0zNDM2M2JjN2M0YzAiOnsiY3JlYXRlIjoxODAwMDAwMDAwMDAwLCJkZWxldGUiOjE4MDAwMDAwMDAwMDAsInJlYWQiOjMwMDAwMDAwMDAwMCwidXBkYXRlIjoxODAwMDAwMDAwMDAwfSwic2NoZW1hX3ZlcnNpb24iOiIxIn0=",
          "dependencies": [
            "module.data_factory.azurerm_data_factory.adf",
            "module.data_factory.data.azurerm_resource_group.existing",
            "module.fabric_workspace_01.fabric_workspace.this",
            "module.key_vault_adf.azurerm_key_vault.kv",
            "module.key_vault_adf.azurerm_private_endpoint.kv",
            "module.key_vault_adf.azurerm_role_assignment.additional",
            "module.key_vault_adf.azurerm_role_assignment.app",
            "module.key_vault_adf.azurerm_role_assignment.self_user_access_admin_kv",
            "module.key_vault_adf.data.azurerm_client_config.current",
            "module.resource_group_adf.azurerm_resource_group.rg",
            "module.resource_group_adf.data.azurerm_client_config.current",
            "module.resource_group_adf.data.azurerm_resources.existing_resource_groups"
          ]
        }
      ]
    },
    {
      "module": "module.data_factory",
      "mode": "managed",
      "type": "azurerm_data_factory_integration_runtime_self_hosted",
      "name": "shir",
      "provider": "provider[\"registry.terraform.io/hashicorp/azurerm\"]",
      "instances": [
        {
          "index_key": 0,
          "schema_version": 1,
          "attributes": {
            "data_factory_id": "/subscriptions/53205a1b-0f8d-459e-a424-65f1b39ec648/resourceGroups/mines-fabric-rg02/providers/Microsoft.DataFactory/factories/mines-fabric-adf01",
            "description": "",
            "id": "/subscriptions/53205a1b-0f8d-459e-a424-65f1b39ec648/resourceGroups/mines-fabric-rg02/providers/Microsoft.DataFactory/factories/mines-fabric-adf01/integrationRuntimes/mines-fabric-shir01",
            "name": "mines-fabric-shir01",
            "primary_authorization_key": "IR@068c678d-7526-42d2-b8ca-382e6feba75f@mines-fabric-adf01@ServiceEndpoint=mines-fabric-adf01.canadacentral.datafactory.azure.net@iK0tgs06gCVr5o5kXMwkxi5c9M9QXdj+c+2o9wBYQ8Y=",
            "rbac_authorization": [],
            "secondary_authorization_key": "IR@068c678d-7526-42d2-b8ca-382e6feba75f@mines-fabric-adf01@ServiceEndpoint=mines-fabric-adf01.canadacentral.datafactory.azure.net@NLCaZXaB6C/QKn/6Erpq4B3DGkXIIPmzne4cBZ3w7S8=",
            "self_contained_interactive_authoring_enabled": false,
            "timeouts": null
          },
          "sensitive_attributes": [],
          "private": "eyJlMmJmYjczMC1lY2FhLTExZTYtOGY4OC0zNDM2M2JjN2M0YzAiOnsiY3JlYXRlIjoxODAwMDAwMDAwMDAwLCJkZWxldGUiOjE4MDAwMDAwMDAwMDAsInJlYWQiOjMwMDAwMDAwMDAwMCwidXBkYXRlIjoxODAwMDAwMDAwMDAwfSwic2NoZW1hX3ZlcnNpb24iOiIxIn0=",
          "dependencies": [
            "module.data_factory.azurerm_data_factory.adf",
            "module.data_factory.data.azurerm_resource_group.existing",
            "module.fabric_workspace_01.fabric_workspace.this",
            "module.key_vault_adf.azurerm_key_vault.kv",
            "module.key_vault_adf.azurerm_private_endpoint.kv",
            "module.key_vault_adf.azurerm_role_assignment.additional",
            "module.key_vault_adf.azurerm_role_assignment.app",
            "module.key_vault_adf.azurerm_role_assignment.self_user_access_admin_kv",
            "module.key_vault_adf.data.azurerm_client_config.current",
            "module.resource_group_adf.azurerm_resource_group.rg",
            "module.resource_group_adf.data.azurerm_client_config.current",
            "module.resource_group_adf.data.azurerm_resources.existing_resource_groups"
          ]
        }
      ]
    },
    {
      "module": "module.data_factory",
      "mode": "managed",
      "type": "azurerm_data_factory_linked_service_key_vault",
      "name": "adflskv",
      "provider": "provider[\"registry.terraform.io/hashicorp/azurerm\"]",
      "instances": [
        {
          "schema_version": 0,
          "attributes": {
            "additional_properties": {},
            "annotations": [],
            "data_factory_id": "/subscriptions/53205a1b-0f8d-459e-a424-65f1b39ec648/resourceGroups/mines-fabric-rg02/providers/Microsoft.DataFactory/factories/mines-fabric-adf01",
            "description": "",
            "id": "/subscriptions/53205a1b-0f8d-459e-a424-65f1b39ec648/resourceGroups/mines-fabric-rg02/providers/Microsoft.DataFactory/factories/mines-fabric-adf01/linkedservices/fabric-kv01",
            "integration_runtime_name": null,
            "key_vault_id": "/subscriptions/53205a1b-0f8d-459e-a424-65f1b39ec648/resourceGroups/mines-fabric-rg02/providers/Microsoft.KeyVault/vaults/mines-fabric-kv01",
            "name": "fabric-kv01",
            "parameters": {},
            "timeouts": null
          },
          "sensitive_attributes": [],
          "private": "eyJlMmJmYjczMC1lY2FhLTExZTYtOGY4OC0zNDM2M2JjN2M0YzAiOnsiY3JlYXRlIjoxODAwMDAwMDAwMDAwLCJkZWxldGUiOjE4MDAwMDAwMDAwMDAsInJlYWQiOjMwMDAwMDAwMDAwMCwidXBkYXRlIjoxODAwMDAwMDAwMDAwfX0=",
          "dependencies": [
            "module.data_factory.azurerm_data_factory.adf",
            "module.data_factory.data.azurerm_key_vault.existing",
            "module.data_factory.data.azurerm_resource_group.existing",
            "module.fabric_workspace_01.fabric_workspace.this",
            "module.key_vault_adf.azurerm_key_vault.kv",
            "module.key_vault_adf.azurerm_private_endpoint.kv",
            "module.key_vault_adf.azurerm_role_assignment.additional",
            "module.key_vault_adf.azurerm_role_assignment.app",
            "module.key_vault_adf.azurerm_role_assignment.self_user_access_admin_kv",
            "module.key_vault_adf.data.azurerm_client_config.current",
            "module.resource_group_adf.azurerm_resource_group.rg",
            "module.resource_group_adf.data.azurerm_client_config.current",
            "module.resource_group_adf.data.azurerm_resources.existing_resource_groups"
          ]
        }
      ]
    },
    {
      "module": "module.data_factory",
      "mode": "managed",
      "type": "azurerm_key_vault_access_policy",
      "name": "adf_policy",
      "provider": "provider[\"registry.terraform.io/hashicorp/azurerm\"]",
      "instances": [
        {
          "schema_version": 0,
          "attributes": {
            "application_id": "",
            "certificate_permissions": [
              "Get",
              "List",
              "Update",
              "Create",
              "Import",
              "Delete",
              "Recover",
              "Backup",
              "Restore",
              "ManageContacts",
              "ManageIssuers",
              "GetIssuers",
              "ListIssuers",
              "SetIssuers",
              "DeleteIssuers"
            ],
            "id": "/subscriptions/53205a1b-0f8d-459e-a424-65f1b39ec648/resourceGroups/mines-fabric-rg02/providers/Microsoft.KeyVault/vaults/mines-fabric-kv01/objectId/b9be4326-429f-44d2-9d4c-f2ba4874fbf0",
            "key_permissions": [
              "Get",
              "List",
              "Update",
              "Create",
              "Import",
              "Delete",
              "Recover",
              "Backup",
              "Restore",
              "GetRotationPolicy",
              "SetRotationPolicy",
              "Rotate"
            ],
            "key_vault_id": "/subscriptions/53205a1b-0f8d-459e-a424-65f1b39ec648/resourceGroups/mines-fabric-rg02/providers/Microsoft.KeyVault/vaults/mines-fabric-kv01",
            "object_id": "b9be4326-429f-44d2-9d4c-f2ba4874fbf0",
            "secret_permissions": [
              "Get",
              "List",
              "Set",
              "Delete",
              "Recover",
              "Backup",
              "Restore"
            ],
            "storage_permissions": [],
            "tenant_id": "6fdb5200-3d0d-4a8a-b036-d3685e359adc",
            "timeouts": null
          },
          "sensitive_attributes": [],
          "private": "eyJlMmJmYjczMC1lY2FhLTExZTYtOGY4OC0zNDM2M2JjN2M0YzAiOnsiY3JlYXRlIjoxODAwMDAwMDAwMDAwLCJkZWxldGUiOjE4MDAwMDAwMDAwMDAsInJlYWQiOjMwMDAwMDAwMDAwMCwidXBkYXRlIjoxODAwMDAwMDAwMDAwfX0=",
          "dependencies": [
            "module.data_factory.azurerm_data_factory.adf",
            "module.data_factory.data.azurerm_client_config.current",
            "module.data_factory.data.azurerm_key_vault.existing",
            "module.data_factory.data.azurerm_resource_group.existing",
            "module.fabric_workspace_01.fabric_workspace.this",
            "module.key_vault_adf.azurerm_key_vault.kv",
            "module.key_vault_adf.azurerm_private_endpoint.kv",
            "module.key_vault_adf.azurerm_role_assignment.additional",
            "module.key_vault_adf.azurerm_role_assignment.app",
            "module.key_vault_adf.azurerm_role_assignment.self_user_access_admin_kv",
            "module.key_vault_adf.data.azurerm_client_config.current",
            "module.resource_group_adf.azurerm_resource_group.rg",
            "module.resource_group_adf.data.azurerm_client_config.current",
            "module.resource_group_adf.data.azurerm_resources.existing_resource_groups"
          ]
        }
      ]
    },
    {
      "module": "module.data_factory",
      "mode": "managed",
      "type": "azurerm_monitor_action_group",
      "name": "mag",
      "provider": "provider[\"registry.terraform.io/hashicorp/azurerm\"]",
      "instances": [
        {
          "schema_version": 1,
          "attributes": {
            "arm_role_receiver": [],
            "automation_runbook_receiver": [],
            "azure_app_push_receiver": [],
            "azure_function_receiver": [],
            "email_receiver": [
              {
                "email_address": "test@gov.bc.ca",
                "name": "sendtoemail",
                "use_common_alert_schema": true
              }
            ],
            "enabled": true,
            "event_hub_receiver": [],
            "id": "/subscriptions/53205a1b-0f8d-459e-a424-65f1b39ec648/resourceGroups/mines-fabric-rg02/providers/Microsoft.Insights/actionGroups/mines-fabric-adf-alerts",
            "itsm_receiver": [],
            "location": "global",
            "logic_app_receiver": [],
            "name": "mines-fabric-adf-alerts",
            "resource_group_name": "mines-fabric-rg02",
            "short_name": "failalert",
            "sms_receiver": [],
            "tags": {
              "application_environment": "Dev",
              "business_application-name": "data-platform",
              "business_cost-center": "",
              "business_department": "mines",
              "business_project-name": "fabric",
              "deployment_automation": "",
              "deployment_automation_version": "v1.0",
              "security_compliance": ""
            },
            "timeouts": null,
            "voice_receiver": [],
            "webhook_receiver": []
          },
          "sensitive_attributes": [],
          "private": "eyJlMmJmYjczMC1lY2FhLTExZTYtOGY4OC0zNDM2M2JjN2M0YzAiOnsiY3JlYXRlIjoxODAwMDAwMDAwMDAwLCJkZWxldGUiOjE4MDAwMDAwMDAwMDAsInJlYWQiOjMwMDAwMDAwMDAwMCwidXBkYXRlIjoxODAwMDAwMDAwMDAwfSwic2NoZW1hX3ZlcnNpb24iOiIxIn0=",
          "dependencies": [
            "module.data_factory.data.azurerm_resource_group.existing",
            "module.key_vault_adf.azurerm_key_vault.kv",
            "module.key_vault_adf.azurerm_private_endpoint.kv",
            "module.key_vault_adf.azurerm_role_assignment.additional",
            "module.key_vault_adf.azurerm_role_assignment.app",
            "module.key_vault_adf.azurerm_role_assignment.self_user_access_admin_kv",
            "module.key_vault_adf.data.azurerm_client_config.current",
            "module.resource_group_adf.azurerm_resource_group.rg",
            "module.resource_group_adf.data.azurerm_client_config.current",
            "module.resource_group_adf.data.azurerm_resources.existing_resource_groups"
          ]
        }
      ]
    },
    {
      "module": "module.data_factory",
      "mode": "managed",
      "type": "azurerm_monitor_metric_alert",
      "name": "mmahcu",
      "provider": "provider[\"registry.terraform.io/hashicorp/azurerm\"]",
      "instances": [
        {
          "schema_version": 1,
          "attributes": {
            "action": [
              {
                "action_group_id": "/subscriptions/53205a1b-0f8d-459e-a424-65f1b39ec648/resourceGroups/mines-fabric-rg02/providers/Microsoft.Insights/actionGroups/mines-fabric-adf-alerts",
                "webhook_properties": {}
              }
            ],
            "application_insights_web_test_location_availability_criteria": [],
            "auto_mitigate": true,
            "criteria": [
              {
                "aggregation": "Average",
                "dimension": [
                  {
                    "name": "IntegrationRuntimeName",
                    "operator": "Include",
                    "values": [
                      "mines-fabric-ir01"
                    ]
                  }
                ],
                "metric_name": "IntegrationRuntimeCpuPercentage",
                "metric_namespace": "Microsoft.DataFactory/factories",
                "operator": "GreaterThan",
                "skip_metric_validation": false,
                "threshold": 95
              }
            ],
            "description": "Trigger an alert when CPU utilization is over 95% every 1 hour",
            "dynamic_criteria": [],
            "enabled": true,
            "frequency": "PT1H",
            "id": "/subscriptions/53205a1b-0f8d-459e-a424-65f1b39ec648/resourceGroups/mines-fabric-rg02/providers/Microsoft.Insights/metricAlerts/high-cpu-utilization-alert",
            "name": "high-cpu-utilization-alert",
            "resource_group_name": "mines-fabric-rg02",
            "scopes": [
              "/subscriptions/53205a1b-0f8d-459e-a424-65f1b39ec648/resourceGroups/mines-fabric-rg02/providers/Microsoft.DataFactory/factories/mines-fabric-adf01"
            ],
            "severity": 2,
            "tags": {
              "application_environment": "Dev",
              "business_application-name": "data-platform",
              "business_cost-center": "",
              "business_department": "mines",
              "business_project-name": "fabric",
              "deployment_automation": "",
              "deployment_automation_version": "v1.0",
              "security_compliance": ""
            },
            "target_resource_location": "",
            "target_resource_type": "",
            "timeouts": null,
            "window_size": "PT1H"
          },
          "sensitive_attributes": [],
          "private": "eyJlMmJmYjczMC1lY2FhLTExZTYtOGY4OC0zNDM2M2JjN2M0YzAiOnsiY3JlYXRlIjoxODAwMDAwMDAwMDAwLCJkZWxldGUiOjE4MDAwMDAwMDAwMDAsInJlYWQiOjMwMDAwMDAwMDAwMCwidXBkYXRlIjoxODAwMDAwMDAwMDAwfSwic2NoZW1hX3ZlcnNpb24iOiIxIn0=",
          "dependencies": [
            "module.data_factory.azurerm_data_factory.adf",
            "module.data_factory.azurerm_data_factory_integration_runtime_azure.ir",
            "module.data_factory.azurerm_monitor_action_group.mag",
            "module.data_factory.data.azurerm_resource_group.existing",
            "module.fabric_workspace_01.fabric_workspace.this",
            "module.key_vault_adf.azurerm_key_vault.kv",
            "module.key_vault_adf.azurerm_private_endpoint.kv",
            "module.key_vault_adf.azurerm_role_assignment.additional",
            "module.key_vault_adf.azurerm_role_assignment.app",
            "module.key_vault_adf.azurerm_role_assignment.self_user_access_admin_kv",
            "module.key_vault_adf.data.azurerm_client_config.current",
            "module.resource_group_adf.azurerm_resource_group.rg",
            "module.resource_group_adf.data.azurerm_client_config.current",
            "module.resource_group_adf.data.azurerm_resources.existing_resource_groups"
          ]
        }
      ]
    },
    {
      "module": "module.data_factory",
      "mode": "managed",
      "type": "azurerm_monitor_metric_alert",
      "name": "mmamhcu",
      "provider": "provider[\"registry.terraform.io/hashicorp/azurerm\"]",
      "instances": [
        {
          "schema_version": 1,
          "attributes": {
            "action": [
              {
                "action_group_id": "/subscriptions/53205a1b-0f8d-459e-a424-65f1b39ec648/resourceGroups/mines-fabric-rg02/providers/Microsoft.Insights/actionGroups/mines-fabric-adf-alerts",
                "webhook_properties": {}
              }
            ],
            "application_insights_web_test_location_availability_criteria": [],
            "auto_mitigate": true,
            "criteria": [
              {
                "aggregation": "Average",
                "dimension": [
                  {
                    "name": "IntegrationRuntimeName",
                    "operator": "Include",
                    "values": [
                      "mines-fabric-ir01"
                    ]
                  }
                ],
                "metric_name": "MVNetIRCopyCapacityUtilization",
                "metric_namespace": "Microsoft.DataFactory/factories",
                "operator": "GreaterThan",
                "skip_metric_validation": false,
                "threshold": 95
              }
            ],
            "description": "Trigger an alert when CPU utilization is over 95% every 1 hour",
            "dynamic_criteria": [],
            "enabled": true,
            "frequency": "PT1H",
            "id": "/subscriptions/53205a1b-0f8d-459e-a424-65f1b39ec648/resourceGroups/mines-fabric-rg02/providers/Microsoft.Insights/metricAlerts/mv-high-cpu-utilization-alert",
            "name": "mv-high-cpu-utilization-alert",
            "resource_group_name": "mines-fabric-rg02",
            "scopes": [
              "/subscriptions/53205a1b-0f8d-459e-a424-65f1b39ec648/resourceGroups/mines-fabric-rg02/providers/Microsoft.DataFactory/factories/mines-fabric-adf01"
            ],
            "severity": 2,
            "tags": {
              "application_environment": "Dev",
              "business_application-name": "data-platform",
              "business_cost-center": "",
              "business_department": "mines",
              "business_project-name": "fabric",
              "deployment_automation": "",
              "deployment_automation_version": "v1.0",
              "security_compliance": ""
            },
            "target_resource_location": "",
            "target_resource_type": "",
            "timeouts": null,
            "window_size": "PT1H"
          },
          "sensitive_attributes": [],
          "private": "eyJlMmJmYjczMC1lY2FhLTExZTYtOGY4OC0zNDM2M2JjN2M0YzAiOnsiY3JlYXRlIjoxODAwMDAwMDAwMDAwLCJkZWxldGUiOjE4MDAwMDAwMDAwMDAsInJlYWQiOjMwMDAwMDAwMDAwMCwidXBkYXRlIjoxODAwMDAwMDAwMDAwfSwic2NoZW1hX3ZlcnNpb24iOiIxIn0=",
          "dependencies": [
            "module.data_factory.azurerm_data_factory.adf",
            "module.data_factory.azurerm_data_factory_integration_runtime_azure.ir",
            "module.data_factory.azurerm_monitor_action_group.mag",
            "module.data_factory.data.azurerm_resource_group.existing",
            "module.fabric_workspace_01.fabric_workspace.this",
            "module.key_vault_adf.azurerm_key_vault.kv",
            "module.key_vault_adf.azurerm_private_endpoint.kv",
            "module.key_vault_adf.azurerm_role_assignment.additional",
            "module.key_vault_adf.azurerm_role_assignment.app",
            "module.key_vault_adf.azurerm_role_assignment.self_user_access_admin_kv",
            "module.key_vault_adf.data.azurerm_client_config.current",
            "module.resource_group_adf.azurerm_resource_group.rg",
            "module.resource_group_adf.data.azurerm_client_config.current",
            "module.resource_group_adf.data.azurerm_resources.existing_resource_groups"
          ]
        }
      ]
    },
    {
      "module": "module.fabric_data_gateway_01",
      "mode": "managed",
      "type": "fabric_gateway",
      "name": "this",
      "provider": "provider[\"registry.terraform.io/microsoft/fabric\"].auth",
      "instances": [
        {
          "schema_version": 0,
          "attributes": {
            "allow_cloud_connection_refresh": null,
            "allow_custom_connectors": null,
            "capacity_id": "198C68F4-8402-45B9-8010-BDE58A729DDF",
            "display_name": "mcm-mdp-fabricgw1",
            "id": "f15b9af0-2bda-4add-85a1-066d89935a82",
            "inactivity_minutes_before_sleep": 30,
            "load_balancing_setting": null,
            "number_of_member_gateways": 1,
            "public_key": null,
            "timeouts": {
              "create": "30m",
              "delete": "30m",
              "read": "5m",
              "update": "30m"
            },
            "type": "VirtualNetwork",
            "version": null,
            "virtual_network_azure_resource": {
              "resource_group_name": "ef74b0-dev-networking",
              "subnet_name": "mines-fabric-gw-snet",
              "subscription_id": "53205a1b-0f8d-459e-a424-65f1b39ec648",
              "virtual_network_name": "ef74b0-dev-vwan-spoke"
            }
          },
          "sensitive_attributes": [],
          "dependencies": [
            "module.fabric_gw_subnet.azapi_resource.subnet",
            "module.fabric_gw_subnet.azurerm_network_security_group.this",
            "module.fabric_gw_subnet.azurerm_network_security_rule.custom",
            "module.fabric_gw_subnet.data.azurerm_subnet.existing",
            "module.fabric_gw_subnet.data.azurerm_virtual_network.vnet",
            "module.fabric_gw_subnet.data.external.cidr"
          ]
        }
      ]
    },
    {
      "module": "module.fabric_data_gateway_01",
      "mode": "managed",
      "type": "fabric_gateway_role_assignment",
      "name": "this",
      "provider": "provider[\"registry.terraform.io/microsoft/fabric\"].auth",
      "instances": [
        {
          "index_key": "b0bf68e8-4e08-433c-8903-19b2fec4cc20",
          "schema_version": 0,
          "attributes": {
            "gateway_id": "f15b9af0-2bda-4add-85a1-066d89935a82",
            "id": "b0bf68e8-4e08-433c-8903-19b2fec4cc20",
            "principal": {
              "id": "b0bf68e8-4e08-433c-8903-19b2fec4cc20",
              "type": "User"
            },
            "role": "Admin",
            "timeouts": null
          },
          "sensitive_attributes": [],
          "dependencies": [
            "module.fabric_data_gateway_01.fabric_gateway.this",
            "module.fabric_gw_subnet.azapi_resource.subnet",
            "module.fabric_gw_subnet.azurerm_network_security_group.this",
            "module.fabric_gw_subnet.azurerm_network_security_rule.custom",
            "module.fabric_gw_subnet.data.azurerm_subnet.existing",
            "module.fabric_gw_subnet.data.azurerm_virtual_network.vnet",
            "module.fabric_gw_subnet.data.external.cidr"
          ]
        }
      ]
    },
    {
      "module": "module.fabric_gw_subnet",
      "mode": "data",
      "type": "azurerm_subnet",
      "name": "existing",
      "provider": "provider[\"registry.terraform.io/hashicorp/azurerm\"]",
      "instances": [
        {
          "index_key": "AzureBastionSubnet",
          "schema_version": 0,
          "attributes": {
            "address_prefix": "",
            "address_prefixes": [
              "10.46.21.64/26"
            ],
            "default_outbound_access_enabled": true,
            "id": "/subscriptions/53205a1b-0f8d-459e-a424-65f1b39ec648/resourceGroups/ef74b0-dev-networking/providers/Microsoft.Network/virtualNetworks/ef74b0-dev-vwan-spoke/subnets/AzureBastionSubnet",
            "name": "AzureBastionSubnet",
            "network_security_group_id": "/subscriptions/53205a1b-0f8d-459e-a424-65f1b39ec648/resourceGroups/ef74b0-dev-networking/providers/Microsoft.Network/networkSecurityGroups/nsg-AzureBastionSubnet",
            "private_endpoint_network_policies": "Disabled",
            "private_link_service_network_policies_enabled": true,
            "resource_group_name": "ef74b0-dev-networking",
            "route_table_id": "",
            "service_endpoints": [
              "Microsoft.Storage"
            ],
            "timeouts": null,
            "virtual_network_name": "ef74b0-dev-vwan-spoke"
          },
          "sensitive_attributes": []
        },
        {
          "index_key": "cloudshellsubnet",
          "schema_version": 0,
          "attributes": {
            "address_prefix": "10.46.21.128/28",
            "address_prefixes": [
              "10.46.21.128/28"
            ],
            "default_outbound_access_enabled": true,
            "id": "/subscriptions/53205a1b-0f8d-459e-a424-65f1b39ec648/resourceGroups/ef74b0-dev-networking/providers/Microsoft.Network/virtualNetworks/ef74b0-dev-vwan-spoke/subnets/cloudshellsubnet",
            "name": "cloudshellsubnet",
            "network_security_group_id": "/subscriptions/53205a1b-0f8d-459e-a424-65f1b39ec648/resourceGroups/ef74b0-dev-networking/providers/Microsoft.Network/networkSecurityGroups/private-cloudshell",
            "private_endpoint_network_policies": "Disabled",
            "private_link_service_network_policies_enabled": true,
            "resource_group_name": "ef74b0-dev-networking",
            "route_table_id": "",
            "service_endpoints": [
              "Microsoft.Storage"
            ],
            "timeouts": null,
            "virtual_network_name": "ef74b0-dev-vwan-spoke"
          },
          "sensitive_attributes": []
        },
        {
          "index_key": "default",
          "schema_version": 0,
          "attributes": {
            "address_prefix": "",
            "address_prefixes": [
              "10.46.21.0/27"
            ],
            "default_outbound_access_enabled": true,
            "id": "/subscriptions/53205a1b-0f8d-459e-a424-65f1b39ec648/resourceGroups/ef74b0-dev-networking/providers/Microsoft.Network/virtualNetworks/ef74b0-dev-vwan-spoke/subnets/default",
            "name": "default",
            "network_security_group_id": "/subscriptions/53205a1b-0f8d-459e-a424-65f1b39ec648/resourceGroups/ef74b0-dev-networking/providers/Microsoft.Network/networkSecurityGroups/nsg-default",
            "private_endpoint_network_policies": "Disabled",
            "private_link_service_network_policies_enabled": true,
            "resource_group_name": "ef74b0-dev-networking",
            "route_table_id": "",
            "service_endpoints": [
              "Microsoft.Sql",
              "Microsoft.Storage"
            ],
            "timeouts": null,
            "virtual_network_name": "ef74b0-dev-vwan-spoke"
          },
          "sensitive_attributes": []
        },
        {
          "index_key": "mines-fabric-aci-snet",
          "schema_version": 0,
          "attributes": {
            "address_prefix": "",
            "address_prefixes": [
              "10.46.21.192/27"
            ],
            "default_outbound_access_enabled": true,
            "id": "/subscriptions/53205a1b-0f8d-459e-a424-65f1b39ec648/resourceGroups/ef74b0-dev-networking/providers/Microsoft.Network/virtualNetworks/ef74b0-dev-vwan-spoke/subnets/mines-fabric-aci-snet",
            "name": "mines-fabric-aci-snet",
            "network_security_group_id": "/subscriptions/53205a1b-0f8d-459e-a424-65f1b39ec648/resourceGroups/ef74b0-dev-networking/providers/Microsoft.Network/networkSecurityGroups/mines-fabric-aci-snet-nsg",
            "private_endpoint_network_policies": "Disabled",
            "private_link_service_network_policies_enabled": true,
            "resource_group_name": "ef74b0-dev-networking",
            "route_table_id": "",
            "service_endpoints": [],
            "timeouts": null,
            "virtual_network_name": "ef74b0-dev-vwan-spoke"
          },
          "sensitive_attributes": []
        },
        {
          "index_key": "mines-fabric-gw-snet",
          "schema_version": 0,
          "attributes": {
            "address_prefix": "",
            "address_prefixes": [
              "10.46.21.176/28"
            ],
            "default_outbound_access_enabled": true,
            "id": "/subscriptions/53205a1b-0f8d-459e-a424-65f1b39ec648/resourceGroups/ef74b0-dev-networking/providers/Microsoft.Network/virtualNetworks/ef74b0-dev-vwan-spoke/subnets/mines-fabric-gw-snet",
            "name": "mines-fabric-gw-snet",
            "network_security_group_id": "/subscriptions/53205a1b-0f8d-459e-a424-65f1b39ec648/resourceGroups/ef74b0-dev-networking/providers/Microsoft.Network/networkSecurityGroups/mines-fabric-gw-snet-nsg",
            "private_endpoint_network_policies": "Disabled",
            "private_link_service_network_policies_enabled": true,
            "resource_group_name": "ef74b0-dev-networking",
            "route_table_id": "",
            "service_endpoints": [],
            "timeouts": null,
            "virtual_network_name": "ef74b0-dev-vwan-spoke"
          },
          "sensitive_attributes": []
        },
        {
          "index_key": "mines-fabric-pe-snet",
          "schema_version": 0,
          "attributes": {
            "address_prefix": "",
            "address_prefixes": [
              "10.46.21.48/28"
            ],
            "default_outbound_access_enabled": true,
            "id": "/subscriptions/53205a1b-0f8d-459e-a424-65f1b39ec648/resourceGroups/ef74b0-dev-networking/providers/Microsoft.Network/virtualNetworks/ef74b0-dev-vwan-spoke/subnets/mines-fabric-pe-snet",
            "name": "mines-fabric-pe-snet",
            "network_security_group_id": "/subscriptions/53205a1b-0f8d-459e-a424-65f1b39ec648/resourceGroups/ef74b0-dev-networking/providers/Microsoft.Network/networkSecurityGroups/mines-fabric-pe-snet-nsg",
            "private_endpoint_network_policies": "Disabled",
            "private_link_service_network_policies_enabled": true,
            "resource_group_name": "ef74b0-dev-networking",
            "route_table_id": "",
            "service_endpoints": [],
            "timeouts": null,
            "virtual_network_name": "ef74b0-dev-vwan-spoke"
          },
          "sensitive_attributes": []
        },
        {
          "index_key": "relaysubnet",
          "schema_version": 0,
          "attributes": {
            "address_prefix": "10.46.21.144/28",
            "address_prefixes": [
              "10.46.21.144/28"
            ],
            "default_outbound_access_enabled": true,
            "id": "/subscriptions/53205a1b-0f8d-459e-a424-65f1b39ec648/resourceGroups/ef74b0-dev-networking/providers/Microsoft.Network/virtualNetworks/ef74b0-dev-vwan-spoke/subnets/relaysubnet",
            "name": "relaysubnet",
            "network_security_group_id": "/subscriptions/53205a1b-0f8d-459e-a424-65f1b39ec648/resourceGroups/ef74b0-dev-networking/providers/Microsoft.Network/networkSecurityGroups/private-cloudshell-relay",
            "private_endpoint_network_policies": "Disabled",
            "private_link_service_network_policies_enabled": true,
            "resource_group_name": "ef74b0-dev-networking",
            "route_table_id": "",
            "service_endpoints": [
              "Microsoft.Storage"
            ],
            "timeouts": null,
            "virtual_network_name": "ef74b0-dev-vwan-spoke"
          },
          "sensitive_attributes": []
        },
        {
          "index_key": "snet-agw-dev-ca",
          "schema_version": 0,
          "attributes": {
            "address_prefix": "",
            "address_prefixes": [
              "10.46.21.32/28"
            ],
            "default_outbound_access_enabled": true,
            "id": "/subscriptions/53205a1b-0f8d-459e-a424-65f1b39ec648/resourceGroups/ef74b0-dev-networking/providers/Microsoft.Network/virtualNetworks/ef74b0-dev-vwan-spoke/subnets/snet-agw-dev-ca",
            "name": "snet-agw-dev-ca",
            "network_security_group_id": "/subscriptions/53205a1b-0f8d-459e-a424-65f1b39ec648/resourceGroups/mahyar-dev/providers/Microsoft.Network/networkSecurityGroups/nsg-agw-mdp-dev-ca",
            "private_endpoint_network_policies": "Disabled",
            "private_link_service_network_policies_enabled": true,
            "resource_group_name": "ef74b0-dev-networking",
            "route_table_id": "",
            "service_endpoints": [
              "Microsoft.Storage"
            ],
            "timeouts": null,
            "virtual_network_name": "ef74b0-dev-vwan-spoke"
          },
          "sensitive_attributes": []
        },
        {
          "index_key": "storagesubnet",
          "schema_version": 0,
          "attributes": {
            "address_prefix": "10.46.21.160/28",
            "address_prefixes": [
              "10.46.21.160/28"
            ],
            "default_outbound_access_enabled": true,
            "id": "/subscriptions/53205a1b-0f8d-459e-a424-65f1b39ec648/resourceGroups/ef74b0-dev-networking/providers/Microsoft.Network/virtualNetworks/ef74b0-dev-vwan-spoke/subnets/storagesubnet",
            "name": "storagesubnet",
            "network_security_group_id": "/subscriptions/53205a1b-0f8d-459e-a424-65f1b39ec648/resourceGroups/ef74b0-dev-networking/providers/Microsoft.Network/networkSecurityGroups/private-cloudshell-storage",
            "private_endpoint_network_policies": "Disabled",
            "private_link_service_network_policies_enabled": true,
            "resource_group_name": "ef74b0-dev-networking",
            "route_table_id": "",
            "service_endpoints": [
              "Microsoft.Storage"
            ],
            "timeouts": null,
            "virtual_network_name": "ef74b0-dev-vwan-spoke"
          },
          "sensitive_attributes": []
        }
      ]
    },
    {
      "module": "module.fabric_gw_subnet",
      "mode": "data",
      "type": "azurerm_virtual_network",
      "name": "vnet",
      "provider": "provider[\"registry.terraform.io/hashicorp/azurerm\"]",
      "instances": [
        {
          "schema_version": 0,
          "attributes": {
            "address_space": [
              "10.46.21.0/24"
            ],
            "dns_servers": [
              "10.53.244.4"
            ],
            "guid": "2b7b169f-baa2-4c14-af2a-546bf70b25d6",
            "id": "/subscriptions/53205a1b-0f8d-459e-a424-65f1b39ec648/resourceGroups/ef74b0-dev-networking/providers/Microsoft.Network/virtualNetworks/ef74b0-dev-vwan-spoke",
            "location": "canadacentral",
            "name": "ef74b0-dev-vwan-spoke",
            "resource_group_name": "ef74b0-dev-networking",
            "subnets": [
              "AzureBastionSubnet",
              "default",
              "relaysubnet",
              "storagesubnet",
              "cloudshellsubnet",
              "snet-agw-dev-ca",
              "mines-fabric-aci-snet",
              "mines-fabric-pe-snet",
              "mines-fabric-gw-snet"
            ],
            "tags": {
              "deployedBy": "azure-lz-vending-live"
            },
            "timeouts": null,
            "vnet_peerings": {
              "LZ-to-v1": "/subscriptions/be5c5c2b-d7e6-4940-ae15-37d7ef061283/resourceGroups/CLNPD1-ZCACN-RGP-EMLI-MDSreporting/providers/Microsoft.Network/virtualNetworks/vnet01",
              "RemoteVnetToHubPeering_248fea99-6c92-49fe-9f94-e804706a4074": "/subscriptions/e8d8ef98-c03d-4606-9854-e365453d88f3/resourceGroups/RG_bcgov-managed-lz-live-hub-canadacentral_a76c722f-6cc3-4220-aeaa-ed3824da42ff/providers/Microsoft.Network/virtualNetworks/HV_bcgov-managed-lz-liv_d3392fd0-0782-45c9-8989-87d98fbfcaef"
            },
            "vnet_peerings_addresses": [
              "10.53.240.0/20",
              "172.16.0.0/26"
            ]
          },
          "sensitive_attributes": []
        }
      ]
    },
    {
      "module": "module.fabric_gw_subnet",
      "mode": "data",
      "type": "external",
      "name": "cidr",
      "provider": "provider[\"registry.terraform.io/hashicorp/external\"]",
      "instances": [
        {
          "index_key": "mines-fabric-gw-snet",
          "schema_version": 0,
          "attributes": {
            "id": "-",
            "program": [
              "python3",
              "../modules/azure/subnet_allocator/next_free_subnet.py"
            ],
            "query": {
              "offset_index": "0",
              "prefix_length": "28",
              "sibling_prefixes": "",
              "used_cidrs": "10.46.21.64/26,10.46.21.128/28,10.46.21.0/27,10.46.21.192/27,10.46.21.176/28,10.46.21.48/28,10.46.21.144/28,10.46.21.32/28,10.46.21.160/28",
              "vnet_cidr": "10.46.21.0/24"
            },
            "result": {
              "cidr": "10.46.21.224/28"
            },
            "working_dir": null
          },
          "sensitive_attributes": []
        }
      ]
    },
    {
      "module": "module.fabric_gw_subnet",
      "mode": "managed",
      "type": "azapi_resource",
      "name": "subnet",
      "provider": "provider[\"registry.terraform.io/azure/azapi\"]",
      "instances": [
        {
          "index_key": "mines-fabric-gw-snet",
          "schema_version": 2,
          "attributes": {
            "body": {
              "value": {
                "properties": {
                  "addressPrefixes": [
                    "10.46.21.176/28"
                  ],
                  "delegations": [
                    {
                      "name": "fabric-gw-delegation",
                      "properties": {
                        "serviceName": "Microsoft.PowerPlatform/vnetaccesslinks"
                      }
                    }
                  ],
                  "networkSecurityGroup": {
                    "id": "/subscriptions/53205a1b-0f8d-459e-a424-65f1b39ec648/resourceGroups/ef74b0-dev-networking/providers/Microsoft.Network/networkSecurityGroups/mines-fabric-gw-snet-nsg"
                  },
                  "serviceEndpoints": []
                }
              },
              "type": [
                "object",
                {
                  "properties": [
                    "object",
                    {
                      "addressPrefixes": [
                        "tuple",
                        [
                          "string"
                        ]
                      ],
                      "delegations": [
                        "list",
                        [
                          "object",
                          {
                            "name": "string",
                            "properties": [
                              "object",
                              {
                                "serviceName": "string"
                              }
                            ]
                          }
                        ]
                      ],
                      "networkSecurityGroup": [
                        "object",
                        {
                          "id": "string"
                        }
                      ],
                      "serviceEndpoints": [
                        "tuple",
                        []
                      ]
                    }
                  ]
                }
              ]
            },
            "create_headers": null,
            "create_query_parameters": null,
            "delete_headers": null,
            "delete_query_parameters": null,
            "id": "/subscriptions/53205a1b-0f8d-459e-a424-65f1b39ec648/resourceGroups/ef74b0-dev-networking/providers/Microsoft.Network/virtualNetworks/ef74b0-dev-vwan-spoke/subnets/mines-fabric-gw-snet",
            "identity": [],
            "ignore_casing": false,
            "ignore_missing_property": true,
            "location": null,
            "locks": null,
            "name": "mines-fabric-gw-snet",
            "output": {
              "value": {
                "etag": "W/\"41b935e1-f82a-4234-a921-166ca6ae7228\"",
                "id": "/subscriptions/53205a1b-0f8d-459e-a424-65f1b39ec648/resourceGroups/ef74b0-dev-networking/providers/Microsoft.Network/virtualNetworks/ef74b0-dev-vwan-spoke/subnets/mines-fabric-gw-snet",
                "properties": {
                  "addressPrefixes": [
                    "10.46.21.176/28"
                  ],
                  "delegations": [
                    {
                      "etag": "W/\"41b935e1-f82a-4234-a921-166ca6ae7228\"",
                      "properties": {
                        "actions": [
                          "Microsoft.Network/virtualNetworks/subnets/join/action"
                        ],
                        "provisioningState": "Succeeded"
                      }
                    }
                  ],
                  "provisioningState": "Succeeded",
                  "serviceAssociationLinks": [
                    {
                      "etag": "W/\"41b935e1-f82a-4234-a921-166ca6ae7228\"",
                      "properties": {
                        "provisioningState": "Succeeded"
                      },
                      "type": "Microsoft.Network/virtualNetworks/subnets/serviceAssociationLinks"
                    }
                  ]
                },
                "type": "Microsoft.Network/virtualNetworks/subnets"
              },
              "type": [
                "object",
                {
                  "etag": "string",
                  "id": "string",
                  "properties": [
                    "object",
                    {
                      "addressPrefixes": [
                        "tuple",
                        [
                          "string"
                        ]
                      ],
                      "delegations": [
                        "tuple",
                        [
                          [
                            "object",
                            {
                              "etag": "string",
                              "properties": [
                                "object",
                                {
                                  "actions": [
                                    "tuple",
                                    [
                                      "string"
                                    ]
                                  ],
                                  "provisioningState": "string"
                                }
                              ]
                            }
                          ]
                        ]
                      ],
                      "provisioningState": "string",
                      "serviceAssociationLinks": [
                        "tuple",
                        [
                          [
                            "object",
                            {
                              "etag": "string",
                              "properties": [
                                "object",
                                {
                                  "provisioningState": "string"
                                }
                              ],
                              "type": "string"
                            }
                          ]
                        ]
                      ]
                    }
                  ],
                  "type": "string"
                }
              ]
            },
            "parent_id": "/subscriptions/53205a1b-0f8d-459e-a424-65f1b39ec648/resourceGroups/ef74b0-dev-networking/providers/Microsoft.Network/virtualNetworks/ef74b0-dev-vwan-spoke",
            "read_headers": null,
            "read_query_parameters": null,
            "replace_triggers_external_values": null,
            "replace_triggers_refs": null,
            "response_export_values": null,
            "retry": null,
            "schema_validation_enabled": true,
            "tags": null,
            "timeouts": null,
            "type": "Microsoft.Network/virtualNetworks/subnets@2024-03-01",
            "update_headers": null,
            "update_query_parameters": null
          },
          "sensitive_attributes": [],
          "dependencies": [
            "module.fabric_gw_subnet.azurerm_network_security_group.this",
            "module.fabric_gw_subnet.azurerm_network_security_rule.custom",
            "module.fabric_gw_subnet.data.azurerm_subnet.existing",
            "module.fabric_gw_subnet.data.azurerm_virtual_network.vnet",
            "module.fabric_gw_subnet.data.external.cidr"
          ]
        }
      ]
    },
    {
      "module": "module.fabric_gw_subnet",
      "mode": "managed",
      "type": "azurerm_network_security_group",
      "name": "this",
      "provider": "provider[\"registry.terraform.io/hashicorp/azurerm\"]",
      "instances": [
        {
          "index_key": "mines-fabric-gw-snet",
          "schema_version": 0,
          "attributes": {
            "id": "/subscriptions/53205a1b-0f8d-459e-a424-65f1b39ec648/resourceGroups/ef74b0-dev-networking/providers/Microsoft.Network/networkSecurityGroups/mines-fabric-gw-snet-nsg",
            "location": "canadacentral",
            "name": "mines-fabric-gw-snet-nsg",
            "resource_group_name": "ef74b0-dev-networking",
            "security_rule": [
              {
                "access": "Allow",
                "description": null,
                "destination_address_prefix": "*",
                "destination_address_prefixes": [],
                "destination_application_security_group_ids": [],
                "destination_port_range": "*",
                "destination_port_ranges": [],
                "direction": "Inbound",
                "name": "AllowAzureLoadBalancerInbound",
                "priority": 110,
                "protocol": "*",
                "source_address_prefix": "AzureLoadBalancer",
                "source_address_prefixes": [],
                "source_application_security_group_ids": [],
                "source_port_range": "*",
                "source_port_ranges": []
              },
              {
                "access": "Allow",
                "description": null,
                "destination_address_prefix": "AzureCloud",
                "destination_address_prefixes": [],
                "destination_application_security_group_ids": [],
                "destination_port_range": "443",
                "destination_port_ranges": [],
                "direction": "Outbound",
                "name": "AllowAzureCloudOutbound",
                "priority": 110,
                "protocol": "Tcp",
                "source_address_prefix": "*",
                "source_address_prefixes": [],
                "source_application_security_group_ids": [],
                "source_port_range": "*",
                "source_port_ranges": []
              },
              {
                "access": "Allow",
                "description": null,
                "destination_address_prefix": "VirtualNetwork",
                "destination_address_prefixes": [],
                "destination_application_security_group_ids": [],
                "destination_port_range": "*",
                "destination_port_ranges": [],
                "direction": "Inbound",
                "name": "AllowVnetInbound",
                "priority": 100,
                "protocol": "*",
                "source_address_prefix": "VirtualNetwork",
                "source_address_prefixes": [],
                "source_application_security_group_ids": [],
                "source_port_range": "*",
                "source_port_ranges": []
              },
              {
                "access": "Allow",
                "description": null,
                "destination_address_prefix": "VirtualNetwork",
                "destination_address_prefixes": [],
                "destination_application_security_group_ids": [],
                "destination_port_range": "*",
                "destination_port_ranges": [],
                "direction": "Outbound",
                "name": "AllowVnetOutbound",
                "priority": 100,
                "protocol": "*",
                "source_address_prefix": "VirtualNetwork",
                "source_address_prefixes": [],
                "source_application_security_group_ids": [],
                "source_port_range": "*",
                "source_port_ranges": []
              },
              {
                "access": "Deny",
                "description": null,
                "destination_address_prefix": "*",
                "destination_address_prefixes": [],
                "destination_application_security_group_ids": [],
                "destination_port_range": "*",
                "destination_port_ranges": [],
                "direction": "Inbound",
                "name": "DenyAllInbound",
                "priority": 4096,
                "protocol": "*",
                "source_address_prefix": "*",
                "source_address_prefixes": [],
                "source_application_security_group_ids": [],
                "source_port_range": "*",
                "source_port_ranges": []
              },
              {
                "access": "Deny",
                "description": null,
                "destination_address_prefix": "*",
                "destination_address_prefixes": [],
                "destination_application_security_group_ids": [],
                "destination_port_range": "*",
                "destination_port_ranges": [],
                "direction": "Outbound",
                "name": "DenyAllOutbound",
                "priority": 4096,
                "protocol": "*",
                "source_address_prefix": "*",
                "source_address_prefixes": [],
                "source_application_security_group_ids": [],
                "source_port_range": "*",
                "source_port_ranges": []
              }
            ],
            "tags": {
              "application_environment": "dev",
              "client_code": "",
              "deployment_automation": "Terraform",
              "deployment_automation_version": "v0.1",
              "expense_authority": "",
              "information_security_classification": "protected_e",
              "ministry_name_prefix": "citz",
              "program_area": "permitting",
              "project_number": "",
              "responsibility_centre": "",
              "service_line": ""
            },
            "timeouts": null
          },
          "sensitive_attributes": [],
          "private": "eyJlMmJmYjczMC1lY2FhLTExZTYtOGY4OC0zNDM2M2JjN2M0YzAiOnsiY3JlYXRlIjoxODAwMDAwMDAwMDAwLCJkZWxldGUiOjE4MDAwMDAwMDAwMDAsInJlYWQiOjMwMDAwMDAwMDAwMCwidXBkYXRlIjoxODAwMDAwMDAwMDAwfX0="
        }
      ]
    },
    {
      "module": "module.fabric_gw_subnet",
      "mode": "managed",
      "type": "azurerm_network_security_rule",
      "name": "custom",
      "provider": "provider[\"registry.terraform.io/hashicorp/azurerm\"]",
      "instances": [
        {
          "index_key": "mines-fabric-gw-snet-AllowFabricOutbound",
          "schema_version": 0,
          "attributes": {
            "access": "Allow",
            "description": "",
            "destination_address_prefix": "AzureCloud",
            "destination_address_prefixes": [],
            "destination_application_security_group_ids": [],
            "destination_port_range": "443",
            "destination_port_ranges": [],
            "direction": "Outbound",
            "id": "/subscriptions/53205a1b-0f8d-459e-a424-65f1b39ec648/resourceGroups/ef74b0-dev-networking/providers/Microsoft.Network/networkSecurityGroups/mines-fabric-gw-snet-nsg/securityRules/AllowFabricOutbound",
            "name": "AllowFabricOutbound",
            "network_security_group_name": "mines-fabric-gw-snet-nsg",
            "priority": 200,
            "protocol": "Tcp",
            "resource_group_name": "ef74b0-dev-networking",
            "source_address_prefix": "*",
            "source_address_prefixes": [],
            "source_application_security_group_ids": [],
            "source_port_range": "*",
            "source_port_ranges": [],
            "timeouts": null
          },
          "sensitive_attributes": [],
          "private": "eyJlMmJmYjczMC1lY2FhLTExZTYtOGY4OC0zNDM2M2JjN2M0YzAiOnsiY3JlYXRlIjoxODAwMDAwMDAwMDAwLCJkZWxldGUiOjE4MDAwMDAwMDAwMDAsInJlYWQiOjMwMDAwMDAwMDAwMCwidXBkYXRlIjoxODAwMDAwMDAwMDAwfX0=",
          "dependencies": [
            "module.fabric_gw_subnet.azurerm_network_security_group.this"
          ]
        }
      ]
    },
    {
      "module": "module.fabric_lakehouse_01",
      "mode": "managed",
      "type": "fabric_lakehouse",
      "name": "this",
      "provider": "provider[\"registry.terraform.io/microsoft/fabric\"].auth",
      "instances": [
        {
          "schema_version": 0,
          "attributes": {
            "configuration": {
              "enable_schemas": true
            },
            "definition": null,
            "definition_update_enabled": true,
            "description": "Default Lakehouse Description",
            "display_name": "mines_data_platform_lh1",
            "folder_id": null,
            "format": null,
            "id": "8cd34a44-500a-47d9-aa2d-5ad0c2149858",
            "properties": {
              "default_schema": "dbo",
              "onelake_files_path": "https://onelake.dfs.fabric.microsoft.com/8f380f88-5ce5-48d1-9fa5-fbbfbe2685a0/8cd34a44-500a-47d9-aa2d-5ad0c2149858/Files",
              "onelake_tables_path": "https://onelake.dfs.fabric.microsoft.com/8f380f88-5ce5-48d1-9fa5-fbbfbe2685a0/8cd34a44-500a-47d9-aa2d-5ad0c2149858/Tables",
              "sql_endpoint_properties": {
                "connection_string": "abjnw3ynhwfevmbw2nuf4nm23q-rahtrd7fltiurh5f7o734jufua.datawarehouse.fabric.microsoft.com",
                "id": "bf18d879-cfc7-4620-ade3-f344a55a895b",
                "provisioning_status": "Success"
              }
            },
            "timeouts": {
              "create": "30m",
              "delete": "30m",
              "read": "5m",
              "update": "30m"
            },
            "workspace_id": "8f380f88-5ce5-48d1-9fa5-fbbfbe2685a0"
          },
          "sensitive_attributes": [],
          "dependencies": [
            "module.fabric_workspace_01.fabric_workspace.this"
          ]
        }
      ]
    },
    {
      "module": "module.fabric_warehouse_01",
      "mode": "managed",
      "type": "fabric_warehouse",
      "name": "this_warehouse",
      "provider": "provider[\"registry.terraform.io/microsoft/fabric\"].auth",
      "instances": [
        {
          "schema_version": 0,
          "attributes": {
            "configuration": null,
            "description": "",
            "display_name": "mines-data-platform-fabwh1",
            "folder_id": null,
            "id": "9ed9a608-33e5-408b-bd51-adc2dad1e7ab",
            "properties": {
              "collation_type": "Latin1_General_100_BIN2_UTF8",
              "connection_string": "abjnw3ynhwfevmbw2nuf4nm23q-rahtrd7fltiurh5f7o734jufua.datawarehouse.fabric.microsoft.com",
              "created_date": "2026-04-28T19:44:37Z",
              "last_updated_time": "2026-05-27T17:10:15Z"
            },
            "timeouts": null,
            "workspace_id": "8f380f88-5ce5-48d1-9fa5-fbbfbe2685a0"
          },
          "sensitive_attributes": [],
          "dependencies": [
            "module.fabric_workspace_01.fabric_workspace.this"
          ]
        }
      ]
    },
    {
      "module": "module.fabric_workspace_01",
      "mode": "data",
      "type": "azurerm_client_config",
      "name": "current",
      "provider": "provider[\"registry.terraform.io/hashicorp/azurerm\"]",
      "instances": [
        {
          "schema_version": 0,
          "attributes": {
            "client_id": "6cdbb0a3-0fbf-4386-829f-fa2cb5f2f506",
            "id": "Y2xpZW50Q29uZmlncy9jbGllbnRJZD02Y2RiYjBhMy0wZmJmLTQzODYtODI5Zi1mYTJjYjVmMmY1MDY7b2JqZWN0SWQ9NWFlNzQwZGQtMTE4MS00MjE4LWJjYjgtZTA1YWJhYzQzZTU1O3N1YnNjcmlwdGlvbklkPTUzMjA1YTFiLTBmOGQtNDU5ZS1hNDI0LTY1ZjFiMzllYzY0ODt0ZW5hbnRJZD02ZmRiNTIwMC0zZDBkLTRhOGEtYjAzNi1kMzY4NWUzNTlhZGM=",
            "object_id": "5ae740dd-1181-4218-bcb8-e05abac43e55",
            "subscription_id": "53205a1b-0f8d-459e-a424-65f1b39ec648",
            "tenant_id": "6fdb5200-3d0d-4a8a-b036-d3685e359adc",
            "timeouts": null
          },
          "sensitive_attributes": []
        }
      ]
    },
    {
      "module": "module.fabric_workspace_01",
      "mode": "managed",
      "type": "fabric_workspace",
      "name": "this",
      "provider": "provider[\"registry.terraform.io/microsoft/fabric\"].auth",
      "instances": [
        {
          "schema_version": 0,
          "attributes": {
            "capacity_assignment_progress": "Completed",
            "capacity_id": "198C68F4-8402-45B9-8010-BDE58A729DDF",
            "capacity_region": "Canada Central",
            "description": "Default Workspace Description",
            "display_name": "mines-data-platform-fabricws-dev-1",
            "id": "8f380f88-5ce5-48d1-9fa5-fbbfbe2685a0",
            "identity": {
              "application_id": "49674715-ad39-4f82-a3a2-736841662a54",
              "service_principal_id": "a4b7d917-ae19-42b8-be8c-40d426ec1698",
              "type": "SystemAssigned"
            },
            "onelake_endpoints": {
              "blob_endpoint": "https://canadacentral-onelake.blob.fabric.microsoft.com",
              "dfs_endpoint": "https://canadacentral-onelake.dfs.fabric.microsoft.com"
            },
            "skip_capacity_state_validation": false,
            "timeouts": {
              "create": "30m",
              "delete": "30m",
              "read": "5m",
              "update": "30m"
            },
            "type": "Workspace"
          },
          "sensitive_attributes": []
        }
      ]
    },
    {
      "module": "module.fabric_workspace_01",
      "mode": "managed",
      "type": "fabric_workspace_role_assignment",
      "name": "admins",
      "provider": "provider[\"registry.terraform.io/microsoft/fabric\"].auth",
      "instances": [
        {
          "index_key": "b0bf68e8-4e08-433c-8903-19b2fec4cc20",
          "schema_version": 0,
          "attributes": {
            "id": "b0bf68e8-4e08-433c-8903-19b2fec4cc20",
            "principal": {
              "id": "b0bf68e8-4e08-433c-8903-19b2fec4cc20",
              "type": "User"
            },
            "role": "Admin",
            "timeouts": null,
            "workspace_id": "8f380f88-5ce5-48d1-9fa5-fbbfbe2685a0"
          },
          "sensitive_attributes": [],
          "dependencies": [
            "module.fabric_workspace_01.fabric_workspace.this"
          ]
        },
        {
          "index_key": "c692cbcf-118d-4f40-a367-680082ffe683",
          "schema_version": 0,
          "attributes": {
            "id": "c692cbcf-118d-4f40-a367-680082ffe683",
            "principal": {
              "id": "c692cbcf-118d-4f40-a367-680082ffe683",
              "type": "User"
            },
            "role": "Admin",
            "timeouts": null,
            "workspace_id": "8f380f88-5ce5-48d1-9fa5-fbbfbe2685a0"
          },
          "sensitive_attributes": [],
          "dependencies": [
            "module.fabric_workspace_01.fabric_workspace.this"
          ]
        },
        {
          "index_key": "e5922863-7748-46c8-9f50-bbc24834c2dd",
          "schema_version": 0,
          "attributes": {
            "id": "e5922863-7748-46c8-9f50-bbc24834c2dd",
            "principal": {
              "id": "e5922863-7748-46c8-9f50-bbc24834c2dd",
              "type": "User"
            },
            "role": "Admin",
            "timeouts": null,
            "workspace_id": "8f380f88-5ce5-48d1-9fa5-fbbfbe2685a0"
          },
          "sensitive_attributes": [],
          "dependencies": [
            "module.fabric_workspace_01.fabric_workspace.this"
          ]
        },
        {
          "index_key": "ebb8207d-1ebe-423a-990d-82cf1e128cce",
          "schema_version": 0,
          "attributes": {
            "id": "ebb8207d-1ebe-423a-990d-82cf1e128cce",
            "principal": {
              "id": "ebb8207d-1ebe-423a-990d-82cf1e128cce",
              "type": "User"
            },
            "role": "Admin",
            "timeouts": null,
            "workspace_id": "8f380f88-5ce5-48d1-9fa5-fbbfbe2685a0"
          },
          "sensitive_attributes": [],
          "dependencies": [
            "module.fabric_workspace_01.fabric_workspace.this"
          ]
        }
      ]
    },
    {
      "module": "module.key_vault_adf",
      "mode": "data",
      "type": "azurerm_client_config",
      "name": "current",
      "provider": "provider[\"registry.terraform.io/hashicorp/azurerm\"]",
      "instances": [
        {
          "schema_version": 0,
          "attributes": {
            "client_id": "6cdbb0a3-0fbf-4386-829f-fa2cb5f2f506",
            "id": "Y2xpZW50Q29uZmlncy9jbGllbnRJZD02Y2RiYjBhMy0wZmJmLTQzODYtODI5Zi1mYTJjYjVmMmY1MDY7b2JqZWN0SWQ9NWFlNzQwZGQtMTE4MS00MjE4LWJjYjgtZTA1YWJhYzQzZTU1O3N1YnNjcmlwdGlvbklkPTUzMjA1YTFiLTBmOGQtNDU5ZS1hNDI0LTY1ZjFiMzllYzY0ODt0ZW5hbnRJZD02ZmRiNTIwMC0zZDBkLTRhOGEtYjAzNi1kMzY4NWUzNTlhZGM=",
            "object_id": "5ae740dd-1181-4218-bcb8-e05abac43e55",
            "subscription_id": "53205a1b-0f8d-459e-a424-65f1b39ec648",
            "tenant_id": "6fdb5200-3d0d-4a8a-b036-d3685e359adc",
            "timeouts": null
          },
          "sensitive_attributes": []
        }
      ]
    },
    {
      "module": "module.key_vault_adf",
      "mode": "managed",
      "type": "azurerm_key_vault",
      "name": "kv",
      "provider": "provider[\"registry.terraform.io/hashicorp/azurerm\"]",
      "instances": [
        {
          "schema_version": 2,
          "attributes": {
            "access_policy": [
              {
                "application_id": "",
                "certificate_permissions": [
                  "Get",
                  "List",
                  "Update",
                  "Create",
                  "Import",
                  "Delete",
                  "Recover",
                  "Backup",
                  "Restore",
                  "ManageContacts",
                  "ManageIssuers",
                  "GetIssuers",
                  "ListIssuers",
                  "SetIssuers",
                  "DeleteIssuers"
                ],
                "key_permissions": [
                  "Get",
                  "List",
                  "Update",
                  "Create",
                  "Import",
                  "Delete",
                  "Recover",
                  "Backup",
                  "Restore",
                  "GetRotationPolicy",
                  "SetRotationPolicy",
                  "Rotate"
                ],
                "object_id": "b9be4326-429f-44d2-9d4c-f2ba4874fbf0",
                "secret_permissions": [
                  "Get",
                  "List",
                  "Set",
                  "Delete",
                  "Recover",
                  "Backup",
                  "Restore"
                ],
                "storage_permissions": [],
                "tenant_id": "6fdb5200-3d0d-4a8a-b036-d3685e359adc"
              }
            ],
            "contact": [],
            "enable_rbac_authorization": true,
            "enabled_for_deployment": false,
            "enabled_for_disk_encryption": false,
            "enabled_for_template_deployment": true,
            "id": "/subscriptions/53205a1b-0f8d-459e-a424-65f1b39ec648/resourceGroups/mines-fabric-rg02/providers/Microsoft.KeyVault/vaults/mines-fabric-kv01",
            "location": "canadacentral",
            "name": "mines-fabric-kv01",
            "network_acls": [
              {
                "bypass": "AzureServices",
                "default_action": "Allow",
                "ip_rules": [],
                "virtual_network_subnet_ids": []
              }
            ],
            "public_network_access_enabled": false,
            "purge_protection_enabled": true,
            "rbac_authorization_enabled": true,
            "resource_group_name": "mines-fabric-rg02",
            "sku_name": "standard",
            "soft_delete_retention_days": 7,
            "tags": {
              "application_environment": "dev",
              "client_code": "",
              "deployment_automation": "Terraform",
              "deployment_automation_version": "v0.1",
              "expense_authority": "",
              "information_security_classification": "protected_e",
              "ministry_name_prefix": "citz",
              "program_area": "permitting",
              "project_number": "",
              "responsibility_centre": "",
              "service_line": ""
            },
            "tenant_id": "6fdb5200-3d0d-4a8a-b036-d3685e359adc",
            "timeouts": null,
            "vault_uri": "https://mines-fabric-kv01.vault.azure.net/"
          },
          "sensitive_attributes": [],
          "private": "eyJlMmJmYjczMC1lY2FhLTExZTYtOGY4OC0zNDM2M2JjN2M0YzAiOnsiY3JlYXRlIjoxODAwMDAwMDAwMDAwLCJkZWxldGUiOjE4MDAwMDAwMDAwMDAsInJlYWQiOjMwMDAwMDAwMDAwMCwidXBkYXRlIjoxODAwMDAwMDAwMDAwfSwic2NoZW1hX3ZlcnNpb24iOiIyIn0=",
          "dependencies": [
            "module.key_vault_adf.data.azurerm_client_config.current",
            "module.resource_group_adf.azurerm_resource_group.rg",
            "module.resource_group_adf.data.azurerm_client_config.current",
            "module.resource_group_adf.data.azurerm_resources.existing_resource_groups"
          ]
        }
      ]
    },
    {
      "module": "module.key_vault_adf",
      "mode": "managed",
      "type": "azurerm_role_assignment",
      "name": "app",
      "provider": "provider[\"registry.terraform.io/hashicorp/azurerm\"]",
      "instances": [
        {
          "index_key": "app",
          "schema_version": 0,
          "attributes": {
            "condition": "",
            "condition_version": "",
            "delegated_managed_identity_resource_id": "",
            "description": "",
            "id": "/subscriptions/53205a1b-0f8d-459e-a424-65f1b39ec648/resourceGroups/mines-fabric-rg02/providers/Microsoft.KeyVault/vaults/mines-fabric-kv01/providers/Microsoft.Authorization/roleAssignments/ebb392c9-c405-68e1-585f-b8ba6107dac1",
            "name": "ebb392c9-c405-68e1-585f-b8ba6107dac1",
            "principal_id": "5ae740dd-1181-4218-bcb8-e05abac43e55",
            "principal_type": "ServicePrincipal",
            "role_definition_id": "/subscriptions/53205a1b-0f8d-459e-a424-65f1b39ec648/providers/Microsoft.Authorization/roleDefinitions/00482a5a-887f-4fb3-b363-3b7fe8e74483",
            "role_definition_name": "Key Vault Administrator",
            "scope": "/subscriptions/53205a1b-0f8d-459e-a424-65f1b39ec648/resourceGroups/mines-fabric-rg02/providers/Microsoft.KeyVault/vaults/mines-fabric-kv01",
            "skip_service_principal_aad_check": null,
            "timeouts": null
          },
          "sensitive_attributes": [],
          "private": "eyJlMmJmYjczMC1lY2FhLTExZTYtOGY4OC0zNDM2M2JjN2M0YzAiOnsiY3JlYXRlIjoxODAwMDAwMDAwMDAwLCJkZWxldGUiOjE4MDAwMDAwMDAwMDAsInJlYWQiOjMwMDAwMDAwMDAwMH19",
          "dependencies": [
            "module.key_vault_adf.azurerm_key_vault.kv",
            "module.key_vault_adf.data.azurerm_client_config.current",
            "module.resource_group_adf.azurerm_resource_group.rg",
            "module.resource_group_adf.data.azurerm_client_config.current",
            "module.resource_group_adf.data.azurerm_resources.existing_resource_groups"
          ]
        }
      ]
    },
    {
      "module": "module.key_vault_adf",
      "mode": "managed",
      "type": "azurerm_role_assignment",
      "name": "self_user_access_admin_kv",
      "provider": "provider[\"registry.terraform.io/hashicorp/azurerm\"]",
      "instances": [
        {
          "index_key": "self",
          "schema_version": 0,
          "attributes": {
            "condition": "",
            "condition_version": "",
            "delegated_managed_identity_resource_id": "",
            "description": "",
            "id": "/subscriptions/53205a1b-0f8d-459e-a424-65f1b39ec648/resourceGroups/mines-fabric-rg02/providers/Microsoft.KeyVault/vaults/mines-fabric-kv01/providers/Microsoft.Authorization/roleAssignments/3f080f83-9b41-9bbb-e6f5-c00957d46ff6",
            "name": "3f080f83-9b41-9bbb-e6f5-c00957d46ff6",
            "principal_id": "5ae740dd-1181-4218-bcb8-e05abac43e55",
            "principal_type": "ServicePrincipal",
            "role_definition_id": "/subscriptions/53205a1b-0f8d-459e-a424-65f1b39ec648/providers/Microsoft.Authorization/roleDefinitions/18d7d88d-d35e-4fb5-a5c3-7773c20a72d9",
            "role_definition_name": "User Access Administrator",
            "scope": "/subscriptions/53205a1b-0f8d-459e-a424-65f1b39ec648/resourceGroups/mines-fabric-rg02/providers/Microsoft.KeyVault/vaults/mines-fabric-kv01",
            "skip_service_principal_aad_check": null,
            "timeouts": null
          },
          "sensitive_attributes": [],
          "private": "eyJlMmJmYjczMC1lY2FhLTExZTYtOGY4OC0zNDM2M2JjN2M0YzAiOnsiY3JlYXRlIjoxODAwMDAwMDAwMDAwLCJkZWxldGUiOjE4MDAwMDAwMDAwMDAsInJlYWQiOjMwMDAwMDAwMDAwMH19",
          "dependencies": [
            "module.key_vault_adf.azurerm_key_vault.kv",
            "module.key_vault_adf.data.azurerm_client_config.current",
            "module.resource_group_adf.azurerm_resource_group.rg",
            "module.resource_group_adf.data.azurerm_client_config.current",
            "module.resource_group_adf.data.azurerm_resources.existing_resource_groups"
          ]
        }
      ]
    },
    {
      "module": "module.pipeline_raw_to_bronze",
      "mode": "managed",
      "type": "fabric_data_pipeline",
      "name": "this",
      "provider": "provider[\"registry.terraform.io/microsoft/fabric\"].auth",
      "instances": [
        {
          "schema_version": 0,
          "attributes": {
            "definition": {
              "pipeline-content.json": {
                "parameters": null,
                "processing_mode": "GoTemplate",
                "source": "../modules/azure/fabric_data_pipeline/pipeline-content.json.tmpl",
                "source_content_sha256": "724b6540252b5284bde0cbcd758e38d68b4a7f74d7f2cb0463404d670488c0a7",
                "tokens": {
                  "activities_json": "[{\"dependsOn\":[],\"name\":\"Lookup_ControlTable\",\"policy\":{\"retry\":0,\"retryIntervalInSeconds\":30,\"secureInput\":false,\"secureOutput\":false,\"timeout\":\"0.12:00:00\"},\"type\":\"Lookup\",\"typeProperties\":{\"datasetSettings\":{\"annotations\":[],\"externalReferences\":{\"connection\":\"586bcc06-4cf2-4a33-93c0-f1d1b4cd9420\"},\"schema\":[],\"type\":\"DataWarehouseTable\",\"typeProperties\":{\"schema\":\"app\",\"table\":\"pipeline_control\"}},\"firstRowOnly\":false,\"source\":{\"partitionOption\":\"None\",\"query\":{\"type\":\"Expression\",\"value\":\"@concat('SELECT control_id, pipeline_name, source_system, source_entity, target_schema, target_table, source_query_template, watermark_column, last_watermark, load_type, priority, from_date, to_date FROM [app].[pipeline_control] WHERE [pipeline_name] = ''', pipeline().parameters.pipeline_name, ''' AND [is_active] = 1 ORDER BY [priority] ASC')\"},\"type\":\"DataWarehouseSource\"}}},{\"dependsOn\":[{\"activity\":\"Lookup_ControlTable\",\"dependencyConditions\":[\"Succeeded\"]}],\"name\":\"ForEach_ControlRows\",\"type\":\"ForEach\",\"typeProperties\":{\"activities\":[{\"dependsOn\":[],\"name\":\"Log_Start\",\"policy\":{\"retry\":0,\"retryIntervalInSeconds\":30,\"secureInput\":false,\"secureOutput\":false,\"timeout\":\"0.00:05:00\"},\"type\":\"Script\",\"typeProperties\":{\"datasetSettings\":{\"annotations\":[],\"externalReferences\":{\"connection\":\"586bcc06-4cf2-4a33-93c0-f1d1b4cd9420\"},\"schema\":[],\"type\":\"DataWarehouseTable\",\"typeProperties\":{\"schema\":\"app\",\"table\":\"pipeline_log\"}},\"scripts\":[{\"text\":{\"type\":\"Expression\",\"value\":\"@concat('INSERT INTO [app].[pipeline_log] ([run_id],[activity_run_id],[pipeline_name],[source_entity],[target_schema],[target_table],[status],[from_date],[to_date],[watermark_start],[start_time],[environment],[triggered_by],[created_date]) VALUES (''', pipeline().RunId, ''',''', pipeline().RunId, ''',''', pipeline().parameters.pipeline_name, ''',''', item().source_entity, ''',''', item().target_schema, ''',''', item().target_table, ''',''RUNNING'',', if(empty(string(item().from_date)), 'NULL', concat('''', string(item().from_date), '''')), ',', if(empty(string(item().to_date)), 'NULL', concat('''', string(item().to_date), '''')), ',', if(empty(item().last_watermark), 'NULL', concat('''', item().last_watermark, '''')), ',''', utcNow(), ''',''', pipeline().parameters.environment, ''',''', pipeline().TriggerName, ''',''', utcNow(), ''')')\"},\"type\":\"NonQuery\"}]}},{\"dependsOn\":[{\"activity\":\"Log_Start\",\"dependencyConditions\":[\"Succeeded\"]}],\"name\":\"Copy_to_Raw\",\"policy\":{\"retry\":0,\"retryIntervalInSeconds\":30,\"secureInput\":false,\"secureOutput\":false,\"timeout\":\"0.12:00:00\"},\"type\":\"Copy\",\"typeProperties\":{\"enableStaging\":false,\"sink\":{\"datasetSettings\":{\"annotations\":[],\"linkedService\":{\"name\":\"mines_data_platform_lh1\",\"properties\":{\"annotations\":[],\"type\":\"Lakehouse\",\"typeProperties\":{\"artifactId\":\"8cd34a44-500a-47d9-aa2d-5ad0c2149858\",\"rootFolder\":\"Files\",\"workspaceId\":\"8f380f88-5ce5-48d1-9fa5-fbbfbe2685a0\"}}},\"schema\":[],\"type\":\"Parquet\",\"typeProperties\":{\"compressionCodec\":\"snappy\",\"location\":{\"fileName\":{\"type\":\"Expression\",\"value\":\"@concat(item().source_entity, '_', formatDateTime(utcNow(), 'yyyyMMdd_HHmmss'), '.parquet')\"},\"folderPath\":{\"type\":\"Expression\",\"value\":\"@concat('raw/', item().source_entity, '/', formatDateTime(utcNow(), 'yyyy'), '/', formatDateTime(utcNow(), 'MM'), '/', formatDateTime(utcNow(), 'dd'))\"},\"type\":\"LakehouseLocation\"}}},\"formatSettings\":{\"type\":\"ParquetWriteSettings\"},\"storeSettings\":{\"recursiveCompression\":false,\"type\":\"LakehouseWriteSettings\"},\"type\":\"ParquetSink\"},\"source\":{\"datasetSettings\":{\"annotations\":[],\"externalReferences\":{\"connection\":\"21b383a1-c561-4540-980d-ce3683e89236\"},\"schema\":[],\"type\":\"PostgreSqlTable\",\"typeProperties\":{\"schema\":{\"type\":\"Expression\",\"value\":\"@item().target_schema\"},\"table\":{\"type\":\"Expression\",\"value\":\"@item().source_entity\"}}},\"query\":{\"type\":\"Expression\",\"value\":\"@if(empty(item().source_query_template), concat('SELECT * FROM ', item().target_schema, '.', item().source_entity), item().source_query_template)\"},\"queryTimeout\":\"02:00:00\",\"type\":\"PostgreSqlSource\"}}},{\"dependsOn\":[{\"activity\":\"Copy_to_Raw\",\"dependencyConditions\":[\"Succeeded\"]}],\"name\":\"Log_Success\",\"policy\":{\"retry\":0,\"retryIntervalInSeconds\":30,\"secureInput\":false,\"secureOutput\":false,\"timeout\":\"0.00:05:00\"},\"type\":\"Script\",\"typeProperties\":{\"datasetSettings\":{\"annotations\":[],\"externalReferences\":{\"connection\":\"586bcc06-4cf2-4a33-93c0-f1d1b4cd9420\"},\"schema\":[],\"type\":\"DataWarehouseTable\",\"typeProperties\":{\"schema\":\"app\",\"table\":\"pipeline_log\"}},\"scripts\":[{\"text\":{\"type\":\"Expression\",\"value\":\"@concat('UPDATE [app].[pipeline_log] SET [status]=''SUCCEEDED'', [rows_read]=', string(activity('Copy_to_Raw').output.rowsRead), ', [rows_written]=', string(activity('Copy_to_Raw').output.rowsCopied), ', [end_time]=''', utcNow(), ''' WHERE [run_id]=''', pipeline().RunId, ''' AND [source_entity]=''', item().source_entity, '''')\"},\"type\":\"NonQuery\"},{\"text\":{\"type\":\"Expression\",\"value\":\"@concat('UPDATE [app].[pipeline_control] SET [last_run_status]=''SUCCEEDED'', [last_run_date]=''', utcNow(), ''', [last_watermark]=', if(empty(item().watermark_column), 'NULL', concat('''', utcNow(), '''')), ', [modified_date]=''', utcNow(), ''' WHERE [control_id]=', string(item().control_id))\"},\"type\":\"NonQuery\"}]}},{\"dependsOn\":[{\"activity\":\"Copy_to_Raw\",\"dependencyConditions\":[\"Failed\"]}],\"name\":\"Log_Failure\",\"policy\":{\"retry\":0,\"retryIntervalInSeconds\":30,\"secureInput\":false,\"secureOutput\":false,\"timeout\":\"0.00:05:00\"},\"type\":\"Script\",\"typeProperties\":{\"datasetSettings\":{\"annotations\":[],\"externalReferences\":{\"connection\":\"586bcc06-4cf2-4a33-93c0-f1d1b4cd9420\"},\"schema\":[],\"type\":\"DataWarehouseTable\",\"typeProperties\":{\"schema\":\"app\",\"table\":\"pipeline_log\"}},\"scripts\":[{\"text\":{\"type\":\"Expression\",\"value\":\"@concat('UPDATE [app].[pipeline_log] SET [status]=''FAILED'', [end_time]=''', utcNow(), ''', [error_message]=''', replace(activity('Copy_to_Raw').output.errors[0].Message, '''', ''''''), ''', [error_code]=''', activity('Copy_to_Raw').output.errors[0].Code, ''' WHERE [run_id]=''', pipeline().RunId, ''' AND [source_entity]=''', item().source_entity, '''')\"},\"type\":\"NonQuery\"},{\"text\":{\"type\":\"Expression\",\"value\":\"@concat('UPDATE [app].[pipeline_control] SET [last_run_status]=''FAILED'', [last_run_date]=''', utcNow(), ''', [modified_date]=''', utcNow(), ''' WHERE [control_id]=', string(item().control_id))\"},\"type\":\"NonQuery\"}]}}],\"batchCount\":10,\"isSequential\":false,\"items\":{\"type\":\"Expression\",\"value\":\"@activity('Lookup_ControlTable').output.value\"}}}]",
                  "display_name": "pl_ingest_mds",
                  "environment": "dev",
                  "pipeline_name_param": "pl_ingest_mds"
                },
                "tokens_delimiter": "{{}}"
              }
            },
            "definition_update_enabled": true,
            "description": "Control table driven: MDS Core PostgreSQL → Lakehouse raw parquet files",
            "display_name": "pl_ingest_mds",
            "folder_id": null,
            "format": "Default",
            "id": "769fa480-8149-4306-a2d3-b0e77f534fc8",
            "timeouts": null,
            "workspace_id": "8f380f88-5ce5-48d1-9fa5-fbbfbe2685a0"
          },
          "sensitive_attributes": [],
          "dependencies": [
            "module.warehouse_mds_connection.data.local_file.connection_id",
            "module.warehouse_mds_connection.null_resource.fabric_connection"
          ]
        }
      ]
    },
    {
      "module": "module.resource_group_adf",
      "mode": "data",
      "type": "azurerm_client_config",
      "name": "current",
      "provider": "provider[\"registry.terraform.io/hashicorp/azurerm\"]",
      "instances": [
        {
          "schema_version": 0,
          "attributes": {
            "client_id": "6cdbb0a3-0fbf-4386-829f-fa2cb5f2f506",
            "id": "Y2xpZW50Q29uZmlncy9jbGllbnRJZD02Y2RiYjBhMy0wZmJmLTQzODYtODI5Zi1mYTJjYjVmMmY1MDY7b2JqZWN0SWQ9NWFlNzQwZGQtMTE4MS00MjE4LWJjYjgtZTA1YWJhYzQzZTU1O3N1YnNjcmlwdGlvbklkPTUzMjA1YTFiLTBmOGQtNDU5ZS1hNDI0LTY1ZjFiMzllYzY0ODt0ZW5hbnRJZD02ZmRiNTIwMC0zZDBkLTRhOGEtYjAzNi1kMzY4NWUzNTlhZGM=",
            "object_id": "5ae740dd-1181-4218-bcb8-e05abac43e55",
            "subscription_id": "53205a1b-0f8d-459e-a424-65f1b39ec648",
            "tenant_id": "6fdb5200-3d0d-4a8a-b036-d3685e359adc",
            "timeouts": null
          },
          "sensitive_attributes": []
        }
      ]
    },
    {
      "module": "module.resource_group_adf",
      "mode": "data",
      "type": "azurerm_resources",
      "name": "existing_resource_groups",
      "provider": "provider[\"registry.terraform.io/hashicorp/azurerm\"]",
      "instances": [
        {
          "schema_version": 0,
          "attributes": {
            "id": "resource-61a722a0-2964-4a42-a0ec-c60f3554caa6",
            "name": null,
            "required_tags": null,
            "resource_group_name": null,
            "resources": [],
            "timeouts": null,
            "type": "Microsoft.Resources/resourceGroups"
          },
          "sensitive_attributes": []
        }
      ]
    },
    {
      "module": "module.resource_group_adf",
      "mode": "managed",
      "type": "azurerm_resource_group",
      "name": "rg",
      "provider": "provider[\"registry.terraform.io/hashicorp/azurerm\"]",
      "instances": [
        {
          "schema_version": 0,
          "attributes": {
            "id": "/subscriptions/53205a1b-0f8d-459e-a424-65f1b39ec648/resourceGroups/mines-fabric-rg02",
            "location": "canadacentral",
            "managed_by": "",
            "name": "mines-fabric-rg02",
            "tags": {
              "application_environment": "dev",
              "client_code": "",
              "deployment_automation": "Terraform",
              "deployment_automation_version": "v0.1",
              "expense_authority": "",
              "information_security_classification": "protected_e",
              "ministry_name_prefix": "citz",
              "program_area": "permitting",
              "project_number": "",
              "responsibility_centre": "",
              "service_line": ""
            },
            "timeouts": null
          },
          "sensitive_attributes": [],
          "private": "eyJlMmJmYjczMC1lY2FhLTExZTYtOGY4OC0zNDM2M2JjN2M0YzAiOnsiY3JlYXRlIjo1NDAwMDAwMDAwMDAwLCJkZWxldGUiOjU0MDAwMDAwMDAwMDAsInJlYWQiOjMwMDAwMDAwMDAwMCwidXBkYXRlIjo1NDAwMDAwMDAwMDAwfX0="
        }
      ]
    },
    {
      "module": "module.subnets",
      "mode": "data",
      "type": "azurerm_subnet",
      "name": "existing",
      "provider": "provider[\"registry.terraform.io/hashicorp/azurerm\"]",
      "instances": [
        {
          "index_key": "AzureBastionSubnet",
          "schema_version": 0,
          "attributes": {
            "address_prefix": "",
            "address_prefixes": [
              "10.46.21.64/26"
            ],
            "default_outbound_access_enabled": true,
            "id": "/subscriptions/53205a1b-0f8d-459e-a424-65f1b39ec648/resourceGroups/ef74b0-dev-networking/providers/Microsoft.Network/virtualNetworks/ef74b0-dev-vwan-spoke/subnets/AzureBastionSubnet",
            "name": "AzureBastionSubnet",
            "network_security_group_id": "/subscriptions/53205a1b-0f8d-459e-a424-65f1b39ec648/resourceGroups/ef74b0-dev-networking/providers/Microsoft.Network/networkSecurityGroups/nsg-AzureBastionSubnet",
            "private_endpoint_network_policies": "Disabled",
            "private_link_service_network_policies_enabled": true,
            "resource_group_name": "ef74b0-dev-networking",
            "route_table_id": "",
            "service_endpoints": [
              "Microsoft.Storage"
            ],
            "timeouts": null,
            "virtual_network_name": "ef74b0-dev-vwan-spoke"
          },
          "sensitive_attributes": []
        },
        {
          "index_key": "cloudshellsubnet",
          "schema_version": 0,
          "attributes": {
            "address_prefix": "10.46.21.128/28",
            "address_prefixes": [
              "10.46.21.128/28"
            ],
            "default_outbound_access_enabled": true,
            "id": "/subscriptions/53205a1b-0f8d-459e-a424-65f1b39ec648/resourceGroups/ef74b0-dev-networking/providers/Microsoft.Network/virtualNetworks/ef74b0-dev-vwan-spoke/subnets/cloudshellsubnet",
            "name": "cloudshellsubnet",
            "network_security_group_id": "/subscriptions/53205a1b-0f8d-459e-a424-65f1b39ec648/resourceGroups/ef74b0-dev-networking/providers/Microsoft.Network/networkSecurityGroups/private-cloudshell",
            "private_endpoint_network_policies": "Disabled",
            "private_link_service_network_policies_enabled": true,
            "resource_group_name": "ef74b0-dev-networking",
            "route_table_id": "",
            "service_endpoints": [
              "Microsoft.Storage"
            ],
            "timeouts": null,
            "virtual_network_name": "ef74b0-dev-vwan-spoke"
          },
          "sensitive_attributes": []
        },
        {
          "index_key": "default",
          "schema_version": 0,
          "attributes": {
            "address_prefix": "",
            "address_prefixes": [
              "10.46.21.0/27"
            ],
            "default_outbound_access_enabled": true,
            "id": "/subscriptions/53205a1b-0f8d-459e-a424-65f1b39ec648/resourceGroups/ef74b0-dev-networking/providers/Microsoft.Network/virtualNetworks/ef74b0-dev-vwan-spoke/subnets/default",
            "name": "default",
            "network_security_group_id": "/subscriptions/53205a1b-0f8d-459e-a424-65f1b39ec648/resourceGroups/ef74b0-dev-networking/providers/Microsoft.Network/networkSecurityGroups/nsg-default",
            "private_endpoint_network_policies": "Disabled",
            "private_link_service_network_policies_enabled": true,
            "resource_group_name": "ef74b0-dev-networking",
            "route_table_id": "",
            "service_endpoints": [
              "Microsoft.Sql",
              "Microsoft.Storage"
            ],
            "timeouts": null,
            "virtual_network_name": "ef74b0-dev-vwan-spoke"
          },
          "sensitive_attributes": []
        },
        {
          "index_key": "mines-fabric-aci-snet",
          "schema_version": 0,
          "attributes": {
            "address_prefix": "",
            "address_prefixes": [
              "10.46.21.192/27"
            ],
            "default_outbound_access_enabled": true,
            "id": "/subscriptions/53205a1b-0f8d-459e-a424-65f1b39ec648/resourceGroups/ef74b0-dev-networking/providers/Microsoft.Network/virtualNetworks/ef74b0-dev-vwan-spoke/subnets/mines-fabric-aci-snet",
            "name": "mines-fabric-aci-snet",
            "network_security_group_id": "/subscriptions/53205a1b-0f8d-459e-a424-65f1b39ec648/resourceGroups/ef74b0-dev-networking/providers/Microsoft.Network/networkSecurityGroups/mines-fabric-aci-snet-nsg",
            "private_endpoint_network_policies": "Disabled",
            "private_link_service_network_policies_enabled": true,
            "resource_group_name": "ef74b0-dev-networking",
            "route_table_id": "",
            "service_endpoints": [],
            "timeouts": null,
            "virtual_network_name": "ef74b0-dev-vwan-spoke"
          },
          "sensitive_attributes": []
        },
        {
          "index_key": "mines-fabric-gw-snet",
          "schema_version": 0,
          "attributes": {
            "address_prefix": "",
            "address_prefixes": [
              "10.46.21.176/28"
            ],
            "default_outbound_access_enabled": true,
            "id": "/subscriptions/53205a1b-0f8d-459e-a424-65f1b39ec648/resourceGroups/ef74b0-dev-networking/providers/Microsoft.Network/virtualNetworks/ef74b0-dev-vwan-spoke/subnets/mines-fabric-gw-snet",
            "name": "mines-fabric-gw-snet",
            "network_security_group_id": "/subscriptions/53205a1b-0f8d-459e-a424-65f1b39ec648/resourceGroups/ef74b0-dev-networking/providers/Microsoft.Network/networkSecurityGroups/mines-fabric-gw-snet-nsg",
            "private_endpoint_network_policies": "Disabled",
            "private_link_service_network_policies_enabled": true,
            "resource_group_name": "ef74b0-dev-networking",
            "route_table_id": "",
            "service_endpoints": [],
            "timeouts": null,
            "virtual_network_name": "ef74b0-dev-vwan-spoke"
          },
          "sensitive_attributes": []
        },
        {
          "index_key": "mines-fabric-pe-snet",
          "schema_version": 0,
          "attributes": {
            "address_prefix": "",
            "address_prefixes": [
              "10.46.21.48/28"
            ],
            "default_outbound_access_enabled": true,
            "id": "/subscriptions/53205a1b-0f8d-459e-a424-65f1b39ec648/resourceGroups/ef74b0-dev-networking/providers/Microsoft.Network/virtualNetworks/ef74b0-dev-vwan-spoke/subnets/mines-fabric-pe-snet",
            "name": "mines-fabric-pe-snet",
            "network_security_group_id": "/subscriptions/53205a1b-0f8d-459e-a424-65f1b39ec648/resourceGroups/ef74b0-dev-networking/providers/Microsoft.Network/networkSecurityGroups/mines-fabric-pe-snet-nsg",
            "private_endpoint_network_policies": "Disabled",
            "private_link_service_network_policies_enabled": true,
            "resource_group_name": "ef74b0-dev-networking",
            "route_table_id": "",
            "service_endpoints": [],
            "timeouts": null,
            "virtual_network_name": "ef74b0-dev-vwan-spoke"
          },
          "sensitive_attributes": []
        },
        {
          "index_key": "relaysubnet",
          "schema_version": 0,
          "attributes": {
            "address_prefix": "10.46.21.144/28",
            "address_prefixes": [
              "10.46.21.144/28"
            ],
            "default_outbound_access_enabled": true,
            "id": "/subscriptions/53205a1b-0f8d-459e-a424-65f1b39ec648/resourceGroups/ef74b0-dev-networking/providers/Microsoft.Network/virtualNetworks/ef74b0-dev-vwan-spoke/subnets/relaysubnet",
            "name": "relaysubnet",
            "network_security_group_id": "/subscriptions/53205a1b-0f8d-459e-a424-65f1b39ec648/resourceGroups/ef74b0-dev-networking/providers/Microsoft.Network/networkSecurityGroups/private-cloudshell-relay",
            "private_endpoint_network_policies": "Disabled",
            "private_link_service_network_policies_enabled": true,
            "resource_group_name": "ef74b0-dev-networking",
            "route_table_id": "",
            "service_endpoints": [
              "Microsoft.Storage"
            ],
            "timeouts": null,
            "virtual_network_name": "ef74b0-dev-vwan-spoke"
          },
          "sensitive_attributes": []
        },
        {
          "index_key": "snet-agw-dev-ca",
          "schema_version": 0,
          "attributes": {
            "address_prefix": "",
            "address_prefixes": [
              "10.46.21.32/28"
            ],
            "default_outbound_access_enabled": true,
            "id": "/subscriptions/53205a1b-0f8d-459e-a424-65f1b39ec648/resourceGroups/ef74b0-dev-networking/providers/Microsoft.Network/virtualNetworks/ef74b0-dev-vwan-spoke/subnets/snet-agw-dev-ca",
            "name": "snet-agw-dev-ca",
            "network_security_group_id": "/subscriptions/53205a1b-0f8d-459e-a424-65f1b39ec648/resourceGroups/mahyar-dev/providers/Microsoft.Network/networkSecurityGroups/nsg-agw-mdp-dev-ca",
            "private_endpoint_network_policies": "Disabled",
            "private_link_service_network_policies_enabled": true,
            "resource_group_name": "ef74b0-dev-networking",
            "route_table_id": "",
            "service_endpoints": [
              "Microsoft.Storage"
            ],
            "timeouts": null,
            "virtual_network_name": "ef74b0-dev-vwan-spoke"
          },
          "sensitive_attributes": []
        },
        {
          "index_key": "storagesubnet",
          "schema_version": 0,
          "attributes": {
            "address_prefix": "10.46.21.160/28",
            "address_prefixes": [
              "10.46.21.160/28"
            ],
            "default_outbound_access_enabled": true,
            "id": "/subscriptions/53205a1b-0f8d-459e-a424-65f1b39ec648/resourceGroups/ef74b0-dev-networking/providers/Microsoft.Network/virtualNetworks/ef74b0-dev-vwan-spoke/subnets/storagesubnet",
            "name": "storagesubnet",
            "network_security_group_id": "/subscriptions/53205a1b-0f8d-459e-a424-65f1b39ec648/resourceGroups/ef74b0-dev-networking/providers/Microsoft.Network/networkSecurityGroups/private-cloudshell-storage",
            "private_endpoint_network_policies": "Disabled",
            "private_link_service_network_policies_enabled": true,
            "resource_group_name": "ef74b0-dev-networking",
            "route_table_id": "",
            "service_endpoints": [
              "Microsoft.Storage"
            ],
            "timeouts": null,
            "virtual_network_name": "ef74b0-dev-vwan-spoke"
          },
          "sensitive_attributes": []
        }
      ]
    },
    {
      "module": "module.subnets",
      "mode": "data",
      "type": "azurerm_virtual_network",
      "name": "vnet",
      "provider": "provider[\"registry.terraform.io/hashicorp/azurerm\"]",
      "instances": [
        {
          "schema_version": 0,
          "attributes": {
            "address_space": [
              "10.46.21.0/24"
            ],
            "dns_servers": [
              "10.53.244.4"
            ],
            "guid": "2b7b169f-baa2-4c14-af2a-546bf70b25d6",
            "id": "/subscriptions/53205a1b-0f8d-459e-a424-65f1b39ec648/resourceGroups/ef74b0-dev-networking/providers/Microsoft.Network/virtualNetworks/ef74b0-dev-vwan-spoke",
            "location": "canadacentral",
            "name": "ef74b0-dev-vwan-spoke",
            "resource_group_name": "ef74b0-dev-networking",
            "subnets": [
              "AzureBastionSubnet",
              "default",
              "relaysubnet",
              "storagesubnet",
              "cloudshellsubnet",
              "snet-agw-dev-ca",
              "mines-fabric-aci-snet",
              "mines-fabric-pe-snet",
              "mines-fabric-gw-snet"
            ],
            "tags": {
              "deployedBy": "azure-lz-vending-live"
            },
            "timeouts": null,
            "vnet_peerings": {
              "LZ-to-v1": "/subscriptions/be5c5c2b-d7e6-4940-ae15-37d7ef061283/resourceGroups/CLNPD1-ZCACN-RGP-EMLI-MDSreporting/providers/Microsoft.Network/virtualNetworks/vnet01",
              "RemoteVnetToHubPeering_248fea99-6c92-49fe-9f94-e804706a4074": "/subscriptions/e8d8ef98-c03d-4606-9854-e365453d88f3/resourceGroups/RG_bcgov-managed-lz-live-hub-canadacentral_a76c722f-6cc3-4220-aeaa-ed3824da42ff/providers/Microsoft.Network/virtualNetworks/HV_bcgov-managed-lz-liv_d3392fd0-0782-45c9-8989-87d98fbfcaef"
            },
            "vnet_peerings_addresses": [
              "10.53.240.0/20",
              "172.16.0.0/26"
            ]
          },
          "sensitive_attributes": []
        }
      ]
    },
    {
      "module": "module.subnets",
      "mode": "data",
      "type": "external",
      "name": "cidr",
      "provider": "provider[\"registry.terraform.io/hashicorp/external\"]",
      "instances": [
        {
          "index_key": "mines-fabric-aci-snet",
          "schema_version": 0,
          "attributes": {
            "id": "-",
            "program": [
              "python3",
              "../modules/azure/subnet_allocator/next_free_subnet.py"
            ],
            "query": {
              "offset_index": "0",
              "prefix_length": "28",
              "sibling_prefixes": "",
              "used_cidrs": "10.46.21.64/26,10.46.21.128/28,10.46.21.0/27,10.46.21.192/27,10.46.21.176/28,10.46.21.48/28,10.46.21.144/28,10.46.21.32/28,10.46.21.160/28",
              "vnet_cidr": "10.46.21.0/24"
            },
            "result": {
              "cidr": "10.46.21.224/28"
            },
            "working_dir": null
          },
          "sensitive_attributes": []
        },
        {
          "index_key": "mines-fabric-pe-snet",
          "schema_version": 0,
          "attributes": {
            "id": "-",
            "program": [
              "python3",
              "../modules/azure/subnet_allocator/next_free_subnet.py"
            ],
            "query": {
              "offset_index": "1",
              "prefix_length": "28",
              "sibling_prefixes": "28",
              "used_cidrs": "10.46.21.64/26,10.46.21.128/28,10.46.21.0/27,10.46.21.192/27,10.46.21.176/28,10.46.21.48/28,10.46.21.144/28,10.46.21.32/28,10.46.21.160/28",
              "vnet_cidr": "10.46.21.0/24"
            },
            "result": {
              "cidr": "10.46.21.240/28"
            },
            "working_dir": null
          },
          "sensitive_attributes": []
        }
      ]
    },
    {
      "module": "module.subnets",
      "mode": "managed",
      "type": "azapi_resource",
      "name": "subnet",
      "provider": "provider[\"registry.terraform.io/azure/azapi\"]",
      "instances": [
        {
          "index_key": "mines-fabric-aci-snet",
          "schema_version": 2,
          "attributes": {
            "body": {
              "value": {
                "properties": {
                  "addressPrefixes": [
                    "10.46.21.192/27"
                  ],
                  "delegations": [
                    {
                      "name": "aci-delegation",
                      "properties": {
                        "serviceName": "Microsoft.ContainerInstance/containerGroups"
                      }
                    }
                  ],
                  "networkSecurityGroup": {
                    "id": "/subscriptions/53205a1b-0f8d-459e-a424-65f1b39ec648/resourceGroups/ef74b0-dev-networking/providers/Microsoft.Network/networkSecurityGroups/mines-fabric-aci-snet-nsg"
                  },
                  "serviceEndpoints": []
                }
              },
              "type": [
                "object",
                {
                  "properties": [
                    "object",
                    {
                      "addressPrefixes": [
                        "tuple",
                        [
                          "string"
                        ]
                      ],
                      "delegations": [
                        "list",
                        [
                          "object",
                          {
                            "name": "string",
                            "properties": [
                              "object",
                              {
                                "serviceName": "string"
                              }
                            ]
                          }
                        ]
                      ],
                      "networkSecurityGroup": [
                        "object",
                        {
                          "id": "string"
                        }
                      ],
                      "serviceEndpoints": [
                        "tuple",
                        []
                      ]
                    }
                  ]
                }
              ]
            },
            "create_headers": null,
            "create_query_parameters": null,
            "delete_headers": null,
            "delete_query_parameters": null,
            "id": "/subscriptions/53205a1b-0f8d-459e-a424-65f1b39ec648/resourceGroups/ef74b0-dev-networking/providers/Microsoft.Network/virtualNetworks/ef74b0-dev-vwan-spoke/subnets/mines-fabric-aci-snet",
            "identity": [],
            "ignore_casing": false,
            "ignore_missing_property": true,
            "location": null,
            "locks": null,
            "name": "mines-fabric-aci-snet",
            "output": {
              "value": {
                "etag": "W/\"41b935e1-f82a-4234-a921-166ca6ae7228\"",
                "id": "/subscriptions/53205a1b-0f8d-459e-a424-65f1b39ec648/resourceGroups/ef74b0-dev-networking/providers/Microsoft.Network/virtualNetworks/ef74b0-dev-vwan-spoke/subnets/mines-fabric-aci-snet",
                "properties": {
                  "addressPrefixes": [
                    "10.46.21.192/27"
                  ],
                  "delegations": [
                    {
                      "etag": "W/\"41b935e1-f82a-4234-a921-166ca6ae7228\"",
                      "properties": {
                        "actions": [
                          "Microsoft.Network/virtualNetworks/subnets/action"
                        ],
                        "provisioningState": "Succeeded"
                      }
                    }
                  ],
                  "provisioningState": "Succeeded",
                  "serviceAssociationLinks": [
                    {
                      "etag": "W/\"41b935e1-f82a-4234-a921-166ca6ae7228\"",
                      "properties": {
                        "locations": [
                          "canadacentral"
                        ],
                        "provisioningState": "Succeeded"
                      },
                      "type": "Microsoft.Network/virtualNetworks/subnets/serviceAssociationLinks"
                    }
                  ]
                },
                "type": "Microsoft.Network/virtualNetworks/subnets"
              },
              "type": [
                "object",
                {
                  "etag": "string",
                  "id": "string",
                  "properties": [
                    "object",
                    {
                      "addressPrefixes": [
                        "tuple",
                        [
                          "string"
                        ]
                      ],
                      "delegations": [
                        "tuple",
                        [
                          [
                            "object",
                            {
                              "etag": "string",
                              "properties": [
                                "object",
                                {
                                  "actions": [
                                    "tuple",
                                    [
                                      "string"
                                    ]
                                  ],
                                  "provisioningState": "string"
                                }
                              ]
                            }
                          ]
                        ]
                      ],
                      "provisioningState": "string",
                      "serviceAssociationLinks": [
                        "tuple",
                        [
                          [
                            "object",
                            {
                              "etag": "string",
                              "properties": [
                                "object",
                                {
                                  "locations": [
                                    "tuple",
                                    [
                                      "string"
                                    ]
                                  ],
                                  "provisioningState": "string"
                                }
                              ],
                              "type": "string"
                            }
                          ]
                        ]
                      ]
                    }
                  ],
                  "type": "string"
                }
              ]
            },
            "parent_id": "/subscriptions/53205a1b-0f8d-459e-a424-65f1b39ec648/resourceGroups/ef74b0-dev-networking/providers/Microsoft.Network/virtualNetworks/ef74b0-dev-vwan-spoke",
            "read_headers": null,
            "read_query_parameters": null,
            "replace_triggers_external_values": null,
            "replace_triggers_refs": null,
            "response_export_values": null,
            "retry": null,
            "schema_validation_enabled": true,
            "tags": null,
            "timeouts": null,
            "type": "Microsoft.Network/virtualNetworks/subnets@2024-03-01",
            "update_headers": null,
            "update_query_parameters": null
          },
          "sensitive_attributes": [],
          "dependencies": [
            "module.subnets.azurerm_network_security_group.this",
            "module.subnets.azurerm_network_security_rule.custom",
            "module.subnets.data.azurerm_subnet.existing",
            "module.subnets.data.azurerm_virtual_network.vnet",
            "module.subnets.data.external.cidr"
          ]
        },
        {
          "index_key": "mines-fabric-pe-snet",
          "schema_version": 2,
          "attributes": {
            "body": {
              "value": {
                "properties": {
                  "addressPrefixes": [
                    "10.46.21.48/28"
                  ],
                  "delegations": [],
                  "networkSecurityGroup": {
                    "id": "/subscriptions/53205a1b-0f8d-459e-a424-65f1b39ec648/resourceGroups/ef74b0-dev-networking/providers/Microsoft.Network/networkSecurityGroups/mines-fabric-pe-snet-nsg"
                  },
                  "serviceEndpoints": []
                }
              },
              "type": [
                "object",
                {
                  "properties": [
                    "object",
                    {
                      "addressPrefixes": [
                        "tuple",
                        [
                          "string"
                        ]
                      ],
                      "delegations": [
                        "list",
                        [
                          "object",
                          {
                            "name": "dynamic",
                            "properties": [
                              "object",
                              {
                                "serviceName": "dynamic"
                              }
                            ]
                          }
                        ]
                      ],
                      "networkSecurityGroup": [
                        "object",
                        {
                          "id": "string"
                        }
                      ],
                      "serviceEndpoints": [
                        "tuple",
                        []
                      ]
                    }
                  ]
                }
              ]
            },
            "create_headers": null,
            "create_query_parameters": null,
            "delete_headers": null,
            "delete_query_parameters": null,
            "id": "/subscriptions/53205a1b-0f8d-459e-a424-65f1b39ec648/resourceGroups/ef74b0-dev-networking/providers/Microsoft.Network/virtualNetworks/ef74b0-dev-vwan-spoke/subnets/mines-fabric-pe-snet",
            "identity": [],
            "ignore_casing": false,
            "ignore_missing_property": true,
            "location": null,
            "locks": null,
            "name": "mines-fabric-pe-snet",
            "output": {
              "value": {
                "etag": "W/\"41b935e1-f82a-4234-a921-166ca6ae7228\"",
                "id": "/subscriptions/53205a1b-0f8d-459e-a424-65f1b39ec648/resourceGroups/ef74b0-dev-networking/providers/Microsoft.Network/virtualNetworks/ef74b0-dev-vwan-spoke/subnets/mines-fabric-pe-snet",
                "properties": {
                  "addressPrefixes": [
                    "10.46.21.48/28"
                  ],
                  "ipConfigurations": [
                    {}
                  ],
                  "privateEndpoints": [
                    {}
                  ],
                  "provisioningState": "Succeeded",
                  "purpose": "PrivateEndpoints"
                },
                "type": "Microsoft.Network/virtualNetworks/subnets"
              },
              "type": [
                "object",
                {
                  "etag": "string",
                  "id": "string",
                  "properties": [
                    "object",
                    {
                      "addressPrefixes": [
                        "tuple",
                        [
                          "string"
                        ]
                      ],
                      "ipConfigurations": [
                        "tuple",
                        [
                          [
                            "object",
                            {}
                          ]
                        ]
                      ],
                      "privateEndpoints": [
                        "tuple",
                        [
                          [
                            "object",
                            {}
                          ]
                        ]
                      ],
                      "provisioningState": "string",
                      "purpose": "string"
                    }
                  ],
                  "type": "string"
                }
              ]
            },
            "parent_id": "/subscriptions/53205a1b-0f8d-459e-a424-65f1b39ec648/resourceGroups/ef74b0-dev-networking/providers/Microsoft.Network/virtualNetworks/ef74b0-dev-vwan-spoke",
            "read_headers": null,
            "read_query_parameters": null,
            "replace_triggers_external_values": null,
            "replace_triggers_refs": null,
            "response_export_values": null,
            "retry": null,
            "schema_validation_enabled": true,
            "tags": null,
            "timeouts": null,
            "type": "Microsoft.Network/virtualNetworks/subnets@2024-03-01",
            "update_headers": null,
            "update_query_parameters": null
          },
          "sensitive_attributes": [],
          "dependencies": [
            "module.subnets.azurerm_network_security_group.this",
            "module.subnets.azurerm_network_security_rule.custom",
            "module.subnets.data.azurerm_subnet.existing",
            "module.subnets.data.azurerm_virtual_network.vnet",
            "module.subnets.data.external.cidr"
          ]
        }
      ]
    },
    {
      "module": "module.subnets",
      "mode": "managed",
      "type": "azurerm_network_security_group",
      "name": "this",
      "provider": "provider[\"registry.terraform.io/hashicorp/azurerm\"]",
      "instances": [
        {
          "index_key": "mines-fabric-aci-snet",
          "schema_version": 0,
          "attributes": {
            "id": "/subscriptions/53205a1b-0f8d-459e-a424-65f1b39ec648/resourceGroups/ef74b0-dev-networking/providers/Microsoft.Network/networkSecurityGroups/mines-fabric-aci-snet-nsg",
            "location": "canadacentral",
            "name": "mines-fabric-aci-snet-nsg",
            "resource_group_name": "ef74b0-dev-networking",
            "security_rule": [
              {
                "access": "Allow",
                "description": "",
                "destination_address_prefix": "*",
                "destination_address_prefixes": [],
                "destination_application_security_group_ids": [],
                "destination_port_range": "*",
                "destination_port_ranges": [],
                "direction": "Inbound",
                "name": "AllowAzureLoadBalancerInbound",
                "priority": 110,
                "protocol": "*",
                "source_address_prefix": "AzureLoadBalancer",
                "source_address_prefixes": [],
                "source_application_security_group_ids": [],
                "source_port_range": "*",
                "source_port_ranges": []
              },
              {
                "access": "Allow",
                "description": "",
                "destination_address_prefix": "AzureCloud",
                "destination_address_prefixes": [],
                "destination_application_security_group_ids": [],
                "destination_port_range": "443",
                "destination_port_ranges": [],
                "direction": "Outbound",
                "name": "AllowAzureCloudOutbound",
                "priority": 110,
                "protocol": "Tcp",
                "source_address_prefix": "*",
                "source_address_prefixes": [],
                "source_application_security_group_ids": [],
                "source_port_range": "*",
                "source_port_ranges": []
              },
              {
                "access": "Allow",
                "description": "",
                "destination_address_prefix": "VirtualNetwork",
                "destination_address_prefixes": [],
                "destination_application_security_group_ids": [],
                "destination_port_range": "*",
                "destination_port_ranges": [],
                "direction": "Inbound",
                "name": "AllowVnetInbound",
                "priority": 100,
                "protocol": "*",
                "source_address_prefix": "VirtualNetwork",
                "source_address_prefixes": [],
                "source_application_security_group_ids": [],
                "source_port_range": "*",
                "source_port_ranges": []
              },
              {
                "access": "Allow",
                "description": "",
                "destination_address_prefix": "VirtualNetwork",
                "destination_address_prefixes": [],
                "destination_application_security_group_ids": [],
                "destination_port_range": "*",
                "destination_port_ranges": [],
                "direction": "Outbound",
                "name": "AllowVnetOutbound",
                "priority": 100,
                "protocol": "*",
                "source_address_prefix": "VirtualNetwork",
                "source_address_prefixes": [],
                "source_application_security_group_ids": [],
                "source_port_range": "*",
                "source_port_ranges": []
              },
              {
                "access": "Deny",
                "description": "",
                "destination_address_prefix": "*",
                "destination_address_prefixes": [],
                "destination_application_security_group_ids": [],
                "destination_port_range": "*",
                "destination_port_ranges": [],
                "direction": "Inbound",
                "name": "DenyAllInbound",
                "priority": 4096,
                "protocol": "*",
                "source_address_prefix": "*",
                "source_address_prefixes": [],
                "source_application_security_group_ids": [],
                "source_port_range": "*",
                "source_port_ranges": []
              },
              {
                "access": "Deny",
                "description": "",
                "destination_address_prefix": "*",
                "destination_address_prefixes": [],
                "destination_application_security_group_ids": [],
                "destination_port_range": "*",
                "destination_port_ranges": [],
                "direction": "Outbound",
                "name": "DenyAllOutbound",
                "priority": 4096,
                "protocol": "*",
                "source_address_prefix": "*",
                "source_address_prefixes": [],
                "source_application_security_group_ids": [],
                "source_port_range": "*",
                "source_port_ranges": []
              }
            ],
            "tags": {
              "application_environment": "dev",
              "client_code": "",
              "deployment_automation": "Terraform",
              "deployment_automation_version": "v0.1",
              "expense_authority": "",
              "information_security_classification": "protected_e",
              "ministry_name_prefix": "citz",
              "program_area": "permitting",
              "project_number": "",
              "responsibility_centre": "",
              "service_line": ""
            },
            "timeouts": null
          },
          "sensitive_attributes": [],
          "private": "eyJlMmJmYjczMC1lY2FhLTExZTYtOGY4OC0zNDM2M2JjN2M0YzAiOnsiY3JlYXRlIjoxODAwMDAwMDAwMDAwLCJkZWxldGUiOjE4MDAwMDAwMDAwMDAsInJlYWQiOjMwMDAwMDAwMDAwMCwidXBkYXRlIjoxODAwMDAwMDAwMDAwfX0="
        },
        {
          "index_key": "mines-fabric-pe-snet",
          "schema_version": 0,
          "attributes": {
            "id": "/subscriptions/53205a1b-0f8d-459e-a424-65f1b39ec648/resourceGroups/ef74b0-dev-networking/providers/Microsoft.Network/networkSecurityGroups/mines-fabric-pe-snet-nsg",
            "location": "canadacentral",
            "name": "mines-fabric-pe-snet-nsg",
            "resource_group_name": "ef74b0-dev-networking",
            "security_rule": [
              {
                "access": "Allow",
                "description": "",
                "destination_address_prefix": "*",
                "destination_address_prefixes": [],
                "destination_application_security_group_ids": [],
                "destination_port_range": "*",
                "destination_port_ranges": [],
                "direction": "Inbound",
                "name": "AllowAzureLoadBalancerInbound",
                "priority": 110,
                "protocol": "*",
                "source_address_prefix": "AzureLoadBalancer",
                "source_address_prefixes": [],
                "source_application_security_group_ids": [],
                "source_port_range": "*",
                "source_port_ranges": []
              },
              {
                "access": "Allow",
                "description": "",
                "destination_address_prefix": "AzureCloud",
                "destination_address_prefixes": [],
                "destination_application_security_group_ids": [],
                "destination_port_range": "443",
                "destination_port_ranges": [],
                "direction": "Outbound",
                "name": "AllowAzureCloudOutbound",
                "priority": 110,
                "protocol": "Tcp",
                "source_address_prefix": "*",
                "source_address_prefixes": [],
                "source_application_security_group_ids": [],
                "source_port_range": "*",
                "source_port_ranges": []
              },
              {
                "access": "Allow",
                "description": "",
                "destination_address_prefix": "VirtualNetwork",
                "destination_address_prefixes": [],
                "destination_application_security_group_ids": [],
                "destination_port_range": "*",
                "destination_port_ranges": [],
                "direction": "Inbound",
                "name": "AllowVnetInbound",
                "priority": 100,
                "protocol": "*",
                "source_address_prefix": "VirtualNetwork",
                "source_address_prefixes": [],
                "source_application_security_group_ids": [],
                "source_port_range": "*",
                "source_port_ranges": []
              },
              {
                "access": "Allow",
                "description": "",
                "destination_address_prefix": "VirtualNetwork",
                "destination_address_prefixes": [],
                "destination_application_security_group_ids": [],
                "destination_port_range": "*",
                "destination_port_ranges": [],
                "direction": "Outbound",
                "name": "AllowVnetOutbound",
                "priority": 100,
                "protocol": "*",
                "source_address_prefix": "VirtualNetwork",
                "source_address_prefixes": [],
                "source_application_security_group_ids": [],
                "source_port_range": "*",
                "source_port_ranges": []
              },
              {
                "access": "Deny",
                "description": "",
                "destination_address_prefix": "*",
                "destination_address_prefixes": [],
                "destination_application_security_group_ids": [],
                "destination_port_range": "*",
                "destination_port_ranges": [],
                "direction": "Inbound",
                "name": "DenyAllInbound",
                "priority": 4096,
                "protocol": "*",
                "source_address_prefix": "*",
                "source_address_prefixes": [],
                "source_application_security_group_ids": [],
                "source_port_range": "*",
                "source_port_ranges": []
              },
              {
                "access": "Deny",
                "description": "",
                "destination_address_prefix": "*",
                "destination_address_prefixes": [],
                "destination_application_security_group_ids": [],
                "destination_port_range": "*",
                "destination_port_ranges": [],
                "direction": "Outbound",
                "name": "DenyAllOutbound",
                "priority": 4096,
                "protocol": "*",
                "source_address_prefix": "*",
                "source_address_prefixes": [],
                "source_application_security_group_ids": [],
                "source_port_range": "*",
                "source_port_ranges": []
              }
            ],
            "tags": {
              "application_environment": "dev",
              "client_code": "",
              "deployment_automation": "Terraform",
              "deployment_automation_version": "v0.1",
              "expense_authority": "",
              "information_security_classification": "protected_e",
              "ministry_name_prefix": "citz",
              "program_area": "permitting",
              "project_number": "",
              "responsibility_centre": "",
              "service_line": ""
            },
            "timeouts": null
          },
          "sensitive_attributes": [],
          "private": "eyJlMmJmYjczMC1lY2FhLTExZTYtOGY4OC0zNDM2M2JjN2M0YzAiOnsiY3JlYXRlIjoxODAwMDAwMDAwMDAwLCJkZWxldGUiOjE4MDAwMDAwMDAwMDAsInJlYWQiOjMwMDAwMDAwMDAwMCwidXBkYXRlIjoxODAwMDAwMDAwMDAwfX0="
        }
      ]
    },
    {
      "module": "module.subnets",
      "mode": "managed",
      "type": "azurerm_network_security_rule",
      "name": "custom",
      "provider": "provider[\"registry.terraform.io/hashicorp/azurerm\"]",
      "instances": [
        {
          "index_key": "mines-fabric-aci-snet-AllowACIExecInbound",
          "schema_version": 0,
          "attributes": {
            "access": "Allow",
            "description": "",
            "destination_address_prefix": "*",
            "destination_address_prefixes": null,
            "destination_application_security_group_ids": null,
            "destination_port_range": "19390",
            "destination_port_ranges": null,
            "direction": "Inbound",
            "id": "/subscriptions/53205a1b-0f8d-459e-a424-65f1b39ec648/resourceGroups/ef74b0-dev-networking/providers/Microsoft.Network/networkSecurityGroups/mines-fabric-aci-snet-nsg/securityRules/AllowACIExecInbound",
            "name": "AllowACIExecInbound",
            "network_security_group_name": "mines-fabric-aci-snet-nsg",
            "priority": 200,
            "protocol": "Tcp",
            "resource_group_name": "ef74b0-dev-networking",
            "source_address_prefix": "*",
            "source_address_prefixes": null,
            "source_application_security_group_ids": null,
            "source_port_range": "*",
            "source_port_ranges": null,
            "timeouts": null
          },
          "sensitive_attributes": [],
          "private": "eyJlMmJmYjczMC1lY2FhLTExZTYtOGY4OC0zNDM2M2JjN2M0YzAiOnsiY3JlYXRlIjoxODAwMDAwMDAwMDAwLCJkZWxldGUiOjE4MDAwMDAwMDAwMDAsInJlYWQiOjMwMDAwMDAwMDAwMCwidXBkYXRlIjoxODAwMDAwMDAwMDAwfX0=",
          "dependencies": [
            "module.subnets.azurerm_network_security_group.this"
          ]
        },
        {
          "index_key": "mines-fabric-aci-snet-AllowKeyVaultOutbound",
          "schema_version": 0,
          "attributes": {
            "access": "Allow",
            "description": "",
            "destination_address_prefix": "AzureKeyVault",
            "destination_address_prefixes": null,
            "destination_application_security_group_ids": null,
            "destination_port_range": "443",
            "destination_port_ranges": null,
            "direction": "Outbound",
            "id": "/subscriptions/53205a1b-0f8d-459e-a424-65f1b39ec648/resourceGroups/ef74b0-dev-networking/providers/Microsoft.Network/networkSecurityGroups/mines-fabric-aci-snet-nsg/securityRules/AllowKeyVaultOutbound",
            "name": "AllowKeyVaultOutbound",
            "network_security_group_name": "mines-fabric-aci-snet-nsg",
            "priority": 200,
            "protocol": "Tcp",
            "resource_group_name": "ef74b0-dev-networking",
            "source_address_prefix": "*",
            "source_address_prefixes": null,
            "source_application_security_group_ids": null,
            "source_port_range": "*",
            "source_port_ranges": null,
            "timeouts": null
          },
          "sensitive_attributes": [],
          "private": "eyJlMmJmYjczMC1lY2FhLTExZTYtOGY4OC0zNDM2M2JjN2M0YzAiOnsiY3JlYXRlIjoxODAwMDAwMDAwMDAwLCJkZWxldGUiOjE4MDAwMDAwMDAwMDAsInJlYWQiOjMwMDAwMDAwMDAwMCwidXBkYXRlIjoxODAwMDAwMDAwMDAwfX0=",
          "dependencies": [
            "module.subnets.azurerm_network_security_group.this"
          ]
        },
        {
          "index_key": "mines-fabric-aci-snet-AllowVSCodeTunnelOutbound",
          "schema_version": 0,
          "attributes": {
            "access": "Allow",
            "description": "",
            "destination_address_prefix": "Internet",
            "destination_address_prefixes": null,
            "destination_application_security_group_ids": null,
            "destination_port_range": "443",
            "destination_port_ranges": null,
            "direction": "Outbound",
            "id": "/subscriptions/53205a1b-0f8d-459e-a424-65f1b39ec648/resourceGroups/ef74b0-dev-networking/providers/Microsoft.Network/networkSecurityGroups/mines-fabric-aci-snet-nsg/securityRules/AllowVSCodeTunnelOutbound",
            "name": "AllowVSCodeTunnelOutbound",
            "network_security_group_name": "mines-fabric-aci-snet-nsg",
            "priority": 210,
            "protocol": "Tcp",
            "resource_group_name": "ef74b0-dev-networking",
            "source_address_prefix": "*",
            "source_address_prefixes": null,
            "source_application_security_group_ids": null,
            "source_port_range": "*",
            "source_port_ranges": null,
            "timeouts": null
          },
          "sensitive_attributes": [],
          "private": "eyJlMmJmYjczMC1lY2FhLTExZTYtOGY4OC0zNDM2M2JjN2M0YzAiOnsiY3JlYXRlIjoxODAwMDAwMDAwMDAwLCJkZWxldGUiOjE4MDAwMDAwMDAwMDAsInJlYWQiOjMwMDAwMDAwMDAwMCwidXBkYXRlIjoxODAwMDAwMDAwMDAwfX0=",
          "dependencies": [
            "module.subnets.azurerm_network_security_group.this"
          ]
        }
      ]
    },
    {
      "module": "module.vscode_tunnel",
      "mode": "managed",
      "type": "azurerm_container_group",
      "name": "tunnel",
      "provider": "provider[\"registry.terraform.io/hashicorp/azurerm\"]",
      "instances": [
        {
          "schema_version": 0,
          "attributes": {
            "container": [
              {
                "commands": [
                  "/bin/bash",
                  "-c",
                  "apt-get update -qq \u0026\u0026 apt-get install -y -qq curl ca-certificates gnupg lsb-release \u0026\u0026 curl -sL https://aka.ms/InstallAzureCLIDeb | bash \u0026\u0026 curl -Lk 'https://update.code.visualstudio.com/latest/cli-linux-x64/stable' -o /tmp/vscode.tar.gz \u0026\u0026 tar -xf /tmp/vscode.tar.gz -C /tmp \u0026\u0026 mv /tmp/code /usr/bin/code \u0026\u0026 chmod +x /usr/bin/code \u0026\u0026 VSCODE_CLI_DISABLE_KEYCHAIN_ENCRYPT=1 /usr/bin/code tunnel --accept-server-license-terms --name $TUNNEL_NAME"
                ],
                "cpu": 1,
                "cpu_limit": 0,
                "environment_variables": {
                  "ENVIRONMENT": "dev",
                  "KEY_VAULT_URI": "https://mines-fabric-kv01.vault.azure.net/",
                  "TUNNEL_NAME": "mines-jumpbox",
                  "VSCODE_CLI_DISABLE_KEYCHAIN_ENCRYPT": "1"
                },
                "image": "mcr.microsoft.com/mirror/docker/library/ubuntu:22.04",
                "liveness_probe": [],
                "memory": 2,
                "memory_limit": 0,
                "name": "vscode-tunnel",
                "ports": [
                  {
                    "port": 443,
                    "protocol": "TCP"
                  }
                ],
                "readiness_probe": [],
                "secure_environment_variables": {},
                "security": [],
                "volume": []
              }
            ],
            "diagnostics": [],
            "dns_config": [],
            "dns_name_label": "",
            "dns_name_label_reuse_policy": "Unsecure",
            "exposed_port": [
              {
                "port": 443,
                "protocol": "TCP"
              }
            ],
            "fqdn": "",
            "id": "/subscriptions/53205a1b-0f8d-459e-a424-65f1b39ec648/resourceGroups/mines-fabric-rg02/providers/Microsoft.ContainerInstance/containerGroups/mines-fabric-tunnel01",
            "identity": [],
            "image_registry_credential": [],
            "init_container": [],
            "ip_address": "10.46.21.197",
            "ip_address_type": "Private",
            "key_vault_key_id": null,
            "key_vault_user_assigned_identity_id": null,
            "location": "canadacentral",
            "name": "mines-fabric-tunnel01",
            "network_profile_id": null,
            "os_type": "Linux",
            "priority": "",
            "resource_group_name": "mines-fabric-rg02",
            "restart_policy": "Always",
            "sku": "Standard",
            "subnet_ids": [
              "/subscriptions/53205a1b-0f8d-459e-a424-65f1b39ec648/resourceGroups/ef74b0-dev-networking/providers/Microsoft.Network/virtualNetworks/ef74b0-dev-vwan-spoke/subnets/mines-fabric-aci-snet"
            ],
            "tags": {
              "application_environment": "dev",
              "client_code": "",
              "deployment_automation": "Terraform",
              "deployment_automation_version": "v0.1",
              "expense_authority": "",
              "information_security_classification": "protected_e",
              "ministry_name_prefix": "citz",
              "program_area": "permitting",
              "project_number": "",
              "responsibility_centre": "",
              "service_line": ""
            },
            "timeouts": null,
            "zones": []
          },
          "sensitive_attributes": [
            [
              {
                "type": "get_attr",
                "value": "container"
              },
              {
                "type": "index",
                "value": {
                  "value": 0,
                  "type": "number"
                }
              },
              {
                "type": "get_attr",
                "value": "secure_environment_variables"
              }
            ]
          ],
          "private": "eyJlMmJmYjczMC1lY2FhLTExZTYtOGY4OC0zNDM2M2JjN2M0YzAiOnsiY3JlYXRlIjozNjAwMDAwMDAwMDAwLCJkZWxldGUiOjE4MDAwMDAwMDAwMDAsInJlYWQiOjMwMDAwMDAwMDAwMCwidXBkYXRlIjoxODAwMDAwMDAwMDAwfX0=",
          "dependencies": [
            "azurerm_private_endpoint.kv",
            "module.key_vault_adf.azurerm_key_vault.kv",
            "module.key_vault_adf.azurerm_private_endpoint.kv",
            "module.key_vault_adf.azurerm_role_assignment.additional",
            "module.key_vault_adf.azurerm_role_assignment.app",
            "module.key_vault_adf.azurerm_role_assignment.self_user_access_admin_kv",
            "module.key_vault_adf.data.azurerm_client_config.current",
            "module.resource_group_adf.azurerm_resource_group.rg",
            "module.resource_group_adf.data.azurerm_client_config.current",
            "module.resource_group_adf.data.azurerm_resources.existing_resource_groups",
            "module.subnets.azapi_resource.subnet",
            "module.subnets.azurerm_network_security_group.this",
            "module.subnets.azurerm_network_security_rule.custom",
            "module.subnets.data.azurerm_subnet.existing",
            "module.subnets.data.azurerm_virtual_network.vnet",
            "module.subnets.data.external.cidr"
          ]
        }
      ]
    },
    {
      "module": "module.warehouse_mds_connection",
      "mode": "data",
      "type": "local_file",
      "name": "connection_id",
      "provider": "provider[\"registry.terraform.io/hashicorp/local\"]",
      "instances": [
        {
          "schema_version": 0,
          "attributes": {
            "content": "586bcc06-4cf2-4a33-93c0-f1d1b4cd9420",
            "content_base64": "NTg2YmNjMDYtNGNmMi00YTMzLTkzYzAtZjFkMWI0Y2Q5NDIw",
            "content_base64sha256": "UuY3UD6qBRQZ7WUe7tzoINHLjBFQLYX54BjC4rJ0Ohg=",
            "content_base64sha512": "tR1Af1gkRdcX2Siu2WDrN9HNLVDEGXSlGYpwBmGgEVJ/5z8xYBZp8FWA7aIxmTJahrz6+NNsobpzvPFh8U7QoA==",
            "content_md5": "c23dd1ee9f142772fcaaf60828220b8d",
            "content_sha1": "298922dc17ddd3fdacd032279fdea6817716d404",
            "content_sha256": "52e637503eaa051419ed651eeedce820d1cb8c11502d85f9e018c2e2b2743a18",
            "content_sha512": "b51d407f582445d717d928aed960eb37d1cd2d50c41974a5198a700661a011527fe73f31601669f05580eda23199325a86bcfaf8d36ca1ba73bcf161f14ed0a0",
            "filename": "/tmp/fabric_conn_warehouse-mines-data-platform.txt",
            "id": "298922dc17ddd3fdacd032279fdea6817716d404"
          },
          "sensitive_attributes": []
        }
      ]
    },
    {
      "module": "module.warehouse_mds_connection",
      "mode": "managed",
      "type": "null_resource",
      "name": "connection_role_assignment",
      "provider": "provider[\"registry.terraform.io/hashicorp/null\"]",
      "instances": [
        {
          "index_key": "b0bf68e8-4e08-433c-8903-19b2fec4cc20",
          "schema_version": 0,
          "attributes": {
            "id": "792438492730047160",
            "triggers": {
              "connection_id": "586bcc06-4cf2-4a33-93c0-f1d1b4cd9420",
              "principal_id": "b0bf68e8-4e08-433c-8903-19b2fec4cc20"
            }
          },
          "sensitive_attributes": [],
          "dependencies": [
            "module.warehouse_mds_connection.data.local_file.connection_id",
            "module.warehouse_mds_connection.null_resource.fabric_connection"
          ]
        }
      ]
    },
    {
      "module": "module.warehouse_mds_connection",
      "mode": "managed",
      "type": "null_resource",
      "name": "fabric_connection",
      "provider": "provider[\"registry.terraform.io/hashicorp/null\"]",
      "instances": [
        {
          "schema_version": 0,
          "attributes": {
            "id": "534696721708064391",
            "triggers": {
              "connection_type": "Warehouse",
              "display_name": "warehouse-mines-data-platform",
              "password_version": "1",
              "request_hash": "7566946953dd3e48409e64aed6debc634ad48e03f3eb1e3682e42d92849091f1"
            }
          },
          "sensitive_attributes": [
            [
              {
                "type": "get_attr",
                "value": "triggers"
              },
              {
                "type": "index",
                "value": {
                  "value": "request_hash",
                  "type": "string"
                }
              }
            ]
          ]
        }
      ]
    }
  ],
  "check_results": [
    {
      "object_kind": "var",
      "config_addr": "module.fabric_workspace_01.var.identity_type",
      "status": "pass",
      "objects": [
        {
          "object_addr": "module.fabric_workspace_01.var.identity_type",
          "status": "pass"
        }
      ]
    },
    {
      "object_kind": "var",
      "config_addr": "module.warehouse_mds_connection.var.connection_type",
      "status": "pass",
      "objects": [
        {
          "object_addr": "module.warehouse_mds_connection.var.connection_type",
          "status": "pass"
        }
      ]
    },
    {
      "object_kind": "var",
      "config_addr": "module.warehouse_mds_connection.var.connectivity_type",
      "status": "pass",
      "objects": [
        {
          "object_addr": "module.warehouse_mds_connection.var.connectivity_type",
          "status": "pass"
        }
      ]
    },
    {
      "object_kind": "var",
      "config_addr": "module.warehouse_mds_connection.var.connection_encryption",
      "status": "pass",
      "objects": [
        {
          "object_addr": "module.warehouse_mds_connection.var.connection_encryption",
          "status": "pass"
        }
      ]
    },
    {
      "object_kind": "var",
      "config_addr": "module.warehouse_mds_connection.var.privacy_level",
      "status": "pass",
      "objects": [
        {
          "object_addr": "module.warehouse_mds_connection.var.privacy_level",
          "status": "pass"
        }
      ]
    },
    {
      "object_kind": "var",
      "config_addr": "module.fabric_data_gateway_01.var.role_assignments",
      "status": "pass",
      "objects": [
        {
          "object_addr": "module.fabric_data_gateway_01.var.role_assignments",
          "status": "pass"
        }
      ]
    },
    {
      "object_kind": "var",
      "config_addr": "module.fabric_data_gateway_01.var.inactivity_minutes_before_sleep",
      "status": "pass",
      "objects": [
        {
          "object_addr": "module.fabric_data_gateway_01.var.inactivity_minutes_before_sleep",
          "status": "pass"
        }
      ]
    },
    {
      "object_kind": "var",
      "config_addr": "module.fabric_data_gateway_01.var.number_of_member_gateways",
      "status": "pass",
      "objects": [
        {
          "object_addr": "module.fabric_data_gateway_01.var.number_of_member_gateways",
          "status": "pass"
        }
      ]
    }
  ]
}
