{
  "version": 4,
  "terraform_version": "1.11.4",
  "serial": 129,
  "lineage": "f25e7e32-95ea-e380-c31d-d91b8071ce67",
  "outputs": {
    "fabric_data_gateway_id": {
      "value": "efa3cb40-cd31-45d5-9331-6d2c7af840f0",
      "type": "string"
    },
    "fabric_data_gateway_name": {
      "value": "mcm-mdp-fabricgw1-dev",
      "type": "string"
    },
    "pipeline_bronze_to_gold_id": {
      "value": "0ebd01c5-7db6-447e-9234-d1ad55e57140",
      "type": "string"
    },
    "pipeline_schedule_ids": {
      "value": {
        "pl_ingest_mds": "e710bd5b-fc56-4f26-bfbb-fb6a7bbe144c",
        "pl_ingest_mto": "dd66f1ac-86ce-4906-9f4d-e709f7481316"
      },
      "type": [
        "object",
        {
          "pl_ingest_mds": "string",
          "pl_ingest_mto": "string"
        }
      ]
    }
  },
  "resources": [
    {
      "mode": "data",
      "type": "fabric_folders",
      "name": "existing",
      "provider": "provider[\"registry.terraform.io/microsoft/fabric\"].auth",
      "instances": [
        {
          "schema_version": 0,
          "attributes": {
            "recursive": false,
            "root_folder_id": null,
            "timeouts": null,
            "values": [
              {
                "display_name": "lakehouses",
                "id": "dcf2c362-24e8-40fd-ad97-f7462283d888",
                "parent_folder_id": null,
                "workspace_id": "475a3e70-610e-49ae-be54-dd2c31167535"
              },
              {
                "display_name": "notebooks",
                "id": "7b98e253-3a2a-452c-b885-bdb3e69bffb1",
                "parent_folder_id": null,
                "workspace_id": "475a3e70-610e-49ae-be54-dd2c31167535"
              },
              {
                "display_name": "pipelines",
                "id": "ef676256-d800-4cd4-826b-0cbb4326d908",
                "parent_folder_id": null,
                "workspace_id": "475a3e70-610e-49ae-be54-dd2c31167535"
              },
              {
                "display_name": "reports",
                "id": "835c8873-53d1-494f-a5fd-30f054270c4f",
                "parent_folder_id": null,
                "workspace_id": "475a3e70-610e-49ae-be54-dd2c31167535"
              },
              {
                "display_name": "semantic-models",
                "id": "3ae4905d-099f-4f86-8121-3af171acf67e",
                "parent_folder_id": null,
                "workspace_id": "475a3e70-610e-49ae-be54-dd2c31167535"
              },
              {
                "display_name": "variable-libraries",
                "id": "da69a59a-cf9f-4539-9b2d-1befdd53bdfa",
                "parent_folder_id": null,
                "workspace_id": "475a3e70-610e-49ae-be54-dd2c31167535"
              },
              {
                "display_name": "warehouses",
                "id": "8c1eb1e7-4b65-4259-a661-c2080e204acc",
                "parent_folder_id": null,
                "workspace_id": "475a3e70-610e-49ae-be54-dd2c31167535"
              }
            ],
            "workspace_id": "475a3e70-610e-49ae-be54-dd2c31167535"
          },
          "sensitive_attributes": []
        }
      ]
    },
    {
      "mode": "data",
      "type": "fabric_notebook",
      "name": "bronze_to_gold",
      "provider": "provider[\"registry.terraform.io/microsoft/fabric\"].auth",
      "instances": [
        {
          "index_key": "nb_bronze_load",
          "schema_version": 0,
          "attributes": {
            "definition": null,
            "description": "",
            "display_name": "nb_bronze_load",
            "folder_id": "7b98e253-3a2a-452c-b885-bdb3e69bffb1",
            "format": null,
            "id": "f4fe877d-37f2-4c2f-9c39-56f9c7fe394a",
            "output_definition": null,
            "timeouts": null,
            "workspace_id": "475a3e70-610e-49ae-be54-dd2c31167535"
          },
          "sensitive_attributes": []
        },
        {
          "index_key": "nb_gold_orchestrator",
          "schema_version": 0,
          "attributes": {
            "definition": null,
            "description": "",
            "display_name": "nb_gold_orchestrator",
            "folder_id": "7b98e253-3a2a-452c-b885-bdb3e69bffb1",
            "format": null,
            "id": "993d7779-bb14-4a3f-9335-142f76c43f93",
            "output_definition": null,
            "timeouts": null,
            "workspace_id": "475a3e70-610e-49ae-be54-dd2c31167535"
          },
          "sensitive_attributes": []
        },
        {
          "index_key": "nb_refresh_gold_models",
          "schema_version": 0,
          "attributes": {
            "definition": null,
            "description": "Full refresh of the Gold semantic models after the Gold build. Last step of pl_bronze_to_gold.",
            "display_name": "nb_refresh_gold_models",
            "folder_id": "7b98e253-3a2a-452c-b885-bdb3e69bffb1",
            "format": null,
            "id": "90c732f7-233a-433f-b3a2-3bcd5404fe3c",
            "output_definition": null,
            "timeouts": null,
            "workspace_id": "475a3e70-610e-49ae-be54-dd2c31167535"
          },
          "sensitive_attributes": []
        },
        {
          "index_key": "nb_silver_build",
          "schema_version": 0,
          "attributes": {
            "definition": null,
            "description": "",
            "display_name": "nb_silver_build",
            "folder_id": "7b98e253-3a2a-452c-b885-bdb3e69bffb1",
            "format": null,
            "id": "d3371de5-497b-4b15-adee-d7931d50bdb9",
            "output_definition": null,
            "timeouts": null,
            "workspace_id": "475a3e70-610e-49ae-be54-dd2c31167535"
          },
          "sensitive_attributes": []
        },
        {
          "index_key": "nb_silver_registry",
          "schema_version": 0,
          "attributes": {
            "definition": null,
            "description": "",
            "display_name": "nb_silver_registry",
            "folder_id": "7b98e253-3a2a-452c-b885-bdb3e69bffb1",
            "format": null,
            "id": "5f7aa348-f7e8-4fc9-8f3f-cad6bb619ad8",
            "output_definition": null,
            "timeouts": null,
            "workspace_id": "475a3e70-610e-49ae-be54-dd2c31167535"
          },
          "sensitive_attributes": []
        }
      ]
    },
    {
      "mode": "managed",
      "type": "fabric_data_pipeline",
      "name": "bronze_to_gold",
      "provider": "provider[\"registry.terraform.io/microsoft/fabric\"].auth",
      "instances": [
        {
          "schema_version": 0,
          "attributes": {
            "definition": {
              "pipeline-content.json": {
                "parameters": null,
                "processing_mode": "GoTemplate",
                "source": "./pl_bronze_to_gold.json.tpl",
                "source_content_sha256": "3b151b121533ecbbca13620e71ae5bb6191be19372ee2529accec0f52a42fb9e",
                "tokens": {
                  "nb_bronze_load": "f4fe877d-37f2-4c2f-9c39-56f9c7fe394a",
                  "nb_gold_orchestrator": "993d7779-bb14-4a3f-9335-142f76c43f93",
                  "nb_refresh_gold_models": "90c732f7-233a-433f-b3a2-3bcd5404fe3c",
                  "nb_silver_build": "d3371de5-497b-4b15-adee-d7931d50bdb9",
                  "nb_silver_registry": "5f7aa348-f7e8-4fc9-8f3f-cad6bb619ad8",
                  "workspace_id": "475a3e70-610e-49ae-be54-dd2c31167535"
                },
                "tokens_delimiter": "{{}}"
              }
            },
            "definition_update_enabled": true,
            "description": "Bronze → silver → gold → Gold model refresh. Started when pl_ingest_mds succeeds.",
            "display_name": "pl_bronze_to_gold",
            "folder_id": "ef676256-d800-4cd4-826b-0cbb4326d908",
            "format": "Default",
            "id": "0ebd01c5-7db6-447e-9234-d1ad55e57140",
            "timeouts": null,
            "workspace_id": "475a3e70-610e-49ae-be54-dd2c31167535"
          },
          "sensitive_attributes": [],
          "dependencies": [
            "data.fabric_capacity.by_name",
            "data.fabric_folders.existing",
            "data.fabric_notebook.bronze_to_gold",
            "fabric_folder.item_folders",
            "module.fabric_workspace_01.fabric_workspace.this"
          ]
        }
      ]
    },
    {
      "mode": "managed",
      "type": "time_sleep",
      "name": "wait_for_subnet_delegation",
      "provider": "provider[\"registry.terraform.io/hashicorp/time\"]",
      "instances": [
        {
          "schema_version": 0,
          "attributes": {
            "create_duration": "120s",
            "destroy_duration": null,
            "id": "2026-07-22T18:57:21Z",
            "triggers": null
          },
          "sensitive_attributes": [],
          "dependencies": [
            "azurerm_resource_provider_registration.power_platform",
            "module.fabric_gw_subnet.azapi_resource.subnet",
            "module.fabric_gw_subnet.azurerm_network_security_group.this",
            "module.fabric_gw_subnet.azurerm_network_security_rule.custom",
            "module.fabric_gw_subnet.data.azurerm_subnet.existing",
            "module.fabric_gw_subnet.data.azurerm_virtual_network.vnet",
            "module.fabric_gw_subnet.data.external.cidr"
          ]
        }
      ]
    },
    {
      "module": "module.fabric_data_gateway_01",
      "mode": "managed",
      "type": "fabric_gateway",
      "name": "this",
      "provider": "provider[\"registry.terraform.io/microsoft/fabric\"].auth",
      "instances": [
        {
          "schema_version": 0,
          "attributes": {
            "allow_cloud_connection_refresh": null,
            "allow_custom_connectors": null,
            "capacity_id": "198C68F4-8402-45B9-8010-BDE58A729DDF",
            "display_name": "mcm-mdp-fabricgw1-dev",
            "id": "efa3cb40-cd31-45d5-9331-6d2c7af840f0",
            "inactivity_minutes_before_sleep": 30,
            "load_balancing_setting": null,
            "number_of_member_gateways": 1,
            "public_key": null,
            "timeouts": {
              "create": "30m",
              "delete": "30m",
              "read": "5m",
              "update": "30m"
            },
            "type": "VirtualNetwork",
            "version": null,
            "virtual_network_azure_resource": {
              "resource_group_name": "ef74b0-dev-networking",
              "subnet_name": "mcm-mdp-gw-snet-dev01",
              "subscription_id": "53205a1b-0f8d-459e-a424-65f1b39ec648",
              "virtual_network_name": "ef74b0-dev-vwan-spoke"
            }
          },
          "sensitive_attributes": [],
          "dependencies": [
            "azurerm_resource_provider_registration.power_platform",
            "data.fabric_capacity.by_name",
            "module.fabric_gw_subnet.azapi_resource.subnet",
            "module.fabric_gw_subnet.azurerm_network_security_group.this",
            "module.fabric_gw_subnet.azurerm_network_security_rule.custom",
            "module.fabric_gw_subnet.data.azurerm_subnet.existing",
            "module.fabric_gw_subnet.data.azurerm_virtual_network.vnet",
            "module.fabric_gw_subnet.data.external.cidr",
            "time_sleep.wait_for_subnet_delegation"
          ]
        }
      ]
    },
    {
      "module": "module.fabric_data_gateway_01",
      "mode": "managed",
      "type": "fabric_gateway_role_assignment",
      "name": "this",
      "provider": "provider[\"registry.terraform.io/microsoft/fabric\"].auth",
      "instances": [
        {
          "index_key": "19cb2a65-1dd6-482f-b488-77df57de4902",
          "schema_version": 0,
          "attributes": {
            "gateway_id": "efa3cb40-cd31-45d5-9331-6d2c7af840f0",
            "id": "19cb2a65-1dd6-482f-b488-77df57de4902",
            "principal": {
              "id": "19cb2a65-1dd6-482f-b488-77df57de4902",
              "type": "User"
            },
            "role": "Admin",
            "timeouts": null
          },
          "sensitive_attributes": [],
          "dependencies": [
            "azurerm_resource_provider_registration.power_platform",
            "data.fabric_capacity.by_name",
            "module.fabric_data_gateway_01.fabric_gateway.this",
            "module.fabric_gw_subnet.azapi_resource.subnet",
            "module.fabric_gw_subnet.azurerm_network_security_group.this",
            "module.fabric_gw_subnet.azurerm_network_security_rule.custom",
            "module.fabric_gw_subnet.data.azurerm_subnet.existing",
            "module.fabric_gw_subnet.data.azurerm_virtual_network.vnet",
            "module.fabric_gw_subnet.data.external.cidr",
            "time_sleep.wait_for_subnet_delegation"
          ]
        },
        {
          "index_key": "71a5bb67-14d7-40fe-8f3e-47120f2e32d3",
          "schema_version": 0,
          "attributes": {
            "gateway_id": "efa3cb40-cd31-45d5-9331-6d2c7af840f0",
            "id": "71a5bb67-14d7-40fe-8f3e-47120f2e32d3",
            "principal": {
              "id": "71a5bb67-14d7-40fe-8f3e-47120f2e32d3",
              "type": "User"
            },
            "role": "Admin",
            "timeouts": null
          },
          "sensitive_attributes": [],
          "dependencies": [
            "azurerm_resource_provider_registration.power_platform",
            "data.fabric_capacity.by_name",
            "module.fabric_data_gateway_01.fabric_gateway.this",
            "module.fabric_gw_subnet.azapi_resource.subnet",
            "module.fabric_gw_subnet.azurerm_network_security_group.this",
            "module.fabric_gw_subnet.azurerm_network_security_rule.custom",
            "module.fabric_gw_subnet.data.azurerm_subnet.existing",
            "module.fabric_gw_subnet.data.azurerm_virtual_network.vnet",
            "module.fabric_gw_subnet.data.external.cidr",
            "time_sleep.wait_for_subnet_delegation"
          ]
        },
        {
          "index_key": "b0bf68e8-4e08-433c-8903-19b2fec4cc20",
          "schema_version": 0,
          "attributes": {
            "gateway_id": "efa3cb40-cd31-45d5-9331-6d2c7af840f0",
            "id": "b0bf68e8-4e08-433c-8903-19b2fec4cc20",
            "principal": {
              "id": "b0bf68e8-4e08-433c-8903-19b2fec4cc20",
              "type": "User"
            },
            "role": "Admin",
            "timeouts": null
          },
          "sensitive_attributes": [],
          "dependencies": [
            "azurerm_resource_provider_registration.power_platform",
            "data.fabric_capacity.by_name",
            "module.fabric_data_gateway_01.fabric_gateway.this",
            "module.fabric_gw_subnet.azapi_resource.subnet",
            "module.fabric_gw_subnet.azurerm_network_security_group.this",
            "module.fabric_gw_subnet.azurerm_network_security_rule.custom",
            "module.fabric_gw_subnet.data.azurerm_subnet.existing",
            "module.fabric_gw_subnet.data.azurerm_virtual_network.vnet",
            "module.fabric_gw_subnet.data.external.cidr",
            "time_sleep.wait_for_subnet_delegation"
          ]
        },
        {
          "index_key": "d7a27896-3a20-4678-b8c6-3c7cebdbc4ec",
          "schema_version": 0,
          "attributes": {
            "gateway_id": "efa3cb40-cd31-45d5-9331-6d2c7af840f0",
            "id": "d7a27896-3a20-4678-b8c6-3c7cebdbc4ec",
            "principal": {
              "id": "d7a27896-3a20-4678-b8c6-3c7cebdbc4ec",
              "type": "User"
            },
            "role": "Admin",
            "timeouts": null
          },
          "sensitive_attributes": [],
          "dependencies": [
            "azurerm_resource_provider_registration.power_platform",
            "data.fabric_capacity.by_name",
            "module.fabric_data_gateway_01.fabric_gateway.this",
            "module.fabric_gw_subnet.azapi_resource.subnet",
            "module.fabric_gw_subnet.azurerm_network_security_group.this",
            "module.fabric_gw_subnet.azurerm_network_security_rule.custom",
            "module.fabric_gw_subnet.data.azurerm_subnet.existing",
            "module.fabric_gw_subnet.data.azurerm_virtual_network.vnet",
            "module.fabric_gw_subnet.data.external.cidr",
            "time_sleep.wait_for_subnet_delegation"
          ]
        }
      ]
    },
    {
      "module": "module.fabric_gw_subnet",
      "mode": "data",
      "type": "azurerm_subnet",
      "name": "existing",
      "provider": "provider[\"registry.terraform.io/hashicorp/azurerm\"]",
      "instances": [
        {
          "index_key": "AzureBastionSubnet",
          "schema_version": 0,
          "attributes": {
            "address_prefix": "",
            "address_prefixes": [
              "10.46.21.64/26"
            ],
            "default_outbound_access_enabled": true,
            "id": "/subscriptions/53205a1b-0f8d-459e-a424-65f1b39ec648/resourceGroups/ef74b0-dev-networking/providers/Microsoft.Network/virtualNetworks/ef74b0-dev-vwan-spoke/subnets/AzureBastionSubnet",
            "name": "AzureBastionSubnet",
            "network_security_group_id": "/subscriptions/53205a1b-0f8d-459e-a424-65f1b39ec648/resourceGroups/ef74b0-dev-networking/providers/Microsoft.Network/networkSecurityGroups/nsg-AzureBastionSubnet",
            "private_endpoint_network_policies": "Disabled",
            "private_link_service_network_policies_enabled": true,
            "resource_group_name": "ef74b0-dev-networking",
            "route_table_id": "",
            "service_endpoints": [
              "Microsoft.Storage"
            ],
            "timeouts": null,
            "virtual_network_name": "ef74b0-dev-vwan-spoke"
          },
          "sensitive_attributes": []
        },
        {
          "index_key": "cloudshellsubnet",
          "schema_version": 0,
          "attributes": {
            "address_prefix": "10.46.21.128/28",
            "address_prefixes": [
              "10.46.21.128/28"
            ],
            "default_outbound_access_enabled": true,
            "id": "/subscriptions/53205a1b-0f8d-459e-a424-65f1b39ec648/resourceGroups/ef74b0-dev-networking/providers/Microsoft.Network/virtualNetworks/ef74b0-dev-vwan-spoke/subnets/cloudshellsubnet",
            "name": "cloudshellsubnet",
            "network_security_group_id": "/subscriptions/53205a1b-0f8d-459e-a424-65f1b39ec648/resourceGroups/ef74b0-dev-networking/providers/Microsoft.Network/networkSecurityGroups/private-cloudshell",
            "private_endpoint_network_policies": "Disabled",
            "private_link_service_network_policies_enabled": true,
            "resource_group_name": "ef74b0-dev-networking",
            "route_table_id": "",
            "service_endpoints": [
              "Microsoft.Storage"
            ],
            "timeouts": null,
            "virtual_network_name": "ef74b0-dev-vwan-spoke"
          },
          "sensitive_attributes": []
        },
        {
          "index_key": "default",
          "schema_version": 0,
          "attributes": {
            "address_prefix": "",
            "address_prefixes": [
              "10.46.21.0/27"
            ],
            "default_outbound_access_enabled": true,
            "id": "/subscriptions/53205a1b-0f8d-459e-a424-65f1b39ec648/resourceGroups/ef74b0-dev-networking/providers/Microsoft.Network/virtualNetworks/ef74b0-dev-vwan-spoke/subnets/default",
            "name": "default",
            "network_security_group_id": "/subscriptions/53205a1b-0f8d-459e-a424-65f1b39ec648/resourceGroups/ef74b0-dev-networking/providers/Microsoft.Network/networkSecurityGroups/nsg-default",
            "private_endpoint_network_policies": "Disabled",
            "private_link_service_network_policies_enabled": true,
            "resource_group_name": "ef74b0-dev-networking",
            "route_table_id": "",
            "service_endpoints": [
              "Microsoft.Sql",
              "Microsoft.Storage"
            ],
            "timeouts": null,
            "virtual_network_name": "ef74b0-dev-vwan-spoke"
          },
          "sensitive_attributes": []
        },
        {
          "index_key": "mcm-mdp-gw-snet-dev01",
          "schema_version": 0,
          "attributes": {
            "address_prefix": "",
            "address_prefixes": [
              "10.46.21.224/28"
            ],
            "default_outbound_access_enabled": true,
            "id": "/subscriptions/53205a1b-0f8d-459e-a424-65f1b39ec648/resourceGroups/ef74b0-dev-networking/providers/Microsoft.Network/virtualNetworks/ef74b0-dev-vwan-spoke/subnets/mcm-mdp-gw-snet-dev01",
            "name": "mcm-mdp-gw-snet-dev01",
            "network_security_group_id": "/subscriptions/53205a1b-0f8d-459e-a424-65f1b39ec648/resourceGroups/ef74b0-dev-networking/providers/Microsoft.Network/networkSecurityGroups/mcm-mdp-gw-snet-dev01-nsg",
            "private_endpoint_network_policies": "Disabled",
            "private_link_service_network_policies_enabled": true,
            "resource_group_name": "ef74b0-dev-networking",
            "route_table_id": "",
            "service_endpoints": [],
            "timeouts": null,
            "virtual_network_name": "ef74b0-dev-vwan-spoke"
          },
          "sensitive_attributes": []
        },
        {
          "index_key": "mines-fabric-aci-snet",
          "schema_version": 0,
          "attributes": {
            "address_prefix": "",
            "address_prefixes": [
              "10.46.21.192/27"
            ],
            "default_outbound_access_enabled": true,
            "id": "/subscriptions/53205a1b-0f8d-459e-a424-65f1b39ec648/resourceGroups/ef74b0-dev-networking/providers/Microsoft.Network/virtualNetworks/ef74b0-dev-vwan-spoke/subnets/mines-fabric-aci-snet",
            "name": "mines-fabric-aci-snet",
            "network_security_group_id": "/subscriptions/53205a1b-0f8d-459e-a424-65f1b39ec648/resourceGroups/ef74b0-dev-networking/providers/Microsoft.Network/networkSecurityGroups/mines-fabric-aci-snet-nsg",
            "private_endpoint_network_policies": "Disabled",
            "private_link_service_network_policies_enabled": true,
            "resource_group_name": "ef74b0-dev-networking",
            "route_table_id": "",
            "service_endpoints": [],
            "timeouts": null,
            "virtual_network_name": "ef74b0-dev-vwan-spoke"
          },
          "sensitive_attributes": []
        },
        {
          "index_key": "mines-fabric-gw-snet",
          "schema_version": 0,
          "attributes": {
            "address_prefix": "",
            "address_prefixes": [
              "10.46.21.176/28"
            ],
            "default_outbound_access_enabled": true,
            "id": "/subscriptions/53205a1b-0f8d-459e-a424-65f1b39ec648/resourceGroups/ef74b0-dev-networking/providers/Microsoft.Network/virtualNetworks/ef74b0-dev-vwan-spoke/subnets/mines-fabric-gw-snet",
            "name": "mines-fabric-gw-snet",
            "network_security_group_id": "/subscriptions/53205a1b-0f8d-459e-a424-65f1b39ec648/resourceGroups/ef74b0-dev-networking/providers/Microsoft.Network/networkSecurityGroups/mines-fabric-gw-snet-nsg",
            "private_endpoint_network_policies": "Disabled",
            "private_link_service_network_policies_enabled": true,
            "resource_group_name": "ef74b0-dev-networking",
            "route_table_id": "",
            "service_endpoints": [],
            "timeouts": null,
            "virtual_network_name": "ef74b0-dev-vwan-spoke"
          },
          "sensitive_attributes": []
        },
        {
          "index_key": "mines-fabric-pe-snet",
          "schema_version": 0,
          "attributes": {
            "address_prefix": "",
            "address_prefixes": [
              "10.46.21.48/28"
            ],
            "default_outbound_access_enabled": true,
            "id": "/subscriptions/53205a1b-0f8d-459e-a424-65f1b39ec648/resourceGroups/ef74b0-dev-networking/providers/Microsoft.Network/virtualNetworks/ef74b0-dev-vwan-spoke/subnets/mines-fabric-pe-snet",
            "name": "mines-fabric-pe-snet",
            "network_security_group_id": "/subscriptions/53205a1b-0f8d-459e-a424-65f1b39ec648/resourceGroups/ef74b0-dev-networking/providers/Microsoft.Network/networkSecurityGroups/mines-fabric-pe-snet-nsg",
            "private_endpoint_network_policies": "Disabled",
            "private_link_service_network_policies_enabled": true,
            "resource_group_name": "ef74b0-dev-networking",
            "route_table_id": "",
            "service_endpoints": [],
            "timeouts": null,
            "virtual_network_name": "ef74b0-dev-vwan-spoke"
          },
          "sensitive_attributes": []
        },
        {
          "index_key": "relaysubnet",
          "schema_version": 0,
          "attributes": {
            "address_prefix": "10.46.21.144/28",
            "address_prefixes": [
              "10.46.21.144/28"
            ],
            "default_outbound_access_enabled": true,
            "id": "/subscriptions/53205a1b-0f8d-459e-a424-65f1b39ec648/resourceGroups/ef74b0-dev-networking/providers/Microsoft.Network/virtualNetworks/ef74b0-dev-vwan-spoke/subnets/relaysubnet",
            "name": "relaysubnet",
            "network_security_group_id": "/subscriptions/53205a1b-0f8d-459e-a424-65f1b39ec648/resourceGroups/ef74b0-dev-networking/providers/Microsoft.Network/networkSecurityGroups/private-cloudshell-relay",
            "private_endpoint_network_policies": "Disabled",
            "private_link_service_network_policies_enabled": true,
            "resource_group_name": "ef74b0-dev-networking",
            "route_table_id": "",
            "service_endpoints": [
              "Microsoft.Storage"
            ],
            "timeouts": null,
            "virtual_network_name": "ef74b0-dev-vwan-spoke"
          },
          "sensitive_attributes": []
        },
        {
          "index_key": "snet-agw-dev-ca",
          "schema_version": 0,
          "attributes": {
            "address_prefix": "",
            "address_prefixes": [
              "10.46.21.32/28"
            ],
            "default_outbound_access_enabled": true,
            "id": "/subscriptions/53205a1b-0f8d-459e-a424-65f1b39ec648/resourceGroups/ef74b0-dev-networking/providers/Microsoft.Network/virtualNetworks/ef74b0-dev-vwan-spoke/subnets/snet-agw-dev-ca",
            "name": "snet-agw-dev-ca",
            "network_security_group_id": "/subscriptions/53205a1b-0f8d-459e-a424-65f1b39ec648/resourceGroups/mahyar-dev/providers/Microsoft.Network/networkSecurityGroups/nsg-agw-mdp-dev-ca",
            "private_endpoint_network_policies": "Disabled",
            "private_link_service_network_policies_enabled": true,
            "resource_group_name": "ef74b0-dev-networking",
            "route_table_id": "",
            "service_endpoints": [
              "Microsoft.Storage"
            ],
            "timeouts": null,
            "virtual_network_name": "ef74b0-dev-vwan-spoke"
          },
          "sensitive_attributes": []
        },
        {
          "index_key": "storagesubnet",
          "schema_version": 0,
          "attributes": {
            "address_prefix": "10.46.21.160/28",
            "address_prefixes": [
              "10.46.21.160/28"
            ],
            "default_outbound_access_enabled": true,
            "id": "/subscriptions/53205a1b-0f8d-459e-a424-65f1b39ec648/resourceGroups/ef74b0-dev-networking/providers/Microsoft.Network/virtualNetworks/ef74b0-dev-vwan-spoke/subnets/storagesubnet",
            "name": "storagesubnet",
            "network_security_group_id": "/subscriptions/53205a1b-0f8d-459e-a424-65f1b39ec648/resourceGroups/ef74b0-dev-networking/providers/Microsoft.Network/networkSecurityGroups/private-cloudshell-storage",
            "private_endpoint_network_policies": "Disabled",
            "private_link_service_network_policies_enabled": true,
            "resource_group_name": "ef74b0-dev-networking",
            "route_table_id": "",
            "service_endpoints": [
              "Microsoft.Storage"
            ],
            "timeouts": null,
            "virtual_network_name": "ef74b0-dev-vwan-spoke"
          },
          "sensitive_attributes": []
        }
      ]
    },
    {
      "module": "module.fabric_gw_subnet",
      "mode": "data",
      "type": "azurerm_virtual_network",
      "name": "vnet",
      "provider": "provider[\"registry.terraform.io/hashicorp/azurerm\"]",
      "instances": [
        {
          "schema_version": 0,
          "attributes": {
            "address_space": [
              "10.46.21.0/24"
            ],
            "dns_servers": [
              "10.53.244.4"
            ],
            "guid": "2b7b169f-baa2-4c14-af2a-546bf70b25d6",
            "id": "/subscriptions/53205a1b-0f8d-459e-a424-65f1b39ec648/resourceGroups/ef74b0-dev-networking/providers/Microsoft.Network/virtualNetworks/ef74b0-dev-vwan-spoke",
            "location": "canadacentral",
            "name": "ef74b0-dev-vwan-spoke",
            "resource_group_name": "ef74b0-dev-networking",
            "subnets": [
              "AzureBastionSubnet",
              "default",
              "relaysubnet",
              "storagesubnet",
              "cloudshellsubnet",
              "snet-agw-dev-ca",
              "mines-fabric-aci-snet",
              "mines-fabric-pe-snet",
              "mines-fabric-gw-snet",
              "mcm-mdp-gw-snet-dev01"
            ],
            "tags": {
              "deployedBy": "azure-lz-vending-live"
            },
            "timeouts": null,
            "vnet_peerings": {
              "LZ-to-v1": "/subscriptions/be5c5c2b-d7e6-4940-ae15-37d7ef061283/resourceGroups/CLNPD1-ZCACN-RGP-EMLI-MDSreporting/providers/Microsoft.Network/virtualNetworks/vnet01",
              "RemoteVnetToHubPeering_248fea99-6c92-49fe-9f94-e804706a4074": "/subscriptions/e8d8ef98-c03d-4606-9854-e365453d88f3/resourceGroups/RG_bcgov-managed-lz-live-hub-canadacentral_a76c722f-6cc3-4220-aeaa-ed3824da42ff/providers/Microsoft.Network/virtualNetworks/HV_bcgov-managed-lz-liv_d3392fd0-0782-45c9-8989-87d98fbfcaef"
            },
            "vnet_peerings_addresses": [
              "10.53.240.0/20",
              "172.16.0.0/26"
            ]
          },
          "sensitive_attributes": []
        }
      ]
    },
    {
      "module": "module.fabric_gw_subnet",
      "mode": "data",
      "type": "external",
      "name": "cidr",
      "provider": "provider[\"registry.terraform.io/hashicorp/external\"]",
      "instances": [
        {
          "index_key": "mcm-mdp-gw-snet-dev01",
          "schema_version": 0,
          "attributes": {
            "id": "-",
            "program": [
              "python3",
              "../modules/azure/subnet_allocator/next_free_subnet.py"
            ],
            "query": {
              "offset_index": "0",
              "prefix_length": "28",
              "sibling_prefixes": "",
              "used_cidrs": "10.46.21.64/26,10.46.21.128/28,10.46.21.0/27,10.46.21.224/28,10.46.21.192/27,10.46.21.176/28,10.46.21.48/28,10.46.21.144/28,10.46.21.32/28,10.46.21.160/28",
              "vnet_cidr": "10.46.21.0/24"
            },
            "result": {
              "cidr": "10.46.21.240/28"
            },
            "working_dir": null
          },
          "sensitive_attributes": []
        }
      ]
    },
    {
      "module": "module.fabric_gw_subnet",
      "mode": "managed",
      "type": "azapi_resource",
      "name": "subnet",
      "provider": "provider[\"registry.terraform.io/azure/azapi\"]",
      "instances": [
        {
          "index_key": "mcm-mdp-gw-snet-dev01",
          "schema_version": 2,
          "attributes": {
            "body": {
              "value": {
                "properties": {
                  "addressPrefixes": [
                    "10.46.21.224/28"
                  ],
                  "delegations": [
                    {
                      "name": "fabric-gw-delegation",
                      "properties": {
                        "serviceName": "Microsoft.PowerPlatform/vnetaccesslinks"
                      }
                    }
                  ],
                  "networkSecurityGroup": {
                    "id": "/subscriptions/53205a1b-0f8d-459e-a424-65f1b39ec648/resourceGroups/ef74b0-dev-networking/providers/Microsoft.Network/networkSecurityGroups/mcm-mdp-gw-snet-dev01-nsg"
                  },
                  "serviceEndpoints": []
                }
              },
              "type": [
                "object",
                {
                  "properties": [
                    "object",
                    {
                      "addressPrefixes": [
                        "tuple",
                        [
                          "string"
                        ]
                      ],
                      "delegations": [
                        "list",
                        [
                          "object",
                          {
                            "name": "string",
                            "properties": [
                              "object",
                              {
                                "serviceName": "string"
                              }
                            ]
                          }
                        ]
                      ],
                      "networkSecurityGroup": [
                        "object",
                        {
                          "id": "string"
                        }
                      ],
                      "serviceEndpoints": [
                        "tuple",
                        []
                      ]
                    }
                  ]
                }
              ]
            },
            "create_headers": null,
            "create_query_parameters": null,
            "delete_headers": null,
            "delete_query_parameters": null,
            "id": "/subscriptions/53205a1b-0f8d-459e-a424-65f1b39ec648/resourceGroups/ef74b0-dev-networking/providers/Microsoft.Network/virtualNetworks/ef74b0-dev-vwan-spoke/subnets/mcm-mdp-gw-snet-dev01",
            "identity": [],
            "ignore_casing": false,
            "ignore_missing_property": true,
            "location": null,
            "locks": null,
            "name": "mcm-mdp-gw-snet-dev01",
            "output": {
              "value": {
                "etag": "W/\"d37cf0dd-cac5-4434-b87b-fcbe7d75ae74\"",
                "id": "/subscriptions/53205a1b-0f8d-459e-a424-65f1b39ec648/resourceGroups/ef74b0-dev-networking/providers/Microsoft.Network/virtualNetworks/ef74b0-dev-vwan-spoke/subnets/mcm-mdp-gw-snet-dev01",
                "properties": {
                  "addressPrefixes": [
                    "10.46.21.224/28"
                  ],
                  "delegations": [
                    {
                      "etag": "W/\"d37cf0dd-cac5-4434-b87b-fcbe7d75ae74\"",
                      "properties": {
                        "actions": [
                          "Microsoft.Network/virtualNetworks/subnets/join/action"
                        ],
                        "provisioningState": "Succeeded"
                      }
                    }
                  ],
                  "provisioningState": "Succeeded",
                  "serviceAssociationLinks": [
                    {
                      "etag": "W/\"d37cf0dd-cac5-4434-b87b-fcbe7d75ae74\"",
                      "properties": {
                        "provisioningState": "Succeeded"
                      },
                      "type": "Microsoft.Network/virtualNetworks/subnets/serviceAssociationLinks"
                    }
                  ]
                },
                "type": "Microsoft.Network/virtualNetworks/subnets"
              },
              "type": [
                "object",
                {
                  "etag": "string",
                  "id": "string",
                  "properties": [
                    "object",
                    {
                      "addressPrefixes": [
                        "tuple",
                        [
                          "string"
                        ]
                      ],
                      "delegations": [
                        "tuple",
                        [
                          [
                            "object",
                            {
                              "etag": "string",
                              "properties": [
                                "object",
                                {
                                  "actions": [
                                    "tuple",
                                    [
                                      "string"
                                    ]
                                  ],
                                  "provisioningState": "string"
                                }
                              ]
                            }
                          ]
                        ]
                      ],
                      "provisioningState": "string",
                      "serviceAssociationLinks": [
                        "tuple",
                        [
                          [
                            "object",
                            {
                              "etag": "string",
                              "properties": [
                                "object",
                                {
                                  "provisioningState": "string"
                                }
                              ],
                              "type": "string"
                            }
                          ]
                        ]
                      ]
                    }
                  ],
                  "type": "string"
                }
              ]
            },
            "parent_id": "/subscriptions/53205a1b-0f8d-459e-a424-65f1b39ec648/resourceGroups/ef74b0-dev-networking/providers/Microsoft.Network/virtualNetworks/ef74b0-dev-vwan-spoke",
            "read_headers": null,
            "read_query_parameters": null,
            "replace_triggers_external_values": null,
            "replace_triggers_refs": null,
            "response_export_values": null,
            "retry": null,
            "schema_validation_enabled": true,
            "tags": null,
            "timeouts": null,
            "type": "Microsoft.Network/virtualNetworks/subnets@2024-03-01",
            "update_headers": null,
            "update_query_parameters": null
          },
          "sensitive_attributes": [],
          "dependencies": [
            "module.fabric_gw_subnet.azurerm_network_security_group.this",
            "module.fabric_gw_subnet.azurerm_network_security_rule.custom",
            "module.fabric_gw_subnet.data.azurerm_subnet.existing",
            "module.fabric_gw_subnet.data.azurerm_virtual_network.vnet",
            "module.fabric_gw_subnet.data.external.cidr"
          ]
        }
      ]
    },
    {
      "module": "module.fabric_gw_subnet",
      "mode": "managed",
      "type": "azurerm_network_security_group",
      "name": "this",
      "provider": "provider[\"registry.terraform.io/hashicorp/azurerm\"]",
      "instances": [
        {
          "index_key": "mcm-mdp-gw-snet-dev01",
          "schema_version": 0,
          "attributes": {
            "id": "/subscriptions/53205a1b-0f8d-459e-a424-65f1b39ec648/resourceGroups/ef74b0-dev-networking/providers/Microsoft.Network/networkSecurityGroups/mcm-mdp-gw-snet-dev01-nsg",
            "location": "canadacentral",
            "name": "mcm-mdp-gw-snet-dev01-nsg",
            "resource_group_name": "ef74b0-dev-networking",
            "security_rule": [
              {
                "access": "Allow",
                "description": "",
                "destination_address_prefix": "*",
                "destination_address_prefixes": [],
                "destination_application_security_group_ids": [],
                "destination_port_range": "*",
                "destination_port_ranges": [],
                "direction": "Inbound",
                "name": "AllowAzureLoadBalancerInbound",
                "priority": 110,
                "protocol": "*",
                "source_address_prefix": "AzureLoadBalancer",
                "source_address_prefixes": [],
                "source_application_security_group_ids": [],
                "source_port_range": "*",
                "source_port_ranges": []
              },
              {
                "access": "Allow",
                "description": "",
                "destination_address_prefix": "AzureCloud",
                "destination_address_prefixes": [],
                "destination_application_security_group_ids": [],
                "destination_port_range": "443",
                "destination_port_ranges": [],
                "direction": "Outbound",
                "name": "AllowAzureCloudOutbound",
                "priority": 110,
                "protocol": "Tcp",
                "source_address_prefix": "*",
                "source_address_prefixes": [],
                "source_application_security_group_ids": [],
                "source_port_range": "*",
                "source_port_ranges": []
              },
              {
                "access": "Allow",
                "description": "",
                "destination_address_prefix": "VirtualNetwork",
                "destination_address_prefixes": [],
                "destination_application_security_group_ids": [],
                "destination_port_range": "*",
                "destination_port_ranges": [],
                "direction": "Inbound",
                "name": "AllowVnetInbound",
                "priority": 100,
                "protocol": "*",
                "source_address_prefix": "VirtualNetwork",
                "source_address_prefixes": [],
                "source_application_security_group_ids": [],
                "source_port_range": "*",
                "source_port_ranges": []
              },
              {
                "access": "Allow",
                "description": "",
                "destination_address_prefix": "VirtualNetwork",
                "destination_address_prefixes": [],
                "destination_application_security_group_ids": [],
                "destination_port_range": "*",
                "destination_port_ranges": [],
                "direction": "Outbound",
                "name": "AllowVnetOutbound",
                "priority": 100,
                "protocol": "*",
                "source_address_prefix": "VirtualNetwork",
                "source_address_prefixes": [],
                "source_application_security_group_ids": [],
                "source_port_range": "*",
                "source_port_ranges": []
              },
              {
                "access": "Deny",
                "description": "",
                "destination_address_prefix": "*",
                "destination_address_prefixes": [],
                "destination_application_security_group_ids": [],
                "destination_port_range": "*",
                "destination_port_ranges": [],
                "direction": "Inbound",
                "name": "DenyAllInbound",
                "priority": 4096,
                "protocol": "*",
                "source_address_prefix": "*",
                "source_address_prefixes": [],
                "source_application_security_group_ids": [],
                "source_port_range": "*",
                "source_port_ranges": []
              },
              {
                "access": "Deny",
                "description": "",
                "destination_address_prefix": "*",
                "destination_address_prefixes": [],
                "destination_application_security_group_ids": [],
                "destination_port_range": "*",
                "destination_port_ranges": [],
                "direction": "Outbound",
                "name": "DenyAllOutbound",
                "priority": 4096,
                "protocol": "*",
                "source_address_prefix": "*",
                "source_address_prefixes": [],
                "source_application_security_group_ids": [],
                "source_port_range": "*",
                "source_port_ranges": []
              }
            ],
            "tags": {
              "application_environment": "dev",
              "client_code": "",
              "deployment_automation": "Terraform",
              "deployment_automation_version": "v0.1",
              "expense_authority": "",
              "information_security_classification": "protected_e",
              "ministry_name_prefix": "citz",
              "program_area": "permitting",
              "project_number": "",
              "responsibility_centre": "",
              "service_line": ""
            },
            "timeouts": null
          },
          "sensitive_attributes": [],
          "private": "eyJlMmJmYjczMC1lY2FhLTExZTYtOGY4OC0zNDM2M2JjN2M0YzAiOnsiY3JlYXRlIjoxODAwMDAwMDAwMDAwLCJkZWxldGUiOjE4MDAwMDAwMDAwMDAsInJlYWQiOjMwMDAwMDAwMDAwMCwidXBkYXRlIjoxODAwMDAwMDAwMDAwfX0="
        }
      ]
    },
    {
      "module": "module.fabric_gw_subnet",
      "mode": "managed",
      "type": "azurerm_network_security_rule",
      "name": "custom",
      "provider": "provider[\"registry.terraform.io/hashicorp/azurerm\"]",
      "instances": [
        {
          "index_key": "mcm-mdp-gw-snet-dev01-AllowFabricOutbound",
          "schema_version": 0,
          "attributes": {
            "access": "Allow",
            "description": "",
            "destination_address_prefix": "AzureCloud",
            "destination_address_prefixes": null,
            "destination_application_security_group_ids": null,
            "destination_port_range": "443",
            "destination_port_ranges": null,
            "direction": "Outbound",
            "id": "/subscriptions/53205a1b-0f8d-459e-a424-65f1b39ec648/resourceGroups/ef74b0-dev-networking/providers/Microsoft.Network/networkSecurityGroups/mcm-mdp-gw-snet-dev01-nsg/securityRules/AllowFabricOutbound",
            "name": "AllowFabricOutbound",
            "network_security_group_name": "mcm-mdp-gw-snet-dev01-nsg",
            "priority": 200,
            "protocol": "Tcp",
            "resource_group_name": "ef74b0-dev-networking",
            "source_address_prefix": "*",
            "source_address_prefixes": null,
            "source_application_security_group_ids": null,
            "source_port_range": "*",
            "source_port_ranges": null,
            "timeouts": null
          },
          "sensitive_attributes": [],
          "private": "eyJlMmJmYjczMC1lY2FhLTExZTYtOGY4OC0zNDM2M2JjN2M0YzAiOnsiY3JlYXRlIjoxODAwMDAwMDAwMDAwLCJkZWxldGUiOjE4MDAwMDAwMDAwMDAsInJlYWQiOjMwMDAwMDAwMDAwMCwidXBkYXRlIjoxODAwMDAwMDAwMDAwfX0=",
          "dependencies": [
            "module.fabric_gw_subnet.azurerm_network_security_group.this"
          ]
        }
      ]
    },
    {
      "module": "module.fabric_lakehouse_01",
      "mode": "managed",
      "type": "fabric_lakehouse",
      "name": "this",
      "provider": "provider[\"registry.terraform.io/microsoft/fabric\"].auth",
      "instances": [
        {
          "schema_version": 0,
          "attributes": {
            "configuration": {
              "enable_schemas": true
            },
            "definition": null,
            "definition_update_enabled": true,
            "description": "Default Lakehouse Description",
            "display_name": "mcm_mdp_lh1_dev",
            "folder_id": "dcf2c362-24e8-40fd-ad97-f7462283d888",
            "format": null,
            "id": "896cd6b0-6cd0-47e5-8438-f50dde9564b8",
            "properties": {
              "default_schema": "dbo",
              "onelake_files_path": "https://onelake.dfs.fabric.microsoft.com/475a3e70-610e-49ae-be54-dd2c31167535/896cd6b0-6cd0-47e5-8438-f50dde9564b8/Files",
              "onelake_tables_path": "https://onelake.dfs.fabric.microsoft.com/475a3e70-610e-49ae-be54-dd2c31167535/896cd6b0-6cd0-47e5-8438-f50dde9564b8/Tables",
              "sql_endpoint_properties": {
                "connection_string": "abjnw3ynhwfevmbw2nuf4nm23q-oa7furyomgxetpsu3uwdcftvgu.datawarehouse.fabric.microsoft.com",
                "id": "9e72dd5d-ed1c-4214-a662-31e5f91defab",
                "provisioning_status": "Success"
              }
            },
            "timeouts": {
              "create": "30m",
              "delete": "30m",
              "read": "5m",
              "update": "30m"
            },
            "workspace_id": "475a3e70-610e-49ae-be54-dd2c31167535"
          },
          "sensitive_attributes": [],
          "dependencies": [
            "data.fabric_capacity.by_name",
            "data.fabric_folders.existing",
            "fabric_folder.item_folders",
            "module.fabric_workspace_01.fabric_workspace.this"
          ]
        }
      ]
    },
    {
      "module": "module.fabric_lakehouse_01",
      "mode": "managed",
      "type": "null_resource",
      "name": "files_folders",
      "provider": "provider[\"registry.terraform.io/hashicorp/null\"]",
      "instances": [
        {
          "index_key": 0,
          "schema_version": 0,
          "attributes": {
            "id": "797139791826463975",
            "triggers": {
              "folders": "bronze,silver,gold",
              "lakehouse_id": "896cd6b0-6cd0-47e5-8438-f50dde9564b8",
              "workspace_id": "475a3e70-610e-49ae-be54-dd2c31167535"
            }
          },
          "sensitive_attributes": [],
          "dependencies": [
            "data.fabric_capacity.by_name",
            "data.fabric_folders.existing",
            "fabric_folder.item_folders",
            "module.fabric_lakehouse_01.fabric_lakehouse.this",
            "module.fabric_workspace_01.fabric_workspace.this"
          ]
        }
      ]
    },
    {
      "module": "module.fabric_warehouse_01",
      "mode": "managed",
      "type": "fabric_warehouse",
      "name": "this_warehouse",
      "provider": "provider[\"registry.terraform.io/microsoft/fabric\"].auth",
      "instances": [
        {
          "schema_version": 0,
          "attributes": {
            "configuration": null,
            "description": "",
            "display_name": "mcm-mdp-fabwh1-dev",
            "folder_id": "8c1eb1e7-4b65-4259-a661-c2080e204acc",
            "id": "d40a0b5e-e924-419b-8f4c-85e07678b2e0",
            "properties": {
              "collation_type": "Latin1_General_100_BIN2_UTF8",
              "connection_string": "abjnw3ynhwfevmbw2nuf4nm23q-oa7furyomgxetpsu3uwdcftvgu.datawarehouse.fabric.microsoft.com",
              "created_date": "2026-07-22T18:52:20Z",
              "last_updated_time": "2026-09-16T01:08:40Z"
            },
            "timeouts": null,
            "workspace_id": "475a3e70-610e-49ae-be54-dd2c31167535"
          },
          "sensitive_attributes": [],
          "dependencies": [
            "data.fabric_capacity.by_name",
            "data.fabric_folders.existing",
            "fabric_folder.item_folders",
            "module.fabric_workspace_01.fabric_workspace.this"
          ]
        }
      ]
    },
    {
      "module": "module.fabric_workspace_01",
      "mode": "data",
      "type": "azurerm_client_config",
      "name": "current",
      "provider": "provider[\"registry.terraform.io/hashicorp/azurerm\"]",
      "instances": [
        {
          "schema_version": 0,
          "attributes": {
            "client_id": "6cdbb0a3-0fbf-4386-829f-fa2cb5f2f506",
            "id": "Y2xpZW50Q29uZmlncy9jbGllbnRJZD02Y2RiYjBhMy0wZmJmLTQzODYtODI5Zi1mYTJjYjVmMmY1MDY7b2JqZWN0SWQ9NWFlNzQwZGQtMTE4MS00MjE4LWJjYjgtZTA1YWJhYzQzZTU1O3N1YnNjcmlwdGlvbklkPTUzMjA1YTFiLTBmOGQtNDU5ZS1hNDI0LTY1ZjFiMzllYzY0ODt0ZW5hbnRJZD02ZmRiNTIwMC0zZDBkLTRhOGEtYjAzNi1kMzY4NWUzNTlhZGM=",
            "object_id": "5ae740dd-1181-4218-bcb8-e05abac43e55",
            "subscription_id": "53205a1b-0f8d-459e-a424-65f1b39ec648",
            "tenant_id": "6fdb5200-3d0d-4a8a-b036-d3685e359adc",
            "timeouts": null
          },
          "sensitive_attributes": []
        }
      ]
    },
    {
      "module": "module.fabric_workspace_01",
      "mode": "managed",
      "type": "fabric_workspace",
      "name": "this",
      "provider": "provider[\"registry.terraform.io/microsoft/fabric\"].auth",
      "instances": [
        {
          "schema_version": 0,
          "attributes": {
            "capacity_assignment_progress": "Completed",
            "capacity_id": "198C68F4-8402-45B9-8010-BDE58A729DDF",
            "capacity_region": "Canada Central",
            "description": "Default Workspace Description",
            "display_name": "mcm-mdp-fabricws1-dev",
            "id": "475a3e70-610e-49ae-be54-dd2c31167535",
            "identity": {
              "application_id": "c7c8c183-84b4-4f19-ae3a-07a7a02d1358",
              "service_principal_id": "a022267b-3344-4c18-93c6-c75e9a43f126",
              "type": "SystemAssigned"
            },
            "onelake_endpoints": {
              "blob_endpoint": "https://canadacentral-onelake.blob.fabric.microsoft.com",
              "dfs_endpoint": "https://canadacentral-onelake.dfs.fabric.microsoft.com"
            },
            "skip_capacity_state_validation": false,
            "timeouts": {
              "create": "30m",
              "delete": "30m",
              "read": "5m",
              "update": "30m"
            },
            "type": "Workspace"
          },
          "sensitive_attributes": [],
          "dependencies": [
            "data.fabric_capacity.by_name"
          ]
        }
      ]
    },
    {
      "module": "module.fabric_workspace_01",
      "mode": "managed",
      "type": "fabric_workspace_role_assignment",
      "name": "admins",
      "provider": "provider[\"registry.terraform.io/microsoft/fabric\"].auth",
      "instances": [
        {
          "index_key": "19cb2a65-1dd6-482f-b488-77df57de4902",
          "schema_version": 0,
          "attributes": {
            "id": "19cb2a65-1dd6-482f-b488-77df57de4902",
            "principal": {
              "id": "19cb2a65-1dd6-482f-b488-77df57de4902",
              "type": "User"
            },
            "role": "Admin",
            "timeouts": null,
            "workspace_id": "475a3e70-610e-49ae-be54-dd2c31167535"
          },
          "sensitive_attributes": [],
          "dependencies": [
            "data.fabric_capacity.by_name",
            "module.fabric_workspace_01.fabric_workspace.this"
          ]
        },
        {
          "index_key": "71a5bb67-14d7-40fe-8f3e-47120f2e32d3",
          "schema_version": 0,
          "attributes": {
            "id": "71a5bb67-14d7-40fe-8f3e-47120f2e32d3",
            "principal": {
              "id": "71a5bb67-14d7-40fe-8f3e-47120f2e32d3",
              "type": "User"
            },
            "role": "Admin",
            "timeouts": null,
            "workspace_id": "475a3e70-610e-49ae-be54-dd2c31167535"
          },
          "sensitive_attributes": [],
          "dependencies": [
            "data.fabric_capacity.by_name",
            "module.fabric_workspace_01.fabric_workspace.this"
          ]
        },
        {
          "index_key": "b0bf68e8-4e08-433c-8903-19b2fec4cc20",
          "schema_version": 0,
          "attributes": {
            "id": "b0bf68e8-4e08-433c-8903-19b2fec4cc20",
            "principal": {
              "id": "b0bf68e8-4e08-433c-8903-19b2fec4cc20",
              "type": "User"
            },
            "role": "Admin",
            "timeouts": null,
            "workspace_id": "475a3e70-610e-49ae-be54-dd2c31167535"
          },
          "sensitive_attributes": [],
          "dependencies": [
            "data.fabric_capacity.by_name",
            "module.fabric_workspace_01.fabric_workspace.this"
          ]
        },
        {
          "index_key": "d7a27896-3a20-4678-b8c6-3c7cebdbc4ec",
          "schema_version": 0,
          "attributes": {
            "id": "d7a27896-3a20-4678-b8c6-3c7cebdbc4ec",
            "principal": {
              "id": "d7a27896-3a20-4678-b8c6-3c7cebdbc4ec",
              "type": "User"
            },
            "role": "Admin",
            "timeouts": null,
            "workspace_id": "475a3e70-610e-49ae-be54-dd2c31167535"
          },
          "sensitive_attributes": [],
          "dependencies": [
            "data.fabric_capacity.by_name",
            "module.fabric_workspace_01.fabric_workspace.this"
          ]
        },
        {
          "index_key": "e5922863-7748-46c8-9f50-bbc24834c2dd",
          "schema_version": 0,
          "attributes": {
            "id": "e5922863-7748-46c8-9f50-bbc24834c2dd",
            "principal": {
              "id": "e5922863-7748-46c8-9f50-bbc24834c2dd",
              "type": "User"
            },
            "role": "Admin",
            "timeouts": null,
            "workspace_id": "475a3e70-610e-49ae-be54-dd2c31167535"
          },
          "sensitive_attributes": [],
          "dependencies": [
            "data.fabric_capacity.by_name",
            "module.fabric_workspace_01.fabric_workspace.this"
          ]
        },
        {
          "index_key": "ebb8207d-1ebe-423a-990d-82cf1e128cce",
          "schema_version": 0,
          "attributes": {
            "id": "ebb8207d-1ebe-423a-990d-82cf1e128cce",
            "principal": {
              "id": "ebb8207d-1ebe-423a-990d-82cf1e128cce",
              "type": "User"
            },
            "role": "Admin",
            "timeouts": null,
            "workspace_id": "475a3e70-610e-49ae-be54-dd2c31167535"
          },
          "sensitive_attributes": [],
          "dependencies": [
            "data.fabric_capacity.by_name",
            "module.fabric_workspace_01.fabric_workspace.this"
          ]
        }
      ]
    },
    {
      "module": "module.pipeline_raw_to_bronze",
      "mode": "managed",
      "type": "fabric_data_pipeline",
      "name": "this",
      "provider": "provider[\"registry.terraform.io/microsoft/fabric\"].auth",
      "instances": [
        {
          "schema_version": 0,
          "attributes": {
            "definition": {
              "pipeline-content.json": {
                "parameters": null,
                "processing_mode": "GoTemplate",
                "source": "../modules/azure/fabric_data_pipeline/pipeline-content.json.tmpl",
                "source_content_sha256": "8291ff2fbcb2a81f8673d081e3a0f25051ef87816962c930d56ebf303fbe2844",
                "tokens": {
                  "activities_json": "[{\"dependsOn\":[],\"name\":\"Lookup_ControlTable\",\"policy\":{\"retry\":0,\"retryIntervalInSeconds\":30,\"secureInput\":false,\"secureOutput\":false,\"timeout\":\"0.12:00:00\"},\"type\":\"Lookup\",\"typeProperties\":{\"datasetSettings\":{\"annotations\":[],\"externalReferences\":{\"connection\":\"60a2dcfb-8aae-4e97-ba29-caee2af9f84a\"},\"schema\":[],\"type\":\"SqlServerTable\",\"typeProperties\":{\"database\":\"mcm-mdp-fabwh1-dev\",\"schema\":\"app\",\"table\":\"pipeline_control\"}},\"firstRowOnly\":false,\"source\":{\"datasetSettings\":{\"annotations\":[],\"externalReferences\":{\"connection\":\"60a2dcfb-8aae-4e97-ba29-caee2af9f84a\"},\"schema\":[],\"type\":\"SqlServerTable\",\"typeProperties\":{\"database\":\"mcm-mdp-fabwh1-dev\",\"schema\":\"app\",\"table\":\"pipeline_control\"}},\"partitionOption\":\"None\",\"queryTimeout\":\"02:00:00\",\"sqlReaderQuery\":{\"type\":\"Expression\",\"value\":\"@concat('SELECT control_id, pipeline_name, source_system, source_entity, target_schema, target_table, source_query_template, watermark_column, last_watermark, load_type, priority, from_date, to_date FROM [app].[pipeline_control] WHERE [pipeline_name] = ''', pipeline().parameters.pipeline_name, ''' AND [is_active] = 1 ', if(empty(pipeline().parameters.table_filter_csv), '', concat('AND [target_table] IN (''', replace(pipeline().parameters.table_filter_csv, ',', ''','''), ''') ')), 'ORDER BY [priority] ASC')\"},\"type\":\"SqlServerSource\"}}},{\"dependsOn\":[{\"activity\":\"Lookup_ControlTable\",\"dependencyConditions\":[\"Succeeded\"]}],\"name\":\"ForEach_ControlRows\",\"type\":\"ForEach\",\"typeProperties\":{\"activities\":[{\"dependsOn\":[],\"externalReferences\":{\"connection\":\"60a2dcfb-8aae-4e97-ba29-caee2af9f84a\"},\"name\":\"Log_Start\",\"policy\":{\"retry\":5,\"retryIntervalInSeconds\":30,\"secureInput\":false,\"secureOutput\":false,\"timeout\":\"0.00:05:00\"},\"type\":\"Script\",\"typeProperties\":{\"database\":\"mcm-mdp-fabwh1-dev\",\"scriptBlockExecutionTimeout\":\"02:00:00\",\"scripts\":[{\"text\":{\"type\":\"Expression\",\"value\":\"@concat('EXEC [app].[usp_pipeline_log] @mode=''START'', @activity_run_id=''', concat(pipeline().RunId, '-', string(item().control_id)), ''', @run_id=''', pipeline().RunId, ''', @pipeline_name=''', pipeline().parameters.pipeline_name, ''', @source_entity=''', item().source_entity, ''', @target_schema=''', item().target_schema, ''', @target_table=''', item().target_table, ''', @from_date=''', if(not(empty(pipeline().parameters.override_from_date)), pipeline().parameters.override_from_date, if(empty(coalesce(item().last_watermark, '')), if(empty(string(item().from_date)), '1900-01-01 00:00:00', formatDateTime(item().from_date, 'yyyy-MM-dd HH:mm:ss')), item().last_watermark)), ''', @to_date=''', if(not(empty(pipeline().parameters.override_to_date)), pipeline().parameters.override_to_date, formatDateTime(utcNow(), 'yyyy-MM-dd HH:mm:ss')), ''', @watermark_start=', if(empty(coalesce(item().last_watermark, '')), 'NULL', concat('''', item().last_watermark, '''')), ', @environment=''', pipeline().parameters.environment, ''', @triggered_by=''', pipeline().parameters.triggered_by, '''')\"},\"type\":\"NonQuery\"}]}},{\"dependsOn\":[{\"activity\":\"Log_Start\",\"dependencyConditions\":[\"Succeeded\"]}],\"name\":\"If_Incremental\",\"type\":\"IfCondition\",\"typeProperties\":{\"expression\":{\"type\":\"Expression\",\"value\":\"@and(equals(toUpper(coalesce(item().load_type, '')), 'INCREMENTAL'), not(empty(coalesce(item().watermark_column, ''))))\"},\"ifFalseActivities\":[{\"dependsOn\":[],\"name\":\"Copy_Full\",\"policy\":{\"retry\":0,\"retryIntervalInSeconds\":30,\"secureInput\":false,\"secureOutput\":false,\"timeout\":\"0.12:00:00\"},\"type\":\"Copy\",\"typeProperties\":{\"enableStaging\":false,\"sink\":{\"datasetSettings\":{\"annotations\":[],\"linkedService\":{\"name\":\"mcm_mdp_lh1_dev\",\"properties\":{\"annotations\":[],\"type\":\"Lakehouse\",\"typeProperties\":{\"artifactId\":\"896cd6b0-6cd0-47e5-8438-f50dde9564b8\",\"rootFolder\":\"Files\",\"workspaceId\":\"475a3e70-610e-49ae-be54-dd2c31167535\"}}},\"schema\":[],\"type\":\"Parquet\",\"typeProperties\":{\"compressionCodec\":\"snappy\",\"location\":{\"fileName\":{\"type\":\"Expression\",\"value\":\"@concat(item().target_table, '_', formatDateTime(utcNow(), 'yyyyMMdd_HHmmss'), '.parquet')\"},\"folderPath\":{\"type\":\"Expression\",\"value\":\"@concat(item().target_schema, '/', item().target_table, '/', formatDateTime(utcNow(), 'yyyy'), '/', formatDateTime(utcNow(), 'MM'), '/', formatDateTime(utcNow(), 'dd'))\"},\"type\":\"LakehouseLocation\"}}},\"formatSettings\":{\"enableVertiParquet\":true,\"type\":\"ParquetWriteSettings\"},\"storeSettings\":{\"recursiveCompression\":false,\"type\":\"LakehouseWriteSettings\"},\"type\":\"ParquetSink\"},\"source\":{\"datasetSettings\":{\"annotations\":[],\"externalReferences\":{\"connection\":\"21b383a1-c561-4540-980d-ce3683e89236\"},\"schema\":[],\"type\":\"PostgreSqlTable\",\"typeProperties\":{\"schema\":{\"type\":\"Expression\",\"value\":\"@if(contains(item().source_entity, '.'), split(item().source_entity, '.')[0], 'public')\"},\"table\":{\"type\":\"Expression\",\"value\":\"@if(contains(item().source_entity, '.'), split(item().source_entity, '.')[1], item().source_entity)\"}}},\"query\":{\"type\":\"Expression\",\"value\":\"@if(empty(coalesce(item().source_query_template, '')), concat('SELECT * FROM ', item().source_entity), replace(replace(item().source_query_template, '@from_date', if(not(empty(pipeline().parameters.override_from_date)), pipeline().parameters.override_from_date, if(empty(coalesce(item().last_watermark, '')), if(empty(string(item().from_date)), '1900-01-01 00:00:00', formatDateTime(item().from_date, 'yyyy-MM-dd HH:mm:ss')), item().last_watermark))), '@to_date', if(not(empty(pipeline().parameters.override_to_date)), pipeline().parameters.override_to_date, formatDateTime(utcNow(), 'yyyy-MM-dd HH:mm:ss'))))\"},\"queryTimeout\":\"02:00:00\",\"type\":\"PostgreSqlSource\"}}},{\"dependsOn\":[{\"activity\":\"Copy_Full\",\"dependencyConditions\":[\"Succeeded\"]}],\"externalReferences\":{\"connection\":\"60a2dcfb-8aae-4e97-ba29-caee2af9f84a\"},\"name\":\"Log_Success_Full\",\"policy\":{\"retry\":5,\"retryIntervalInSeconds\":30,\"secureInput\":false,\"secureOutput\":false,\"timeout\":\"0.00:05:00\"},\"type\":\"Script\",\"typeProperties\":{\"database\":\"mcm-mdp-fabwh1-dev\",\"scriptBlockExecutionTimeout\":\"02:00:00\",\"scripts\":[{\"text\":{\"type\":\"Expression\",\"value\":\"@concat('EXEC [app].[usp_pipeline_log] @mode=''END'', @activity_run_id=''', concat(pipeline().RunId, '-', string(item().control_id)), ''', @control_id=', string(item().control_id), ', @status=''SUCCEEDED'', @rows_read=', string(coalesce(activity('Copy_Full').output?.rowsRead, 0)), ', @rows_written=', string(coalesce(activity('Copy_Full').output?.rowsCopied, 0)), ', @new_watermark=', if(greater(coalesce(activity('Copy_Full').output?.rowsCopied, 0), 0), concat('''', if(not(empty(pipeline().parameters.override_to_date)), pipeline().parameters.override_to_date, formatDateTime(utcNow(), 'yyyy-MM-dd HH:mm:ss')), ''''), 'NULL'), ', @window_from=''', if(not(empty(pipeline().parameters.override_from_date)), pipeline().parameters.override_from_date, if(empty(coalesce(item().last_watermark, '')), if(empty(string(item().from_date)), '1900-01-01 00:00:00', formatDateTime(item().from_date, 'yyyy-MM-dd HH:mm:ss')), item().last_watermark)), ''', @window_to=''', if(not(empty(pipeline().parameters.override_to_date)), pipeline().parameters.override_to_date, formatDateTime(utcNow(), 'yyyy-MM-dd HH:mm:ss')), ''', @advance=', if(or(not(or(not(empty(pipeline().parameters.override_from_date)), not(empty(pipeline().parameters.override_to_date)))), equals(toLower(pipeline().parameters.advance_watermark_on_override), 'true')), '1', '0'))\"},\"type\":\"NonQuery\"}]}},{\"dependsOn\":[{\"activity\":\"Copy_Full\",\"dependencyConditions\":[\"Failed\"]}],\"externalReferences\":{\"connection\":\"60a2dcfb-8aae-4e97-ba29-caee2af9f84a\"},\"name\":\"Log_Failure_Full\",\"policy\":{\"retry\":5,\"retryIntervalInSeconds\":30,\"secureInput\":false,\"secureOutput\":false,\"timeout\":\"0.00:05:00\"},\"type\":\"Script\",\"typeProperties\":{\"database\":\"mcm-mdp-fabwh1-dev\",\"scriptBlockExecutionTimeout\":\"02:00:00\",\"scripts\":[{\"text\":{\"type\":\"Expression\",\"value\":\"@concat('EXEC [app].[usp_pipeline_log] @mode=''END'', @activity_run_id=''', concat(pipeline().RunId, '-', string(item().control_id)), ''', @control_id=', string(item().control_id), ', @status=''FAILED'', @rows_read=', string(coalesce(activity('Copy_Full').output?.rowsRead, 0)), ', @rows_written=', string(coalesce(activity('Copy_Full').output?.rowsCopied, 0)), ', @error_message=''', replace(string(coalesce(activity('Copy_Full').output?.errors[0]?.Message, 'Copy failed')), '''', ''''''), ''', @error_code=''', replace(string(coalesce(activity('Copy_Full').output?.errors[0]?.Code, 'Unknown')), '''', ''''''), '''')\"},\"type\":\"NonQuery\"}]}}],\"ifTrueActivities\":[{\"dependsOn\":[],\"name\":\"Lookup_SourceMax\",\"policy\":{\"retry\":0,\"retryIntervalInSeconds\":30,\"secureInput\":false,\"secureOutput\":false,\"timeout\":\"0.12:00:00\"},\"type\":\"Lookup\",\"typeProperties\":{\"datasetSettings\":{\"annotations\":[],\"externalReferences\":{\"connection\":\"21b383a1-c561-4540-980d-ce3683e89236\"},\"schema\":[],\"type\":\"PostgreSqlTable\",\"typeProperties\":{\"schema\":{\"type\":\"Expression\",\"value\":\"@if(contains(item().source_entity, '.'), split(item().source_entity, '.')[0], 'public')\"},\"table\":{\"type\":\"Expression\",\"value\":\"@if(contains(item().source_entity, '.'), split(item().source_entity, '.')[1], item().source_entity)\"}}},\"firstRowOnly\":true,\"source\":{\"datasetSettings\":{\"annotations\":[],\"externalReferences\":{\"connection\":\"21b383a1-c561-4540-980d-ce3683e89236\"},\"schema\":[],\"type\":\"PostgreSqlTable\",\"typeProperties\":{\"schema\":{\"type\":\"Expression\",\"value\":\"@if(contains(item().source_entity, '.'), split(item().source_entity, '.')[0], 'public')\"},\"table\":{\"type\":\"Expression\",\"value\":\"@if(contains(item().source_entity, '.'), split(item().source_entity, '.')[1], item().source_entity)\"}}},\"query\":{\"type\":\"Expression\",\"value\":\"@concat('SELECT COALESCE(TO_CHAR(MAX(', item().watermark_column, '), ''YYYY-MM-DD HH24:MI:SS''), '''') AS max_watermark, COUNT(*) AS row_count FROM ', item().source_entity, ' WHERE ', item().watermark_column, ' \\u003e= ''', if(not(empty(pipeline().parameters.override_from_date)), pipeline().parameters.override_from_date, if(empty(coalesce(item().last_watermark, '')), if(empty(string(item().from_date)), '1900-01-01 00:00:00', formatDateTime(item().from_date, 'yyyy-MM-dd HH:mm:ss')), item().last_watermark)), ''' AND ', item().watermark_column, ' \\u003c ''', if(not(empty(pipeline().parameters.override_to_date)), pipeline().parameters.override_to_date, formatDateTime(utcNow(), 'yyyy-MM-dd HH:mm:ss')), '''')\"},\"queryTimeout\":\"02:00:00\",\"type\":\"PostgreSqlSource\"}}},{\"dependsOn\":[{\"activity\":\"Lookup_SourceMax\",\"dependencyConditions\":[\"Succeeded\"]}],\"name\":\"Copy_Incremental\",\"policy\":{\"retry\":0,\"retryIntervalInSeconds\":30,\"secureInput\":false,\"secureOutput\":false,\"timeout\":\"0.12:00:00\"},\"type\":\"Copy\",\"typeProperties\":{\"enableStaging\":false,\"sink\":{\"datasetSettings\":{\"annotations\":[],\"linkedService\":{\"name\":\"mcm_mdp_lh1_dev\",\"properties\":{\"annotations\":[],\"type\":\"Lakehouse\",\"typeProperties\":{\"artifactId\":\"896cd6b0-6cd0-47e5-8438-f50dde9564b8\",\"rootFolder\":\"Files\",\"workspaceId\":\"475a3e70-610e-49ae-be54-dd2c31167535\"}}},\"schema\":[],\"type\":\"Parquet\",\"typeProperties\":{\"compressionCodec\":\"snappy\",\"location\":{\"fileName\":{\"type\":\"Expression\",\"value\":\"@concat(item().target_table, '_', formatDateTime(utcNow(), 'yyyyMMdd_HHmmss'), '.parquet')\"},\"folderPath\":{\"type\":\"Expression\",\"value\":\"@concat(item().target_schema, '/', item().target_table, '/', formatDateTime(utcNow(), 'yyyy'), '/', formatDateTime(utcNow(), 'MM'), '/', formatDateTime(utcNow(), 'dd'))\"},\"type\":\"LakehouseLocation\"}}},\"formatSettings\":{\"enableVertiParquet\":true,\"type\":\"ParquetWriteSettings\"},\"storeSettings\":{\"recursiveCompression\":false,\"type\":\"LakehouseWriteSettings\"},\"type\":\"ParquetSink\"},\"source\":{\"datasetSettings\":{\"annotations\":[],\"externalReferences\":{\"connection\":\"21b383a1-c561-4540-980d-ce3683e89236\"},\"schema\":[],\"type\":\"PostgreSqlTable\",\"typeProperties\":{\"schema\":{\"type\":\"Expression\",\"value\":\"@if(contains(item().source_entity, '.'), split(item().source_entity, '.')[0], 'public')\"},\"table\":{\"type\":\"Expression\",\"value\":\"@if(contains(item().source_entity, '.'), split(item().source_entity, '.')[1], item().source_entity)\"}}},\"query\":{\"type\":\"Expression\",\"value\":\"@if(and(contains(toLower(coalesce(item().source_query_template, '')), '@from_date'), contains(toLower(coalesce(item().source_query_template, '')), '@to_date')), replace(replace(item().source_query_template, '@from_date', if(not(empty(pipeline().parameters.override_from_date)), pipeline().parameters.override_from_date, if(empty(coalesce(item().last_watermark, '')), if(empty(string(item().from_date)), '1900-01-01 00:00:00', formatDateTime(item().from_date, 'yyyy-MM-dd HH:mm:ss')), item().last_watermark))), '@to_date', if(not(empty(pipeline().parameters.override_to_date)), pipeline().parameters.override_to_date, formatDateTime(utcNow(), 'yyyy-MM-dd HH:mm:ss'))), concat(coalesce(item().source_query_template, concat('SELECT * FROM ', item().source_entity)), if(contains(toLower(coalesce(item().source_query_template, '')), ' where '), ' AND ', ' WHERE '), item().watermark_column, ' \\u003e= ''', if(not(empty(pipeline().parameters.override_from_date)), pipeline().parameters.override_from_date, if(empty(coalesce(item().last_watermark, '')), if(empty(string(item().from_date)), '1900-01-01 00:00:00', formatDateTime(item().from_date, 'yyyy-MM-dd HH:mm:ss')), item().last_watermark)), ''' AND ', item().watermark_column, ' \\u003c ''', if(not(empty(pipeline().parameters.override_to_date)), pipeline().parameters.override_to_date, formatDateTime(utcNow(), 'yyyy-MM-dd HH:mm:ss')), ''''))\"},\"queryTimeout\":\"02:00:00\",\"type\":\"PostgreSqlSource\"}}},{\"dependsOn\":[{\"activity\":\"Copy_Incremental\",\"dependencyConditions\":[\"Succeeded\"]}],\"externalReferences\":{\"connection\":\"60a2dcfb-8aae-4e97-ba29-caee2af9f84a\"},\"name\":\"Log_Success_Incremental\",\"policy\":{\"retry\":5,\"retryIntervalInSeconds\":30,\"secureInput\":false,\"secureOutput\":false,\"timeout\":\"0.00:05:00\"},\"type\":\"Script\",\"typeProperties\":{\"database\":\"mcm-mdp-fabwh1-dev\",\"scriptBlockExecutionTimeout\":\"02:00:00\",\"scripts\":[{\"text\":{\"type\":\"Expression\",\"value\":\"@concat('EXEC [app].[usp_pipeline_log] @mode=''END'', @activity_run_id=''', concat(pipeline().RunId, '-', string(item().control_id)), ''', @control_id=', string(item().control_id), ', @status=''SUCCEEDED'', @rows_read=', string(coalesce(activity('Copy_Incremental').output?.rowsRead, 0)), ', @rows_written=', string(coalesce(activity('Copy_Incremental').output?.rowsCopied, 0)), ', @watermark_end=', if(empty(if(empty(coalesce(activity('Lookup_SourceMax').output?.firstRow?.max_watermark, '')), '', if(greater(coalesce(activity('Lookup_SourceMax').output?.firstRow?.max_watermark, ''), formatDateTime(addDays(utcNow(), -7), 'yyyy-MM-dd HH:mm:ss')), formatDateTime(addDays(utcNow(), -7), 'yyyy-MM-dd HH:mm:ss'), coalesce(activity('Lookup_SourceMax').output?.firstRow?.max_watermark, '')))), 'NULL', concat('''', if(empty(coalesce(activity('Lookup_SourceMax').output?.firstRow?.max_watermark, '')), '', if(greater(coalesce(activity('Lookup_SourceMax').output?.firstRow?.max_watermark, ''), formatDateTime(addDays(utcNow(), -7), 'yyyy-MM-dd HH:mm:ss')), formatDateTime(addDays(utcNow(), -7), 'yyyy-MM-dd HH:mm:ss'), coalesce(activity('Lookup_SourceMax').output?.firstRow?.max_watermark, ''))), '''')), ', @new_watermark=', if(empty(if(empty(coalesce(activity('Lookup_SourceMax').output?.firstRow?.max_watermark, '')), '', if(greater(coalesce(activity('Lookup_SourceMax').output?.firstRow?.max_watermark, ''), formatDateTime(addDays(utcNow(), -7), 'yyyy-MM-dd HH:mm:ss')), formatDateTime(addDays(utcNow(), -7), 'yyyy-MM-dd HH:mm:ss'), coalesce(activity('Lookup_SourceMax').output?.firstRow?.max_watermark, '')))), 'NULL', concat('''', if(empty(coalesce(activity('Lookup_SourceMax').output?.firstRow?.max_watermark, '')), '', if(greater(coalesce(activity('Lookup_SourceMax').output?.firstRow?.max_watermark, ''), formatDateTime(addDays(utcNow(), -7), 'yyyy-MM-dd HH:mm:ss')), formatDateTime(addDays(utcNow(), -7), 'yyyy-MM-dd HH:mm:ss'), coalesce(activity('Lookup_SourceMax').output?.firstRow?.max_watermark, ''))), '''')), ', @window_from=''', if(not(empty(pipeline().parameters.override_from_date)), pipeline().parameters.override_from_date, if(empty(coalesce(item().last_watermark, '')), if(empty(string(item().from_date)), '1900-01-01 00:00:00', formatDateTime(item().from_date, 'yyyy-MM-dd HH:mm:ss')), item().last_watermark)), ''', @window_to=', if(empty(if(empty(coalesce(activity('Lookup_SourceMax').output?.firstRow?.max_watermark, '')), '', if(greater(coalesce(activity('Lookup_SourceMax').output?.firstRow?.max_watermark, ''), formatDateTime(addDays(utcNow(), -7), 'yyyy-MM-dd HH:mm:ss')), formatDateTime(addDays(utcNow(), -7), 'yyyy-MM-dd HH:mm:ss'), coalesce(activity('Lookup_SourceMax').output?.firstRow?.max_watermark, '')))), 'NULL', concat('''', if(empty(coalesce(activity('Lookup_SourceMax').output?.firstRow?.max_watermark, '')), '', if(greater(coalesce(activity('Lookup_SourceMax').output?.firstRow?.max_watermark, ''), formatDateTime(addDays(utcNow(), -7), 'yyyy-MM-dd HH:mm:ss')), formatDateTime(addDays(utcNow(), -7), 'yyyy-MM-dd HH:mm:ss'), coalesce(activity('Lookup_SourceMax').output?.firstRow?.max_watermark, ''))), '''')), ', @advance=', if(or(not(or(not(empty(pipeline().parameters.override_from_date)), not(empty(pipeline().parameters.override_to_date)))), equals(toLower(pipeline().parameters.advance_watermark_on_override), 'true')), '1', '0'))\"},\"type\":\"NonQuery\"}]}},{\"dependsOn\":[{\"activity\":\"Copy_Incremental\",\"dependencyConditions\":[\"Failed\"]}],\"externalReferences\":{\"connection\":\"60a2dcfb-8aae-4e97-ba29-caee2af9f84a\"},\"name\":\"Log_Failure_Incremental\",\"policy\":{\"retry\":5,\"retryIntervalInSeconds\":30,\"secureInput\":false,\"secureOutput\":false,\"timeout\":\"0.00:05:00\"},\"type\":\"Script\",\"typeProperties\":{\"database\":\"mcm-mdp-fabwh1-dev\",\"scriptBlockExecutionTimeout\":\"02:00:00\",\"scripts\":[{\"text\":{\"type\":\"Expression\",\"value\":\"@concat('EXEC [app].[usp_pipeline_log] @mode=''END'', @activity_run_id=''', concat(pipeline().RunId, '-', string(item().control_id)), ''', @control_id=', string(item().control_id), ', @status=''FAILED'', @rows_read=', string(coalesce(activity('Copy_Incremental').output?.rowsRead, 0)), ', @rows_written=', string(coalesce(activity('Copy_Incremental').output?.rowsCopied, 0)), ', @error_message=''', replace(string(coalesce(activity('Copy_Incremental').output?.errors[0]?.Message, 'Copy failed')), '''', ''''''), ''', @error_code=''', replace(string(coalesce(activity('Copy_Incremental').output?.errors[0]?.Code, 'Unknown')), '''', ''''''), '''')\"},\"type\":\"NonQuery\"}]}},{\"dependsOn\":[{\"activity\":\"Lookup_SourceMax\",\"dependencyConditions\":[\"Failed\"]}],\"externalReferences\":{\"connection\":\"60a2dcfb-8aae-4e97-ba29-caee2af9f84a\"},\"name\":\"Log_Failure_Lookup\",\"policy\":{\"retry\":5,\"retryIntervalInSeconds\":30,\"secureInput\":false,\"secureOutput\":false,\"timeout\":\"0.00:05:00\"},\"type\":\"Script\",\"typeProperties\":{\"database\":\"mcm-mdp-fabwh1-dev\",\"scriptBlockExecutionTimeout\":\"02:00:00\",\"scripts\":[{\"text\":{\"type\":\"Expression\",\"value\":\"@concat('EXEC [app].[usp_pipeline_log] @mode=''END'', @activity_run_id=''', concat(pipeline().RunId, '-', string(item().control_id)), ''', @control_id=', string(item().control_id), ', @status=''FAILED'', @error_message=''', replace(string(coalesce(activity('Lookup_SourceMax').error?.message, 'Lookup_SourceMax failed')), '''', ''''''), ''', @error_code=''LOOKUP_SOURCE_MAX_FAILED''')\"},\"type\":\"NonQuery\"}]}}]}}],\"batchCount\":10,\"isSequential\":false,\"items\":{\"type\":\"Expression\",\"value\":\"@activity('Lookup_ControlTable').output.value\"}}}]",
                  "advance_watermark_on_override": "false",
                  "display_name": "pl_ingest_mds",
                  "environment": "dev",
                  "override_from_date": "",
                  "override_to_date": "",
                  "pipeline_name_param": "pl_ingest_mds",
                  "table_filter_csv": "",
                  "triggered_by": "manual"
                },
                "tokens_delimiter": "{{}}"
              }
            },
            "definition_update_enabled": true,
            "description": "Control table driven pipeline: PostgreSQL → Lakehouse raw files (parquet) with full logging",
            "display_name": "pl_ingest_mds",
            "folder_id": "ef676256-d800-4cd4-826b-0cbb4326d908",
            "format": "Default",
            "id": "2ec89688-e0bd-415c-bb97-b4addd51e757",
            "timeouts": null,
            "workspace_id": "475a3e70-610e-49ae-be54-dd2c31167535"
          },
          "sensitive_attributes": [],
          "dependencies": [
            "data.fabric_capacity.by_name",
            "data.fabric_folders.existing",
            "fabric_folder.item_folders",
            "module.fabric_lakehouse_01.fabric_lakehouse.this",
            "module.fabric_warehouse_01.fabric_warehouse.this_warehouse",
            "module.fabric_workspace_01.fabric_workspace.this"
          ]
        }
      ]
    },
    {
      "module": "module.pipeline_raw_to_bronze_mto",
      "mode": "managed",
      "type": "fabric_data_pipeline",
      "name": "this",
      "provider": "provider[\"registry.terraform.io/microsoft/fabric\"].auth",
      "instances": [
        {
          "schema_version": 0,
          "attributes": {
            "definition": {
              "pipeline-content.json": {
                "parameters": null,
                "processing_mode": "GoTemplate",
                "source": "../modules/azure/fabric_data_pipeline/pipeline-content.json.tmpl",
                "source_content_sha256": "30de6f573d0e1d8e4995e7cda81218eb9cab9dd818c1fe98cabdc28a04f0dab6",
                "tokens": {
                  "activities_json": "[{\"dependsOn\":[],\"name\":\"Lookup_ControlTable\",\"policy\":{\"retry\":0,\"retryIntervalInSeconds\":30,\"secureInput\":false,\"secureOutput\":false,\"timeout\":\"0.12:00:00\"},\"type\":\"Lookup\",\"typeProperties\":{\"datasetSettings\":{\"annotations\":[],\"externalReferences\":{\"connection\":\"60a2dcfb-8aae-4e97-ba29-caee2af9f84a\"},\"schema\":[],\"type\":\"SqlServerTable\",\"typeProperties\":{\"database\":\"mcm-mdp-fabwh1-dev\",\"schema\":\"app\",\"table\":\"pipeline_control\"}},\"firstRowOnly\":false,\"source\":{\"datasetSettings\":{\"annotations\":[],\"externalReferences\":{\"connection\":\"60a2dcfb-8aae-4e97-ba29-caee2af9f84a\"},\"schema\":[],\"type\":\"SqlServerTable\",\"typeProperties\":{\"database\":\"mcm-mdp-fabwh1-dev\",\"schema\":\"app\",\"table\":\"pipeline_control\"}},\"partitionOption\":\"None\",\"queryTimeout\":\"02:00:00\",\"sqlReaderQuery\":{\"type\":\"Expression\",\"value\":\"@concat('SELECT control_id, pipeline_name, source_system, source_entity, target_schema, target_table, source_query_template, watermark_column, last_watermark, load_type, priority, from_date, to_date FROM [app].[pipeline_control] WHERE [pipeline_name] = ''', pipeline().parameters.pipeline_name, ''' AND [is_active] = 1 ', if(empty(pipeline().parameters.table_filter_csv), '', concat('AND [target_table] IN (''', replace(pipeline().parameters.table_filter_csv, ',', ''','''), ''') ')), 'ORDER BY [priority] ASC')\"},\"type\":\"SqlServerSource\"}}},{\"dependsOn\":[{\"activity\":\"Lookup_ControlTable\",\"dependencyConditions\":[\"Succeeded\"]}],\"name\":\"ForEach_ControlRows\",\"type\":\"ForEach\",\"typeProperties\":{\"activities\":[{\"dependsOn\":[],\"externalReferences\":{\"connection\":\"60a2dcfb-8aae-4e97-ba29-caee2af9f84a\"},\"name\":\"Log_Start\",\"policy\":{\"retry\":5,\"retryIntervalInSeconds\":30,\"secureInput\":false,\"secureOutput\":false,\"timeout\":\"0.00:05:00\"},\"type\":\"Script\",\"typeProperties\":{\"database\":\"mcm-mdp-fabwh1-dev\",\"scriptBlockExecutionTimeout\":\"02:00:00\",\"scripts\":[{\"text\":{\"type\":\"Expression\",\"value\":\"@concat('EXEC [app].[usp_pipeline_log] @mode=''START'', @activity_run_id=''', concat(pipeline().RunId, '-', string(item().control_id)), ''', @run_id=''', pipeline().RunId, ''', @pipeline_name=''', pipeline().parameters.pipeline_name, ''', @source_entity=''', item().source_entity, ''', @target_schema=''', item().target_schema, ''', @target_table=''', item().target_table, ''', @from_date=''', if(not(empty(pipeline().parameters.override_from_date)), pipeline().parameters.override_from_date, if(empty(coalesce(item().last_watermark, '')), if(empty(string(item().from_date)), '1900-01-01 00:00:00', formatDateTime(item().from_date, 'yyyy-MM-dd HH:mm:ss')), item().last_watermark)), ''', @to_date=''', if(not(empty(pipeline().parameters.override_to_date)), pipeline().parameters.override_to_date, formatDateTime(utcNow(), 'yyyy-MM-dd HH:mm:ss')), ''', @watermark_start=', if(empty(coalesce(item().last_watermark, '')), 'NULL', concat('''', item().last_watermark, '''')), ', @environment=''', pipeline().parameters.environment, ''', @triggered_by=''', pipeline().parameters.triggered_by, '''')\"},\"type\":\"NonQuery\"}]}},{\"dependsOn\":[{\"activity\":\"Log_Start\",\"dependencyConditions\":[\"Succeeded\"]}],\"name\":\"If_Incremental\",\"type\":\"IfCondition\",\"typeProperties\":{\"expression\":{\"type\":\"Expression\",\"value\":\"@and(equals(toUpper(coalesce(item().load_type, '')), 'INCREMENTAL'), not(empty(coalesce(item().watermark_column, ''))))\"},\"ifFalseActivities\":[{\"dependsOn\":[],\"name\":\"Copy_Full\",\"policy\":{\"retry\":0,\"retryIntervalInSeconds\":30,\"secureInput\":false,\"secureOutput\":false,\"timeout\":\"0.12:00:00\"},\"type\":\"Copy\",\"typeProperties\":{\"enableStaging\":false,\"sink\":{\"datasetSettings\":{\"annotations\":[],\"linkedService\":{\"name\":\"mcm_mdp_lh1_dev\",\"properties\":{\"annotations\":[],\"type\":\"Lakehouse\",\"typeProperties\":{\"artifactId\":\"896cd6b0-6cd0-47e5-8438-f50dde9564b8\",\"rootFolder\":\"Files\",\"workspaceId\":\"475a3e70-610e-49ae-be54-dd2c31167535\"}}},\"schema\":[],\"type\":\"Parquet\",\"typeProperties\":{\"compressionCodec\":\"snappy\",\"location\":{\"fileName\":{\"type\":\"Expression\",\"value\":\"@concat(item().target_table, '_', formatDateTime(utcNow(), 'yyyyMMdd_HHmmss'), '.parquet')\"},\"folderPath\":{\"type\":\"Expression\",\"value\":\"@concat(item().target_schema, '/', item().target_table, '/', formatDateTime(utcNow(), 'yyyy'), '/', formatDateTime(utcNow(), 'MM'), '/', formatDateTime(utcNow(), 'dd'))\"},\"type\":\"LakehouseLocation\"}}},\"formatSettings\":{\"enableVertiParquet\":true,\"type\":\"ParquetWriteSettings\"},\"storeSettings\":{\"recursiveCompression\":false,\"type\":\"LakehouseWriteSettings\"},\"type\":\"ParquetSink\"},\"source\":{\"datasetSettings\":{\"annotations\":[],\"externalReferences\":{\"connection\":\"462ffcce-6447-4c8d-b8fc-f943e14b6a52\"},\"schema\":[],\"type\":\"PostgreSqlTable\",\"typeProperties\":{\"schema\":{\"type\":\"Expression\",\"value\":\"@if(contains(item().source_entity, '.'), split(item().source_entity, '.')[0], 'public')\"},\"table\":{\"type\":\"Expression\",\"value\":\"@if(contains(item().source_entity, '.'), split(item().source_entity, '.')[1], item().source_entity)\"}}},\"query\":{\"type\":\"Expression\",\"value\":\"@if(empty(coalesce(item().source_query_template, '')), concat('SELECT * FROM ', item().source_entity), replace(replace(item().source_query_template, '@from_date', if(not(empty(pipeline().parameters.override_from_date)), pipeline().parameters.override_from_date, if(empty(coalesce(item().last_watermark, '')), if(empty(string(item().from_date)), '1900-01-01 00:00:00', formatDateTime(item().from_date, 'yyyy-MM-dd HH:mm:ss')), item().last_watermark))), '@to_date', if(not(empty(pipeline().parameters.override_to_date)), pipeline().parameters.override_to_date, formatDateTime(utcNow(), 'yyyy-MM-dd HH:mm:ss'))))\"},\"queryTimeout\":\"02:00:00\",\"type\":\"PostgreSqlSource\"}}},{\"dependsOn\":[{\"activity\":\"Copy_Full\",\"dependencyConditions\":[\"Succeeded\"]}],\"externalReferences\":{\"connection\":\"60a2dcfb-8aae-4e97-ba29-caee2af9f84a\"},\"name\":\"Log_Success_Full\",\"policy\":{\"retry\":5,\"retryIntervalInSeconds\":30,\"secureInput\":false,\"secureOutput\":false,\"timeout\":\"0.00:05:00\"},\"type\":\"Script\",\"typeProperties\":{\"database\":\"mcm-mdp-fabwh1-dev\",\"scriptBlockExecutionTimeout\":\"02:00:00\",\"scripts\":[{\"text\":{\"type\":\"Expression\",\"value\":\"@concat('EXEC [app].[usp_pipeline_log] @mode=''END'', @activity_run_id=''', concat(pipeline().RunId, '-', string(item().control_id)), ''', @control_id=', string(item().control_id), ', @status=''SUCCEEDED'', @rows_read=', string(coalesce(activity('Copy_Full').output?.rowsRead, 0)), ', @rows_written=', string(coalesce(activity('Copy_Full').output?.rowsCopied, 0)), ', @new_watermark=', if(greater(coalesce(activity('Copy_Full').output?.rowsCopied, 0), 0), concat('''', if(not(empty(pipeline().parameters.override_to_date)), pipeline().parameters.override_to_date, formatDateTime(utcNow(), 'yyyy-MM-dd HH:mm:ss')), ''''), 'NULL'), ', @window_from=''', if(not(empty(pipeline().parameters.override_from_date)), pipeline().parameters.override_from_date, if(empty(coalesce(item().last_watermark, '')), if(empty(string(item().from_date)), '1900-01-01 00:00:00', formatDateTime(item().from_date, 'yyyy-MM-dd HH:mm:ss')), item().last_watermark)), ''', @window_to=''', if(not(empty(pipeline().parameters.override_to_date)), pipeline().parameters.override_to_date, formatDateTime(utcNow(), 'yyyy-MM-dd HH:mm:ss')), ''', @advance=', if(or(not(or(not(empty(pipeline().parameters.override_from_date)), not(empty(pipeline().parameters.override_to_date)))), equals(toLower(pipeline().parameters.advance_watermark_on_override), 'true')), '1', '0'))\"},\"type\":\"NonQuery\"}]}},{\"dependsOn\":[{\"activity\":\"Copy_Full\",\"dependencyConditions\":[\"Failed\"]}],\"externalReferences\":{\"connection\":\"60a2dcfb-8aae-4e97-ba29-caee2af9f84a\"},\"name\":\"Log_Failure_Full\",\"policy\":{\"retry\":5,\"retryIntervalInSeconds\":30,\"secureInput\":false,\"secureOutput\":false,\"timeout\":\"0.00:05:00\"},\"type\":\"Script\",\"typeProperties\":{\"database\":\"mcm-mdp-fabwh1-dev\",\"scriptBlockExecutionTimeout\":\"02:00:00\",\"scripts\":[{\"text\":{\"type\":\"Expression\",\"value\":\"@concat('EXEC [app].[usp_pipeline_log] @mode=''END'', @activity_run_id=''', concat(pipeline().RunId, '-', string(item().control_id)), ''', @control_id=', string(item().control_id), ', @status=''FAILED'', @rows_read=', string(coalesce(activity('Copy_Full').output?.rowsRead, 0)), ', @rows_written=', string(coalesce(activity('Copy_Full').output?.rowsCopied, 0)), ', @error_message=''', replace(string(coalesce(activity('Copy_Full').output?.errors[0]?.Message, 'Copy failed')), '''', ''''''), ''', @error_code=''', replace(string(coalesce(activity('Copy_Full').output?.errors[0]?.Code, 'Unknown')), '''', ''''''), '''')\"},\"type\":\"NonQuery\"}]}}],\"ifTrueActivities\":[{\"dependsOn\":[],\"name\":\"Lookup_SourceMax\",\"policy\":{\"retry\":0,\"retryIntervalInSeconds\":30,\"secureInput\":false,\"secureOutput\":false,\"timeout\":\"0.12:00:00\"},\"type\":\"Lookup\",\"typeProperties\":{\"datasetSettings\":{\"annotations\":[],\"externalReferences\":{\"connection\":\"462ffcce-6447-4c8d-b8fc-f943e14b6a52\"},\"schema\":[],\"type\":\"PostgreSqlTable\",\"typeProperties\":{\"schema\":{\"type\":\"Expression\",\"value\":\"@if(contains(item().source_entity, '.'), split(item().source_entity, '.')[0], 'public')\"},\"table\":{\"type\":\"Expression\",\"value\":\"@if(contains(item().source_entity, '.'), split(item().source_entity, '.')[1], item().source_entity)\"}}},\"firstRowOnly\":true,\"source\":{\"datasetSettings\":{\"annotations\":[],\"externalReferences\":{\"connection\":\"462ffcce-6447-4c8d-b8fc-f943e14b6a52\"},\"schema\":[],\"type\":\"PostgreSqlTable\",\"typeProperties\":{\"schema\":{\"type\":\"Expression\",\"value\":\"@if(contains(item().source_entity, '.'), split(item().source_entity, '.')[0], 'public')\"},\"table\":{\"type\":\"Expression\",\"value\":\"@if(contains(item().source_entity, '.'), split(item().source_entity, '.')[1], item().source_entity)\"}}},\"query\":{\"type\":\"Expression\",\"value\":\"@concat('SELECT COALESCE(TO_CHAR(MAX(', item().watermark_column, '), ''YYYY-MM-DD HH24:MI:SS''), '''') AS max_watermark, COUNT(*) AS row_count FROM ', item().source_entity, ' WHERE ', item().watermark_column, ' \\u003e= ''', if(not(empty(pipeline().parameters.override_from_date)), pipeline().parameters.override_from_date, if(empty(coalesce(item().last_watermark, '')), if(empty(string(item().from_date)), '1900-01-01 00:00:00', formatDateTime(item().from_date, 'yyyy-MM-dd HH:mm:ss')), item().last_watermark)), ''' AND ', item().watermark_column, ' \\u003c ''', if(not(empty(pipeline().parameters.override_to_date)), pipeline().parameters.override_to_date, formatDateTime(utcNow(), 'yyyy-MM-dd HH:mm:ss')), '''')\"},\"queryTimeout\":\"02:00:00\",\"type\":\"PostgreSqlSource\"}}},{\"dependsOn\":[{\"activity\":\"Lookup_SourceMax\",\"dependencyConditions\":[\"Succeeded\"]}],\"name\":\"Copy_Incremental\",\"policy\":{\"retry\":0,\"retryIntervalInSeconds\":30,\"secureInput\":false,\"secureOutput\":false,\"timeout\":\"0.12:00:00\"},\"type\":\"Copy\",\"typeProperties\":{\"enableStaging\":false,\"sink\":{\"datasetSettings\":{\"annotations\":[],\"linkedService\":{\"name\":\"mcm_mdp_lh1_dev\",\"properties\":{\"annotations\":[],\"type\":\"Lakehouse\",\"typeProperties\":{\"artifactId\":\"896cd6b0-6cd0-47e5-8438-f50dde9564b8\",\"rootFolder\":\"Files\",\"workspaceId\":\"475a3e70-610e-49ae-be54-dd2c31167535\"}}},\"schema\":[],\"type\":\"Parquet\",\"typeProperties\":{\"compressionCodec\":\"snappy\",\"location\":{\"fileName\":{\"type\":\"Expression\",\"value\":\"@concat(item().target_table, '_', formatDateTime(utcNow(), 'yyyyMMdd_HHmmss'), '.parquet')\"},\"folderPath\":{\"type\":\"Expression\",\"value\":\"@concat(item().target_schema, '/', item().target_table, '/', formatDateTime(utcNow(), 'yyyy'), '/', formatDateTime(utcNow(), 'MM'), '/', formatDateTime(utcNow(), 'dd'))\"},\"type\":\"LakehouseLocation\"}}},\"formatSettings\":{\"enableVertiParquet\":true,\"type\":\"ParquetWriteSettings\"},\"storeSettings\":{\"recursiveCompression\":false,\"type\":\"LakehouseWriteSettings\"},\"type\":\"ParquetSink\"},\"source\":{\"datasetSettings\":{\"annotations\":[],\"externalReferences\":{\"connection\":\"462ffcce-6447-4c8d-b8fc-f943e14b6a52\"},\"schema\":[],\"type\":\"PostgreSqlTable\",\"typeProperties\":{\"schema\":{\"type\":\"Expression\",\"value\":\"@if(contains(item().source_entity, '.'), split(item().source_entity, '.')[0], 'public')\"},\"table\":{\"type\":\"Expression\",\"value\":\"@if(contains(item().source_entity, '.'), split(item().source_entity, '.')[1], item().source_entity)\"}}},\"query\":{\"type\":\"Expression\",\"value\":\"@if(and(contains(toLower(coalesce(item().source_query_template, '')), '@from_date'), contains(toLower(coalesce(item().source_query_template, '')), '@to_date')), replace(replace(item().source_query_template, '@from_date', if(not(empty(pipeline().parameters.override_from_date)), pipeline().parameters.override_from_date, if(empty(coalesce(item().last_watermark, '')), if(empty(string(item().from_date)), '1900-01-01 00:00:00', formatDateTime(item().from_date, 'yyyy-MM-dd HH:mm:ss')), item().last_watermark))), '@to_date', if(not(empty(pipeline().parameters.override_to_date)), pipeline().parameters.override_to_date, formatDateTime(utcNow(), 'yyyy-MM-dd HH:mm:ss'))), concat(coalesce(item().source_query_template, concat('SELECT * FROM ', item().source_entity)), if(contains(toLower(coalesce(item().source_query_template, '')), ' where '), ' AND ', ' WHERE '), item().watermark_column, ' \\u003e= ''', if(not(empty(pipeline().parameters.override_from_date)), pipeline().parameters.override_from_date, if(empty(coalesce(item().last_watermark, '')), if(empty(string(item().from_date)), '1900-01-01 00:00:00', formatDateTime(item().from_date, 'yyyy-MM-dd HH:mm:ss')), item().last_watermark)), ''' AND ', item().watermark_column, ' \\u003c ''', if(not(empty(pipeline().parameters.override_to_date)), pipeline().parameters.override_to_date, formatDateTime(utcNow(), 'yyyy-MM-dd HH:mm:ss')), ''''))\"},\"queryTimeout\":\"02:00:00\",\"type\":\"PostgreSqlSource\"}}},{\"dependsOn\":[{\"activity\":\"Copy_Incremental\",\"dependencyConditions\":[\"Succeeded\"]}],\"externalReferences\":{\"connection\":\"60a2dcfb-8aae-4e97-ba29-caee2af9f84a\"},\"name\":\"Log_Success_Incremental\",\"policy\":{\"retry\":5,\"retryIntervalInSeconds\":30,\"secureInput\":false,\"secureOutput\":false,\"timeout\":\"0.00:05:00\"},\"type\":\"Script\",\"typeProperties\":{\"database\":\"mcm-mdp-fabwh1-dev\",\"scriptBlockExecutionTimeout\":\"02:00:00\",\"scripts\":[{\"text\":{\"type\":\"Expression\",\"value\":\"@concat('EXEC [app].[usp_pipeline_log] @mode=''END'', @activity_run_id=''', concat(pipeline().RunId, '-', string(item().control_id)), ''', @control_id=', string(item().control_id), ', @status=''SUCCEEDED'', @rows_read=', string(coalesce(activity('Copy_Incremental').output?.rowsRead, 0)), ', @rows_written=', string(coalesce(activity('Copy_Incremental').output?.rowsCopied, 0)), ', @watermark_end=', if(empty(if(empty(coalesce(activity('Lookup_SourceMax').output?.firstRow?.max_watermark, '')), '', if(greater(coalesce(activity('Lookup_SourceMax').output?.firstRow?.max_watermark, ''), formatDateTime(addDays(utcNow(), -7), 'yyyy-MM-dd HH:mm:ss')), formatDateTime(addDays(utcNow(), -7), 'yyyy-MM-dd HH:mm:ss'), coalesce(activity('Lookup_SourceMax').output?.firstRow?.max_watermark, '')))), 'NULL', concat('''', if(empty(coalesce(activity('Lookup_SourceMax').output?.firstRow?.max_watermark, '')), '', if(greater(coalesce(activity('Lookup_SourceMax').output?.firstRow?.max_watermark, ''), formatDateTime(addDays(utcNow(), -7), 'yyyy-MM-dd HH:mm:ss')), formatDateTime(addDays(utcNow(), -7), 'yyyy-MM-dd HH:mm:ss'), coalesce(activity('Lookup_SourceMax').output?.firstRow?.max_watermark, ''))), '''')), ', @new_watermark=', if(empty(if(empty(coalesce(activity('Lookup_SourceMax').output?.firstRow?.max_watermark, '')), '', if(greater(coalesce(activity('Lookup_SourceMax').output?.firstRow?.max_watermark, ''), formatDateTime(addDays(utcNow(), -7), 'yyyy-MM-dd HH:mm:ss')), formatDateTime(addDays(utcNow(), -7), 'yyyy-MM-dd HH:mm:ss'), coalesce(activity('Lookup_SourceMax').output?.firstRow?.max_watermark, '')))), 'NULL', concat('''', if(empty(coalesce(activity('Lookup_SourceMax').output?.firstRow?.max_watermark, '')), '', if(greater(coalesce(activity('Lookup_SourceMax').output?.firstRow?.max_watermark, ''), formatDateTime(addDays(utcNow(), -7), 'yyyy-MM-dd HH:mm:ss')), formatDateTime(addDays(utcNow(), -7), 'yyyy-MM-dd HH:mm:ss'), coalesce(activity('Lookup_SourceMax').output?.firstRow?.max_watermark, ''))), '''')), ', @window_from=''', if(not(empty(pipeline().parameters.override_from_date)), pipeline().parameters.override_from_date, if(empty(coalesce(item().last_watermark, '')), if(empty(string(item().from_date)), '1900-01-01 00:00:00', formatDateTime(item().from_date, 'yyyy-MM-dd HH:mm:ss')), item().last_watermark)), ''', @window_to=', if(empty(if(empty(coalesce(activity('Lookup_SourceMax').output?.firstRow?.max_watermark, '')), '', if(greater(coalesce(activity('Lookup_SourceMax').output?.firstRow?.max_watermark, ''), formatDateTime(addDays(utcNow(), -7), 'yyyy-MM-dd HH:mm:ss')), formatDateTime(addDays(utcNow(), -7), 'yyyy-MM-dd HH:mm:ss'), coalesce(activity('Lookup_SourceMax').output?.firstRow?.max_watermark, '')))), 'NULL', concat('''', if(empty(coalesce(activity('Lookup_SourceMax').output?.firstRow?.max_watermark, '')), '', if(greater(coalesce(activity('Lookup_SourceMax').output?.firstRow?.max_watermark, ''), formatDateTime(addDays(utcNow(), -7), 'yyyy-MM-dd HH:mm:ss')), formatDateTime(addDays(utcNow(), -7), 'yyyy-MM-dd HH:mm:ss'), coalesce(activity('Lookup_SourceMax').output?.firstRow?.max_watermark, ''))), '''')), ', @advance=', if(or(not(or(not(empty(pipeline().parameters.override_from_date)), not(empty(pipeline().parameters.override_to_date)))), equals(toLower(pipeline().parameters.advance_watermark_on_override), 'true')), '1', '0'))\"},\"type\":\"NonQuery\"}]}},{\"dependsOn\":[{\"activity\":\"Copy_Incremental\",\"dependencyConditions\":[\"Failed\"]}],\"externalReferences\":{\"connection\":\"60a2dcfb-8aae-4e97-ba29-caee2af9f84a\"},\"name\":\"Log_Failure_Incremental\",\"policy\":{\"retry\":5,\"retryIntervalInSeconds\":30,\"secureInput\":false,\"secureOutput\":false,\"timeout\":\"0.00:05:00\"},\"type\":\"Script\",\"typeProperties\":{\"database\":\"mcm-mdp-fabwh1-dev\",\"scriptBlockExecutionTimeout\":\"02:00:00\",\"scripts\":[{\"text\":{\"type\":\"Expression\",\"value\":\"@concat('EXEC [app].[usp_pipeline_log] @mode=''END'', @activity_run_id=''', concat(pipeline().RunId, '-', string(item().control_id)), ''', @control_id=', string(item().control_id), ', @status=''FAILED'', @rows_read=', string(coalesce(activity('Copy_Incremental').output?.rowsRead, 0)), ', @rows_written=', string(coalesce(activity('Copy_Incremental').output?.rowsCopied, 0)), ', @error_message=''', replace(string(coalesce(activity('Copy_Incremental').output?.errors[0]?.Message, 'Copy failed')), '''', ''''''), ''', @error_code=''', replace(string(coalesce(activity('Copy_Incremental').output?.errors[0]?.Code, 'Unknown')), '''', ''''''), '''')\"},\"type\":\"NonQuery\"}]}},{\"dependsOn\":[{\"activity\":\"Lookup_SourceMax\",\"dependencyConditions\":[\"Failed\"]}],\"externalReferences\":{\"connection\":\"60a2dcfb-8aae-4e97-ba29-caee2af9f84a\"},\"name\":\"Log_Failure_Lookup\",\"policy\":{\"retry\":5,\"retryIntervalInSeconds\":30,\"secureInput\":false,\"secureOutput\":false,\"timeout\":\"0.00:05:00\"},\"type\":\"Script\",\"typeProperties\":{\"database\":\"mcm-mdp-fabwh1-dev\",\"scriptBlockExecutionTimeout\":\"02:00:00\",\"scripts\":[{\"text\":{\"type\":\"Expression\",\"value\":\"@concat('EXEC [app].[usp_pipeline_log] @mode=''END'', @activity_run_id=''', concat(pipeline().RunId, '-', string(item().control_id)), ''', @control_id=', string(item().control_id), ', @status=''FAILED'', @error_message=''', replace(string(coalesce(activity('Lookup_SourceMax').error?.message, 'Lookup_SourceMax failed')), '''', ''''''), ''', @error_code=''LOOKUP_SOURCE_MAX_FAILED''')\"},\"type\":\"NonQuery\"}]}}]}}],\"batchCount\":10,\"isSequential\":false,\"items\":{\"type\":\"Expression\",\"value\":\"@activity('Lookup_ControlTable').output.value\"}}}]",
                  "advance_watermark_on_override": "false",
                  "display_name": "pl_ingest_mto",
                  "environment": "dev",
                  "override_from_date": "",
                  "override_to_date": "",
                  "pipeline_name_param": "pl_ingest_mto",
                  "table_filter_csv": "",
                  "triggered_by": "manual"
                },
                "tokens_delimiter": "{{}}"
              }
            },
            "definition_update_enabled": true,
            "description": "Control table driven pipeline: PostgreSQL → Lakehouse raw files (parquet) with full logging",
            "display_name": "pl_ingest_mto",
            "folder_id": "ef676256-d800-4cd4-826b-0cbb4326d908",
            "format": "Default",
            "id": "57634a8d-8a18-4bde-90d6-1ea748849676",
            "timeouts": null,
            "workspace_id": "475a3e70-610e-49ae-be54-dd2c31167535"
          },
          "sensitive_attributes": [],
          "dependencies": [
            "data.fabric_capacity.by_name",
            "data.fabric_folders.existing",
            "fabric_folder.item_folders",
            "module.fabric_lakehouse_01.fabric_lakehouse.this",
            "module.fabric_warehouse_01.fabric_warehouse.this_warehouse",
            "module.fabric_workspace_01.fabric_workspace.this"
          ]
        }
      ]
    },
    {
      "module": "module.schedule_pipeline_mds",
      "mode": "data",
      "type": "external",
      "name": "schedule_id",
      "provider": "provider[\"registry.terraform.io/hashicorp/external\"]",
      "instances": [
        {
          "schema_version": 0,
          "attributes": {
            "id": "-",
            "program": [
              "bash",
              "../modules/azure/fabric_item_schedule/get_schedule_id.sh"
            ],
            "query": {
              "item_id": "2ec89688-e0bd-415c-bb97-b4addd51e757",
              "job_type": "Pipeline",
              "workspace_id": "475a3e70-610e-49ae-be54-dd2c31167535"
            },
            "result": {
              "id": "e710bd5b-fc56-4f26-bfbb-fb6a7bbe144c"
            },
            "working_dir": null
          },
          "sensitive_attributes": []
        }
      ]
    },
    {
      "module": "module.schedule_pipeline_mds",
      "mode": "managed",
      "type": "null_resource",
      "name": "schedule",
      "provider": "provider[\"registry.terraform.io/hashicorp/null\"]",
      "instances": [
        {
          "schema_version": 0,
          "attributes": {
            "id": "259697505371348502",
            "triggers": {
              "item_id": "2ec89688-e0bd-415c-bb97-b4addd51e757",
              "job_type": "Pipeline",
              "payload_hash": "3a477e26ea329a274c0aeead04a92898699f6a737c8b28debe479b99c949d994",
              "workspace_id": "475a3e70-610e-49ae-be54-dd2c31167535"
            }
          },
          "sensitive_attributes": [],
          "dependencies": [
            "data.fabric_capacity.by_name",
            "data.fabric_folders.existing",
            "fabric_folder.item_folders",
            "module.fabric_lakehouse_01.fabric_lakehouse.this",
            "module.fabric_warehouse_01.fabric_warehouse.this_warehouse",
            "module.fabric_workspace_01.fabric_workspace.this",
            "module.pipeline_raw_to_bronze.fabric_data_pipeline.this"
          ]
        }
      ]
    },
    {
      "module": "module.schedule_pipeline_mto",
      "mode": "data",
      "type": "external",
      "name": "schedule_id",
      "provider": "provider[\"registry.terraform.io/hashicorp/external\"]",
      "instances": [
        {
          "schema_version": 0,
          "attributes": {
            "id": "-",
            "program": [
              "bash",
              "../modules/azure/fabric_item_schedule/get_schedule_id.sh"
            ],
            "query": {
              "item_id": "57634a8d-8a18-4bde-90d6-1ea748849676",
              "job_type": "Pipeline",
              "workspace_id": "475a3e70-610e-49ae-be54-dd2c31167535"
            },
            "result": {
              "id": "dd66f1ac-86ce-4906-9f4d-e709f7481316"
            },
            "working_dir": null
          },
          "sensitive_attributes": []
        }
      ]
    },
    {
      "module": "module.schedule_pipeline_mto",
      "mode": "managed",
      "type": "null_resource",
      "name": "schedule",
      "provider": "provider[\"registry.terraform.io/hashicorp/null\"]",
      "instances": [
        {
          "schema_version": 0,
          "attributes": {
            "id": "4890186525346723020",
            "triggers": {
              "item_id": "57634a8d-8a18-4bde-90d6-1ea748849676",
              "job_type": "Pipeline",
              "payload_hash": "3a477e26ea329a274c0aeead04a92898699f6a737c8b28debe479b99c949d994",
              "workspace_id": "475a3e70-610e-49ae-be54-dd2c31167535"
            }
          },
          "sensitive_attributes": [],
          "dependencies": [
            "data.fabric_capacity.by_name",
            "data.fabric_folders.existing",
            "fabric_folder.item_folders",
            "module.fabric_lakehouse_01.fabric_lakehouse.this",
            "module.fabric_warehouse_01.fabric_warehouse.this_warehouse",
            "module.fabric_workspace_01.fabric_workspace.this",
            "module.pipeline_raw_to_bronze_mto.fabric_data_pipeline.this"
          ]
        }
      ]
    },
    {
      "module": "module.warehouse_mds_connection",
      "mode": "data",
      "type": "external",
      "name": "connection_id",
      "provider": "provider[\"registry.terraform.io/hashicorp/external\"]",
      "instances": [
        {
          "schema_version": 0,
          "attributes": {
            "id": "-",
            "program": [
              "bash",
              "../modules/azure/fabric_connection/get_connection_id.sh"
            ],
            "query": {
              "display_name": "warehouse-mcm-mdp-dev"
            },
            "result": {
              "id": ""
            },
            "working_dir": null
          },
          "sensitive_attributes": []
        }
      ]
    },
    {
      "module": "module.warehouse_mds_connection",
      "mode": "managed",
      "type": "null_resource",
      "name": "connection_role_assignment",
      "provider": "provider[\"registry.terraform.io/hashicorp/null\"]",
      "instances": [
        {
          "index_key": "19cb2a65-1dd6-482f-b488-77df57de4902",
          "schema_version": 0,
          "attributes": {
            "id": "6446680042452663279",
            "triggers": {
              "connection_id": "",
              "principal_id": "19cb2a65-1dd6-482f-b488-77df57de4902"
            }
          },
          "sensitive_attributes": [],
          "dependencies": [
            "data.fabric_capacity.by_name",
            "data.fabric_folders.existing",
            "fabric_folder.item_folders",
            "module.fabric_warehouse_01.fabric_warehouse.this_warehouse",
            "module.fabric_workspace_01.fabric_workspace.this",
            "module.warehouse_mds_connection.data.external.connection_id",
            "module.warehouse_mds_connection.null_resource.fabric_connection"
          ]
        },
        {
          "index_key": "71a5bb67-14d7-40fe-8f3e-47120f2e32d3",
          "schema_version": 0,
          "attributes": {
            "id": "6604502406153386521",
            "triggers": {
              "connection_id": "",
              "principal_id": "71a5bb67-14d7-40fe-8f3e-47120f2e32d3"
            }
          },
          "sensitive_attributes": [],
          "dependencies": [
            "data.fabric_capacity.by_name",
            "data.fabric_folders.existing",
            "fabric_folder.item_folders",
            "module.fabric_warehouse_01.fabric_warehouse.this_warehouse",
            "module.fabric_workspace_01.fabric_workspace.this",
            "module.warehouse_mds_connection.data.external.connection_id",
            "module.warehouse_mds_connection.null_resource.fabric_connection"
          ]
        },
        {
          "index_key": "b0bf68e8-4e08-433c-8903-19b2fec4cc20",
          "schema_version": 0,
          "attributes": {
            "id": "2764069279903666293",
            "triggers": {
              "connection_id": "",
              "principal_id": "b0bf68e8-4e08-433c-8903-19b2fec4cc20"
            }
          },
          "sensitive_attributes": [],
          "dependencies": [
            "data.fabric_capacity.by_name",
            "data.fabric_folders.existing",
            "fabric_folder.item_folders",
            "module.fabric_warehouse_01.fabric_warehouse.this_warehouse",
            "module.fabric_workspace_01.fabric_workspace.this",
            "module.warehouse_mds_connection.data.external.connection_id",
            "module.warehouse_mds_connection.null_resource.fabric_connection"
          ]
        },
        {
          "index_key": "d7a27896-3a20-4678-b8c6-3c7cebdbc4ec",
          "schema_version": 0,
          "attributes": {
            "id": "4273345786149711299",
            "triggers": {
              "connection_id": "",
              "principal_id": "d7a27896-3a20-4678-b8c6-3c7cebdbc4ec"
            }
          },
          "sensitive_attributes": [],
          "dependencies": [
            "data.fabric_capacity.by_name",
            "data.fabric_folders.existing",
            "fabric_folder.item_folders",
            "module.fabric_warehouse_01.fabric_warehouse.this_warehouse",
            "module.fabric_workspace_01.fabric_workspace.this",
            "module.warehouse_mds_connection.data.external.connection_id",
            "module.warehouse_mds_connection.null_resource.fabric_connection"
          ]
        },
        {
          "index_key": "e5922863-7748-46c8-9f50-bbc24834c2dd",
          "schema_version": 0,
          "attributes": {
            "id": "6600534475641633440",
            "triggers": {
              "connection_id": "",
              "principal_id": "e5922863-7748-46c8-9f50-bbc24834c2dd"
            }
          },
          "sensitive_attributes": [],
          "dependencies": [
            "data.fabric_capacity.by_name",
            "data.fabric_folders.existing",
            "fabric_folder.item_folders",
            "module.fabric_warehouse_01.fabric_warehouse.this_warehouse",
            "module.fabric_workspace_01.fabric_workspace.this",
            "module.warehouse_mds_connection.data.external.connection_id",
            "module.warehouse_mds_connection.null_resource.fabric_connection"
          ]
        },
        {
          "index_key": "ebb8207d-1ebe-423a-990d-82cf1e128cce",
          "schema_version": 0,
          "attributes": {
            "id": "6470176233646234959",
            "triggers": {
              "connection_id": "",
              "principal_id": "ebb8207d-1ebe-423a-990d-82cf1e128cce"
            }
          },
          "sensitive_attributes": [],
          "dependencies": [
            "data.fabric_capacity.by_name",
            "data.fabric_folders.existing",
            "fabric_folder.item_folders",
            "module.fabric_warehouse_01.fabric_warehouse.this_warehouse",
            "module.fabric_workspace_01.fabric_workspace.this",
            "module.warehouse_mds_connection.data.external.connection_id",
            "module.warehouse_mds_connection.null_resource.fabric_connection"
          ]
        }
      ]
    },
    {
      "module": "module.warehouse_mds_connection",
      "mode": "managed",
      "type": "null_resource",
      "name": "fabric_connection",
      "provider": "provider[\"registry.terraform.io/hashicorp/null\"]",
      "instances": [
        {
          "schema_version": 0,
          "attributes": {
            "id": "199356558948094212",
            "triggers": {
              "connection_type": "Warehouse",
              "display_name": "warehouse-mcm-mdp-dev",
              "password_version": "1",
              "request_hash": "a8530f453c27942832f12a85da6508577f2d2b4c63da6ead561c47a88ea77ae9"
            }
          },
          "sensitive_attributes": [
            [
              {
                "type": "get_attr",
                "value": "triggers"
              },
              {
                "type": "index",
                "value": {
                  "value": "request_hash",
                  "type": "string"
                }
              }
            ]
          ],
          "dependencies": [
            "data.fabric_capacity.by_name",
            "data.fabric_folders.existing",
            "fabric_folder.item_folders",
            "module.fabric_warehouse_01.fabric_warehouse.this_warehouse",
            "module.fabric_workspace_01.fabric_workspace.this"
          ]
        }
      ]
    }
  ],
  "check_results": [
    {
      "object_kind": "var",
      "config_addr": "module.schedule_pipeline_mds.var.times",
      "status": "pass",
      "objects": [
        {
          "object_addr": "module.schedule_pipeline_mds.var.times",
          "status": "pass"
        }
      ]
    },
    {
      "object_kind": "var",
      "config_addr": "module.fabric_workspace_01.var.identity_type",
      "status": "pass",
      "objects": [
        {
          "object_addr": "module.fabric_workspace_01.var.identity_type",
          "status": "pass"
        }
      ]
    },
    {
      "object_kind": "var",
      "config_addr": "var.ENVIRONMENT",
      "status": "pass",
      "objects": [
        {
          "object_addr": "var.ENVIRONMENT",
          "status": "pass"
        }
      ]
    },
    {
      "object_kind": "var",
      "config_addr": "module.fabric_data_gateway_01.var.role_assignments",
      "status": "pass",
      "objects": [
        {
          "object_addr": "module.fabric_data_gateway_01.var.role_assignments",
          "status": "pass"
        }
      ]
    },
    {
      "object_kind": "var",
      "config_addr": "module.warehouse_mds_connection.var.connection_type",
      "status": "pass",
      "objects": [
        {
          "object_addr": "module.warehouse_mds_connection.var.connection_type",
          "status": "pass"
        }
      ]
    },
    {
      "object_kind": "var",
      "config_addr": "module.warehouse_mds_connection.var.connection_encryption",
      "status": "pass",
      "objects": [
        {
          "object_addr": "module.warehouse_mds_connection.var.connection_encryption",
          "status": "pass"
        }
      ]
    },
    {
      "object_kind": "var",
      "config_addr": "module.pipeline_raw_to_bronze_mto.var.sink_warehouse_name",
      "status": "pass",
      "objects": [
        {
          "object_addr": "module.pipeline_raw_to_bronze_mto.var.sink_warehouse_name",
          "status": "pass"
        }
      ]
    },
    {
      "object_kind": "var",
      "config_addr": "module.fabric_data_gateway_01.var.number_of_member_gateways",
      "status": "pass",
      "objects": [
        {
          "object_addr": "module.fabric_data_gateway_01.var.number_of_member_gateways",
          "status": "pass"
        }
      ]
    },
    {
      "object_kind": "var",
      "config_addr": "module.schedule_pipeline_mto.var.times",
      "status": "pass",
      "objects": [
        {
          "object_addr": "module.schedule_pipeline_mto.var.times",
          "status": "pass"
        }
      ]
    },
    {
      "object_kind": "var",
      "config_addr": "module.fabric_data_gateway_01.var.inactivity_minutes_before_sleep",
      "status": "pass",
      "objects": [
        {
          "object_addr": "module.fabric_data_gateway_01.var.inactivity_minutes_before_sleep",
          "status": "pass"
        }
      ]
    },
    {
      "object_kind": "var",
      "config_addr": "var.WAREHOUSE_CONNECTION_ID",
      "status": "pass",
      "objects": [
        {
          "object_addr": "var.WAREHOUSE_CONNECTION_ID",
          "status": "pass"
        }
      ]
    },
    {
      "object_kind": "var",
      "config_addr": "module.pipeline_raw_to_bronze.var.sink_warehouse_name",
      "status": "pass",
      "objects": [
        {
          "object_addr": "module.pipeline_raw_to_bronze.var.sink_warehouse_name",
          "status": "pass"
        }
      ]
    },
    {
      "object_kind": "var",
      "config_addr": "module.warehouse_mds_connection.var.privacy_level",
      "status": "pass",
      "objects": [
        {
          "object_addr": "module.warehouse_mds_connection.var.privacy_level",
          "status": "pass"
        }
      ]
    },
    {
      "object_kind": "var",
      "config_addr": "module.warehouse_mds_connection.var.connectivity_type",
      "status": "pass",
      "objects": [
        {
          "object_addr": "module.warehouse_mds_connection.var.connectivity_type",
          "status": "pass"
        }
      ]
    }
  ]
}
