{
  "version": 4,
  "terraform_version": "1.12.2",
  "serial": 1,
  "lineage": "afe90b4b-aa34-74a6-9549-921481303c9d",
  "outputs": {},
  "resources": [
    {
      "module": "module.fabric_workspace",
      "mode": "data",
      "type": "azurerm_client_config",
      "name": "current",
      "provider": "provider[\"registry.terraform.io/hashicorp/azurerm\"]",
      "instances": [
        {
          "schema_version": 0,
          "attributes": {
            "client_id": "6cdbb0a3-0fbf-4386-829f-fa2cb5f2f506",
            "id": "Y2xpZW50Q29uZmlncy9jbGllbnRJZD02Y2RiYjBhMy0wZmJmLTQzODYtODI5Zi1mYTJjYjVmMmY1MDY7b2JqZWN0SWQ9NWFlNzQwZGQtMTE4MS00MjE4LWJjYjgtZTA1YWJhYzQzZTU1O3N1YnNjcmlwdGlvbklkPTUzMjA1YTFiLTBmOGQtNDU5ZS1hNDI0LTY1ZjFiMzllYzY0ODt0ZW5hbnRJZD02ZmRiNTIwMC0zZDBkLTRhOGEtYjAzNi1kMzY4NWUzNTlhZGM=",
            "object_id": "5ae740dd-1181-4218-bcb8-e05abac43e55",
            "subscription_id": "53205a1b-0f8d-459e-a424-65f1b39ec648",
            "tenant_id": "6fdb5200-3d0d-4a8a-b036-d3685e359adc",
            "timeouts": null
          },
          "sensitive_attributes": [],
          "identity_schema_version": 0
        }
      ]
    },
    {
      "module": "module.fabric_workspace",
      "mode": "managed",
      "type": "fabric_workspace",
      "name": "this",
      "provider": "provider[\"registry.terraform.io/microsoft/fabric\"].auth",
      "instances": [
        {
          "schema_version": 0,
          "attributes": {
            "capacity_assignment_progress": "Completed",
            "capacity_id": "198c68f4-8402-45b9-8010-bde58a729ddf",
            "capacity_region": "Canada Central",
            "description": "Default Workspace Description",
            "display_name": "mines-fabric-fabricws1",
            "id": "3eaccc65-1233-40d4-a8fc-b861a74d4d9d",
            "identity": {
              "application_id": "4fd52a0e-7fb6-457c-babd-72a4d301cb45",
              "service_principal_id": "778af577-b38b-44a8-969a-18bda2643978",
              "type": "SystemAssigned"
            },
            "onelake_endpoints": {
              "blob_endpoint": "https://canadacentral-onelake.blob.fabric.microsoft.com",
              "dfs_endpoint": "https://canadacentral-onelake.dfs.fabric.microsoft.com"
            },
            "timeouts": null,
            "type": "Workspace"
          },
          "sensitive_attributes": [],
          "identity_schema_version": 0
        }
      ]
    },
    {
      "module": "module.fabric_workspace2",
      "mode": "data",
      "type": "azurerm_client_config",
      "name": "current",
      "provider": "provider[\"registry.terraform.io/hashicorp/azurerm\"]",
      "instances": [
        {
          "schema_version": 0,
          "attributes": {
            "client_id": "6cdbb0a3-0fbf-4386-829f-fa2cb5f2f506",
            "id": "Y2xpZW50Q29uZmlncy9jbGllbnRJZD02Y2RiYjBhMy0wZmJmLTQzODYtODI5Zi1mYTJjYjVmMmY1MDY7b2JqZWN0SWQ9NWFlNzQwZGQtMTE4MS00MjE4LWJjYjgtZTA1YWJhYzQzZTU1O3N1YnNjcmlwdGlvbklkPTUzMjA1YTFiLTBmOGQtNDU5ZS1hNDI0LTY1ZjFiMzllYzY0ODt0ZW5hbnRJZD02ZmRiNTIwMC0zZDBkLTRhOGEtYjAzNi1kMzY4NWUzNTlhZGM=",
            "object_id": "5ae740dd-1181-4218-bcb8-e05abac43e55",
            "subscription_id": "53205a1b-0f8d-459e-a424-65f1b39ec648",
            "tenant_id": "6fdb5200-3d0d-4a8a-b036-d3685e359adc",
            "timeouts": null
          },
          "sensitive_attributes": [],
          "identity_schema_version": 0
        }
      ]
    }
  ],
  "check_results": null
}
