{
  "version": 4,
  "terraform_version": "1.11.4",
  "serial": 23,
  "lineage": "01d67949-5524-f5b7-b83c-37d3abeec7ba",
  "outputs": {
    "fabric_data_gateway_id": {
      "value": "caab36ca-18bd-4a16-add4-34f60fd56d24",
      "type": "string"
    },
    "fabric_data_gateway_name": {
      "value": "mcm-mdp-fabricgw1-prod",
      "type": "string"
    }
  },
  "resources": [
    {
      "mode": "data",
      "type": "fabric_capacity",
      "name": "by_name",
      "provider": "provider[\"registry.terraform.io/microsoft/fabric\"].auth",
      "instances": []
    },
    {
      "mode": "managed",
      "type": "azurerm_resource_provider_registration",
      "name": "power_platform",
      "provider": "provider[\"registry.terraform.io/hashicorp/azurerm\"]",
      "instances": []
    },
    {
      "mode": "managed",
      "type": "time_sleep",
      "name": "wait_for_subnet_delegation",
      "provider": "provider[\"registry.terraform.io/hashicorp/time\"]",
      "instances": [
        {
          "schema_version": 0,
          "attributes": {
            "create_duration": "120s",
            "destroy_duration": null,
            "id": "2026-07-14T17:43:40Z",
            "triggers": null
          },
          "sensitive_attributes": [],
          "dependencies": [
            "azurerm_resource_provider_registration.power_platform",
            "module.fabric_gw_subnet.azapi_resource.subnet",
            "module.fabric_gw_subnet.azurerm_network_security_group.this",
            "module.fabric_gw_subnet.azurerm_network_security_rule.custom",
            "module.fabric_gw_subnet.data.azurerm_subnet.existing",
            "module.fabric_gw_subnet.data.azurerm_virtual_network.vnet",
            "module.fabric_gw_subnet.data.external.cidr"
          ]
        }
      ]
    },
    {
      "module": "module.fabric_data_gateway_01",
      "mode": "managed",
      "type": "fabric_gateway",
      "name": "this",
      "provider": "provider[\"registry.terraform.io/microsoft/fabric\"].auth",
      "instances": [
        {
          "schema_version": 0,
          "attributes": {
            "allow_cloud_connection_refresh": null,
            "allow_custom_connectors": null,
            "capacity_id": "198C68F4-8402-45B9-8010-BDE58A729DDF",
            "display_name": "mcm-mdp-fabricgw1-prod",
            "id": "caab36ca-18bd-4a16-add4-34f60fd56d24",
            "inactivity_minutes_before_sleep": 30,
            "load_balancing_setting": null,
            "number_of_member_gateways": 1,
            "public_key": null,
            "timeouts": {
              "create": "30m",
              "delete": "30m",
              "read": "5m",
              "update": "30m"
            },
            "type": "VirtualNetwork",
            "version": null,
            "virtual_network_azure_resource": {
              "resource_group_name": "ef74b0-prod-networking",
              "subnet_name": "mcm-mdp-gw-snet-prod01",
              "subscription_id": "d2e2f655-7487-471b-84b0-a2bf13e47bb1",
              "virtual_network_name": "ef74b0-prod-vwan-spoke"
            }
          },
          "sensitive_attributes": [],
          "dependencies": [
            "azurerm_resource_provider_registration.power_platform",
            "data.fabric_capacity.by_name",
            "module.fabric_gw_subnet.azapi_resource.subnet",
            "module.fabric_gw_subnet.azurerm_network_security_group.this",
            "module.fabric_gw_subnet.azurerm_network_security_rule.custom",
            "module.fabric_gw_subnet.data.azurerm_subnet.existing",
            "module.fabric_gw_subnet.data.azurerm_virtual_network.vnet",
            "module.fabric_gw_subnet.data.external.cidr",
            "time_sleep.wait_for_subnet_delegation"
          ]
        }
      ]
    },
    {
      "module": "module.fabric_data_gateway_01",
      "mode": "managed",
      "type": "fabric_gateway_role_assignment",
      "name": "this",
      "provider": "provider[\"registry.terraform.io/microsoft/fabric\"].auth",
      "instances": [
        {
          "index_key": "b0bf68e8-4e08-433c-8903-19b2fec4cc20",
          "schema_version": 0,
          "attributes": {
            "gateway_id": "caab36ca-18bd-4a16-add4-34f60fd56d24",
            "id": "b0bf68e8-4e08-433c-8903-19b2fec4cc20",
            "principal": {
              "id": "b0bf68e8-4e08-433c-8903-19b2fec4cc20",
              "type": "User"
            },
            "role": "Admin",
            "timeouts": null
          },
          "sensitive_attributes": [],
          "dependencies": [
            "azurerm_resource_provider_registration.power_platform",
            "data.fabric_capacity.by_name",
            "module.fabric_data_gateway_01.fabric_gateway.this",
            "module.fabric_gw_subnet.azapi_resource.subnet",
            "module.fabric_gw_subnet.azurerm_network_security_group.this",
            "module.fabric_gw_subnet.azurerm_network_security_rule.custom",
            "module.fabric_gw_subnet.data.azurerm_subnet.existing",
            "module.fabric_gw_subnet.data.azurerm_virtual_network.vnet",
            "module.fabric_gw_subnet.data.external.cidr",
            "time_sleep.wait_for_subnet_delegation"
          ]
        }
      ]
    },
    {
      "module": "module.fabric_gw_subnet",
      "mode": "data",
      "type": "azurerm_subnet",
      "name": "existing",
      "provider": "provider[\"registry.terraform.io/hashicorp/azurerm\"]",
      "instances": [
        {
          "index_key": "AzureBastionSubnet",
          "schema_version": 0,
          "attributes": {
            "address_prefix": "10.46.22.0/26",
            "address_prefixes": [
              "10.46.22.0/26"
            ],
            "default_outbound_access_enabled": true,
            "id": "/subscriptions/d2e2f655-7487-471b-84b0-a2bf13e47bb1/resourceGroups/ef74b0-prod-networking/providers/Microsoft.Network/virtualNetworks/ef74b0-prod-vwan-spoke/subnets/AzureBastionSubnet",
            "name": "AzureBastionSubnet",
            "network_security_group_id": "/subscriptions/d2e2f655-7487-471b-84b0-a2bf13e47bb1/resourceGroups/rg-mdp-bstn-prod-ca/providers/Microsoft.Network/networkSecurityGroups/bstn-mdp-2o9rae",
            "private_endpoint_network_policies": "Disabled",
            "private_link_service_network_policies_enabled": true,
            "resource_group_name": "ef74b0-prod-networking",
            "route_table_id": "",
            "service_endpoints": [
              "Microsoft.KeyVault",
              "Microsoft.Storage"
            ],
            "timeouts": null,
            "virtual_network_name": "ef74b0-prod-vwan-spoke"
          },
          "sensitive_attributes": []
        },
        {
          "index_key": "mcm-mdp-gw-snet-prod01",
          "schema_version": 0,
          "attributes": {
            "address_prefix": "",
            "address_prefixes": [
              "10.46.22.192/28"
            ],
            "default_outbound_access_enabled": true,
            "id": "/subscriptions/d2e2f655-7487-471b-84b0-a2bf13e47bb1/resourceGroups/ef74b0-prod-networking/providers/Microsoft.Network/virtualNetworks/ef74b0-prod-vwan-spoke/subnets/mcm-mdp-gw-snet-prod01",
            "name": "mcm-mdp-gw-snet-prod01",
            "network_security_group_id": "/subscriptions/d2e2f655-7487-471b-84b0-a2bf13e47bb1/resourceGroups/ef74b0-prod-networking/providers/Microsoft.Network/networkSecurityGroups/mcm-mdp-gw-snet-prod01-nsg",
            "private_endpoint_network_policies": "Disabled",
            "private_link_service_network_policies_enabled": true,
            "resource_group_name": "ef74b0-prod-networking",
            "route_table_id": "",
            "service_endpoints": [],
            "timeouts": null,
            "virtual_network_name": "ef74b0-prod-vwan-spoke"
          },
          "sensitive_attributes": []
        },
        {
          "index_key": "sn-mdp-private-prod-ca",
          "schema_version": 0,
          "attributes": {
            "address_prefix": "10.46.22.128/26",
            "address_prefixes": [
              "10.46.22.128/26"
            ],
            "default_outbound_access_enabled": true,
            "id": "/subscriptions/d2e2f655-7487-471b-84b0-a2bf13e47bb1/resourceGroups/ef74b0-prod-networking/providers/Microsoft.Network/virtualNetworks/ef74b0-prod-vwan-spoke/subnets/sn-mdp-private-prod-ca",
            "name": "sn-mdp-private-prod-ca",
            "network_security_group_id": "/subscriptions/d2e2f655-7487-471b-84b0-a2bf13e47bb1/resourceGroups/rg-mdp-data-prod-ca/providers/Microsoft.Network/networkSecurityGroups/nsg-mdp-private-prod-ca",
            "private_endpoint_network_policies": "Disabled",
            "private_link_service_network_policies_enabled": true,
            "resource_group_name": "ef74b0-prod-networking",
            "route_table_id": "",
            "service_endpoints": [
              "Microsoft.KeyVault",
              "Microsoft.Storage"
            ],
            "timeouts": null,
            "virtual_network_name": "ef74b0-prod-vwan-spoke"
          },
          "sensitive_attributes": []
        },
        {
          "index_key": "sn-mdp-public-prod-ca",
          "schema_version": 0,
          "attributes": {
            "address_prefix": "10.46.22.64/26",
            "address_prefixes": [
              "10.46.22.64/26"
            ],
            "default_outbound_access_enabled": true,
            "id": "/subscriptions/d2e2f655-7487-471b-84b0-a2bf13e47bb1/resourceGroups/ef74b0-prod-networking/providers/Microsoft.Network/virtualNetworks/ef74b0-prod-vwan-spoke/subnets/sn-mdp-public-prod-ca",
            "name": "sn-mdp-public-prod-ca",
            "network_security_group_id": "/subscriptions/d2e2f655-7487-471b-84b0-a2bf13e47bb1/resourceGroups/rg-mdp-core-prod-ca/providers/Microsoft.Network/networkSecurityGroups/nsg-mdp-public-prod-ca",
            "private_endpoint_network_policies": "Disabled",
            "private_link_service_network_policies_enabled": true,
            "resource_group_name": "ef74b0-prod-networking",
            "route_table_id": "",
            "service_endpoints": [
              "Microsoft.KeyVault",
              "Microsoft.Storage"
            ],
            "timeouts": null,
            "virtual_network_name": "ef74b0-prod-vwan-spoke"
          },
          "sensitive_attributes": []
        }
      ]
    },
    {
      "module": "module.fabric_gw_subnet",
      "mode": "data",
      "type": "azurerm_virtual_network",
      "name": "vnet",
      "provider": "provider[\"registry.terraform.io/hashicorp/azurerm\"]",
      "instances": [
        {
          "schema_version": 0,
          "attributes": {
            "address_space": [
              "10.46.22.0/24"
            ],
            "dns_servers": [
              "10.53.244.4"
            ],
            "guid": "2107fccd-1ca9-49bb-a1a3-725d2edb61a5",
            "id": "/subscriptions/d2e2f655-7487-471b-84b0-a2bf13e47bb1/resourceGroups/ef74b0-prod-networking/providers/Microsoft.Network/virtualNetworks/ef74b0-prod-vwan-spoke",
            "location": "canadacentral",
            "name": "ef74b0-prod-vwan-spoke",
            "resource_group_name": "ef74b0-prod-networking",
            "subnets": [
              "sn-mdp-private-prod-ca",
              "sn-mdp-public-prod-ca",
              "AzureBastionSubnet",
              "mcm-mdp-gw-snet-prod01"
            ],
            "tags": {
              "deployedBy": "azure-lz-vending-live"
            },
            "timeouts": null,
            "vnet_peerings": {
              "RemoteVnetToHubPeering_248fea99-6c92-49fe-9f94-e804706a4074": "/subscriptions/e8d8ef98-c03d-4606-9854-e365453d88f3/resourceGroups/RG_bcgov-managed-lz-live-hub-canadacentral_a76c722f-6cc3-4220-aeaa-ed3824da42ff/providers/Microsoft.Network/virtualNetworks/HV_bcgov-managed-lz-liv_d3392fd0-0782-45c9-8989-87d98fbfcaef"
            },
            "vnet_peerings_addresses": [
              "10.53.240.0/20"
            ]
          },
          "sensitive_attributes": []
        }
      ]
    },
    {
      "module": "module.fabric_gw_subnet",
      "mode": "data",
      "type": "external",
      "name": "cidr",
      "provider": "provider[\"registry.terraform.io/hashicorp/external\"]",
      "instances": [
        {
          "index_key": "mcm-mdp-gw-snet-prod01",
          "schema_version": 0,
          "attributes": {
            "id": "-",
            "program": [
              "python3",
              "../modules/azure/subnet_allocator/next_free_subnet.py"
            ],
            "query": {
              "offset_index": "0",
              "prefix_length": "28",
              "sibling_prefixes": "",
              "used_cidrs": "10.46.22.0/26,10.46.22.192/28,10.46.22.128/26,10.46.22.64/26",
              "vnet_cidr": "10.46.22.0/24"
            },
            "result": {
              "cidr": "10.46.22.208/28"
            },
            "working_dir": null
          },
          "sensitive_attributes": []
        }
      ]
    },
    {
      "module": "module.fabric_gw_subnet",
      "mode": "managed",
      "type": "azapi_resource",
      "name": "subnet",
      "provider": "provider[\"registry.terraform.io/azure/azapi\"]",
      "instances": [
        {
          "index_key": "mcm-mdp-gw-snet-prod01",
          "schema_version": 2,
          "attributes": {
            "body": {
              "value": {
                "properties": {
                  "addressPrefixes": [
                    "10.46.22.192/28"
                  ],
                  "delegations": [
                    {
                      "name": "fabric-gw-delegation",
                      "properties": {
                        "serviceName": "Microsoft.PowerPlatform/vnetaccesslinks"
                      }
                    }
                  ],
                  "networkSecurityGroup": {
                    "id": "/subscriptions/d2e2f655-7487-471b-84b0-a2bf13e47bb1/resourceGroups/ef74b0-prod-networking/providers/Microsoft.Network/networkSecurityGroups/mcm-mdp-gw-snet-prod01-nsg"
                  },
                  "serviceEndpoints": []
                }
              },
              "type": [
                "object",
                {
                  "properties": [
                    "object",
                    {
                      "addressPrefixes": [
                        "tuple",
                        [
                          "string"
                        ]
                      ],
                      "delegations": [
                        "list",
                        [
                          "object",
                          {
                            "name": "string",
                            "properties": [
                              "object",
                              {
                                "serviceName": "string"
                              }
                            ]
                          }
                        ]
                      ],
                      "networkSecurityGroup": [
                        "object",
                        {
                          "id": "string"
                        }
                      ],
                      "serviceEndpoints": [
                        "tuple",
                        []
                      ]
                    }
                  ]
                }
              ]
            },
            "create_headers": null,
            "create_query_parameters": null,
            "delete_headers": null,
            "delete_query_parameters": null,
            "id": "/subscriptions/d2e2f655-7487-471b-84b0-a2bf13e47bb1/resourceGroups/ef74b0-prod-networking/providers/Microsoft.Network/virtualNetworks/ef74b0-prod-vwan-spoke/subnets/mcm-mdp-gw-snet-prod01",
            "identity": [],
            "ignore_casing": false,
            "ignore_missing_property": true,
            "location": null,
            "locks": null,
            "name": "mcm-mdp-gw-snet-prod01",
            "output": {
              "value": {
                "etag": "W/\"51befa10-a944-453d-ab8b-a9f4f72c2b5a\"",
                "id": "/subscriptions/d2e2f655-7487-471b-84b0-a2bf13e47bb1/resourceGroups/ef74b0-prod-networking/providers/Microsoft.Network/virtualNetworks/ef74b0-prod-vwan-spoke/subnets/mcm-mdp-gw-snet-prod01",
                "properties": {
                  "addressPrefixes": [
                    "10.46.22.192/28"
                  ],
                  "delegations": [
                    {
                      "etag": "W/\"51befa10-a944-453d-ab8b-a9f4f72c2b5a\"",
                      "properties": {
                        "actions": [
                          "Microsoft.Network/virtualNetworks/subnets/join/action"
                        ],
                        "provisioningState": "Succeeded"
                      }
                    }
                  ],
                  "provisioningState": "Succeeded",
                  "serviceAssociationLinks": [
                    {
                      "etag": "W/\"51befa10-a944-453d-ab8b-a9f4f72c2b5a\"",
                      "properties": {
                        "provisioningState": "Succeeded"
                      },
                      "type": "Microsoft.Network/virtualNetworks/subnets/serviceAssociationLinks"
                    }
                  ]
                },
                "type": "Microsoft.Network/virtualNetworks/subnets"
              },
              "type": [
                "object",
                {
                  "etag": "string",
                  "id": "string",
                  "properties": [
                    "object",
                    {
                      "addressPrefixes": [
                        "tuple",
                        [
                          "string"
                        ]
                      ],
                      "delegations": [
                        "tuple",
                        [
                          [
                            "object",
                            {
                              "etag": "string",
                              "properties": [
                                "object",
                                {
                                  "actions": [
                                    "tuple",
                                    [
                                      "string"
                                    ]
                                  ],
                                  "provisioningState": "string"
                                }
                              ]
                            }
                          ]
                        ]
                      ],
                      "provisioningState": "string",
                      "serviceAssociationLinks": [
                        "tuple",
                        [
                          [
                            "object",
                            {
                              "etag": "string",
                              "properties": [
                                "object",
                                {
                                  "provisioningState": "string"
                                }
                              ],
                              "type": "string"
                            }
                          ]
                        ]
                      ]
                    }
                  ],
                  "type": "string"
                }
              ]
            },
            "parent_id": "/subscriptions/d2e2f655-7487-471b-84b0-a2bf13e47bb1/resourceGroups/ef74b0-prod-networking/providers/Microsoft.Network/virtualNetworks/ef74b0-prod-vwan-spoke",
            "read_headers": null,
            "read_query_parameters": null,
            "replace_triggers_external_values": null,
            "replace_triggers_refs": null,
            "response_export_values": null,
            "retry": null,
            "schema_validation_enabled": true,
            "tags": null,
            "timeouts": null,
            "type": "Microsoft.Network/virtualNetworks/subnets@2024-03-01",
            "update_headers": null,
            "update_query_parameters": null
          },
          "sensitive_attributes": [],
          "dependencies": [
            "module.fabric_gw_subnet.azurerm_network_security_group.this",
            "module.fabric_gw_subnet.azurerm_network_security_rule.custom",
            "module.fabric_gw_subnet.data.azurerm_subnet.existing",
            "module.fabric_gw_subnet.data.azurerm_virtual_network.vnet",
            "module.fabric_gw_subnet.data.external.cidr"
          ]
        }
      ]
    },
    {
      "module": "module.fabric_gw_subnet",
      "mode": "managed",
      "type": "azurerm_network_security_group",
      "name": "this",
      "provider": "provider[\"registry.terraform.io/hashicorp/azurerm\"]",
      "instances": [
        {
          "index_key": "mcm-mdp-gw-snet-prod01",
          "schema_version": 0,
          "attributes": {
            "id": "/subscriptions/d2e2f655-7487-471b-84b0-a2bf13e47bb1/resourceGroups/ef74b0-prod-networking/providers/Microsoft.Network/networkSecurityGroups/mcm-mdp-gw-snet-prod01-nsg",
            "location": "canadacentral",
            "name": "mcm-mdp-gw-snet-prod01-nsg",
            "resource_group_name": "ef74b0-prod-networking",
            "security_rule": [
              {
                "access": "Allow",
                "description": "",
                "destination_address_prefix": "*",
                "destination_address_prefixes": [],
                "destination_application_security_group_ids": [],
                "destination_port_range": "*",
                "destination_port_ranges": [],
                "direction": "Inbound",
                "name": "AllowAzureLoadBalancerInbound",
                "priority": 110,
                "protocol": "*",
                "source_address_prefix": "AzureLoadBalancer",
                "source_address_prefixes": [],
                "source_application_security_group_ids": [],
                "source_port_range": "*",
                "source_port_ranges": []
              },
              {
                "access": "Allow",
                "description": "",
                "destination_address_prefix": "AzureCloud",
                "destination_address_prefixes": [],
                "destination_application_security_group_ids": [],
                "destination_port_range": "443",
                "destination_port_ranges": [],
                "direction": "Outbound",
                "name": "AllowAzureCloudOutbound",
                "priority": 110,
                "protocol": "Tcp",
                "source_address_prefix": "*",
                "source_address_prefixes": [],
                "source_application_security_group_ids": [],
                "source_port_range": "*",
                "source_port_ranges": []
              },
              {
                "access": "Allow",
                "description": "",
                "destination_address_prefix": "VirtualNetwork",
                "destination_address_prefixes": [],
                "destination_application_security_group_ids": [],
                "destination_port_range": "*",
                "destination_port_ranges": [],
                "direction": "Inbound",
                "name": "AllowVnetInbound",
                "priority": 100,
                "protocol": "*",
                "source_address_prefix": "VirtualNetwork",
                "source_address_prefixes": [],
                "source_application_security_group_ids": [],
                "source_port_range": "*",
                "source_port_ranges": []
              },
              {
                "access": "Allow",
                "description": "",
                "destination_address_prefix": "VirtualNetwork",
                "destination_address_prefixes": [],
                "destination_application_security_group_ids": [],
                "destination_port_range": "*",
                "destination_port_ranges": [],
                "direction": "Outbound",
                "name": "AllowVnetOutbound",
                "priority": 100,
                "protocol": "*",
                "source_address_prefix": "VirtualNetwork",
                "source_address_prefixes": [],
                "source_application_security_group_ids": [],
                "source_port_range": "*",
                "source_port_ranges": []
              },
              {
                "access": "Deny",
                "description": "",
                "destination_address_prefix": "*",
                "destination_address_prefixes": [],
                "destination_application_security_group_ids": [],
                "destination_port_range": "*",
                "destination_port_ranges": [],
                "direction": "Inbound",
                "name": "DenyAllInbound",
                "priority": 4096,
                "protocol": "*",
                "source_address_prefix": "*",
                "source_address_prefixes": [],
                "source_application_security_group_ids": [],
                "source_port_range": "*",
                "source_port_ranges": []
              },
              {
                "access": "Deny",
                "description": "",
                "destination_address_prefix": "*",
                "destination_address_prefixes": [],
                "destination_application_security_group_ids": [],
                "destination_port_range": "*",
                "destination_port_ranges": [],
                "direction": "Outbound",
                "name": "DenyAllOutbound",
                "priority": 4096,
                "protocol": "*",
                "source_address_prefix": "*",
                "source_address_prefixes": [],
                "source_application_security_group_ids": [],
                "source_port_range": "*",
                "source_port_ranges": []
              }
            ],
            "tags": {
              "application_environment": "dev",
              "client_code": "",
              "deployment_automation": "Terraform",
              "deployment_automation_version": "v0.1",
              "expense_authority": "",
              "information_security_classification": "protected_e",
              "ministry_name_prefix": "citz",
              "program_area": "permitting",
              "project_number": "",
              "responsibility_centre": "",
              "service_line": ""
            },
            "timeouts": null
          },
          "sensitive_attributes": [],
          "private": "eyJlMmJmYjczMC1lY2FhLTExZTYtOGY4OC0zNDM2M2JjN2M0YzAiOnsiY3JlYXRlIjoxODAwMDAwMDAwMDAwLCJkZWxldGUiOjE4MDAwMDAwMDAwMDAsInJlYWQiOjMwMDAwMDAwMDAwMCwidXBkYXRlIjoxODAwMDAwMDAwMDAwfX0="
        }
      ]
    },
    {
      "module": "module.fabric_gw_subnet",
      "mode": "managed",
      "type": "azurerm_network_security_rule",
      "name": "custom",
      "provider": "provider[\"registry.terraform.io/hashicorp/azurerm\"]",
      "instances": [
        {
          "index_key": "mcm-mdp-gw-snet-prod01-AllowFabricOutbound",
          "schema_version": 0,
          "attributes": {
            "access": "Allow",
            "description": "",
            "destination_address_prefix": "AzureCloud",
            "destination_address_prefixes": null,
            "destination_application_security_group_ids": null,
            "destination_port_range": "443",
            "destination_port_ranges": null,
            "direction": "Outbound",
            "id": "/subscriptions/d2e2f655-7487-471b-84b0-a2bf13e47bb1/resourceGroups/ef74b0-prod-networking/providers/Microsoft.Network/networkSecurityGroups/mcm-mdp-gw-snet-prod01-nsg/securityRules/AllowFabricOutbound",
            "name": "AllowFabricOutbound",
            "network_security_group_name": "mcm-mdp-gw-snet-prod01-nsg",
            "priority": 200,
            "protocol": "Tcp",
            "resource_group_name": "ef74b0-prod-networking",
            "source_address_prefix": "*",
            "source_address_prefixes": null,
            "source_application_security_group_ids": null,
            "source_port_range": "*",
            "source_port_ranges": null,
            "timeouts": null
          },
          "sensitive_attributes": [],
          "private": "eyJlMmJmYjczMC1lY2FhLTExZTYtOGY4OC0zNDM2M2JjN2M0YzAiOnsiY3JlYXRlIjoxODAwMDAwMDAwMDAwLCJkZWxldGUiOjE4MDAwMDAwMDAwMDAsInJlYWQiOjMwMDAwMDAwMDAwMCwidXBkYXRlIjoxODAwMDAwMDAwMDAwfX0=",
          "dependencies": [
            "module.fabric_gw_subnet.azurerm_network_security_group.this"
          ]
        }
      ]
    },
    {
      "module": "module.fabric_lakehouse_01",
      "mode": "managed",
      "type": "fabric_lakehouse",
      "name": "this",
      "provider": "provider[\"registry.terraform.io/microsoft/fabric\"].auth",
      "instances": [
        {
          "schema_version": 0,
          "attributes": {
            "configuration": {
              "enable_schemas": true
            },
            "definition": null,
            "definition_update_enabled": true,
            "description": "Default Lakehouse Description",
            "display_name": "mcm_mdp_lh1_prod",
            "folder_id": null,
            "format": null,
            "id": "956bd1f3-0eac-48e6-887a-d3c248965733",
            "properties": {
              "default_schema": "dbo",
              "onelake_files_path": "https://onelake.dfs.fabric.microsoft.com/e397b5cc-924d-40a5-b101-f6efb41a5423/956bd1f3-0eac-48e6-887a-d3c248965733/Files",
              "onelake_tables_path": "https://onelake.dfs.fabric.microsoft.com/e397b5cc-924d-40a5-b101-f6efb41a5423/956bd1f3-0eac-48e6-887a-d3c248965733/Tables",
              "sql_endpoint_properties": {
                "connection_string": "abjnw3ynhwfevmbw2nuf4nm23q-zs2zpy2nsksubmib63x3igsuem.datawarehouse.fabric.microsoft.com",
                "id": "624c553d-0386-466a-ba1f-49123b42cf22",
                "provisioning_status": "Success"
              }
            },
            "timeouts": {
              "create": "30m",
              "delete": "30m",
              "read": "5m",
              "update": "30m"
            },
            "workspace_id": "e397b5cc-924d-40a5-b101-f6efb41a5423"
          },
          "sensitive_attributes": [],
          "dependencies": [
            "data.fabric_capacity.by_name",
            "module.fabric_workspace_01.fabric_workspace.this"
          ]
        }
      ]
    },
    {
      "module": "module.fabric_warehouse_01",
      "mode": "managed",
      "type": "fabric_warehouse",
      "name": "this_warehouse",
      "provider": "provider[\"registry.terraform.io/microsoft/fabric\"].auth",
      "instances": [
        {
          "schema_version": 0,
          "attributes": {
            "configuration": null,
            "description": "",
            "display_name": "mcm-mdp-fabwh1-prod",
            "folder_id": null,
            "id": "60342009-49dd-4f2e-9c30-367d21872d5e",
            "properties": {
              "collation_type": "Latin1_General_100_BIN2_UTF8",
              "connection_string": "abjnw3ynhwfevmbw2nuf4nm23q-zs2zpy2nsksubmib63x3igsuem.datawarehouse.fabric.microsoft.com",
              "created_date": "2026-07-14T10:32:36Z",
              "last_updated_time": "2026-09-16T21:25:08Z"
            },
            "timeouts": null,
            "workspace_id": "e397b5cc-924d-40a5-b101-f6efb41a5423"
          },
          "sensitive_attributes": [],
          "dependencies": [
            "data.fabric_capacity.by_name",
            "module.fabric_workspace_01.fabric_workspace.this"
          ]
        }
      ]
    },
    {
      "module": "module.fabric_workspace_01",
      "mode": "data",
      "type": "azurerm_client_config",
      "name": "current",
      "provider": "provider[\"registry.terraform.io/hashicorp/azurerm\"]",
      "instances": [
        {
          "schema_version": 0,
          "attributes": {
            "client_id": "6cdbb0a3-0fbf-4386-829f-fa2cb5f2f506",
            "id": "Y2xpZW50Q29uZmlncy9jbGllbnRJZD02Y2RiYjBhMy0wZmJmLTQzODYtODI5Zi1mYTJjYjVmMmY1MDY7b2JqZWN0SWQ9NWFlNzQwZGQtMTE4MS00MjE4LWJjYjgtZTA1YWJhYzQzZTU1O3N1YnNjcmlwdGlvbklkPWQyZTJmNjU1LTc0ODctNDcxYi04NGIwLWEyYmYxM2U0N2JiMTt0ZW5hbnRJZD02ZmRiNTIwMC0zZDBkLTRhOGEtYjAzNi1kMzY4NWUzNTlhZGM=",
            "object_id": "5ae740dd-1181-4218-bcb8-e05abac43e55",
            "subscription_id": "d2e2f655-7487-471b-84b0-a2bf13e47bb1",
            "tenant_id": "6fdb5200-3d0d-4a8a-b036-d3685e359adc",
            "timeouts": null
          },
          "sensitive_attributes": []
        }
      ]
    },
    {
      "module": "module.fabric_workspace_01",
      "mode": "managed",
      "type": "fabric_workspace",
      "name": "this",
      "provider": "provider[\"registry.terraform.io/microsoft/fabric\"].auth",
      "instances": [
        {
          "schema_version": 0,
          "attributes": {
            "capacity_assignment_progress": "Completed",
            "capacity_id": "F50E02B7-93B0-4045-9935-42FC79D94CD9",
            "capacity_region": "Canada Central",
            "description": "Default Workspace Description",
            "display_name": "mcm-mdp-fabricws1-prod",
            "id": "e397b5cc-924d-40a5-b101-f6efb41a5423",
            "identity": {
              "application_id": "d2214781-8497-4050-988c-0af6b28dc6f9",
              "service_principal_id": "eed9cfbf-f3be-454c-9b47-269163093351",
              "type": "SystemAssigned"
            },
            "onelake_endpoints": {
              "blob_endpoint": "https://canadacentral-onelake.blob.fabric.microsoft.com",
              "dfs_endpoint": "https://canadacentral-onelake.dfs.fabric.microsoft.com"
            },
            "skip_capacity_state_validation": false,
            "timeouts": {
              "create": "30m",
              "delete": "30m",
              "read": "5m",
              "update": "30m"
            },
            "type": "Workspace"
          },
          "sensitive_attributes": [],
          "dependencies": [
            "data.fabric_capacity.by_name"
          ]
        }
      ]
    },
    {
      "module": "module.fabric_workspace_01",
      "mode": "managed",
      "type": "fabric_workspace_role_assignment",
      "name": "admins",
      "provider": "provider[\"registry.terraform.io/microsoft/fabric\"].auth",
      "instances": [
        {
          "index_key": "19cb2a65-1dd6-482f-b488-77df57de4902",
          "schema_version": 0,
          "attributes": {
            "id": "19cb2a65-1dd6-482f-b488-77df57de4902",
            "principal": {
              "id": "19cb2a65-1dd6-482f-b488-77df57de4902",
              "type": "User"
            },
            "role": "Admin",
            "timeouts": null,
            "workspace_id": "e397b5cc-924d-40a5-b101-f6efb41a5423"
          },
          "sensitive_attributes": [],
          "dependencies": [
            "data.fabric_capacity.by_name",
            "module.fabric_workspace_01.fabric_workspace.this"
          ]
        },
        {
          "index_key": "b0bf68e8-4e08-433c-8903-19b2fec4cc20",
          "schema_version": 0,
          "attributes": {
            "id": "b0bf68e8-4e08-433c-8903-19b2fec4cc20",
            "principal": {
              "id": "b0bf68e8-4e08-433c-8903-19b2fec4cc20",
              "type": "User"
            },
            "role": "Admin",
            "timeouts": null,
            "workspace_id": "e397b5cc-924d-40a5-b101-f6efb41a5423"
          },
          "sensitive_attributes": [],
          "dependencies": [
            "data.fabric_capacity.by_name",
            "module.fabric_workspace_01.fabric_workspace.this"
          ]
        },
        {
          "index_key": "e5922863-7748-46c8-9f50-bbc24834c2dd",
          "schema_version": 0,
          "attributes": {
            "id": "e5922863-7748-46c8-9f50-bbc24834c2dd",
            "principal": {
              "id": "e5922863-7748-46c8-9f50-bbc24834c2dd",
              "type": "User"
            },
            "role": "Admin",
            "timeouts": null,
            "workspace_id": "e397b5cc-924d-40a5-b101-f6efb41a5423"
          },
          "sensitive_attributes": [],
          "dependencies": [
            "data.fabric_capacity.by_name",
            "module.fabric_workspace_01.fabric_workspace.this"
          ]
        },
        {
          "index_key": "ebb8207d-1ebe-423a-990d-82cf1e128cce",
          "schema_version": 0,
          "attributes": {
            "id": "ebb8207d-1ebe-423a-990d-82cf1e128cce",
            "principal": {
              "id": "ebb8207d-1ebe-423a-990d-82cf1e128cce",
              "type": "User"
            },
            "role": "Admin",
            "timeouts": null,
            "workspace_id": "e397b5cc-924d-40a5-b101-f6efb41a5423"
          },
          "sensitive_attributes": [],
          "dependencies": [
            "data.fabric_capacity.by_name",
            "module.fabric_workspace_01.fabric_workspace.this"
          ]
        }
      ]
    }
  ],
  "check_results": [
    {
      "object_kind": "var",
      "config_addr": "var.ENVIRONMENT",
      "status": "pass",
      "objects": [
        {
          "object_addr": "var.ENVIRONMENT",
          "status": "pass"
        }
      ]
    },
    {
      "object_kind": "var",
      "config_addr": "module.fabric_workspace_01.var.identity_type",
      "status": "pass",
      "objects": [
        {
          "object_addr": "module.fabric_workspace_01.var.identity_type",
          "status": "pass"
        }
      ]
    },
    {
      "object_kind": "var",
      "config_addr": "module.fabric_data_gateway_01.var.inactivity_minutes_before_sleep",
      "status": "pass",
      "objects": [
        {
          "object_addr": "module.fabric_data_gateway_01.var.inactivity_minutes_before_sleep",
          "status": "pass"
        }
      ]
    },
    {
      "object_kind": "var",
      "config_addr": "module.fabric_data_gateway_01.var.number_of_member_gateways",
      "status": "pass",
      "objects": [
        {
          "object_addr": "module.fabric_data_gateway_01.var.number_of_member_gateways",
          "status": "pass"
        }
      ]
    },
    {
      "object_kind": "var",
      "config_addr": "module.fabric_data_gateway_01.var.role_assignments",
      "status": "pass",
      "objects": [
        {
          "object_addr": "module.fabric_data_gateway_01.var.role_assignments",
          "status": "pass"
        }
      ]
    }
  ]
}
